{
  "version": 4,
  "terraform_version": "1.0.9",
  "serial": 72,
  "lineage": "9fc27674-813e-226c-2930-ee502df7a1ac",
  "outputs": {},
  "resources": [
    {
      "mode": "data",
      "type": "google_compute_image",
      "name": "master_image",
      "provider": "provider[\"registry.terraform.io/hashicorp/google\"]",
      "instances": [
        {
          "schema_version": 0,
          "attributes": {
            "archive_size_bytes": 2613608256,
            "creation_timestamp": "2021-11-03T07:15:52.356-07:00",
            "description": "Canonical, Ubuntu, 20.04 LTS, amd64 focal image built on 2021-11-02, supports Shielded VM features",
            "disk_size_gb": 10,
            "family": "ubuntu-2004-lts",
            "filter": null,
            "id": "projects/ubuntu-os-cloud/global/images/ubuntu-2004-focal-v20211102",
            "image_encryption_key_sha256": "",
            "image_id": "3796453266954332023",
            "label_fingerprint": "42WmSpB8rSM=",
            "labels": {},
            "licenses": [
              "https://www.googleapis.com/compute/v1/projects/ubuntu-os-cloud/global/licenses/ubuntu-2004-lts"
            ],
            "name": "ubuntu-2004-focal-v20211102",
            "project": "ubuntu-os-cloud",
            "self_link": "https://www.googleapis.com/compute/v1/projects/ubuntu-os-cloud/global/images/ubuntu-2004-focal-v20211102",
            "source_disk": "",
            "source_disk_encryption_key_sha256": "",
            "source_disk_id": "",
            "source_image_id": "",
            "status": "READY"
          },
          "sensitive_attributes": []
        }
      ]
    },
    {
      "mode": "managed",
      "type": "google_compute_instance",
      "name": "lab",
      "provider": "provider[\"registry.terraform.io/hashicorp/google\"]",
      "instances": [
        {
          "index_key": 0,
          "schema_version": 6,
          "attributes": {
            "advanced_machine_features": [],
            "allow_stopping_for_update": null,
            "attached_disk": [],
            "boot_disk": [
              {
                "auto_delete": true,
                "device_name": "persistent-disk-0",
                "disk_encryption_key_raw": "",
                "disk_encryption_key_sha256": "",
                "initialize_params": [
                  {
                    "image": "https://www.googleapis.com/compute/v1/projects/ubuntu-os-cloud/global/images/ubuntu-2004-focal-v20211102",
                    "labels": {
                      "env": "production",
                      "name": "lab",
                      "team": "cenfotec",
                      "user": "docker"
                    },
                    "size": 10,
                    "type": "pd-standard"
                  }
                ],
                "kms_key_self_link": "",
                "mode": "READ_WRITE",
                "source": "https://www.googleapis.com/compute/v1/projects/dockerlabs-332203/zones/us-central1-b/disks/lab-9"
              }
            ],
            "can_ip_forward": false,
            "confidential_instance_config": [],
            "cpu_platform": "Intel Haswell",
            "current_status": "RUNNING",
            "deletion_protection": false,
            "description": "",
            "desired_status": null,
            "enable_display": false,
            "guest_accelerator": [],
            "hostname": "",
            "id": "projects/dockerlabs-332203/zones/us-central1-b/instances/lab-9",
            "instance_id": "7190201880109087591",
            "label_fingerprint": "nkrmE69Wna4=",
            "labels": {
              "env": "production",
              "name": "lab",
              "team": "cenfotec",
              "user": "docker"
            },
            "machine_type": "f1-micro",
            "metadata": {
              "ssh-keys": "dockerlab:ssh-rsa AAAAB3NzaC1yc2EAAAADAQABAAABAQDHnfRePnxr6FJHFAGCMUukVh2F1F08gHbqGwgb2/suoxNJw4FMJJbNePQxnR++NztDiPWVqb/Tl0Lpkf50InmgMVuHPGto2qOm4Dma/z+QnDNoXrl7F9w4XjS5UasHof1sCzRokYKdBIC9ZCBuN7dxhfZ58XZz3CbHVkZ8vaxBxppZiCGXvyl1XhQWeaMk0TI/Mg8PXG74K5E78uOaNivNw7KAuHwb+ZsJ/P4/PXqNTwgDhOMf9XLH1GaPlLqxLVsf5NHwYEDqROmNKKVyKE0/mVIqbR7KFydOgjtaJlQolSUciGSn8IjP1Sl7bOWhqe8nmM/51W/LgUoQmtWD6aER\n",
              "user-data": "#!/bin/bash -x\n\n# user\nadduser dockerlab --gecos \"$fullname,RoomNumber,WorkPhone,HomePhone\" --disabled-password\necho -e \"password\\npassword\\n\" | passwd dockerlab\npasswd --expire dockerlab\nadduser dockerlab sudo\nmkdir -p /home/dockerlab/.ssh\ncp ~/.ssh/authorized_keys /home/dockerlab/.ssh/\nchown dockerlab:dockerlab /home/dockerlab/.ssh/authorized_keys\nchmod 600  /home/dockerlab/.ssh/authorized_keys\n"
            },
            "metadata_fingerprint": "qP4yEEIULuw=",
            "metadata_startup_script": null,
            "min_cpu_platform": "",
            "name": "lab-9",
            "network_interface": [
              {
                "access_config": [
                  {
                    "nat_ip": "35.193.63.147",
                    "network_tier": "PREMIUM",
                    "public_ptr_domain_name": ""
                  }
                ],
                "alias_ip_range": [],
                "ipv6_access_config": [],
                "ipv6_access_type": "",
                "name": "nic0",
                "network": "https://www.googleapis.com/compute/v1/projects/dockerlabs-332203/global/networks/default",
                "network_ip": "10.128.0.24",
                "nic_type": "",
                "stack_type": "IPV4_ONLY",
                "subnetwork": "https://www.googleapis.com/compute/v1/projects/dockerlabs-332203/regions/us-central1/subnetworks/default",
                "subnetwork_project": "dockerlabs-332203"
              }
            ],
            "project": "dockerlabs-332203",
            "reservation_affinity": [],
            "resource_policies": null,
            "scheduling": [
              {
                "automatic_restart": true,
                "min_node_cpus": 0,
                "node_affinities": [],
                "on_host_maintenance": "MIGRATE",
                "preemptible": false
              }
            ],
            "scratch_disk": [],
            "self_link": "https://www.googleapis.com/compute/v1/projects/dockerlabs-332203/zones/us-central1-b/instances/lab-9",
            "service_account": [],
            "shielded_instance_config": [
              {
                "enable_integrity_monitoring": true,
                "enable_secure_boot": false,
                "enable_vtpm": true
              }
            ],
            "tags": [
              "dockerlabs"
            ],
            "tags_fingerprint": "UAaZt4n-Icc=",
            "timeouts": null,
            "zone": "us-central1-b"
          },
          "sensitive_attributes": [],
          "private": "eyJlMmJmYjczMC1lY2FhLTExZTYtOGY4OC0zNDM2M2JjN2M0YzAiOnsiY3JlYXRlIjoxMjAwMDAwMDAwMDAwLCJkZWxldGUiOjEyMDAwMDAwMDAwMDAsInVwZGF0ZSI6MTIwMDAwMDAwMDAwMH0sInNjaGVtYV92ZXJzaW9uIjoiNiJ9",
          "dependencies": [
            "data.google_compute_image.master_image",
            "tls_private_key.global_key"
          ]
        },
        {
          "index_key": 1,
          "schema_version": 6,
          "attributes": {
            "advanced_machine_features": [],
            "allow_stopping_for_update": null,
            "attached_disk": [],
            "boot_disk": [
              {
                "auto_delete": true,
                "device_name": "persistent-disk-0",
                "disk_encryption_key_raw": "",
                "disk_encryption_key_sha256": "",
                "initialize_params": [
                  {
                    "image": "https://www.googleapis.com/compute/v1/projects/ubuntu-os-cloud/global/images/ubuntu-2004-focal-v20211102",
                    "labels": {
                      "env": "production",
                      "name": "lab",
                      "team": "cenfotec",
                      "user": "docker"
                    },
                    "size": 10,
                    "type": "pd-standard"
                  }
                ],
                "kms_key_self_link": "",
                "mode": "READ_WRITE",
                "source": "https://www.googleapis.com/compute/v1/projects/dockerlabs-332203/zones/us-central1-b/disks/lab-10"
              }
            ],
            "can_ip_forward": false,
            "confidential_instance_config": [],
            "cpu_platform": "Intel Haswell",
            "current_status": "RUNNING",
            "deletion_protection": false,
            "description": "",
            "desired_status": null,
            "enable_display": false,
            "guest_accelerator": [],
            "hostname": "",
            "id": "projects/dockerlabs-332203/zones/us-central1-b/instances/lab-10",
            "instance_id": "223034279045593960",
            "label_fingerprint": "nkrmE69Wna4=",
            "labels": {
              "env": "production",
              "name": "lab",
              "team": "cenfotec",
              "user": "docker"
            },
            "machine_type": "f1-micro",
            "metadata": {
              "ssh-keys": "dockerlab:ssh-rsa AAAAB3NzaC1yc2EAAAADAQABAAABAQDHnfRePnxr6FJHFAGCMUukVh2F1F08gHbqGwgb2/suoxNJw4FMJJbNePQxnR++NztDiPWVqb/Tl0Lpkf50InmgMVuHPGto2qOm4Dma/z+QnDNoXrl7F9w4XjS5UasHof1sCzRokYKdBIC9ZCBuN7dxhfZ58XZz3CbHVkZ8vaxBxppZiCGXvyl1XhQWeaMk0TI/Mg8PXG74K5E78uOaNivNw7KAuHwb+ZsJ/P4/PXqNTwgDhOMf9XLH1GaPlLqxLVsf5NHwYEDqROmNKKVyKE0/mVIqbR7KFydOgjtaJlQolSUciGSn8IjP1Sl7bOWhqe8nmM/51W/LgUoQmtWD6aER\n",
              "user-data": "#!/bin/bash -x\n\n# user\nadduser dockerlab --gecos \"$fullname,RoomNumber,WorkPhone,HomePhone\" --disabled-password\necho -e \"password\\npassword\\n\" | passwd dockerlab\npasswd --expire dockerlab\nadduser dockerlab sudo\nmkdir -p /home/dockerlab/.ssh\ncp ~/.ssh/authorized_keys /home/dockerlab/.ssh/\nchown dockerlab:dockerlab /home/dockerlab/.ssh/authorized_keys\nchmod 600  /home/dockerlab/.ssh/authorized_keys\n"
            },
            "metadata_fingerprint": "qP4yEEIULuw=",
            "metadata_startup_script": null,
            "min_cpu_platform": "",
            "name": "lab-10",
            "network_interface": [
              {
                "access_config": [
                  {
                    "nat_ip": "35.225.157.18",
                    "network_tier": "PREMIUM",
                    "public_ptr_domain_name": ""
                  }
                ],
                "alias_ip_range": [],
                "ipv6_access_config": [],
                "ipv6_access_type": "",
                "name": "nic0",
                "network": "https://www.googleapis.com/compute/v1/projects/dockerlabs-332203/global/networks/default",
                "network_ip": "10.128.0.26",
                "nic_type": "",
                "stack_type": "IPV4_ONLY",
                "subnetwork": "https://www.googleapis.com/compute/v1/projects/dockerlabs-332203/regions/us-central1/subnetworks/default",
                "subnetwork_project": "dockerlabs-332203"
              }
            ],
            "project": "dockerlabs-332203",
            "reservation_affinity": [],
            "resource_policies": null,
            "scheduling": [
              {
                "automatic_restart": true,
                "min_node_cpus": 0,
                "node_affinities": [],
                "on_host_maintenance": "MIGRATE",
                "preemptible": false
              }
            ],
            "scratch_disk": [],
            "self_link": "https://www.googleapis.com/compute/v1/projects/dockerlabs-332203/zones/us-central1-b/instances/lab-10",
            "service_account": [],
            "shielded_instance_config": [
              {
                "enable_integrity_monitoring": true,
                "enable_secure_boot": false,
                "enable_vtpm": true
              }
            ],
            "tags": [
              "dockerlabs"
            ],
            "tags_fingerprint": "UAaZt4n-Icc=",
            "timeouts": null,
            "zone": "us-central1-b"
          },
          "sensitive_attributes": [],
          "private": "eyJlMmJmYjczMC1lY2FhLTExZTYtOGY4OC0zNDM2M2JjN2M0YzAiOnsiY3JlYXRlIjoxMjAwMDAwMDAwMDAwLCJkZWxldGUiOjEyMDAwMDAwMDAwMDAsInVwZGF0ZSI6MTIwMDAwMDAwMDAwMH0sInNjaGVtYV92ZXJzaW9uIjoiNiJ9",
          "dependencies": [
            "data.google_compute_image.master_image",
            "tls_private_key.global_key"
          ]
        },
        {
          "index_key": 2,
          "schema_version": 6,
          "attributes": {
            "advanced_machine_features": [],
            "allow_stopping_for_update": null,
            "attached_disk": [],
            "boot_disk": [
              {
                "auto_delete": true,
                "device_name": "persistent-disk-0",
                "disk_encryption_key_raw": "",
                "disk_encryption_key_sha256": "",
                "initialize_params": [
                  {
                    "image": "https://www.googleapis.com/compute/v1/projects/ubuntu-os-cloud/global/images/ubuntu-2004-focal-v20211102",
                    "labels": {
                      "env": "production",
                      "name": "lab",
                      "team": "cenfotec",
                      "user": "docker"
                    },
                    "size": 10,
                    "type": "pd-standard"
                  }
                ],
                "kms_key_self_link": "",
                "mode": "READ_WRITE",
                "source": "https://www.googleapis.com/compute/v1/projects/dockerlabs-332203/zones/us-central1-b/disks/lab-11"
              }
            ],
            "can_ip_forward": false,
            "confidential_instance_config": [],
            "cpu_platform": "Intel Haswell",
            "current_status": "RUNNING",
            "deletion_protection": false,
            "description": "",
            "desired_status": null,
            "enable_display": false,
            "guest_accelerator": [],
            "hostname": "",
            "id": "projects/dockerlabs-332203/zones/us-central1-b/instances/lab-11",
            "instance_id": "1120168731461253991",
            "label_fingerprint": "nkrmE69Wna4=",
            "labels": {
              "env": "production",
              "name": "lab",
              "team": "cenfotec",
              "user": "docker"
            },
            "machine_type": "f1-micro",
            "metadata": {
              "ssh-keys": "dockerlab:ssh-rsa AAAAB3NzaC1yc2EAAAADAQABAAABAQDHnfRePnxr6FJHFAGCMUukVh2F1F08gHbqGwgb2/suoxNJw4FMJJbNePQxnR++NztDiPWVqb/Tl0Lpkf50InmgMVuHPGto2qOm4Dma/z+QnDNoXrl7F9w4XjS5UasHof1sCzRokYKdBIC9ZCBuN7dxhfZ58XZz3CbHVkZ8vaxBxppZiCGXvyl1XhQWeaMk0TI/Mg8PXG74K5E78uOaNivNw7KAuHwb+ZsJ/P4/PXqNTwgDhOMf9XLH1GaPlLqxLVsf5NHwYEDqROmNKKVyKE0/mVIqbR7KFydOgjtaJlQolSUciGSn8IjP1Sl7bOWhqe8nmM/51W/LgUoQmtWD6aER\n",
              "user-data": "#!/bin/bash -x\n\n# user\nadduser dockerlab --gecos \"$fullname,RoomNumber,WorkPhone,HomePhone\" --disabled-password\necho -e \"password\\npassword\\n\" | passwd dockerlab\npasswd --expire dockerlab\nadduser dockerlab sudo\nmkdir -p /home/dockerlab/.ssh\ncp ~/.ssh/authorized_keys /home/dockerlab/.ssh/\nchown dockerlab:dockerlab /home/dockerlab/.ssh/authorized_keys\nchmod 600  /home/dockerlab/.ssh/authorized_keys\n"
            },
            "metadata_fingerprint": "qP4yEEIULuw=",
            "metadata_startup_script": null,
            "min_cpu_platform": "",
            "name": "lab-11",
            "network_interface": [
              {
                "access_config": [
                  {
                    "nat_ip": "34.71.99.89",
                    "network_tier": "PREMIUM",
                    "public_ptr_domain_name": ""
                  }
                ],
                "alias_ip_range": [],
                "ipv6_access_config": [],
                "ipv6_access_type": "",
                "name": "nic0",
                "network": "https://www.googleapis.com/compute/v1/projects/dockerlabs-332203/global/networks/default",
                "network_ip": "10.128.0.25",
                "nic_type": "",
                "stack_type": "IPV4_ONLY",
                "subnetwork": "https://www.googleapis.com/compute/v1/projects/dockerlabs-332203/regions/us-central1/subnetworks/default",
                "subnetwork_project": "dockerlabs-332203"
              }
            ],
            "project": "dockerlabs-332203",
            "reservation_affinity": [],
            "resource_policies": null,
            "scheduling": [
              {
                "automatic_restart": true,
                "min_node_cpus": 0,
                "node_affinities": [],
                "on_host_maintenance": "MIGRATE",
                "preemptible": false
              }
            ],
            "scratch_disk": [],
            "self_link": "https://www.googleapis.com/compute/v1/projects/dockerlabs-332203/zones/us-central1-b/instances/lab-11",
            "service_account": [],
            "shielded_instance_config": [
              {
                "enable_integrity_monitoring": true,
                "enable_secure_boot": false,
                "enable_vtpm": true
              }
            ],
            "tags": [
              "dockerlabs"
            ],
            "tags_fingerprint": "UAaZt4n-Icc=",
            "timeouts": null,
            "zone": "us-central1-b"
          },
          "sensitive_attributes": [],
          "private": "eyJlMmJmYjczMC1lY2FhLTExZTYtOGY4OC0zNDM2M2JjN2M0YzAiOnsiY3JlYXRlIjoxMjAwMDAwMDAwMDAwLCJkZWxldGUiOjEyMDAwMDAwMDAwMDAsInVwZGF0ZSI6MTIwMDAwMDAwMDAwMH0sInNjaGVtYV92ZXJzaW9uIjoiNiJ9",
          "dependencies": [
            "data.google_compute_image.master_image",
            "tls_private_key.global_key"
          ]
        },
        {
          "index_key": 3,
          "schema_version": 6,
          "attributes": {
            "advanced_machine_features": [],
            "allow_stopping_for_update": null,
            "attached_disk": [],
            "boot_disk": [
              {
                "auto_delete": true,
                "device_name": "persistent-disk-0",
                "disk_encryption_key_raw": "",
                "disk_encryption_key_sha256": "",
                "initialize_params": [
                  {
                    "image": "https://www.googleapis.com/compute/v1/projects/ubuntu-os-cloud/global/images/ubuntu-2004-focal-v20211102",
                    "labels": {
                      "env": "production",
                      "name": "lab",
                      "team": "cenfotec",
                      "user": "docker"
                    },
                    "size": 10,
                    "type": "pd-standard"
                  }
                ],
                "kms_key_self_link": "",
                "mode": "READ_WRITE",
                "source": "https://www.googleapis.com/compute/v1/projects/dockerlabs-332203/zones/us-central1-b/disks/lab-12"
              }
            ],
            "can_ip_forward": false,
            "confidential_instance_config": [],
            "cpu_platform": "Intel Haswell",
            "current_status": "RUNNING",
            "deletion_protection": false,
            "description": "",
            "desired_status": null,
            "enable_display": false,
            "guest_accelerator": [],
            "hostname": "",
            "id": "projects/dockerlabs-332203/zones/us-central1-b/instances/lab-12",
            "instance_id": "5645400086172105575",
            "label_fingerprint": "nkrmE69Wna4=",
            "labels": {
              "env": "production",
              "name": "lab",
              "team": "cenfotec",
              "user": "docker"
            },
            "machine_type": "f1-micro",
            "metadata": {
              "ssh-keys": "dockerlab:ssh-rsa AAAAB3NzaC1yc2EAAAADAQABAAABAQDHnfRePnxr6FJHFAGCMUukVh2F1F08gHbqGwgb2/suoxNJw4FMJJbNePQxnR++NztDiPWVqb/Tl0Lpkf50InmgMVuHPGto2qOm4Dma/z+QnDNoXrl7F9w4XjS5UasHof1sCzRokYKdBIC9ZCBuN7dxhfZ58XZz3CbHVkZ8vaxBxppZiCGXvyl1XhQWeaMk0TI/Mg8PXG74K5E78uOaNivNw7KAuHwb+ZsJ/P4/PXqNTwgDhOMf9XLH1GaPlLqxLVsf5NHwYEDqROmNKKVyKE0/mVIqbR7KFydOgjtaJlQolSUciGSn8IjP1Sl7bOWhqe8nmM/51W/LgUoQmtWD6aER\n",
              "user-data": "#!/bin/bash -x\n\n# user\nadduser dockerlab --gecos \"$fullname,RoomNumber,WorkPhone,HomePhone\" --disabled-password\necho -e \"password\\npassword\\n\" | passwd dockerlab\npasswd --expire dockerlab\nadduser dockerlab sudo\nmkdir -p /home/dockerlab/.ssh\ncp ~/.ssh/authorized_keys /home/dockerlab/.ssh/\nchown dockerlab:dockerlab /home/dockerlab/.ssh/authorized_keys\nchmod 600  /home/dockerlab/.ssh/authorized_keys\n"
            },
            "metadata_fingerprint": "qP4yEEIULuw=",
            "metadata_startup_script": null,
            "min_cpu_platform": "",
            "name": "lab-12",
            "network_interface": [
              {
                "access_config": [
                  {
                    "nat_ip": "35.193.82.125",
                    "network_tier": "PREMIUM",
                    "public_ptr_domain_name": ""
                  }
                ],
                "alias_ip_range": [],
                "ipv6_access_config": [],
                "ipv6_access_type": "",
                "name": "nic0",
                "network": "https://www.googleapis.com/compute/v1/projects/dockerlabs-332203/global/networks/default",
                "network_ip": "10.128.0.22",
                "nic_type": "",
                "stack_type": "IPV4_ONLY",
                "subnetwork": "https://www.googleapis.com/compute/v1/projects/dockerlabs-332203/regions/us-central1/subnetworks/default",
                "subnetwork_project": "dockerlabs-332203"
              }
            ],
            "project": "dockerlabs-332203",
            "reservation_affinity": [],
            "resource_policies": null,
            "scheduling": [
              {
                "automatic_restart": true,
                "min_node_cpus": 0,
                "node_affinities": [],
                "on_host_maintenance": "MIGRATE",
                "preemptible": false
              }
            ],
            "scratch_disk": [],
            "self_link": "https://www.googleapis.com/compute/v1/projects/dockerlabs-332203/zones/us-central1-b/instances/lab-12",
            "service_account": [],
            "shielded_instance_config": [
              {
                "enable_integrity_monitoring": true,
                "enable_secure_boot": false,
                "enable_vtpm": true
              }
            ],
            "tags": [
              "dockerlabs"
            ],
            "tags_fingerprint": "UAaZt4n-Icc=",
            "timeouts": null,
            "zone": "us-central1-b"
          },
          "sensitive_attributes": [],
          "private": "eyJlMmJmYjczMC1lY2FhLTExZTYtOGY4OC0zNDM2M2JjN2M0YzAiOnsiY3JlYXRlIjoxMjAwMDAwMDAwMDAwLCJkZWxldGUiOjEyMDAwMDAwMDAwMDAsInVwZGF0ZSI6MTIwMDAwMDAwMDAwMH0sInNjaGVtYV92ZXJzaW9uIjoiNiJ9",
          "dependencies": [
            "data.google_compute_image.master_image",
            "tls_private_key.global_key"
          ]
        },
        {
          "index_key": 4,
          "schema_version": 6,
          "attributes": {
            "advanced_machine_features": [],
            "allow_stopping_for_update": null,
            "attached_disk": [],
            "boot_disk": [
              {
                "auto_delete": true,
                "device_name": "persistent-disk-0",
                "disk_encryption_key_raw": "",
                "disk_encryption_key_sha256": "",
                "initialize_params": [
                  {
                    "image": "https://www.googleapis.com/compute/v1/projects/ubuntu-os-cloud/global/images/ubuntu-2004-focal-v20211102",
                    "labels": {
                      "env": "production",
                      "name": "lab",
                      "team": "cenfotec",
                      "user": "docker"
                    },
                    "size": 10,
                    "type": "pd-standard"
                  }
                ],
                "kms_key_self_link": "",
                "mode": "READ_WRITE",
                "source": "https://www.googleapis.com/compute/v1/projects/dockerlabs-332203/zones/us-central1-b/disks/lab-13"
              }
            ],
            "can_ip_forward": false,
            "confidential_instance_config": [],
            "cpu_platform": "Intel Haswell",
            "current_status": "RUNNING",
            "deletion_protection": false,
            "description": "",
            "desired_status": null,
            "enable_display": false,
            "guest_accelerator": [],
            "hostname": "",
            "id": "projects/dockerlabs-332203/zones/us-central1-b/instances/lab-13",
            "instance_id": "116361606538951527",
            "label_fingerprint": "nkrmE69Wna4=",
            "labels": {
              "env": "production",
              "name": "lab",
              "team": "cenfotec",
              "user": "docker"
            },
            "machine_type": "f1-micro",
            "metadata": {
              "ssh-keys": "dockerlab:ssh-rsa AAAAB3NzaC1yc2EAAAADAQABAAABAQDHnfRePnxr6FJHFAGCMUukVh2F1F08gHbqGwgb2/suoxNJw4FMJJbNePQxnR++NztDiPWVqb/Tl0Lpkf50InmgMVuHPGto2qOm4Dma/z+QnDNoXrl7F9w4XjS5UasHof1sCzRokYKdBIC9ZCBuN7dxhfZ58XZz3CbHVkZ8vaxBxppZiCGXvyl1XhQWeaMk0TI/Mg8PXG74K5E78uOaNivNw7KAuHwb+ZsJ/P4/PXqNTwgDhOMf9XLH1GaPlLqxLVsf5NHwYEDqROmNKKVyKE0/mVIqbR7KFydOgjtaJlQolSUciGSn8IjP1Sl7bOWhqe8nmM/51W/LgUoQmtWD6aER\n",
              "user-data": "#!/bin/bash -x\n\n# user\nadduser dockerlab --gecos \"$fullname,RoomNumber,WorkPhone,HomePhone\" --disabled-password\necho -e \"password\\npassword\\n\" | passwd dockerlab\npasswd --expire dockerlab\nadduser dockerlab sudo\nmkdir -p /home/dockerlab/.ssh\ncp ~/.ssh/authorized_keys /home/dockerlab/.ssh/\nchown dockerlab:dockerlab /home/dockerlab/.ssh/authorized_keys\nchmod 600  /home/dockerlab/.ssh/authorized_keys\n"
            },
            "metadata_fingerprint": "qP4yEEIULuw=",
            "metadata_startup_script": null,
            "min_cpu_platform": "",
            "name": "lab-13",
            "network_interface": [
              {
                "access_config": [
                  {
                    "nat_ip": "35.193.85.135",
                    "network_tier": "PREMIUM",
                    "public_ptr_domain_name": ""
                  }
                ],
                "alias_ip_range": [],
                "ipv6_access_config": [],
                "ipv6_access_type": "",
                "name": "nic0",
                "network": "https://www.googleapis.com/compute/v1/projects/dockerlabs-332203/global/networks/default",
                "network_ip": "10.128.0.27",
                "nic_type": "",
                "stack_type": "IPV4_ONLY",
                "subnetwork": "https://www.googleapis.com/compute/v1/projects/dockerlabs-332203/regions/us-central1/subnetworks/default",
                "subnetwork_project": "dockerlabs-332203"
              }
            ],
            "project": "dockerlabs-332203",
            "reservation_affinity": [],
            "resource_policies": null,
            "scheduling": [
              {
                "automatic_restart": true,
                "min_node_cpus": 0,
                "node_affinities": [],
                "on_host_maintenance": "MIGRATE",
                "preemptible": false
              }
            ],
            "scratch_disk": [],
            "self_link": "https://www.googleapis.com/compute/v1/projects/dockerlabs-332203/zones/us-central1-b/instances/lab-13",
            "service_account": [],
            "shielded_instance_config": [
              {
                "enable_integrity_monitoring": true,
                "enable_secure_boot": false,
                "enable_vtpm": true
              }
            ],
            "tags": [
              "dockerlabs"
            ],
            "tags_fingerprint": "UAaZt4n-Icc=",
            "timeouts": null,
            "zone": "us-central1-b"
          },
          "sensitive_attributes": [],
          "private": "eyJlMmJmYjczMC1lY2FhLTExZTYtOGY4OC0zNDM2M2JjN2M0YzAiOnsiY3JlYXRlIjoxMjAwMDAwMDAwMDAwLCJkZWxldGUiOjEyMDAwMDAwMDAwMDAsInVwZGF0ZSI6MTIwMDAwMDAwMDAwMH0sInNjaGVtYV92ZXJzaW9uIjoiNiJ9",
          "dependencies": [
            "data.google_compute_image.master_image",
            "tls_private_key.global_key"
          ]
        },
        {
          "index_key": 5,
          "schema_version": 6,
          "attributes": {
            "advanced_machine_features": [],
            "allow_stopping_for_update": null,
            "attached_disk": [],
            "boot_disk": [
              {
                "auto_delete": true,
                "device_name": "persistent-disk-0",
                "disk_encryption_key_raw": "",
                "disk_encryption_key_sha256": "",
                "initialize_params": [
                  {
                    "image": "https://www.googleapis.com/compute/v1/projects/ubuntu-os-cloud/global/images/ubuntu-2004-focal-v20211102",
                    "labels": {
                      "env": "production",
                      "name": "lab",
                      "team": "cenfotec",
                      "user": "docker"
                    },
                    "size": 10,
                    "type": "pd-standard"
                  }
                ],
                "kms_key_self_link": "",
                "mode": "READ_WRITE",
                "source": "https://www.googleapis.com/compute/v1/projects/dockerlabs-332203/zones/us-central1-b/disks/lab-14"
              }
            ],
            "can_ip_forward": false,
            "confidential_instance_config": [],
            "cpu_platform": "Intel Haswell",
            "current_status": "RUNNING",
            "deletion_protection": false,
            "description": "",
            "desired_status": null,
            "enable_display": false,
            "guest_accelerator": [],
            "hostname": "",
            "id": "projects/dockerlabs-332203/zones/us-central1-b/instances/lab-14",
            "instance_id": "6104399405689830247",
            "label_fingerprint": "nkrmE69Wna4=",
            "labels": {
              "env": "production",
              "name": "lab",
              "team": "cenfotec",
              "user": "docker"
            },
            "machine_type": "f1-micro",
            "metadata": {
              "ssh-keys": "dockerlab:ssh-rsa AAAAB3NzaC1yc2EAAAADAQABAAABAQDHnfRePnxr6FJHFAGCMUukVh2F1F08gHbqGwgb2/suoxNJw4FMJJbNePQxnR++NztDiPWVqb/Tl0Lpkf50InmgMVuHPGto2qOm4Dma/z+QnDNoXrl7F9w4XjS5UasHof1sCzRokYKdBIC9ZCBuN7dxhfZ58XZz3CbHVkZ8vaxBxppZiCGXvyl1XhQWeaMk0TI/Mg8PXG74K5E78uOaNivNw7KAuHwb+ZsJ/P4/PXqNTwgDhOMf9XLH1GaPlLqxLVsf5NHwYEDqROmNKKVyKE0/mVIqbR7KFydOgjtaJlQolSUciGSn8IjP1Sl7bOWhqe8nmM/51W/LgUoQmtWD6aER\n",
              "user-data": "#!/bin/bash -x\n\n# user\nadduser dockerlab --gecos \"$fullname,RoomNumber,WorkPhone,HomePhone\" --disabled-password\necho -e \"password\\npassword\\n\" | passwd dockerlab\npasswd --expire dockerlab\nadduser dockerlab sudo\nmkdir -p /home/dockerlab/.ssh\ncp ~/.ssh/authorized_keys /home/dockerlab/.ssh/\nchown dockerlab:dockerlab /home/dockerlab/.ssh/authorized_keys\nchmod 600  /home/dockerlab/.ssh/authorized_keys\n"
            },
            "metadata_fingerprint": "qP4yEEIULuw=",
            "metadata_startup_script": null,
            "min_cpu_platform": "",
            "name": "lab-14",
            "network_interface": [
              {
                "access_config": [
                  {
                    "nat_ip": "35.202.170.204",
                    "network_tier": "PREMIUM",
                    "public_ptr_domain_name": ""
                  }
                ],
                "alias_ip_range": [],
                "ipv6_access_config": [],
                "ipv6_access_type": "",
                "name": "nic0",
                "network": "https://www.googleapis.com/compute/v1/projects/dockerlabs-332203/global/networks/default",
                "network_ip": "10.128.0.23",
                "nic_type": "",
                "stack_type": "IPV4_ONLY",
                "subnetwork": "https://www.googleapis.com/compute/v1/projects/dockerlabs-332203/regions/us-central1/subnetworks/default",
                "subnetwork_project": "dockerlabs-332203"
              }
            ],
            "project": "dockerlabs-332203",
            "reservation_affinity": [],
            "resource_policies": null,
            "scheduling": [
              {
                "automatic_restart": true,
                "min_node_cpus": 0,
                "node_affinities": [],
                "on_host_maintenance": "MIGRATE",
                "preemptible": false
              }
            ],
            "scratch_disk": [],
            "self_link": "https://www.googleapis.com/compute/v1/projects/dockerlabs-332203/zones/us-central1-b/instances/lab-14",
            "service_account": [],
            "shielded_instance_config": [
              {
                "enable_integrity_monitoring": true,
                "enable_secure_boot": false,
                "enable_vtpm": true
              }
            ],
            "tags": [
              "dockerlabs"
            ],
            "tags_fingerprint": "UAaZt4n-Icc=",
            "timeouts": null,
            "zone": "us-central1-b"
          },
          "sensitive_attributes": [],
          "private": "eyJlMmJmYjczMC1lY2FhLTExZTYtOGY4OC0zNDM2M2JjN2M0YzAiOnsiY3JlYXRlIjoxMjAwMDAwMDAwMDAwLCJkZWxldGUiOjEyMDAwMDAwMDAwMDAsInVwZGF0ZSI6MTIwMDAwMDAwMDAwMH0sInNjaGVtYV92ZXJzaW9uIjoiNiJ9",
          "dependencies": [
            "data.google_compute_image.master_image",
            "tls_private_key.global_key"
          ]
        },
        {
          "index_key": 6,
          "schema_version": 6,
          "attributes": {
            "advanced_machine_features": [],
            "allow_stopping_for_update": null,
            "attached_disk": [],
            "boot_disk": [
              {
                "auto_delete": true,
                "device_name": "persistent-disk-0",
                "disk_encryption_key_raw": "",
                "disk_encryption_key_sha256": "",
                "initialize_params": [
                  {
                    "image": "https://www.googleapis.com/compute/v1/projects/ubuntu-os-cloud/global/images/ubuntu-2004-focal-v20211102",
                    "labels": {
                      "env": "production",
                      "name": "lab",
                      "team": "cenfotec",
                      "user": "docker"
                    },
                    "size": 10,
                    "type": "pd-standard"
                  }
                ],
                "kms_key_self_link": "",
                "mode": "READ_WRITE",
                "source": "https://www.googleapis.com/compute/v1/projects/dockerlabs-332203/zones/us-central1-b/disks/lab-15"
              }
            ],
            "can_ip_forward": false,
            "confidential_instance_config": [],
            "cpu_platform": "Intel Haswell",
            "current_status": "RUNNING",
            "deletion_protection": false,
            "description": "",
            "desired_status": null,
            "enable_display": false,
            "guest_accelerator": [],
            "hostname": "",
            "id": "projects/dockerlabs-332203/zones/us-central1-b/instances/lab-15",
            "instance_id": "3967438762572479335",
            "label_fingerprint": "nkrmE69Wna4=",
            "labels": {
              "env": "production",
              "name": "lab",
              "team": "cenfotec",
              "user": "docker"
            },
            "machine_type": "f1-micro",
            "metadata": {
              "ssh-keys": "dockerlab:ssh-rsa AAAAB3NzaC1yc2EAAAADAQABAAABAQDHnfRePnxr6FJHFAGCMUukVh2F1F08gHbqGwgb2/suoxNJw4FMJJbNePQxnR++NztDiPWVqb/Tl0Lpkf50InmgMVuHPGto2qOm4Dma/z+QnDNoXrl7F9w4XjS5UasHof1sCzRokYKdBIC9ZCBuN7dxhfZ58XZz3CbHVkZ8vaxBxppZiCGXvyl1XhQWeaMk0TI/Mg8PXG74K5E78uOaNivNw7KAuHwb+ZsJ/P4/PXqNTwgDhOMf9XLH1GaPlLqxLVsf5NHwYEDqROmNKKVyKE0/mVIqbR7KFydOgjtaJlQolSUciGSn8IjP1Sl7bOWhqe8nmM/51W/LgUoQmtWD6aER\n",
              "user-data": "#!/bin/bash -x\n\n# user\nadduser dockerlab --gecos \"$fullname,RoomNumber,WorkPhone,HomePhone\" --disabled-password\necho -e \"password\\npassword\\n\" | passwd dockerlab\npasswd --expire dockerlab\nadduser dockerlab sudo\nmkdir -p /home/dockerlab/.ssh\ncp ~/.ssh/authorized_keys /home/dockerlab/.ssh/\nchown dockerlab:dockerlab /home/dockerlab/.ssh/authorized_keys\nchmod 600  /home/dockerlab/.ssh/authorized_keys\n"
            },
            "metadata_fingerprint": "qP4yEEIULuw=",
            "metadata_startup_script": null,
            "min_cpu_platform": "",
            "name": "lab-15",
            "network_interface": [
              {
                "access_config": [
                  {
                    "nat_ip": "35.224.194.121",
                    "network_tier": "PREMIUM",
                    "public_ptr_domain_name": ""
                  }
                ],
                "alias_ip_range": [],
                "ipv6_access_config": [],
                "ipv6_access_type": "",
                "name": "nic0",
                "network": "https://www.googleapis.com/compute/v1/projects/dockerlabs-332203/global/networks/default",
                "network_ip": "10.128.0.21",
                "nic_type": "",
                "stack_type": "IPV4_ONLY",
                "subnetwork": "https://www.googleapis.com/compute/v1/projects/dockerlabs-332203/regions/us-central1/subnetworks/default",
                "subnetwork_project": "dockerlabs-332203"
              }
            ],
            "project": "dockerlabs-332203",
            "reservation_affinity": [],
            "resource_policies": null,
            "scheduling": [
              {
                "automatic_restart": true,
                "min_node_cpus": 0,
                "node_affinities": [],
                "on_host_maintenance": "MIGRATE",
                "preemptible": false
              }
            ],
            "scratch_disk": [],
            "self_link": "https://www.googleapis.com/compute/v1/projects/dockerlabs-332203/zones/us-central1-b/instances/lab-15",
            "service_account": [],
            "shielded_instance_config": [
              {
                "enable_integrity_monitoring": true,
                "enable_secure_boot": false,
                "enable_vtpm": true
              }
            ],
            "tags": [
              "dockerlabs"
            ],
            "tags_fingerprint": "UAaZt4n-Icc=",
            "timeouts": null,
            "zone": "us-central1-b"
          },
          "sensitive_attributes": [],
          "private": "eyJlMmJmYjczMC1lY2FhLTExZTYtOGY4OC0zNDM2M2JjN2M0YzAiOnsiY3JlYXRlIjoxMjAwMDAwMDAwMDAwLCJkZWxldGUiOjEyMDAwMDAwMDAwMDAsInVwZGF0ZSI6MTIwMDAwMDAwMDAwMH0sInNjaGVtYV92ZXJzaW9uIjoiNiJ9",
          "dependencies": [
            "data.google_compute_image.master_image",
            "tls_private_key.global_key"
          ]
        },
        {
          "index_key": 7,
          "schema_version": 6,
          "attributes": {
            "advanced_machine_features": [],
            "allow_stopping_for_update": null,
            "attached_disk": [],
            "boot_disk": [
              {
                "auto_delete": true,
                "device_name": "persistent-disk-0",
                "disk_encryption_key_raw": "",
                "disk_encryption_key_sha256": "",
                "initialize_params": [
                  {
                    "image": "https://www.googleapis.com/compute/v1/projects/ubuntu-os-cloud/global/images/ubuntu-2004-focal-v20211102",
                    "labels": {
                      "env": "production",
                      "name": "lab",
                      "team": "cenfotec",
                      "user": "docker"
                    },
                    "size": 10,
                    "type": "pd-standard"
                  }
                ],
                "kms_key_self_link": "",
                "mode": "READ_WRITE",
                "source": "https://www.googleapis.com/compute/v1/projects/dockerlabs-332203/zones/us-central1-b/disks/lab-16"
              }
            ],
            "can_ip_forward": false,
            "confidential_instance_config": [],
            "cpu_platform": "Intel Haswell",
            "current_status": "RUNNING",
            "deletion_protection": false,
            "description": "",
            "desired_status": null,
            "enable_display": false,
            "guest_accelerator": [],
            "hostname": "",
            "id": "projects/dockerlabs-332203/zones/us-central1-b/instances/lab-16",
            "instance_id": "7630660551659453288",
            "label_fingerprint": "nkrmE69Wna4=",
            "labels": {
              "env": "production",
              "name": "lab",
              "team": "cenfotec",
              "user": "docker"
            },
            "machine_type": "f1-micro",
            "metadata": {
              "ssh-keys": "dockerlab:ssh-rsa AAAAB3NzaC1yc2EAAAADAQABAAABAQDHnfRePnxr6FJHFAGCMUukVh2F1F08gHbqGwgb2/suoxNJw4FMJJbNePQxnR++NztDiPWVqb/Tl0Lpkf50InmgMVuHPGto2qOm4Dma/z+QnDNoXrl7F9w4XjS5UasHof1sCzRokYKdBIC9ZCBuN7dxhfZ58XZz3CbHVkZ8vaxBxppZiCGXvyl1XhQWeaMk0TI/Mg8PXG74K5E78uOaNivNw7KAuHwb+ZsJ/P4/PXqNTwgDhOMf9XLH1GaPlLqxLVsf5NHwYEDqROmNKKVyKE0/mVIqbR7KFydOgjtaJlQolSUciGSn8IjP1Sl7bOWhqe8nmM/51W/LgUoQmtWD6aER\n",
              "user-data": "#!/bin/bash -x\n\n# user\nadduser dockerlab --gecos \"$fullname,RoomNumber,WorkPhone,HomePhone\" --disabled-password\necho -e \"password\\npassword\\n\" | passwd dockerlab\npasswd --expire dockerlab\nadduser dockerlab sudo\nmkdir -p /home/dockerlab/.ssh\ncp ~/.ssh/authorized_keys /home/dockerlab/.ssh/\nchown dockerlab:dockerlab /home/dockerlab/.ssh/authorized_keys\nchmod 600  /home/dockerlab/.ssh/authorized_keys\n"
            },
            "metadata_fingerprint": "qP4yEEIULuw=",
            "metadata_startup_script": null,
            "min_cpu_platform": "",
            "name": "lab-16",
            "network_interface": [
              {
                "access_config": [
                  {
                    "nat_ip": "34.66.144.118",
                    "network_tier": "PREMIUM",
                    "public_ptr_domain_name": ""
                  }
                ],
                "alias_ip_range": [],
                "ipv6_access_config": [],
                "ipv6_access_type": "",
                "name": "nic0",
                "network": "https://www.googleapis.com/compute/v1/projects/dockerlabs-332203/global/networks/default",
                "network_ip": "10.128.0.20",
                "nic_type": "",
                "stack_type": "IPV4_ONLY",
                "subnetwork": "https://www.googleapis.com/compute/v1/projects/dockerlabs-332203/regions/us-central1/subnetworks/default",
                "subnetwork_project": "dockerlabs-332203"
              }
            ],
            "project": "dockerlabs-332203",
            "reservation_affinity": [],
            "resource_policies": null,
            "scheduling": [
              {
                "automatic_restart": true,
                "min_node_cpus": 0,
                "node_affinities": [],
                "on_host_maintenance": "MIGRATE",
                "preemptible": false
              }
            ],
            "scratch_disk": [],
            "self_link": "https://www.googleapis.com/compute/v1/projects/dockerlabs-332203/zones/us-central1-b/instances/lab-16",
            "service_account": [],
            "shielded_instance_config": [
              {
                "enable_integrity_monitoring": true,
                "enable_secure_boot": false,
                "enable_vtpm": true
              }
            ],
            "tags": [
              "dockerlabs"
            ],
            "tags_fingerprint": "UAaZt4n-Icc=",
            "timeouts": null,
            "zone": "us-central1-b"
          },
          "sensitive_attributes": [],
          "private": "eyJlMmJmYjczMC1lY2FhLTExZTYtOGY4OC0zNDM2M2JjN2M0YzAiOnsiY3JlYXRlIjoxMjAwMDAwMDAwMDAwLCJkZWxldGUiOjEyMDAwMDAwMDAwMDAsInVwZGF0ZSI6MTIwMDAwMDAwMDAwMH0sInNjaGVtYV92ZXJzaW9uIjoiNiJ9",
          "dependencies": [
            "data.google_compute_image.master_image",
            "tls_private_key.global_key"
          ]
        }
      ]
    },
    {
      "mode": "managed",
      "type": "local_file",
      "name": "ssh_private_key_pem",
      "provider": "provider[\"registry.terraform.io/hashicorp/local\"]",
      "instances": [
        {
          "schema_version": 0,
          "attributes": {
            "content": null,
            "content_base64": null,
            "directory_permission": "0777",
            "file_permission": "0600",
            "filename": "../keys/prod/id_rsa02",
            "id": "0fa91d69ca954afeab106f259c0242e831bc4f1d",
            "sensitive_content": "-----BEGIN RSA PRIVATE KEY-----\nMIIEowIBAAKCAQEAx530Xj58a+hSRxQBgjFLpFYdhdRdPIB26hsIG9v7LqMTScOB\nTCSWzXj0MZ0fvjc7Q4j1lam/05dC6ZH+dCJ5oDFbhzxraNqjpuA5mv8/kJwzaF65\nexfcOF40uVGrB6H9bAs0aJGCnQSAvWQgbje3cYX2efF2c9wmx1ZGfL2sQcaaWYgh\nl78pdV4UFnmjJNEyPzIPD1xu+CuRO/LjmjYrzcOygLh8G/mbCfz+Pz16jU8IA4Tj\nH/Vyx9Rmj5S6sS1bH+TR8GBA6kTpjSilcihNP5lSKm0eyhcnToI7WiZUKJUlHIhk\np/CIz9Upe2zloanvJ5jP+dVvy4FKEJrVg+mhEQIDAQABAoIBAQCoSxZcYogZncvI\nWyiOcCsayPOpAgr9WD1pUBL9EfDqN9iqJucan/p4DxKpxZOelggj/xM18+BjbrKe\nI1UI6ovqL9K/6IOR6ktxBLfsYmhf7iE1TC9KhSpIZ7xBxYXRMJRtA+FSi+M3qDU1\n93WUFutVDaFo29eHBMO46ZcR0gOpi16aOhy1KGFy6kzR+KPaDIMmx9skr+69qVNt\nRVNAkM2u98dY4dQJHrvDYNmJ5Hm0lN+3alxiQ5EXAiRJmcwbTIXuGg3eRwtQmuEc\n3A4cNmmboeHLHaHs9XitVkagNr9u6xfUYiXIpu51JhCFeb66Z6JNs4aErQg4YNIk\n9lD2AS/1AoGBAO6MSeeowBqf77xTI0Ot/FnL7H8pKd5BmN1KyDIHddbAr7afi0Tk\nh828yS6iXO9dg3sYHkgwPK5xfJRosjYxvPXCKpv1GcB4DuDaA0q0vatzHbNVGx1r\n+2t17iRYzEE/oyAO3vKv0Dy58E+LkvvrtBuOLGvFQakUmX9D0ZABoBQvAoGBANY4\niUHWLPmgRA55Kp4TElULumv+Z+Md+iv9sQlTwfK1B9WIKrISVVq9X+8DbwR4dvXM\n+Vhi6wRwpRQk64Hku4SkZe2I54p4LYKYwkXdr0BDrgctpqPx66bajW1tPCUS4gp3\nqA3wTUyeM4QP5Ld40YWbRwmLxarX+118Ba9BoA6/AoGAXmeGl/dgjyjcZ1s/iXlB\ndQgPAAP6Xcr4BBukPqhVKjf3Uf6xzwHh/LnJpHr87H3FmuFgmpD8cszW0KTeYjQs\n49WDp1TIbDMXMEUXKGl+5msYRfBYWrxxM4XoSNobe3cDx5wa/1A0yNONFu3VrX0K\nOh151uypn5BXbtYYCTWbdGECgYBkExVMBFoOY6hneoNGRXKS+F+mg7rUhvSQCHvj\n95TrZVa7klkfxyDIux9N8TSzyfMI8TCq8csIz/bOalD65XgUhxh21zYTogDguaxI\nJz/vra5m/BSVEjccQ40+SYGHcELY0P1ZRaFW4bD/SM14SKDY4alV9E3reeqbyYx+\nSxIS0QKBgBjZBEjm1EC0lS0txmCfgTiaPBcOcMPGWCJeJSQr0G8jgrvp+JAzkQtP\nbrFUs9HDa9uAVnMuiCXiOYFWfnYyI3++22AY6cGirqtxTEFMnI4UenFg25Wpj10U\nm1Jw9p4n3itEox+d3/QhFNhtuYeitPD6uUxH8dmknhmblTq2b8UQ\n-----END RSA PRIVATE KEY-----\n",
            "source": null
          },
          "sensitive_attributes": [
            [
              {
                "type": "get_attr",
                "value": "sensitive_content"
              }
            ]
          ],
          "private": "bnVsbA==",
          "dependencies": [
            "tls_private_key.global_key"
          ]
        }
      ]
    },
    {
      "mode": "managed",
      "type": "local_file",
      "name": "ssh_public_key_pem",
      "provider": "provider[\"registry.terraform.io/hashicorp/local\"]",
      "instances": [
        {
          "schema_version": 0,
          "attributes": {
            "content": null,
            "content_base64": null,
            "directory_permission": "0777",
            "file_permission": "0600",
            "filename": "../keys/prod/id_rsa02.pub",
            "id": "21a836eb9f7a68c0527275ece940a51240defe7d",
            "sensitive_content": "-----BEGIN PUBLIC KEY-----\nMIIBIjANBgkqhkiG9w0BAQEFAAOCAQ8AMIIBCgKCAQEAx530Xj58a+hSRxQBgjFL\npFYdhdRdPIB26hsIG9v7LqMTScOBTCSWzXj0MZ0fvjc7Q4j1lam/05dC6ZH+dCJ5\noDFbhzxraNqjpuA5mv8/kJwzaF65exfcOF40uVGrB6H9bAs0aJGCnQSAvWQgbje3\ncYX2efF2c9wmx1ZGfL2sQcaaWYghl78pdV4UFnmjJNEyPzIPD1xu+CuRO/LjmjYr\nzcOygLh8G/mbCfz+Pz16jU8IA4TjH/Vyx9Rmj5S6sS1bH+TR8GBA6kTpjSilcihN\nP5lSKm0eyhcnToI7WiZUKJUlHIhkp/CIz9Upe2zloanvJ5jP+dVvy4FKEJrVg+mh\nEQIDAQAB\n-----END PUBLIC KEY-----\n",
            "source": null
          },
          "sensitive_attributes": [],
          "private": "bnVsbA==",
          "dependencies": [
            "tls_private_key.global_key"
          ]
        }
      ]
    },
    {
      "mode": "managed",
      "type": "tls_private_key",
      "name": "global_key",
      "provider": "provider[\"registry.terraform.io/hashicorp/tls\"]",
      "instances": [
        {
          "schema_version": 0,
          "attributes": {
            "algorithm": "RSA",
            "ecdsa_curve": "P224",
            "id": "56b54739e8ad5f06a923af112935999622a467d4",
            "private_key_pem": "-----BEGIN RSA PRIVATE KEY-----\nMIIEowIBAAKCAQEAx530Xj58a+hSRxQBgjFLpFYdhdRdPIB26hsIG9v7LqMTScOB\nTCSWzXj0MZ0fvjc7Q4j1lam/05dC6ZH+dCJ5oDFbhzxraNqjpuA5mv8/kJwzaF65\nexfcOF40uVGrB6H9bAs0aJGCnQSAvWQgbje3cYX2efF2c9wmx1ZGfL2sQcaaWYgh\nl78pdV4UFnmjJNEyPzIPD1xu+CuRO/LjmjYrzcOygLh8G/mbCfz+Pz16jU8IA4Tj\nH/Vyx9Rmj5S6sS1bH+TR8GBA6kTpjSilcihNP5lSKm0eyhcnToI7WiZUKJUlHIhk\np/CIz9Upe2zloanvJ5jP+dVvy4FKEJrVg+mhEQIDAQABAoIBAQCoSxZcYogZncvI\nWyiOcCsayPOpAgr9WD1pUBL9EfDqN9iqJucan/p4DxKpxZOelggj/xM18+BjbrKe\nI1UI6ovqL9K/6IOR6ktxBLfsYmhf7iE1TC9KhSpIZ7xBxYXRMJRtA+FSi+M3qDU1\n93WUFutVDaFo29eHBMO46ZcR0gOpi16aOhy1KGFy6kzR+KPaDIMmx9skr+69qVNt\nRVNAkM2u98dY4dQJHrvDYNmJ5Hm0lN+3alxiQ5EXAiRJmcwbTIXuGg3eRwtQmuEc\n3A4cNmmboeHLHaHs9XitVkagNr9u6xfUYiXIpu51JhCFeb66Z6JNs4aErQg4YNIk\n9lD2AS/1AoGBAO6MSeeowBqf77xTI0Ot/FnL7H8pKd5BmN1KyDIHddbAr7afi0Tk\nh828yS6iXO9dg3sYHkgwPK5xfJRosjYxvPXCKpv1GcB4DuDaA0q0vatzHbNVGx1r\n+2t17iRYzEE/oyAO3vKv0Dy58E+LkvvrtBuOLGvFQakUmX9D0ZABoBQvAoGBANY4\niUHWLPmgRA55Kp4TElULumv+Z+Md+iv9sQlTwfK1B9WIKrISVVq9X+8DbwR4dvXM\n+Vhi6wRwpRQk64Hku4SkZe2I54p4LYKYwkXdr0BDrgctpqPx66bajW1tPCUS4gp3\nqA3wTUyeM4QP5Ld40YWbRwmLxarX+118Ba9BoA6/AoGAXmeGl/dgjyjcZ1s/iXlB\ndQgPAAP6Xcr4BBukPqhVKjf3Uf6xzwHh/LnJpHr87H3FmuFgmpD8cszW0KTeYjQs\n49WDp1TIbDMXMEUXKGl+5msYRfBYWrxxM4XoSNobe3cDx5wa/1A0yNONFu3VrX0K\nOh151uypn5BXbtYYCTWbdGECgYBkExVMBFoOY6hneoNGRXKS+F+mg7rUhvSQCHvj\n95TrZVa7klkfxyDIux9N8TSzyfMI8TCq8csIz/bOalD65XgUhxh21zYTogDguaxI\nJz/vra5m/BSVEjccQ40+SYGHcELY0P1ZRaFW4bD/SM14SKDY4alV9E3reeqbyYx+\nSxIS0QKBgBjZBEjm1EC0lS0txmCfgTiaPBcOcMPGWCJeJSQr0G8jgrvp+JAzkQtP\nbrFUs9HDa9uAVnMuiCXiOYFWfnYyI3++22AY6cGirqtxTEFMnI4UenFg25Wpj10U\nm1Jw9p4n3itEox+d3/QhFNhtuYeitPD6uUxH8dmknhmblTq2b8UQ\n-----END RSA PRIVATE KEY-----\n",
            "public_key_fingerprint_md5": "f0:5e:7f:00:d6:bb:c6:c3:ae:ef:31:73:82:19:99:8e",
            "public_key_openssh": "ssh-rsa AAAAB3NzaC1yc2EAAAADAQABAAABAQDHnfRePnxr6FJHFAGCMUukVh2F1F08gHbqGwgb2/suoxNJw4FMJJbNePQxnR++NztDiPWVqb/Tl0Lpkf50InmgMVuHPGto2qOm4Dma/z+QnDNoXrl7F9w4XjS5UasHof1sCzRokYKdBIC9ZCBuN7dxhfZ58XZz3CbHVkZ8vaxBxppZiCGXvyl1XhQWeaMk0TI/Mg8PXG74K5E78uOaNivNw7KAuHwb+ZsJ/P4/PXqNTwgDhOMf9XLH1GaPlLqxLVsf5NHwYEDqROmNKKVyKE0/mVIqbR7KFydOgjtaJlQolSUciGSn8IjP1Sl7bOWhqe8nmM/51W/LgUoQmtWD6aER\n",
            "public_key_pem": "-----BEGIN PUBLIC KEY-----\nMIIBIjANBgkqhkiG9w0BAQEFAAOCAQ8AMIIBCgKCAQEAx530Xj58a+hSRxQBgjFL\npFYdhdRdPIB26hsIG9v7LqMTScOBTCSWzXj0MZ0fvjc7Q4j1lam/05dC6ZH+dCJ5\noDFbhzxraNqjpuA5mv8/kJwzaF65exfcOF40uVGrB6H9bAs0aJGCnQSAvWQgbje3\ncYX2efF2c9wmx1ZGfL2sQcaaWYghl78pdV4UFnmjJNEyPzIPD1xu+CuRO/LjmjYr\nzcOygLh8G/mbCfz+Pz16jU8IA4TjH/Vyx9Rmj5S6sS1bH+TR8GBA6kTpjSilcihN\nP5lSKm0eyhcnToI7WiZUKJUlHIhkp/CIz9Upe2zloanvJ5jP+dVvy4FKEJrVg+mh\nEQIDAQAB\n-----END PUBLIC KEY-----\n",
            "rsa_bits": 2048
          },
          "sensitive_attributes": [],
          "private": "bnVsbA=="
        }
      ]
    }
  ]
}
