{
  "version": 4,
  "terraform_version": "1.0.9",
  "serial": 125,
  "lineage": "9fc27674-813e-226c-2930-ee502df7a1ac",
  "outputs": {},
  "resources": [
    {
      "mode": "data",
      "type": "google_compute_image",
      "name": "master_image",
      "provider": "provider[\"registry.terraform.io/hashicorp/google\"]",
      "instances": [
        {
          "schema_version": 0,
          "attributes": {
            "archive_size_bytes": 2616389184,
            "creation_timestamp": "2021-11-18T16:09:22.819-08:00",
            "description": "Canonical, Ubuntu, 20.04 LTS, amd64 focal image built on 2021-11-18, supports Shielded VM features",
            "disk_size_gb": 10,
            "family": "ubuntu-2004-lts",
            "filter": null,
            "id": "projects/ubuntu-os-cloud/global/images/ubuntu-2004-focal-v20211118",
            "image_encryption_key_sha256": "",
            "image_id": "4803291363183121885",
            "label_fingerprint": "42WmSpB8rSM=",
            "labels": {},
            "licenses": [
              "https://www.googleapis.com/compute/v1/projects/ubuntu-os-cloud/global/licenses/ubuntu-2004-lts"
            ],
            "name": "ubuntu-2004-focal-v20211118",
            "project": "ubuntu-os-cloud",
            "self_link": "https://www.googleapis.com/compute/v1/projects/ubuntu-os-cloud/global/images/ubuntu-2004-focal-v20211118",
            "source_disk": "",
            "source_disk_encryption_key_sha256": "",
            "source_disk_id": "",
            "source_image_id": "",
            "status": "READY"
          },
          "sensitive_attributes": []
        }
      ]
    },
    {
      "mode": "managed",
      "type": "google_compute_instance",
      "name": "lab",
      "provider": "provider[\"registry.terraform.io/hashicorp/google\"]",
      "instances": [
        {
          "index_key": 0,
          "schema_version": 6,
          "attributes": {
            "advanced_machine_features": [],
            "allow_stopping_for_update": null,
            "attached_disk": [],
            "boot_disk": [
              {
                "auto_delete": true,
                "device_name": "persistent-disk-0",
                "disk_encryption_key_raw": "",
                "disk_encryption_key_sha256": "",
                "initialize_params": [
                  {
                    "image": "https://www.googleapis.com/compute/v1/projects/ubuntu-os-cloud/global/images/ubuntu-2004-focal-v20211118",
                    "labels": {
                      "env": "production",
                      "name": "lab",
                      "team": "cenfotec",
                      "user": "docker"
                    },
                    "size": 10,
                    "type": "pd-standard"
                  }
                ],
                "kms_key_self_link": "",
                "mode": "READ_WRITE",
                "source": "https://www.googleapis.com/compute/v1/projects/dockerlabs-332203/zones/us-central1-b/disks/lab-9"
              }
            ],
            "can_ip_forward": false,
            "confidential_instance_config": [],
            "cpu_platform": "Unknown CPU Platform",
            "current_status": "TERMINATED",
            "deletion_protection": false,
            "description": "",
            "desired_status": null,
            "enable_display": false,
            "guest_accelerator": [],
            "hostname": "",
            "id": "projects/dockerlabs-332203/zones/us-central1-b/instances/lab-9",
            "instance_id": "1737177647235642446",
            "label_fingerprint": "nkrmE69Wna4=",
            "labels": {
              "env": "production",
              "name": "lab",
              "team": "cenfotec",
              "user": "docker"
            },
            "machine_type": "e2-small",
            "metadata": {
              "ssh-keys": "dockerlab:ssh-rsa AAAAB3NzaC1yc2EAAAADAQABAAABgQCbQG25Bm4iPfBoCVTzTEXaB3fsQVPcSyzZObTKoZUZB6BuD5HU3Pn2lXyz+ZgcqRRZNSzzj7B1ZDXPpM9Kxp2fM4I5wzH0dd/6mJN7GgxdzWGlESzI9BmJXFZa8yrw9PT9T/MvzGtHiTrPrkGtcVs1fAI9lZ940WvrzyiO27TU9fbgyAvoe2nP07ONuOtSFht6DFxScREhqRS+TXjRGb9qUnzATlIzQ0rfMd2tuDDmHAwXMb6giivQUUWNfYsIvxme0zX6uusGBHlbbQo48ouzYUZMJL6CYeAnsH3JKPKqywr4sBa743Rdtk5jSrnAGY/ImktSZOq6stF9Ur9xDLtV/wufIjNU8aufrc2Vtgxsza0vNp8ktMDBM0bwpN0uzwEquAOvuPd3EJyuXlAFP0heHTOljShP9sBfMumXU6fEn8/jgrAyvvfZ8J70ZyrIJPjAp6yvvwZciD8WWzgVc5/q7hpLacVlkr2RNhELTsEhXT+ATbtYNgbYhTKGvxfmcTM= dockerlab\n",
              "user-data": "#!/bin/bash -x\n\n# user\nadduser dockerlab --gecos \"$fullname,RoomNumber,WorkPhone,HomePhone\" --disabled-password\necho -e \"password\\npassword\\n\" | passwd dockerlab\npasswd --expire dockerlab\nadduser dockerlab sudo\nmkdir -p /home/dockerlab/.ssh\ncp ~/.ssh/authorized_keys /home/dockerlab/.ssh/\nchown dockerlab:dockerlab /home/dockerlab/.ssh/authorized_keys\nchmod 600  /home/dockerlab/.ssh/authorized_keys\n\n# docker\ncurl -fsSL https://get.docker.com -o get-docker.sh | sh\nsudo usermod -aG docker dockerlab\nnewgrp docker\n"
            },
            "metadata_fingerprint": "AiIn-DE9zSo=",
            "metadata_startup_script": null,
            "min_cpu_platform": "",
            "name": "lab-9",
            "network_interface": [
              {
                "access_config": [
                  {
                    "nat_ip": "",
                    "network_tier": "PREMIUM",
                    "public_ptr_domain_name": ""
                  }
                ],
                "alias_ip_range": [],
                "ipv6_access_config": [],
                "ipv6_access_type": "",
                "name": "nic0",
                "network": "https://www.googleapis.com/compute/v1/projects/dockerlabs-332203/global/networks/default",
                "network_ip": "10.128.0.43",
                "nic_type": "",
                "stack_type": "IPV4_ONLY",
                "subnetwork": "https://www.googleapis.com/compute/v1/projects/dockerlabs-332203/regions/us-central1/subnetworks/default",
                "subnetwork_project": "dockerlabs-332203"
              }
            ],
            "project": "dockerlabs-332203",
            "reservation_affinity": [],
            "resource_policies": [],
            "scheduling": [
              {
                "automatic_restart": true,
                "min_node_cpus": 0,
                "node_affinities": [],
                "on_host_maintenance": "MIGRATE",
                "preemptible": false
              }
            ],
            "scratch_disk": [],
            "self_link": "https://www.googleapis.com/compute/v1/projects/dockerlabs-332203/zones/us-central1-b/instances/lab-9",
            "service_account": [],
            "shielded_instance_config": [
              {
                "enable_integrity_monitoring": true,
                "enable_secure_boot": false,
                "enable_vtpm": true
              }
            ],
            "tags": [
              "dockerlabs"
            ],
            "tags_fingerprint": "UAaZt4n-Icc=",
            "timeouts": null,
            "zone": "us-central1-b"
          },
          "sensitive_attributes": [],
          "private": "eyJlMmJmYjczMC1lY2FhLTExZTYtOGY4OC0zNDM2M2JjN2M0YzAiOnsiY3JlYXRlIjoxMjAwMDAwMDAwMDAwLCJkZWxldGUiOjEyMDAwMDAwMDAwMDAsInVwZGF0ZSI6MTIwMDAwMDAwMDAwMH0sInNjaGVtYV92ZXJzaW9uIjoiNiJ9",
          "dependencies": [
            "data.google_compute_image.master_image"
          ]
        },
        {
          "index_key": 1,
          "schema_version": 6,
          "attributes": {
            "advanced_machine_features": [],
            "allow_stopping_for_update": null,
            "attached_disk": [],
            "boot_disk": [
              {
                "auto_delete": true,
                "device_name": "persistent-disk-0",
                "disk_encryption_key_raw": "",
                "disk_encryption_key_sha256": "",
                "initialize_params": [
                  {
                    "image": "https://www.googleapis.com/compute/v1/projects/ubuntu-os-cloud/global/images/ubuntu-2004-focal-v20211118",
                    "labels": {
                      "env": "production",
                      "name": "lab",
                      "team": "cenfotec",
                      "user": "docker"
                    },
                    "size": 10,
                    "type": "pd-standard"
                  }
                ],
                "kms_key_self_link": "",
                "mode": "READ_WRITE",
                "source": "https://www.googleapis.com/compute/v1/projects/dockerlabs-332203/zones/us-central1-b/disks/lab-10"
              }
            ],
            "can_ip_forward": false,
            "confidential_instance_config": [],
            "cpu_platform": "Unknown CPU Platform",
            "current_status": "TERMINATED",
            "deletion_protection": false,
            "description": "",
            "desired_status": null,
            "enable_display": false,
            "guest_accelerator": [],
            "hostname": "",
            "id": "projects/dockerlabs-332203/zones/us-central1-b/instances/lab-10",
            "instance_id": "3052451423892190287",
            "label_fingerprint": "nkrmE69Wna4=",
            "labels": {
              "env": "production",
              "name": "lab",
              "team": "cenfotec",
              "user": "docker"
            },
            "machine_type": "e2-small",
            "metadata": {
              "ssh-keys": "dockerlab:ssh-rsa AAAAB3NzaC1yc2EAAAADAQABAAABgQCbQG25Bm4iPfBoCVTzTEXaB3fsQVPcSyzZObTKoZUZB6BuD5HU3Pn2lXyz+ZgcqRRZNSzzj7B1ZDXPpM9Kxp2fM4I5wzH0dd/6mJN7GgxdzWGlESzI9BmJXFZa8yrw9PT9T/MvzGtHiTrPrkGtcVs1fAI9lZ940WvrzyiO27TU9fbgyAvoe2nP07ONuOtSFht6DFxScREhqRS+TXjRGb9qUnzATlIzQ0rfMd2tuDDmHAwXMb6giivQUUWNfYsIvxme0zX6uusGBHlbbQo48ouzYUZMJL6CYeAnsH3JKPKqywr4sBa743Rdtk5jSrnAGY/ImktSZOq6stF9Ur9xDLtV/wufIjNU8aufrc2Vtgxsza0vNp8ktMDBM0bwpN0uzwEquAOvuPd3EJyuXlAFP0heHTOljShP9sBfMumXU6fEn8/jgrAyvvfZ8J70ZyrIJPjAp6yvvwZciD8WWzgVc5/q7hpLacVlkr2RNhELTsEhXT+ATbtYNgbYhTKGvxfmcTM= dockerlab\n",
              "user-data": "#!/bin/bash -x\n\n# user\nadduser dockerlab --gecos \"$fullname,RoomNumber,WorkPhone,HomePhone\" --disabled-password\necho -e \"password\\npassword\\n\" | passwd dockerlab\npasswd --expire dockerlab\nadduser dockerlab sudo\nmkdir -p /home/dockerlab/.ssh\ncp ~/.ssh/authorized_keys /home/dockerlab/.ssh/\nchown dockerlab:dockerlab /home/dockerlab/.ssh/authorized_keys\nchmod 600  /home/dockerlab/.ssh/authorized_keys\n\n# docker\ncurl -fsSL https://get.docker.com -o get-docker.sh | sh\nsudo usermod -aG docker dockerlab\nnewgrp docker\n"
            },
            "metadata_fingerprint": "AiIn-DE9zSo=",
            "metadata_startup_script": null,
            "min_cpu_platform": "",
            "name": "lab-10",
            "network_interface": [
              {
                "access_config": [
                  {
                    "nat_ip": "",
                    "network_tier": "PREMIUM",
                    "public_ptr_domain_name": ""
                  }
                ],
                "alias_ip_range": [],
                "ipv6_access_config": [],
                "ipv6_access_type": "",
                "name": "nic0",
                "network": "https://www.googleapis.com/compute/v1/projects/dockerlabs-332203/global/networks/default",
                "network_ip": "10.128.0.42",
                "nic_type": "",
                "stack_type": "IPV4_ONLY",
                "subnetwork": "https://www.googleapis.com/compute/v1/projects/dockerlabs-332203/regions/us-central1/subnetworks/default",
                "subnetwork_project": "dockerlabs-332203"
              }
            ],
            "project": "dockerlabs-332203",
            "reservation_affinity": [],
            "resource_policies": [],
            "scheduling": [
              {
                "automatic_restart": true,
                "min_node_cpus": 0,
                "node_affinities": [],
                "on_host_maintenance": "MIGRATE",
                "preemptible": false
              }
            ],
            "scratch_disk": [],
            "self_link": "https://www.googleapis.com/compute/v1/projects/dockerlabs-332203/zones/us-central1-b/instances/lab-10",
            "service_account": [],
            "shielded_instance_config": [
              {
                "enable_integrity_monitoring": true,
                "enable_secure_boot": false,
                "enable_vtpm": true
              }
            ],
            "tags": [
              "dockerlabs"
            ],
            "tags_fingerprint": "UAaZt4n-Icc=",
            "timeouts": null,
            "zone": "us-central1-b"
          },
          "sensitive_attributes": [],
          "private": "eyJlMmJmYjczMC1lY2FhLTExZTYtOGY4OC0zNDM2M2JjN2M0YzAiOnsiY3JlYXRlIjoxMjAwMDAwMDAwMDAwLCJkZWxldGUiOjEyMDAwMDAwMDAwMDAsInVwZGF0ZSI6MTIwMDAwMDAwMDAwMH0sInNjaGVtYV92ZXJzaW9uIjoiNiJ9",
          "dependencies": [
            "data.google_compute_image.master_image"
          ]
        },
        {
          "index_key": 2,
          "schema_version": 6,
          "attributes": {
            "advanced_machine_features": [],
            "allow_stopping_for_update": null,
            "attached_disk": [],
            "boot_disk": [
              {
                "auto_delete": true,
                "device_name": "persistent-disk-0",
                "disk_encryption_key_raw": "",
                "disk_encryption_key_sha256": "",
                "initialize_params": [
                  {
                    "image": "https://www.googleapis.com/compute/v1/projects/ubuntu-os-cloud/global/images/ubuntu-2004-focal-v20211118",
                    "labels": {
                      "env": "production",
                      "name": "lab",
                      "team": "cenfotec",
                      "user": "docker"
                    },
                    "size": 10,
                    "type": "pd-standard"
                  }
                ],
                "kms_key_self_link": "",
                "mode": "READ_WRITE",
                "source": "https://www.googleapis.com/compute/v1/projects/dockerlabs-332203/zones/us-central1-b/disks/lab-11"
              }
            ],
            "can_ip_forward": false,
            "confidential_instance_config": [],
            "cpu_platform": "Unknown CPU Platform",
            "current_status": "TERMINATED",
            "deletion_protection": false,
            "description": "",
            "desired_status": null,
            "enable_display": false,
            "guest_accelerator": [],
            "hostname": "",
            "id": "projects/dockerlabs-332203/zones/us-central1-b/instances/lab-11",
            "instance_id": "3840739293219435599",
            "label_fingerprint": "nkrmE69Wna4=",
            "labels": {
              "env": "production",
              "name": "lab",
              "team": "cenfotec",
              "user": "docker"
            },
            "machine_type": "e2-small",
            "metadata": {
              "ssh-keys": "dockerlab:ssh-rsa AAAAB3NzaC1yc2EAAAADAQABAAABgQCbQG25Bm4iPfBoCVTzTEXaB3fsQVPcSyzZObTKoZUZB6BuD5HU3Pn2lXyz+ZgcqRRZNSzzj7B1ZDXPpM9Kxp2fM4I5wzH0dd/6mJN7GgxdzWGlESzI9BmJXFZa8yrw9PT9T/MvzGtHiTrPrkGtcVs1fAI9lZ940WvrzyiO27TU9fbgyAvoe2nP07ONuOtSFht6DFxScREhqRS+TXjRGb9qUnzATlIzQ0rfMd2tuDDmHAwXMb6giivQUUWNfYsIvxme0zX6uusGBHlbbQo48ouzYUZMJL6CYeAnsH3JKPKqywr4sBa743Rdtk5jSrnAGY/ImktSZOq6stF9Ur9xDLtV/wufIjNU8aufrc2Vtgxsza0vNp8ktMDBM0bwpN0uzwEquAOvuPd3EJyuXlAFP0heHTOljShP9sBfMumXU6fEn8/jgrAyvvfZ8J70ZyrIJPjAp6yvvwZciD8WWzgVc5/q7hpLacVlkr2RNhELTsEhXT+ATbtYNgbYhTKGvxfmcTM= dockerlab\n",
              "user-data": "#!/bin/bash -x\n\n# user\nadduser dockerlab --gecos \"$fullname,RoomNumber,WorkPhone,HomePhone\" --disabled-password\necho -e \"password\\npassword\\n\" | passwd dockerlab\npasswd --expire dockerlab\nadduser dockerlab sudo\nmkdir -p /home/dockerlab/.ssh\ncp ~/.ssh/authorized_keys /home/dockerlab/.ssh/\nchown dockerlab:dockerlab /home/dockerlab/.ssh/authorized_keys\nchmod 600  /home/dockerlab/.ssh/authorized_keys\n\n# docker\ncurl -fsSL https://get.docker.com -o get-docker.sh | sh\nsudo usermod -aG docker dockerlab\nnewgrp docker\n"
            },
            "metadata_fingerprint": "AiIn-DE9zSo=",
            "metadata_startup_script": null,
            "min_cpu_platform": "",
            "name": "lab-11",
            "network_interface": [
              {
                "access_config": [
                  {
                    "nat_ip": "",
                    "network_tier": "PREMIUM",
                    "public_ptr_domain_name": ""
                  }
                ],
                "alias_ip_range": [],
                "ipv6_access_config": [],
                "ipv6_access_type": "",
                "name": "nic0",
                "network": "https://www.googleapis.com/compute/v1/projects/dockerlabs-332203/global/networks/default",
                "network_ip": "10.128.0.38",
                "nic_type": "",
                "stack_type": "IPV4_ONLY",
                "subnetwork": "https://www.googleapis.com/compute/v1/projects/dockerlabs-332203/regions/us-central1/subnetworks/default",
                "subnetwork_project": "dockerlabs-332203"
              }
            ],
            "project": "dockerlabs-332203",
            "reservation_affinity": [],
            "resource_policies": [],
            "scheduling": [
              {
                "automatic_restart": true,
                "min_node_cpus": 0,
                "node_affinities": [],
                "on_host_maintenance": "MIGRATE",
                "preemptible": false
              }
            ],
            "scratch_disk": [],
            "self_link": "https://www.googleapis.com/compute/v1/projects/dockerlabs-332203/zones/us-central1-b/instances/lab-11",
            "service_account": [],
            "shielded_instance_config": [
              {
                "enable_integrity_monitoring": true,
                "enable_secure_boot": false,
                "enable_vtpm": true
              }
            ],
            "tags": [
              "dockerlabs"
            ],
            "tags_fingerprint": "UAaZt4n-Icc=",
            "timeouts": null,
            "zone": "us-central1-b"
          },
          "sensitive_attributes": [],
          "private": "eyJlMmJmYjczMC1lY2FhLTExZTYtOGY4OC0zNDM2M2JjN2M0YzAiOnsiY3JlYXRlIjoxMjAwMDAwMDAwMDAwLCJkZWxldGUiOjEyMDAwMDAwMDAwMDAsInVwZGF0ZSI6MTIwMDAwMDAwMDAwMH0sInNjaGVtYV92ZXJzaW9uIjoiNiJ9",
          "dependencies": [
            "data.google_compute_image.master_image"
          ]
        },
        {
          "index_key": 3,
          "schema_version": 6,
          "attributes": {
            "advanced_machine_features": [],
            "allow_stopping_for_update": null,
            "attached_disk": [],
            "boot_disk": [
              {
                "auto_delete": true,
                "device_name": "persistent-disk-0",
                "disk_encryption_key_raw": "",
                "disk_encryption_key_sha256": "",
                "initialize_params": [
                  {
                    "image": "https://www.googleapis.com/compute/v1/projects/ubuntu-os-cloud/global/images/ubuntu-2004-focal-v20211118",
                    "labels": {
                      "env": "production",
                      "name": "lab",
                      "team": "cenfotec",
                      "user": "docker"
                    },
                    "size": 10,
                    "type": "pd-standard"
                  }
                ],
                "kms_key_self_link": "",
                "mode": "READ_WRITE",
                "source": "https://www.googleapis.com/compute/v1/projects/dockerlabs-332203/zones/us-central1-b/disks/lab-12"
              }
            ],
            "can_ip_forward": false,
            "confidential_instance_config": [],
            "cpu_platform": "Unknown CPU Platform",
            "current_status": "TERMINATED",
            "deletion_protection": false,
            "description": "",
            "desired_status": null,
            "enable_display": false,
            "guest_accelerator": [],
            "hostname": "",
            "id": "projects/dockerlabs-332203/zones/us-central1-b/instances/lab-12",
            "instance_id": "691805714313294927",
            "label_fingerprint": "nkrmE69Wna4=",
            "labels": {
              "env": "production",
              "name": "lab",
              "team": "cenfotec",
              "user": "docker"
            },
            "machine_type": "e2-small",
            "metadata": {
              "ssh-keys": "dockerlab:ssh-rsa AAAAB3NzaC1yc2EAAAADAQABAAABgQCbQG25Bm4iPfBoCVTzTEXaB3fsQVPcSyzZObTKoZUZB6BuD5HU3Pn2lXyz+ZgcqRRZNSzzj7B1ZDXPpM9Kxp2fM4I5wzH0dd/6mJN7GgxdzWGlESzI9BmJXFZa8yrw9PT9T/MvzGtHiTrPrkGtcVs1fAI9lZ940WvrzyiO27TU9fbgyAvoe2nP07ONuOtSFht6DFxScREhqRS+TXjRGb9qUnzATlIzQ0rfMd2tuDDmHAwXMb6giivQUUWNfYsIvxme0zX6uusGBHlbbQo48ouzYUZMJL6CYeAnsH3JKPKqywr4sBa743Rdtk5jSrnAGY/ImktSZOq6stF9Ur9xDLtV/wufIjNU8aufrc2Vtgxsza0vNp8ktMDBM0bwpN0uzwEquAOvuPd3EJyuXlAFP0heHTOljShP9sBfMumXU6fEn8/jgrAyvvfZ8J70ZyrIJPjAp6yvvwZciD8WWzgVc5/q7hpLacVlkr2RNhELTsEhXT+ATbtYNgbYhTKGvxfmcTM= dockerlab\n",
              "user-data": "#!/bin/bash -x\n\n# user\nadduser dockerlab --gecos \"$fullname,RoomNumber,WorkPhone,HomePhone\" --disabled-password\necho -e \"password\\npassword\\n\" | passwd dockerlab\npasswd --expire dockerlab\nadduser dockerlab sudo\nmkdir -p /home/dockerlab/.ssh\ncp ~/.ssh/authorized_keys /home/dockerlab/.ssh/\nchown dockerlab:dockerlab /home/dockerlab/.ssh/authorized_keys\nchmod 600  /home/dockerlab/.ssh/authorized_keys\n\n# docker\ncurl -fsSL https://get.docker.com -o get-docker.sh | sh\nsudo usermod -aG docker dockerlab\nnewgrp docker\n"
            },
            "metadata_fingerprint": "AiIn-DE9zSo=",
            "metadata_startup_script": null,
            "min_cpu_platform": "",
            "name": "lab-12",
            "network_interface": [
              {
                "access_config": [
                  {
                    "nat_ip": "",
                    "network_tier": "PREMIUM",
                    "public_ptr_domain_name": ""
                  }
                ],
                "alias_ip_range": [],
                "ipv6_access_config": [],
                "ipv6_access_type": "",
                "name": "nic0",
                "network": "https://www.googleapis.com/compute/v1/projects/dockerlabs-332203/global/networks/default",
                "network_ip": "10.128.0.40",
                "nic_type": "",
                "stack_type": "IPV4_ONLY",
                "subnetwork": "https://www.googleapis.com/compute/v1/projects/dockerlabs-332203/regions/us-central1/subnetworks/default",
                "subnetwork_project": "dockerlabs-332203"
              }
            ],
            "project": "dockerlabs-332203",
            "reservation_affinity": [],
            "resource_policies": [],
            "scheduling": [
              {
                "automatic_restart": true,
                "min_node_cpus": 0,
                "node_affinities": [],
                "on_host_maintenance": "MIGRATE",
                "preemptible": false
              }
            ],
            "scratch_disk": [],
            "self_link": "https://www.googleapis.com/compute/v1/projects/dockerlabs-332203/zones/us-central1-b/instances/lab-12",
            "service_account": [],
            "shielded_instance_config": [
              {
                "enable_integrity_monitoring": true,
                "enable_secure_boot": false,
                "enable_vtpm": true
              }
            ],
            "tags": [
              "dockerlabs"
            ],
            "tags_fingerprint": "UAaZt4n-Icc=",
            "timeouts": null,
            "zone": "us-central1-b"
          },
          "sensitive_attributes": [],
          "private": "eyJlMmJmYjczMC1lY2FhLTExZTYtOGY4OC0zNDM2M2JjN2M0YzAiOnsiY3JlYXRlIjoxMjAwMDAwMDAwMDAwLCJkZWxldGUiOjEyMDAwMDAwMDAwMDAsInVwZGF0ZSI6MTIwMDAwMDAwMDAwMH0sInNjaGVtYV92ZXJzaW9uIjoiNiJ9",
          "dependencies": [
            "data.google_compute_image.master_image"
          ]
        },
        {
          "index_key": 4,
          "schema_version": 6,
          "attributes": {
            "advanced_machine_features": [],
            "allow_stopping_for_update": null,
            "attached_disk": [],
            "boot_disk": [
              {
                "auto_delete": true,
                "device_name": "persistent-disk-0",
                "disk_encryption_key_raw": "",
                "disk_encryption_key_sha256": "",
                "initialize_params": [
                  {
                    "image": "https://www.googleapis.com/compute/v1/projects/ubuntu-os-cloud/global/images/ubuntu-2004-focal-v20211118",
                    "labels": {
                      "env": "production",
                      "name": "lab",
                      "team": "cenfotec",
                      "user": "docker"
                    },
                    "size": 10,
                    "type": "pd-standard"
                  }
                ],
                "kms_key_self_link": "",
                "mode": "READ_WRITE",
                "source": "https://www.googleapis.com/compute/v1/projects/dockerlabs-332203/zones/us-central1-b/disks/lab-13"
              }
            ],
            "can_ip_forward": false,
            "confidential_instance_config": [],
            "cpu_platform": "Unknown CPU Platform",
            "current_status": "TERMINATED",
            "deletion_protection": false,
            "description": "",
            "desired_status": null,
            "enable_display": false,
            "guest_accelerator": [],
            "hostname": "",
            "id": "projects/dockerlabs-332203/zones/us-central1-b/instances/lab-13",
            "instance_id": "3562236597086368847",
            "label_fingerprint": "nkrmE69Wna4=",
            "labels": {
              "env": "production",
              "name": "lab",
              "team": "cenfotec",
              "user": "docker"
            },
            "machine_type": "e2-small",
            "metadata": {
              "ssh-keys": "dockerlab:ssh-rsa AAAAB3NzaC1yc2EAAAADAQABAAABgQCbQG25Bm4iPfBoCVTzTEXaB3fsQVPcSyzZObTKoZUZB6BuD5HU3Pn2lXyz+ZgcqRRZNSzzj7B1ZDXPpM9Kxp2fM4I5wzH0dd/6mJN7GgxdzWGlESzI9BmJXFZa8yrw9PT9T/MvzGtHiTrPrkGtcVs1fAI9lZ940WvrzyiO27TU9fbgyAvoe2nP07ONuOtSFht6DFxScREhqRS+TXjRGb9qUnzATlIzQ0rfMd2tuDDmHAwXMb6giivQUUWNfYsIvxme0zX6uusGBHlbbQo48ouzYUZMJL6CYeAnsH3JKPKqywr4sBa743Rdtk5jSrnAGY/ImktSZOq6stF9Ur9xDLtV/wufIjNU8aufrc2Vtgxsza0vNp8ktMDBM0bwpN0uzwEquAOvuPd3EJyuXlAFP0heHTOljShP9sBfMumXU6fEn8/jgrAyvvfZ8J70ZyrIJPjAp6yvvwZciD8WWzgVc5/q7hpLacVlkr2RNhELTsEhXT+ATbtYNgbYhTKGvxfmcTM= dockerlab\n",
              "user-data": "#!/bin/bash -x\n\n# user\nadduser dockerlab --gecos \"$fullname,RoomNumber,WorkPhone,HomePhone\" --disabled-password\necho -e \"password\\npassword\\n\" | passwd dockerlab\npasswd --expire dockerlab\nadduser dockerlab sudo\nmkdir -p /home/dockerlab/.ssh\ncp ~/.ssh/authorized_keys /home/dockerlab/.ssh/\nchown dockerlab:dockerlab /home/dockerlab/.ssh/authorized_keys\nchmod 600  /home/dockerlab/.ssh/authorized_keys\n\n# docker\ncurl -fsSL https://get.docker.com -o get-docker.sh | sh\nsudo usermod -aG docker dockerlab\nnewgrp docker\n"
            },
            "metadata_fingerprint": "AiIn-DE9zSo=",
            "metadata_startup_script": null,
            "min_cpu_platform": "",
            "name": "lab-13",
            "network_interface": [
              {
                "access_config": [
                  {
                    "nat_ip": "",
                    "network_tier": "PREMIUM",
                    "public_ptr_domain_name": ""
                  }
                ],
                "alias_ip_range": [],
                "ipv6_access_config": [],
                "ipv6_access_type": "",
                "name": "nic0",
                "network": "https://www.googleapis.com/compute/v1/projects/dockerlabs-332203/global/networks/default",
                "network_ip": "10.128.0.41",
                "nic_type": "",
                "stack_type": "IPV4_ONLY",
                "subnetwork": "https://www.googleapis.com/compute/v1/projects/dockerlabs-332203/regions/us-central1/subnetworks/default",
                "subnetwork_project": "dockerlabs-332203"
              }
            ],
            "project": "dockerlabs-332203",
            "reservation_affinity": [],
            "resource_policies": [],
            "scheduling": [
              {
                "automatic_restart": true,
                "min_node_cpus": 0,
                "node_affinities": [],
                "on_host_maintenance": "MIGRATE",
                "preemptible": false
              }
            ],
            "scratch_disk": [],
            "self_link": "https://www.googleapis.com/compute/v1/projects/dockerlabs-332203/zones/us-central1-b/instances/lab-13",
            "service_account": [],
            "shielded_instance_config": [
              {
                "enable_integrity_monitoring": true,
                "enable_secure_boot": false,
                "enable_vtpm": true
              }
            ],
            "tags": [
              "dockerlabs"
            ],
            "tags_fingerprint": "UAaZt4n-Icc=",
            "timeouts": null,
            "zone": "us-central1-b"
          },
          "sensitive_attributes": [],
          "private": "eyJlMmJmYjczMC1lY2FhLTExZTYtOGY4OC0zNDM2M2JjN2M0YzAiOnsiY3JlYXRlIjoxMjAwMDAwMDAwMDAwLCJkZWxldGUiOjEyMDAwMDAwMDAwMDAsInVwZGF0ZSI6MTIwMDAwMDAwMDAwMH0sInNjaGVtYV92ZXJzaW9uIjoiNiJ9",
          "dependencies": [
            "data.google_compute_image.master_image"
          ]
        },
        {
          "index_key": 5,
          "schema_version": 6,
          "attributes": {
            "advanced_machine_features": [],
            "allow_stopping_for_update": null,
            "attached_disk": [],
            "boot_disk": [
              {
                "auto_delete": true,
                "device_name": "persistent-disk-0",
                "disk_encryption_key_raw": "",
                "disk_encryption_key_sha256": "",
                "initialize_params": [
                  {
                    "image": "https://www.googleapis.com/compute/v1/projects/ubuntu-os-cloud/global/images/ubuntu-2004-focal-v20211118",
                    "labels": {
                      "env": "production",
                      "name": "lab",
                      "team": "cenfotec",
                      "user": "docker"
                    },
                    "size": 10,
                    "type": "pd-standard"
                  }
                ],
                "kms_key_self_link": "",
                "mode": "READ_WRITE",
                "source": "https://www.googleapis.com/compute/v1/projects/dockerlabs-332203/zones/us-central1-b/disks/lab-14"
              }
            ],
            "can_ip_forward": false,
            "confidential_instance_config": [],
            "cpu_platform": "Unknown CPU Platform",
            "current_status": "TERMINATED",
            "deletion_protection": false,
            "description": "",
            "desired_status": null,
            "enable_display": false,
            "guest_accelerator": [],
            "hostname": "",
            "id": "projects/dockerlabs-332203/zones/us-central1-b/instances/lab-14",
            "instance_id": "222933523407483983",
            "label_fingerprint": "nkrmE69Wna4=",
            "labels": {
              "env": "production",
              "name": "lab",
              "team": "cenfotec",
              "user": "docker"
            },
            "machine_type": "e2-small",
            "metadata": {
              "ssh-keys": "dockerlab:ssh-rsa AAAAB3NzaC1yc2EAAAADAQABAAABgQCbQG25Bm4iPfBoCVTzTEXaB3fsQVPcSyzZObTKoZUZB6BuD5HU3Pn2lXyz+ZgcqRRZNSzzj7B1ZDXPpM9Kxp2fM4I5wzH0dd/6mJN7GgxdzWGlESzI9BmJXFZa8yrw9PT9T/MvzGtHiTrPrkGtcVs1fAI9lZ940WvrzyiO27TU9fbgyAvoe2nP07ONuOtSFht6DFxScREhqRS+TXjRGb9qUnzATlIzQ0rfMd2tuDDmHAwXMb6giivQUUWNfYsIvxme0zX6uusGBHlbbQo48ouzYUZMJL6CYeAnsH3JKPKqywr4sBa743Rdtk5jSrnAGY/ImktSZOq6stF9Ur9xDLtV/wufIjNU8aufrc2Vtgxsza0vNp8ktMDBM0bwpN0uzwEquAOvuPd3EJyuXlAFP0heHTOljShP9sBfMumXU6fEn8/jgrAyvvfZ8J70ZyrIJPjAp6yvvwZciD8WWzgVc5/q7hpLacVlkr2RNhELTsEhXT+ATbtYNgbYhTKGvxfmcTM= dockerlab\n",
              "user-data": "#!/bin/bash -x\n\n# user\nadduser dockerlab --gecos \"$fullname,RoomNumber,WorkPhone,HomePhone\" --disabled-password\necho -e \"password\\npassword\\n\" | passwd dockerlab\npasswd --expire dockerlab\nadduser dockerlab sudo\nmkdir -p /home/dockerlab/.ssh\ncp ~/.ssh/authorized_keys /home/dockerlab/.ssh/\nchown dockerlab:dockerlab /home/dockerlab/.ssh/authorized_keys\nchmod 600  /home/dockerlab/.ssh/authorized_keys\n\n# docker\ncurl -fsSL https://get.docker.com -o get-docker.sh | sh\nsudo usermod -aG docker dockerlab\nnewgrp docker\n"
            },
            "metadata_fingerprint": "AiIn-DE9zSo=",
            "metadata_startup_script": null,
            "min_cpu_platform": "",
            "name": "lab-14",
            "network_interface": [
              {
                "access_config": [
                  {
                    "nat_ip": "",
                    "network_tier": "PREMIUM",
                    "public_ptr_domain_name": ""
                  }
                ],
                "alias_ip_range": [],
                "ipv6_access_config": [],
                "ipv6_access_type": "",
                "name": "nic0",
                "network": "https://www.googleapis.com/compute/v1/projects/dockerlabs-332203/global/networks/default",
                "network_ip": "10.128.0.39",
                "nic_type": "",
                "stack_type": "IPV4_ONLY",
                "subnetwork": "https://www.googleapis.com/compute/v1/projects/dockerlabs-332203/regions/us-central1/subnetworks/default",
                "subnetwork_project": "dockerlabs-332203"
              }
            ],
            "project": "dockerlabs-332203",
            "reservation_affinity": [],
            "resource_policies": [],
            "scheduling": [
              {
                "automatic_restart": true,
                "min_node_cpus": 0,
                "node_affinities": [],
                "on_host_maintenance": "MIGRATE",
                "preemptible": false
              }
            ],
            "scratch_disk": [],
            "self_link": "https://www.googleapis.com/compute/v1/projects/dockerlabs-332203/zones/us-central1-b/instances/lab-14",
            "service_account": [],
            "shielded_instance_config": [
              {
                "enable_integrity_monitoring": true,
                "enable_secure_boot": false,
                "enable_vtpm": true
              }
            ],
            "tags": [
              "dockerlabs"
            ],
            "tags_fingerprint": "UAaZt4n-Icc=",
            "timeouts": null,
            "zone": "us-central1-b"
          },
          "sensitive_attributes": [],
          "private": "eyJlMmJmYjczMC1lY2FhLTExZTYtOGY4OC0zNDM2M2JjN2M0YzAiOnsiY3JlYXRlIjoxMjAwMDAwMDAwMDAwLCJkZWxldGUiOjEyMDAwMDAwMDAwMDAsInVwZGF0ZSI6MTIwMDAwMDAwMDAwMH0sInNjaGVtYV92ZXJzaW9uIjoiNiJ9",
          "dependencies": [
            "data.google_compute_image.master_image"
          ]
        },
        {
          "index_key": 6,
          "schema_version": 6,
          "attributes": {
            "advanced_machine_features": [],
            "allow_stopping_for_update": null,
            "attached_disk": [],
            "boot_disk": [
              {
                "auto_delete": true,
                "device_name": "persistent-disk-0",
                "disk_encryption_key_raw": "",
                "disk_encryption_key_sha256": "",
                "initialize_params": [
                  {
                    "image": "https://www.googleapis.com/compute/v1/projects/ubuntu-os-cloud/global/images/ubuntu-2004-focal-v20211118",
                    "labels": {
                      "env": "production",
                      "name": "lab",
                      "team": "cenfotec",
                      "user": "docker"
                    },
                    "size": 10,
                    "type": "pd-standard"
                  }
                ],
                "kms_key_self_link": "",
                "mode": "READ_WRITE",
                "source": "https://www.googleapis.com/compute/v1/projects/dockerlabs-332203/zones/us-central1-b/disks/lab-15"
              }
            ],
            "can_ip_forward": false,
            "confidential_instance_config": [],
            "cpu_platform": "Unknown CPU Platform",
            "current_status": "TERMINATED",
            "deletion_protection": false,
            "description": "",
            "desired_status": null,
            "enable_display": false,
            "guest_accelerator": [],
            "hostname": "",
            "id": "projects/dockerlabs-332203/zones/us-central1-b/instances/lab-15",
            "instance_id": "1483438426861253711",
            "label_fingerprint": "nkrmE69Wna4=",
            "labels": {
              "env": "production",
              "name": "lab",
              "team": "cenfotec",
              "user": "docker"
            },
            "machine_type": "e2-small",
            "metadata": {
              "ssh-keys": "dockerlab:ssh-rsa AAAAB3NzaC1yc2EAAAADAQABAAABgQCbQG25Bm4iPfBoCVTzTEXaB3fsQVPcSyzZObTKoZUZB6BuD5HU3Pn2lXyz+ZgcqRRZNSzzj7B1ZDXPpM9Kxp2fM4I5wzH0dd/6mJN7GgxdzWGlESzI9BmJXFZa8yrw9PT9T/MvzGtHiTrPrkGtcVs1fAI9lZ940WvrzyiO27TU9fbgyAvoe2nP07ONuOtSFht6DFxScREhqRS+TXjRGb9qUnzATlIzQ0rfMd2tuDDmHAwXMb6giivQUUWNfYsIvxme0zX6uusGBHlbbQo48ouzYUZMJL6CYeAnsH3JKPKqywr4sBa743Rdtk5jSrnAGY/ImktSZOq6stF9Ur9xDLtV/wufIjNU8aufrc2Vtgxsza0vNp8ktMDBM0bwpN0uzwEquAOvuPd3EJyuXlAFP0heHTOljShP9sBfMumXU6fEn8/jgrAyvvfZ8J70ZyrIJPjAp6yvvwZciD8WWzgVc5/q7hpLacVlkr2RNhELTsEhXT+ATbtYNgbYhTKGvxfmcTM= dockerlab\n",
              "user-data": "#!/bin/bash -x\n\n# user\nadduser dockerlab --gecos \"$fullname,RoomNumber,WorkPhone,HomePhone\" --disabled-password\necho -e \"password\\npassword\\n\" | passwd dockerlab\npasswd --expire dockerlab\nadduser dockerlab sudo\nmkdir -p /home/dockerlab/.ssh\ncp ~/.ssh/authorized_keys /home/dockerlab/.ssh/\nchown dockerlab:dockerlab /home/dockerlab/.ssh/authorized_keys\nchmod 600  /home/dockerlab/.ssh/authorized_keys\n\n# docker\ncurl -fsSL https://get.docker.com -o get-docker.sh | sh\nsudo usermod -aG docker dockerlab\nnewgrp docker\n"
            },
            "metadata_fingerprint": "AiIn-DE9zSo=",
            "metadata_startup_script": null,
            "min_cpu_platform": "",
            "name": "lab-15",
            "network_interface": [
              {
                "access_config": [
                  {
                    "nat_ip": "",
                    "network_tier": "PREMIUM",
                    "public_ptr_domain_name": ""
                  }
                ],
                "alias_ip_range": [],
                "ipv6_access_config": [],
                "ipv6_access_type": "",
                "name": "nic0",
                "network": "https://www.googleapis.com/compute/v1/projects/dockerlabs-332203/global/networks/default",
                "network_ip": "10.128.0.37",
                "nic_type": "",
                "stack_type": "IPV4_ONLY",
                "subnetwork": "https://www.googleapis.com/compute/v1/projects/dockerlabs-332203/regions/us-central1/subnetworks/default",
                "subnetwork_project": "dockerlabs-332203"
              }
            ],
            "project": "dockerlabs-332203",
            "reservation_affinity": [],
            "resource_policies": [],
            "scheduling": [
              {
                "automatic_restart": true,
                "min_node_cpus": 0,
                "node_affinities": [],
                "on_host_maintenance": "MIGRATE",
                "preemptible": false
              }
            ],
            "scratch_disk": [],
            "self_link": "https://www.googleapis.com/compute/v1/projects/dockerlabs-332203/zones/us-central1-b/instances/lab-15",
            "service_account": [],
            "shielded_instance_config": [
              {
                "enable_integrity_monitoring": true,
                "enable_secure_boot": false,
                "enable_vtpm": true
              }
            ],
            "tags": [
              "dockerlabs"
            ],
            "tags_fingerprint": "UAaZt4n-Icc=",
            "timeouts": null,
            "zone": "us-central1-b"
          },
          "sensitive_attributes": [],
          "private": "eyJlMmJmYjczMC1lY2FhLTExZTYtOGY4OC0zNDM2M2JjN2M0YzAiOnsiY3JlYXRlIjoxMjAwMDAwMDAwMDAwLCJkZWxldGUiOjEyMDAwMDAwMDAwMDAsInVwZGF0ZSI6MTIwMDAwMDAwMDAwMH0sInNjaGVtYV92ZXJzaW9uIjoiNiJ9",
          "dependencies": [
            "data.google_compute_image.master_image"
          ]
        },
        {
          "index_key": 7,
          "schema_version": 6,
          "attributes": {
            "advanced_machine_features": [],
            "allow_stopping_for_update": null,
            "attached_disk": [],
            "boot_disk": [
              {
                "auto_delete": true,
                "device_name": "persistent-disk-0",
                "disk_encryption_key_raw": "",
                "disk_encryption_key_sha256": "",
                "initialize_params": [
                  {
                    "image": "https://www.googleapis.com/compute/v1/projects/ubuntu-os-cloud/global/images/ubuntu-2004-focal-v20211118",
                    "labels": {
                      "env": "production",
                      "name": "lab",
                      "team": "cenfotec",
                      "user": "docker"
                    },
                    "size": 10,
                    "type": "pd-standard"
                  }
                ],
                "kms_key_self_link": "",
                "mode": "READ_WRITE",
                "source": "https://www.googleapis.com/compute/v1/projects/dockerlabs-332203/zones/us-central1-b/disks/lab-16"
              }
            ],
            "can_ip_forward": false,
            "confidential_instance_config": [],
            "cpu_platform": "Unknown CPU Platform",
            "current_status": "TERMINATED",
            "deletion_protection": false,
            "description": "",
            "desired_status": null,
            "enable_display": false,
            "guest_accelerator": [],
            "hostname": "",
            "id": "projects/dockerlabs-332203/zones/us-central1-b/instances/lab-16",
            "instance_id": "561086649492747343",
            "label_fingerprint": "nkrmE69Wna4=",
            "labels": {
              "env": "production",
              "name": "lab",
              "team": "cenfotec",
              "user": "docker"
            },
            "machine_type": "e2-small",
            "metadata": {
              "ssh-keys": "dockerlab:ssh-rsa AAAAB3NzaC1yc2EAAAADAQABAAABgQCbQG25Bm4iPfBoCVTzTEXaB3fsQVPcSyzZObTKoZUZB6BuD5HU3Pn2lXyz+ZgcqRRZNSzzj7B1ZDXPpM9Kxp2fM4I5wzH0dd/6mJN7GgxdzWGlESzI9BmJXFZa8yrw9PT9T/MvzGtHiTrPrkGtcVs1fAI9lZ940WvrzyiO27TU9fbgyAvoe2nP07ONuOtSFht6DFxScREhqRS+TXjRGb9qUnzATlIzQ0rfMd2tuDDmHAwXMb6giivQUUWNfYsIvxme0zX6uusGBHlbbQo48ouzYUZMJL6CYeAnsH3JKPKqywr4sBa743Rdtk5jSrnAGY/ImktSZOq6stF9Ur9xDLtV/wufIjNU8aufrc2Vtgxsza0vNp8ktMDBM0bwpN0uzwEquAOvuPd3EJyuXlAFP0heHTOljShP9sBfMumXU6fEn8/jgrAyvvfZ8J70ZyrIJPjAp6yvvwZciD8WWzgVc5/q7hpLacVlkr2RNhELTsEhXT+ATbtYNgbYhTKGvxfmcTM= dockerlab\n",
              "user-data": "#!/bin/bash -x\n\n# user\nadduser dockerlab --gecos \"$fullname,RoomNumber,WorkPhone,HomePhone\" --disabled-password\necho -e \"password\\npassword\\n\" | passwd dockerlab\npasswd --expire dockerlab\nadduser dockerlab sudo\nmkdir -p /home/dockerlab/.ssh\ncp ~/.ssh/authorized_keys /home/dockerlab/.ssh/\nchown dockerlab:dockerlab /home/dockerlab/.ssh/authorized_keys\nchmod 600  /home/dockerlab/.ssh/authorized_keys\n\n# docker\ncurl -fsSL https://get.docker.com -o get-docker.sh | sh\nsudo usermod -aG docker dockerlab\nnewgrp docker\n"
            },
            "metadata_fingerprint": "AiIn-DE9zSo=",
            "metadata_startup_script": null,
            "min_cpu_platform": "",
            "name": "lab-16",
            "network_interface": [
              {
                "access_config": [
                  {
                    "nat_ip": "",
                    "network_tier": "PREMIUM",
                    "public_ptr_domain_name": ""
                  }
                ],
                "alias_ip_range": [],
                "ipv6_access_config": [],
                "ipv6_access_type": "",
                "name": "nic0",
                "network": "https://www.googleapis.com/compute/v1/projects/dockerlabs-332203/global/networks/default",
                "network_ip": "10.128.0.44",
                "nic_type": "",
                "stack_type": "IPV4_ONLY",
                "subnetwork": "https://www.googleapis.com/compute/v1/projects/dockerlabs-332203/regions/us-central1/subnetworks/default",
                "subnetwork_project": "dockerlabs-332203"
              }
            ],
            "project": "dockerlabs-332203",
            "reservation_affinity": [],
            "resource_policies": [],
            "scheduling": [
              {
                "automatic_restart": true,
                "min_node_cpus": 0,
                "node_affinities": [],
                "on_host_maintenance": "MIGRATE",
                "preemptible": false
              }
            ],
            "scratch_disk": [],
            "self_link": "https://www.googleapis.com/compute/v1/projects/dockerlabs-332203/zones/us-central1-b/instances/lab-16",
            "service_account": [],
            "shielded_instance_config": [
              {
                "enable_integrity_monitoring": true,
                "enable_secure_boot": false,
                "enable_vtpm": true
              }
            ],
            "tags": [
              "dockerlabs"
            ],
            "tags_fingerprint": "UAaZt4n-Icc=",
            "timeouts": null,
            "zone": "us-central1-b"
          },
          "sensitive_attributes": [],
          "private": "eyJlMmJmYjczMC1lY2FhLTExZTYtOGY4OC0zNDM2M2JjN2M0YzAiOnsiY3JlYXRlIjoxMjAwMDAwMDAwMDAwLCJkZWxldGUiOjEyMDAwMDAwMDAwMDAsInVwZGF0ZSI6MTIwMDAwMDAwMDAwMH0sInNjaGVtYV92ZXJzaW9uIjoiNiJ9",
          "dependencies": [
            "data.google_compute_image.master_image"
          ]
        }
      ]
    },
    {
      "mode": "managed",
      "type": "local_file",
      "name": "ssh_private_key_pem",
      "provider": "provider[\"registry.terraform.io/hashicorp/local\"]",
      "instances": [
        {
          "schema_version": 0,
          "attributes": {
            "content": null,
            "content_base64": null,
            "directory_permission": "0777",
            "file_permission": "0600",
            "filename": "../keys/prod/id_rsa02",
            "id": "481e763db55a8c34bc3db7ac3e4c777fc2964a35",
            "sensitive_content": "-----BEGIN RSA PRIVATE KEY-----\nMIIEpAIBAAKCAQEA1/xC6sd+IqPZqyDG75EVrh/YdiFerq87Mlzm8W6TRhBw5VHs\nhylv8jKofRo4iW20Qc93tmDYP10VqBhdv6Dj/KVIeUTzUmfSh0nR12sbT69gxrLY\ngi8jx6SjwKtCtJvQpMLsBi2EPoCN8mlFE+pC59p5ltXGYYnjii7zaZ5zL1MSXV78\nNXRDfhIi708cnft4Gpk3g6+WjcNgQJzANIUrzYynNC35wIj/0Dy5o7OcpjOa8sAs\nD5GSPFwY1U6IRjSze7LVjcaN3yt3E7aslGTI/u87In1b5uTx8wcwSCx9udu7/Cd6\n2MwmrstxXOL4y/YUrILppCAsxRiUk1fDIewVnwIDAQABAoIBACCLVz3vL1di3wKF\nHtSsRNsG22P5ZT3nE4FkNDw+0BwnkAtNy9kV6lNRRMgM8mXqzNV5wG0PrKXnjcLV\nYRLl2FSSRxhWxl8tW7Cc8+yErAnWwDtQaYU8OyTy7uWyKIv0Snz5Df1kUF/mmPzk\n1c7JZqlu5xFORuUdlNaWeoD4qhyAHek939Y1yXWCn2lTWI2mAC/yAcybYrj04iVe\n4JC7Tt5c10g+yPDuzDzI08YKhGmvMj49LrmgGmqpzhtqeFTUfaPmt8J+5Idnm+ms\nLLFxjW4Og/RNWbZRRXL9JBX8sEn1oq13ZEfU4uMM5hb+o7K1I/2ae/VKKwvgAQw7\nAigM0qkCgYEA+xowqy661sbzaz0vmZrniyyhvs/oUHqFt6fGokeiNqqTfNsjc5TY\nnZ3lltmnT1RUVAsIwqur6xM0VKdyK7Q3j/8rYePlLoBwYlR4C3eCf4jzgjeJKRwt\nIUK6dXbMyml0UEi1rvKXKziAGhnJkj3sVM5HKoJ9hPB5/bX51RzXQ00CgYEA3DK5\nhtEE+daQUZu0gBvSKRMjAS0tCwLkm1fewFLgAzjPEu+oeXmmPixMY40Kjah3+LT4\n2ExczH9Y2LSMFNSk6Cl8LwLcV7b5AV/eKA6yddpc1WManhL+pU+dF6YI36dAY3RX\n9O5lBt7MuWMsnkhVHleLrou9PrUYM3dAKK84rpsCgYEA+vTq7TsP2rYN9AC7wP3z\nKcJaiRTLLxu05p9Uwz1qns4OB3wQS2TYtXZoTkKLl5pFiZVZlQ30DUYtR+nuDkXY\nPh8dYYFdvQL6zxtyuqsfjoz2Kg+NErwpUpOZPOqVtDp+1/pDMm0brkOSrANX1MP0\nnbFnqNGv1xxsH6gu39IqRgUCgYEAhialHvyCso9E12MsIYxRilKtVc8nDPlTO0za\nWYNkFLJsfdXiZzd0z5X/Z/sKfekwRiZDIMvNEY1YHJZKbXpriUGU9bMheJLxuyOj\n3fWuRdymCB7bnYhm+WG6jCjMaS2lLbI4z/DZPclJInzINxpMOTMO12UtA2Ii/1/c\nh6zQtJcCgYBVCH9zXqT7yk1KBrCbPXWKpsrpHmMVRIPCozrkCRUJWqkrDM7mpDBF\nRzTe/8aYaULB3E9in2AXA0aeyFVXIqlDLeEby77gCo0Cjab0CYe0j+o8HDMksUIu\nSN9Y+N15gJHvyA7q8Z6vF4un0bQnCARHTnAVzwbqXs+vJjjD95Pzmw==\n-----END RSA PRIVATE KEY-----\n",
            "source": null
          },
          "sensitive_attributes": [
            [
              {
                "type": "get_attr",
                "value": "sensitive_content"
              }
            ]
          ],
          "private": "bnVsbA==",
          "dependencies": [
            "tls_private_key.global_key"
          ]
        }
      ]
    },
    {
      "mode": "managed",
      "type": "local_file",
      "name": "ssh_public_key_pem",
      "provider": "provider[\"registry.terraform.io/hashicorp/local\"]",
      "instances": [
        {
          "schema_version": 0,
          "attributes": {
            "content": null,
            "content_base64": null,
            "directory_permission": "0777",
            "file_permission": "0600",
            "filename": "../keys/prod/id_rsa02.pub",
            "id": "33668c53feb52e4758b4ea689ac32f562e74ce19",
            "sensitive_content": "-----BEGIN PUBLIC KEY-----\nMIIBIjANBgkqhkiG9w0BAQEFAAOCAQ8AMIIBCgKCAQEA1/xC6sd+IqPZqyDG75EV\nrh/YdiFerq87Mlzm8W6TRhBw5VHshylv8jKofRo4iW20Qc93tmDYP10VqBhdv6Dj\n/KVIeUTzUmfSh0nR12sbT69gxrLYgi8jx6SjwKtCtJvQpMLsBi2EPoCN8mlFE+pC\n59p5ltXGYYnjii7zaZ5zL1MSXV78NXRDfhIi708cnft4Gpk3g6+WjcNgQJzANIUr\nzYynNC35wIj/0Dy5o7OcpjOa8sAsD5GSPFwY1U6IRjSze7LVjcaN3yt3E7aslGTI\n/u87In1b5uTx8wcwSCx9udu7/Cd62MwmrstxXOL4y/YUrILppCAsxRiUk1fDIewV\nnwIDAQAB\n-----END PUBLIC KEY-----\n",
            "source": null
          },
          "sensitive_attributes": [],
          "private": "bnVsbA==",
          "dependencies": [
            "tls_private_key.global_key"
          ]
        }
      ]
    },
    {
      "mode": "managed",
      "type": "tls_private_key",
      "name": "global_key",
      "provider": "provider[\"registry.terraform.io/hashicorp/tls\"]",
      "instances": [
        {
          "schema_version": 0,
          "attributes": {
            "algorithm": "RSA",
            "ecdsa_curve": "P224",
            "id": "884526be164415ffdd1228a0534330f1b8e5e08f",
            "private_key_pem": "-----BEGIN RSA PRIVATE KEY-----\nMIIEpAIBAAKCAQEA1/xC6sd+IqPZqyDG75EVrh/YdiFerq87Mlzm8W6TRhBw5VHs\nhylv8jKofRo4iW20Qc93tmDYP10VqBhdv6Dj/KVIeUTzUmfSh0nR12sbT69gxrLY\ngi8jx6SjwKtCtJvQpMLsBi2EPoCN8mlFE+pC59p5ltXGYYnjii7zaZ5zL1MSXV78\nNXRDfhIi708cnft4Gpk3g6+WjcNgQJzANIUrzYynNC35wIj/0Dy5o7OcpjOa8sAs\nD5GSPFwY1U6IRjSze7LVjcaN3yt3E7aslGTI/u87In1b5uTx8wcwSCx9udu7/Cd6\n2MwmrstxXOL4y/YUrILppCAsxRiUk1fDIewVnwIDAQABAoIBACCLVz3vL1di3wKF\nHtSsRNsG22P5ZT3nE4FkNDw+0BwnkAtNy9kV6lNRRMgM8mXqzNV5wG0PrKXnjcLV\nYRLl2FSSRxhWxl8tW7Cc8+yErAnWwDtQaYU8OyTy7uWyKIv0Snz5Df1kUF/mmPzk\n1c7JZqlu5xFORuUdlNaWeoD4qhyAHek939Y1yXWCn2lTWI2mAC/yAcybYrj04iVe\n4JC7Tt5c10g+yPDuzDzI08YKhGmvMj49LrmgGmqpzhtqeFTUfaPmt8J+5Idnm+ms\nLLFxjW4Og/RNWbZRRXL9JBX8sEn1oq13ZEfU4uMM5hb+o7K1I/2ae/VKKwvgAQw7\nAigM0qkCgYEA+xowqy661sbzaz0vmZrniyyhvs/oUHqFt6fGokeiNqqTfNsjc5TY\nnZ3lltmnT1RUVAsIwqur6xM0VKdyK7Q3j/8rYePlLoBwYlR4C3eCf4jzgjeJKRwt\nIUK6dXbMyml0UEi1rvKXKziAGhnJkj3sVM5HKoJ9hPB5/bX51RzXQ00CgYEA3DK5\nhtEE+daQUZu0gBvSKRMjAS0tCwLkm1fewFLgAzjPEu+oeXmmPixMY40Kjah3+LT4\n2ExczH9Y2LSMFNSk6Cl8LwLcV7b5AV/eKA6yddpc1WManhL+pU+dF6YI36dAY3RX\n9O5lBt7MuWMsnkhVHleLrou9PrUYM3dAKK84rpsCgYEA+vTq7TsP2rYN9AC7wP3z\nKcJaiRTLLxu05p9Uwz1qns4OB3wQS2TYtXZoTkKLl5pFiZVZlQ30DUYtR+nuDkXY\nPh8dYYFdvQL6zxtyuqsfjoz2Kg+NErwpUpOZPOqVtDp+1/pDMm0brkOSrANX1MP0\nnbFnqNGv1xxsH6gu39IqRgUCgYEAhialHvyCso9E12MsIYxRilKtVc8nDPlTO0za\nWYNkFLJsfdXiZzd0z5X/Z/sKfekwRiZDIMvNEY1YHJZKbXpriUGU9bMheJLxuyOj\n3fWuRdymCB7bnYhm+WG6jCjMaS2lLbI4z/DZPclJInzINxpMOTMO12UtA2Ii/1/c\nh6zQtJcCgYBVCH9zXqT7yk1KBrCbPXWKpsrpHmMVRIPCozrkCRUJWqkrDM7mpDBF\nRzTe/8aYaULB3E9in2AXA0aeyFVXIqlDLeEby77gCo0Cjab0CYe0j+o8HDMksUIu\nSN9Y+N15gJHvyA7q8Z6vF4un0bQnCARHTnAVzwbqXs+vJjjD95Pzmw==\n-----END RSA PRIVATE KEY-----\n",
            "public_key_fingerprint_md5": "8a:f7:4d:95:f0:d3:e4:65:54:cb:ad:29:35:3e:56:2f",
            "public_key_openssh": "ssh-rsa AAAAB3NzaC1yc2EAAAADAQABAAABAQDX/ELqx34io9mrIMbvkRWuH9h2IV6urzsyXObxbpNGEHDlUeyHKW/yMqh9GjiJbbRBz3e2YNg/XRWoGF2/oOP8pUh5RPNSZ9KHSdHXaxtPr2DGstiCLyPHpKPAq0K0m9CkwuwGLYQ+gI3yaUUT6kLn2nmW1cZhieOKLvNpnnMvUxJdXvw1dEN+EiLvTxyd+3gamTeDr5aNw2BAnMA0hSvNjKc0LfnAiP/QPLmjs5ymM5rywCwPkZI8XBjVTohGNLN7stWNxo3fK3cTtqyUZMj+7zsifVvm5PHzBzBILH2527v8J3rYzCauy3Fc4vjL9hSsgumkICzFGJSTV8Mh7BWf\n",
            "public_key_pem": "-----BEGIN PUBLIC KEY-----\nMIIBIjANBgkqhkiG9w0BAQEFAAOCAQ8AMIIBCgKCAQEA1/xC6sd+IqPZqyDG75EV\nrh/YdiFerq87Mlzm8W6TRhBw5VHshylv8jKofRo4iW20Qc93tmDYP10VqBhdv6Dj\n/KVIeUTzUmfSh0nR12sbT69gxrLYgi8jx6SjwKtCtJvQpMLsBi2EPoCN8mlFE+pC\n59p5ltXGYYnjii7zaZ5zL1MSXV78NXRDfhIi708cnft4Gpk3g6+WjcNgQJzANIUr\nzYynNC35wIj/0Dy5o7OcpjOa8sAsD5GSPFwY1U6IRjSze7LVjcaN3yt3E7aslGTI\n/u87In1b5uTx8wcwSCx9udu7/Cd62MwmrstxXOL4y/YUrILppCAsxRiUk1fDIewV\nnwIDAQAB\n-----END PUBLIC KEY-----\n",
            "rsa_bits": 2048
          },
          "sensitive_attributes": [],
          "private": "bnVsbA=="
        }
      ]
    }
  ]
}
