{
  "version": 4,
  "terraform_version": "1.0.9",
  "serial": 191,
  "lineage": "6314abf5-ae5e-30ca-1780-64f38531e16e",
  "outputs": {},
  "resources": [
    {
      "mode": "data",
      "type": "google_compute_image",
      "name": "master_image",
      "provider": "provider[\"registry.terraform.io/hashicorp/google\"]",
      "instances": [
        {
          "schema_version": 0,
          "attributes": {
            "archive_size_bytes": 2613608256,
            "creation_timestamp": "2021-11-03T07:15:52.356-07:00",
            "description": "Canonical, Ubuntu, 20.04 LTS, amd64 focal image built on 2021-11-02, supports Shielded VM features",
            "disk_size_gb": 10,
            "family": "ubuntu-2004-lts",
            "filter": null,
            "id": "projects/ubuntu-os-cloud/global/images/ubuntu-2004-focal-v20211102",
            "image_encryption_key_sha256": "",
            "image_id": "3796453266954332023",
            "label_fingerprint": "42WmSpB8rSM=",
            "labels": {},
            "licenses": [
              "https://www.googleapis.com/compute/v1/projects/ubuntu-os-cloud/global/licenses/ubuntu-2004-lts"
            ],
            "name": "ubuntu-2004-focal-v20211102",
            "project": "ubuntu-os-cloud",
            "self_link": "https://www.googleapis.com/compute/v1/projects/ubuntu-os-cloud/global/images/ubuntu-2004-focal-v20211102",
            "source_disk": "",
            "source_disk_encryption_key_sha256": "",
            "source_disk_id": "",
            "source_image_id": "",
            "status": "READY"
          },
          "sensitive_attributes": []
        }
      ]
    },
    {
      "mode": "managed",
      "type": "google_compute_instance",
      "name": "lab",
      "provider": "provider[\"registry.terraform.io/hashicorp/google\"]",
      "instances": [
        {
          "index_key": 0,
          "schema_version": 6,
          "attributes": {
            "advanced_machine_features": [],
            "allow_stopping_for_update": null,
            "attached_disk": [],
            "boot_disk": [
              {
                "auto_delete": true,
                "device_name": "persistent-disk-0",
                "disk_encryption_key_raw": "",
                "disk_encryption_key_sha256": "",
                "initialize_params": [
                  {
                    "image": "https://www.googleapis.com/compute/v1/projects/ubuntu-os-cloud/global/images/ubuntu-2004-focal-v20211102",
                    "labels": {
                      "env": "production",
                      "name": "lab",
                      "team": "cenfotec",
                      "user": "docker"
                    },
                    "size": 10,
                    "type": "pd-standard"
                  }
                ],
                "kms_key_self_link": "",
                "mode": "READ_WRITE",
                "source": "https://www.googleapis.com/compute/v1/projects/dockerlabs-332203/zones/us-east1-b/disks/lab-1"
              }
            ],
            "can_ip_forward": false,
            "confidential_instance_config": [],
            "cpu_platform": "Intel Haswell",
            "current_status": "RUNNING",
            "deletion_protection": false,
            "description": "",
            "desired_status": null,
            "enable_display": false,
            "guest_accelerator": [],
            "hostname": "",
            "id": "projects/dockerlabs-332203/zones/us-east1-b/instances/lab-1",
            "instance_id": "856186709870397317",
            "label_fingerprint": "nkrmE69Wna4=",
            "labels": {
              "env": "production",
              "name": "lab",
              "team": "cenfotec",
              "user": "docker"
            },
            "machine_type": "f1-micro",
            "metadata": {
              "ssh-keys": "dockerlab:ssh-rsa AAAAB3NzaC1yc2EAAAADAQABAAABAQCs2hJBIKNjqTAGEnSka8WG3o6LgXhDmRhwl0HNFrRJnEwE/UTswi9aNx62R233Jj97ckQ4SKjULwSQJ1elGZi3uvCRLA5tLHlge59S7V5TgSTUmni8N19b471amHIc5yAJ5dxuhWHSLQnyvmUc2btVE2filpOViVZr2HfytROp6AZc0c5o8g1jfQMR70FVPUrPzsYA3gBJ8VZ5mw+jcduP4q4RG+6vW+p4dKqi10CBtZYxT9cZd5S1ntZd2QxA3G9Li7k4iiMSZoNmCsAVKDkUQrdZbqjxcJyPw5vD+NRvfXMC1KSfQgsag4KET7+ZGsHlGT37YO5Ns36VdqnQPuiD\n",
              "user-data": "#!/bin/bash -x\n\n# user\nadduser dockerlab --gecos \"$fullname,RoomNumber,WorkPhone,HomePhone\" --disabled-password\necho -e \"password\\npassword\\n\" | passwd dockerlab\npasswd --expire dockerlab\nadduser dockerlab sudo\nmkdir -p /home/dockerlab/.ssh\ncp ~/.ssh/authorized_keys /home/dockerlab/.ssh/\nchown dockerlab:dockerlab /home/dockerlab/.ssh/authorized_keys\nchmod 600  /home/dockerlab/.ssh/authorized_keys\n"
            },
            "metadata_fingerprint": "hRgeG2OUktY=",
            "metadata_startup_script": null,
            "min_cpu_platform": "",
            "name": "lab-1",
            "network_interface": [
              {
                "access_config": [
                  {
                    "nat_ip": "35.243.232.102",
                    "network_tier": "PREMIUM",
                    "public_ptr_domain_name": ""
                  }
                ],
                "alias_ip_range": [],
                "ipv6_access_config": [],
                "ipv6_access_type": "",
                "name": "nic0",
                "network": "https://www.googleapis.com/compute/v1/projects/dockerlabs-332203/global/networks/default",
                "network_ip": "10.142.0.54",
                "nic_type": "",
                "stack_type": "IPV4_ONLY",
                "subnetwork": "https://www.googleapis.com/compute/v1/projects/dockerlabs-332203/regions/us-east1/subnetworks/default",
                "subnetwork_project": "dockerlabs-332203"
              }
            ],
            "project": "dockerlabs-332203",
            "reservation_affinity": [],
            "resource_policies": [],
            "scheduling": [
              {
                "automatic_restart": true,
                "min_node_cpus": 0,
                "node_affinities": [],
                "on_host_maintenance": "MIGRATE",
                "preemptible": false
              }
            ],
            "scratch_disk": [],
            "self_link": "https://www.googleapis.com/compute/v1/projects/dockerlabs-332203/zones/us-east1-b/instances/lab-1",
            "service_account": [],
            "shielded_instance_config": [
              {
                "enable_integrity_monitoring": true,
                "enable_secure_boot": false,
                "enable_vtpm": true
              }
            ],
            "tags": [
              "dockerlabs"
            ],
            "tags_fingerprint": "UAaZt4n-Icc=",
            "timeouts": null,
            "zone": "us-east1-b"
          },
          "sensitive_attributes": [],
          "private": "eyJlMmJmYjczMC1lY2FhLTExZTYtOGY4OC0zNDM2M2JjN2M0YzAiOnsiY3JlYXRlIjoxMjAwMDAwMDAwMDAwLCJkZWxldGUiOjEyMDAwMDAwMDAwMDAsInVwZGF0ZSI6MTIwMDAwMDAwMDAwMH0sInNjaGVtYV92ZXJzaW9uIjoiNiJ9",
          "dependencies": [
            "data.google_compute_image.master_image",
            "tls_private_key.global_key"
          ]
        },
        {
          "index_key": 1,
          "schema_version": 6,
          "attributes": {
            "advanced_machine_features": [],
            "allow_stopping_for_update": null,
            "attached_disk": [],
            "boot_disk": [
              {
                "auto_delete": true,
                "device_name": "persistent-disk-0",
                "disk_encryption_key_raw": "",
                "disk_encryption_key_sha256": "",
                "initialize_params": [
                  {
                    "image": "https://www.googleapis.com/compute/v1/projects/ubuntu-os-cloud/global/images/ubuntu-2004-focal-v20211102",
                    "labels": {
                      "env": "production",
                      "name": "lab",
                      "team": "cenfotec",
                      "user": "docker"
                    },
                    "size": 10,
                    "type": "pd-standard"
                  }
                ],
                "kms_key_self_link": "",
                "mode": "READ_WRITE",
                "source": "https://www.googleapis.com/compute/v1/projects/dockerlabs-332203/zones/us-east1-b/disks/lab-2"
              }
            ],
            "can_ip_forward": false,
            "confidential_instance_config": [],
            "cpu_platform": "Intel Haswell",
            "current_status": "RUNNING",
            "deletion_protection": false,
            "description": "",
            "desired_status": null,
            "enable_display": false,
            "guest_accelerator": [],
            "hostname": "",
            "id": "projects/dockerlabs-332203/zones/us-east1-b/instances/lab-2",
            "instance_id": "7031738353053353861",
            "label_fingerprint": "nkrmE69Wna4=",
            "labels": {
              "env": "production",
              "name": "lab",
              "team": "cenfotec",
              "user": "docker"
            },
            "machine_type": "f1-micro",
            "metadata": {
              "ssh-keys": "dockerlab:ssh-rsa AAAAB3NzaC1yc2EAAAADAQABAAABAQCs2hJBIKNjqTAGEnSka8WG3o6LgXhDmRhwl0HNFrRJnEwE/UTswi9aNx62R233Jj97ckQ4SKjULwSQJ1elGZi3uvCRLA5tLHlge59S7V5TgSTUmni8N19b471amHIc5yAJ5dxuhWHSLQnyvmUc2btVE2filpOViVZr2HfytROp6AZc0c5o8g1jfQMR70FVPUrPzsYA3gBJ8VZ5mw+jcduP4q4RG+6vW+p4dKqi10CBtZYxT9cZd5S1ntZd2QxA3G9Li7k4iiMSZoNmCsAVKDkUQrdZbqjxcJyPw5vD+NRvfXMC1KSfQgsag4KET7+ZGsHlGT37YO5Ns36VdqnQPuiD\n",
              "user-data": "#!/bin/bash -x\n\n# user\nadduser dockerlab --gecos \"$fullname,RoomNumber,WorkPhone,HomePhone\" --disabled-password\necho -e \"password\\npassword\\n\" | passwd dockerlab\npasswd --expire dockerlab\nadduser dockerlab sudo\nmkdir -p /home/dockerlab/.ssh\ncp ~/.ssh/authorized_keys /home/dockerlab/.ssh/\nchown dockerlab:dockerlab /home/dockerlab/.ssh/authorized_keys\nchmod 600  /home/dockerlab/.ssh/authorized_keys\n"
            },
            "metadata_fingerprint": "hRgeG2OUktY=",
            "metadata_startup_script": null,
            "min_cpu_platform": "",
            "name": "lab-2",
            "network_interface": [
              {
                "access_config": [
                  {
                    "nat_ip": "35.237.79.189",
                    "network_tier": "PREMIUM",
                    "public_ptr_domain_name": ""
                  }
                ],
                "alias_ip_range": [],
                "ipv6_access_config": [],
                "ipv6_access_type": "",
                "name": "nic0",
                "network": "https://www.googleapis.com/compute/v1/projects/dockerlabs-332203/global/networks/default",
                "network_ip": "10.142.0.51",
                "nic_type": "",
                "stack_type": "IPV4_ONLY",
                "subnetwork": "https://www.googleapis.com/compute/v1/projects/dockerlabs-332203/regions/us-east1/subnetworks/default",
                "subnetwork_project": "dockerlabs-332203"
              }
            ],
            "project": "dockerlabs-332203",
            "reservation_affinity": [],
            "resource_policies": [],
            "scheduling": [
              {
                "automatic_restart": true,
                "min_node_cpus": 0,
                "node_affinities": [],
                "on_host_maintenance": "MIGRATE",
                "preemptible": false
              }
            ],
            "scratch_disk": [],
            "self_link": "https://www.googleapis.com/compute/v1/projects/dockerlabs-332203/zones/us-east1-b/instances/lab-2",
            "service_account": [],
            "shielded_instance_config": [
              {
                "enable_integrity_monitoring": true,
                "enable_secure_boot": false,
                "enable_vtpm": true
              }
            ],
            "tags": [
              "dockerlabs"
            ],
            "tags_fingerprint": "UAaZt4n-Icc=",
            "timeouts": null,
            "zone": "us-east1-b"
          },
          "sensitive_attributes": [],
          "private": "eyJlMmJmYjczMC1lY2FhLTExZTYtOGY4OC0zNDM2M2JjN2M0YzAiOnsiY3JlYXRlIjoxMjAwMDAwMDAwMDAwLCJkZWxldGUiOjEyMDAwMDAwMDAwMDAsInVwZGF0ZSI6MTIwMDAwMDAwMDAwMH0sInNjaGVtYV92ZXJzaW9uIjoiNiJ9",
          "dependencies": [
            "data.google_compute_image.master_image",
            "tls_private_key.global_key"
          ]
        },
        {
          "index_key": 2,
          "schema_version": 6,
          "attributes": {
            "advanced_machine_features": [],
            "allow_stopping_for_update": null,
            "attached_disk": [],
            "boot_disk": [
              {
                "auto_delete": true,
                "device_name": "persistent-disk-0",
                "disk_encryption_key_raw": "",
                "disk_encryption_key_sha256": "",
                "initialize_params": [
                  {
                    "image": "https://www.googleapis.com/compute/v1/projects/ubuntu-os-cloud/global/images/ubuntu-2004-focal-v20211102",
                    "labels": {
                      "env": "production",
                      "name": "lab",
                      "team": "cenfotec",
                      "user": "docker"
                    },
                    "size": 10,
                    "type": "pd-standard"
                  }
                ],
                "kms_key_self_link": "",
                "mode": "READ_WRITE",
                "source": "https://www.googleapis.com/compute/v1/projects/dockerlabs-332203/zones/us-east1-b/disks/lab-3"
              }
            ],
            "can_ip_forward": false,
            "confidential_instance_config": [],
            "cpu_platform": "Intel Haswell",
            "current_status": "RUNNING",
            "deletion_protection": false,
            "description": "",
            "desired_status": null,
            "enable_display": false,
            "guest_accelerator": [],
            "hostname": "",
            "id": "projects/dockerlabs-332203/zones/us-east1-b/instances/lab-3",
            "instance_id": "3535276481779091333",
            "label_fingerprint": "nkrmE69Wna4=",
            "labels": {
              "env": "production",
              "name": "lab",
              "team": "cenfotec",
              "user": "docker"
            },
            "machine_type": "f1-micro",
            "metadata": {
              "ssh-keys": "dockerlab:ssh-rsa AAAAB3NzaC1yc2EAAAADAQABAAABAQCs2hJBIKNjqTAGEnSka8WG3o6LgXhDmRhwl0HNFrRJnEwE/UTswi9aNx62R233Jj97ckQ4SKjULwSQJ1elGZi3uvCRLA5tLHlge59S7V5TgSTUmni8N19b471amHIc5yAJ5dxuhWHSLQnyvmUc2btVE2filpOViVZr2HfytROp6AZc0c5o8g1jfQMR70FVPUrPzsYA3gBJ8VZ5mw+jcduP4q4RG+6vW+p4dKqi10CBtZYxT9cZd5S1ntZd2QxA3G9Li7k4iiMSZoNmCsAVKDkUQrdZbqjxcJyPw5vD+NRvfXMC1KSfQgsag4KET7+ZGsHlGT37YO5Ns36VdqnQPuiD\n",
              "user-data": "#!/bin/bash -x\n\n# user\nadduser dockerlab --gecos \"$fullname,RoomNumber,WorkPhone,HomePhone\" --disabled-password\necho -e \"password\\npassword\\n\" | passwd dockerlab\npasswd --expire dockerlab\nadduser dockerlab sudo\nmkdir -p /home/dockerlab/.ssh\ncp ~/.ssh/authorized_keys /home/dockerlab/.ssh/\nchown dockerlab:dockerlab /home/dockerlab/.ssh/authorized_keys\nchmod 600  /home/dockerlab/.ssh/authorized_keys\n"
            },
            "metadata_fingerprint": "hRgeG2OUktY=",
            "metadata_startup_script": null,
            "min_cpu_platform": "",
            "name": "lab-3",
            "network_interface": [
              {
                "access_config": [
                  {
                    "nat_ip": "34.139.107.85",
                    "network_tier": "PREMIUM",
                    "public_ptr_domain_name": ""
                  }
                ],
                "alias_ip_range": [],
                "ipv6_access_config": [],
                "ipv6_access_type": "",
                "name": "nic0",
                "network": "https://www.googleapis.com/compute/v1/projects/dockerlabs-332203/global/networks/default",
                "network_ip": "10.142.0.55",
                "nic_type": "",
                "stack_type": "IPV4_ONLY",
                "subnetwork": "https://www.googleapis.com/compute/v1/projects/dockerlabs-332203/regions/us-east1/subnetworks/default",
                "subnetwork_project": "dockerlabs-332203"
              }
            ],
            "project": "dockerlabs-332203",
            "reservation_affinity": [],
            "resource_policies": [],
            "scheduling": [
              {
                "automatic_restart": true,
                "min_node_cpus": 0,
                "node_affinities": [],
                "on_host_maintenance": "MIGRATE",
                "preemptible": false
              }
            ],
            "scratch_disk": [],
            "self_link": "https://www.googleapis.com/compute/v1/projects/dockerlabs-332203/zones/us-east1-b/instances/lab-3",
            "service_account": [],
            "shielded_instance_config": [
              {
                "enable_integrity_monitoring": true,
                "enable_secure_boot": false,
                "enable_vtpm": true
              }
            ],
            "tags": [
              "dockerlabs"
            ],
            "tags_fingerprint": "UAaZt4n-Icc=",
            "timeouts": null,
            "zone": "us-east1-b"
          },
          "sensitive_attributes": [],
          "private": "eyJlMmJmYjczMC1lY2FhLTExZTYtOGY4OC0zNDM2M2JjN2M0YzAiOnsiY3JlYXRlIjoxMjAwMDAwMDAwMDAwLCJkZWxldGUiOjEyMDAwMDAwMDAwMDAsInVwZGF0ZSI6MTIwMDAwMDAwMDAwMH0sInNjaGVtYV92ZXJzaW9uIjoiNiJ9",
          "dependencies": [
            "data.google_compute_image.master_image",
            "tls_private_key.global_key"
          ]
        },
        {
          "index_key": 4,
          "schema_version": 6,
          "attributes": {
            "advanced_machine_features": [],
            "allow_stopping_for_update": null,
            "attached_disk": [],
            "boot_disk": [
              {
                "auto_delete": true,
                "device_name": "persistent-disk-0",
                "disk_encryption_key_raw": "",
                "disk_encryption_key_sha256": "",
                "initialize_params": [
                  {
                    "image": "https://www.googleapis.com/compute/v1/projects/ubuntu-os-cloud/global/images/ubuntu-2004-focal-v20211102",
                    "labels": {
                      "env": "production",
                      "name": "lab",
                      "team": "cenfotec",
                      "user": "docker"
                    },
                    "size": 10,
                    "type": "pd-standard"
                  }
                ],
                "kms_key_self_link": "",
                "mode": "READ_WRITE",
                "source": "https://www.googleapis.com/compute/v1/projects/dockerlabs-332203/zones/us-east1-b/disks/lab-5"
              }
            ],
            "can_ip_forward": false,
            "confidential_instance_config": [],
            "cpu_platform": "Intel Haswell",
            "current_status": "RUNNING",
            "deletion_protection": false,
            "description": "",
            "desired_status": null,
            "enable_display": false,
            "guest_accelerator": [],
            "hostname": "",
            "id": "projects/dockerlabs-332203/zones/us-east1-b/instances/lab-5",
            "instance_id": "1545020118922971013",
            "label_fingerprint": "nkrmE69Wna4=",
            "labels": {
              "env": "production",
              "name": "lab",
              "team": "cenfotec",
              "user": "docker"
            },
            "machine_type": "f1-micro",
            "metadata": {
              "ssh-keys": "dockerlab:ssh-rsa AAAAB3NzaC1yc2EAAAADAQABAAABAQCs2hJBIKNjqTAGEnSka8WG3o6LgXhDmRhwl0HNFrRJnEwE/UTswi9aNx62R233Jj97ckQ4SKjULwSQJ1elGZi3uvCRLA5tLHlge59S7V5TgSTUmni8N19b471amHIc5yAJ5dxuhWHSLQnyvmUc2btVE2filpOViVZr2HfytROp6AZc0c5o8g1jfQMR70FVPUrPzsYA3gBJ8VZ5mw+jcduP4q4RG+6vW+p4dKqi10CBtZYxT9cZd5S1ntZd2QxA3G9Li7k4iiMSZoNmCsAVKDkUQrdZbqjxcJyPw5vD+NRvfXMC1KSfQgsag4KET7+ZGsHlGT37YO5Ns36VdqnQPuiD\n",
              "user-data": "#!/bin/bash -x\n\n# user\nadduser dockerlab --gecos \"$fullname,RoomNumber,WorkPhone,HomePhone\" --disabled-password\necho -e \"password\\npassword\\n\" | passwd dockerlab\npasswd --expire dockerlab\nadduser dockerlab sudo\nmkdir -p /home/dockerlab/.ssh\ncp ~/.ssh/authorized_keys /home/dockerlab/.ssh/\nchown dockerlab:dockerlab /home/dockerlab/.ssh/authorized_keys\nchmod 600  /home/dockerlab/.ssh/authorized_keys\n"
            },
            "metadata_fingerprint": "hRgeG2OUktY=",
            "metadata_startup_script": null,
            "min_cpu_platform": "",
            "name": "lab-5",
            "network_interface": [
              {
                "access_config": [
                  {
                    "nat_ip": "34.139.34.179",
                    "network_tier": "PREMIUM",
                    "public_ptr_domain_name": ""
                  }
                ],
                "alias_ip_range": [],
                "ipv6_access_config": [],
                "ipv6_access_type": "",
                "name": "nic0",
                "network": "https://www.googleapis.com/compute/v1/projects/dockerlabs-332203/global/networks/default",
                "network_ip": "10.142.0.52",
                "nic_type": "",
                "stack_type": "IPV4_ONLY",
                "subnetwork": "https://www.googleapis.com/compute/v1/projects/dockerlabs-332203/regions/us-east1/subnetworks/default",
                "subnetwork_project": "dockerlabs-332203"
              }
            ],
            "project": "dockerlabs-332203",
            "reservation_affinity": [],
            "resource_policies": [],
            "scheduling": [
              {
                "automatic_restart": true,
                "min_node_cpus": 0,
                "node_affinities": [],
                "on_host_maintenance": "MIGRATE",
                "preemptible": false
              }
            ],
            "scratch_disk": [],
            "self_link": "https://www.googleapis.com/compute/v1/projects/dockerlabs-332203/zones/us-east1-b/instances/lab-5",
            "service_account": [],
            "shielded_instance_config": [
              {
                "enable_integrity_monitoring": true,
                "enable_secure_boot": false,
                "enable_vtpm": true
              }
            ],
            "tags": [
              "dockerlabs"
            ],
            "tags_fingerprint": "UAaZt4n-Icc=",
            "timeouts": null,
            "zone": "us-east1-b"
          },
          "sensitive_attributes": [],
          "private": "eyJlMmJmYjczMC1lY2FhLTExZTYtOGY4OC0zNDM2M2JjN2M0YzAiOnsiY3JlYXRlIjoxMjAwMDAwMDAwMDAwLCJkZWxldGUiOjEyMDAwMDAwMDAwMDAsInVwZGF0ZSI6MTIwMDAwMDAwMDAwMH0sInNjaGVtYV92ZXJzaW9uIjoiNiJ9",
          "dependencies": [
            "data.google_compute_image.master_image",
            "tls_private_key.global_key"
          ]
        },
        {
          "index_key": 5,
          "schema_version": 6,
          "attributes": {
            "advanced_machine_features": [],
            "allow_stopping_for_update": null,
            "attached_disk": [],
            "boot_disk": [
              {
                "auto_delete": true,
                "device_name": "persistent-disk-0",
                "disk_encryption_key_raw": "",
                "disk_encryption_key_sha256": "",
                "initialize_params": [
                  {
                    "image": "https://www.googleapis.com/compute/v1/projects/ubuntu-os-cloud/global/images/ubuntu-2004-focal-v20211102",
                    "labels": {
                      "env": "production",
                      "name": "lab",
                      "team": "cenfotec",
                      "user": "docker"
                    },
                    "size": 10,
                    "type": "pd-standard"
                  }
                ],
                "kms_key_self_link": "",
                "mode": "READ_WRITE",
                "source": "https://www.googleapis.com/compute/v1/projects/dockerlabs-332203/zones/us-east1-b/disks/lab-6"
              }
            ],
            "can_ip_forward": false,
            "confidential_instance_config": [],
            "cpu_platform": "Intel Haswell",
            "current_status": "RUNNING",
            "deletion_protection": false,
            "description": "",
            "desired_status": null,
            "enable_display": false,
            "guest_accelerator": [],
            "hostname": "",
            "id": "projects/dockerlabs-332203/zones/us-east1-b/instances/lab-6",
            "instance_id": "4912767236289873797",
            "label_fingerprint": "nkrmE69Wna4=",
            "labels": {
              "env": "production",
              "name": "lab",
              "team": "cenfotec",
              "user": "docker"
            },
            "machine_type": "f1-micro",
            "metadata": {
              "ssh-keys": "dockerlab:ssh-rsa AAAAB3NzaC1yc2EAAAADAQABAAABAQCs2hJBIKNjqTAGEnSka8WG3o6LgXhDmRhwl0HNFrRJnEwE/UTswi9aNx62R233Jj97ckQ4SKjULwSQJ1elGZi3uvCRLA5tLHlge59S7V5TgSTUmni8N19b471amHIc5yAJ5dxuhWHSLQnyvmUc2btVE2filpOViVZr2HfytROp6AZc0c5o8g1jfQMR70FVPUrPzsYA3gBJ8VZ5mw+jcduP4q4RG+6vW+p4dKqi10CBtZYxT9cZd5S1ntZd2QxA3G9Li7k4iiMSZoNmCsAVKDkUQrdZbqjxcJyPw5vD+NRvfXMC1KSfQgsag4KET7+ZGsHlGT37YO5Ns36VdqnQPuiD\n",
              "user-data": "#!/bin/bash -x\n\n# user\nadduser dockerlab --gecos \"$fullname,RoomNumber,WorkPhone,HomePhone\" --disabled-password\necho -e \"password\\npassword\\n\" | passwd dockerlab\npasswd --expire dockerlab\nadduser dockerlab sudo\nmkdir -p /home/dockerlab/.ssh\ncp ~/.ssh/authorized_keys /home/dockerlab/.ssh/\nchown dockerlab:dockerlab /home/dockerlab/.ssh/authorized_keys\nchmod 600  /home/dockerlab/.ssh/authorized_keys\n"
            },
            "metadata_fingerprint": "hRgeG2OUktY=",
            "metadata_startup_script": null,
            "min_cpu_platform": "",
            "name": "lab-6",
            "network_interface": [
              {
                "access_config": [
                  {
                    "nat_ip": "34.74.217.214",
                    "network_tier": "PREMIUM",
                    "public_ptr_domain_name": ""
                  }
                ],
                "alias_ip_range": [],
                "ipv6_access_config": [],
                "ipv6_access_type": "",
                "name": "nic0",
                "network": "https://www.googleapis.com/compute/v1/projects/dockerlabs-332203/global/networks/default",
                "network_ip": "10.142.0.50",
                "nic_type": "",
                "stack_type": "IPV4_ONLY",
                "subnetwork": "https://www.googleapis.com/compute/v1/projects/dockerlabs-332203/regions/us-east1/subnetworks/default",
                "subnetwork_project": "dockerlabs-332203"
              }
            ],
            "project": "dockerlabs-332203",
            "reservation_affinity": [],
            "resource_policies": [],
            "scheduling": [
              {
                "automatic_restart": true,
                "min_node_cpus": 0,
                "node_affinities": [],
                "on_host_maintenance": "MIGRATE",
                "preemptible": false
              }
            ],
            "scratch_disk": [],
            "self_link": "https://www.googleapis.com/compute/v1/projects/dockerlabs-332203/zones/us-east1-b/instances/lab-6",
            "service_account": [],
            "shielded_instance_config": [
              {
                "enable_integrity_monitoring": true,
                "enable_secure_boot": false,
                "enable_vtpm": true
              }
            ],
            "tags": [
              "dockerlabs"
            ],
            "tags_fingerprint": "UAaZt4n-Icc=",
            "timeouts": null,
            "zone": "us-east1-b"
          },
          "sensitive_attributes": [],
          "private": "eyJlMmJmYjczMC1lY2FhLTExZTYtOGY4OC0zNDM2M2JjN2M0YzAiOnsiY3JlYXRlIjoxMjAwMDAwMDAwMDAwLCJkZWxldGUiOjEyMDAwMDAwMDAwMDAsInVwZGF0ZSI6MTIwMDAwMDAwMDAwMH0sInNjaGVtYV92ZXJzaW9uIjoiNiJ9",
          "dependencies": [
            "data.google_compute_image.master_image",
            "tls_private_key.global_key"
          ]
        },
        {
          "index_key": 7,
          "schema_version": 6,
          "attributes": {
            "advanced_machine_features": [],
            "allow_stopping_for_update": null,
            "attached_disk": [],
            "boot_disk": [
              {
                "auto_delete": true,
                "device_name": "persistent-disk-0",
                "disk_encryption_key_raw": "",
                "disk_encryption_key_sha256": "",
                "initialize_params": [
                  {
                    "image": "https://www.googleapis.com/compute/v1/projects/ubuntu-os-cloud/global/images/ubuntu-2004-focal-v20211102",
                    "labels": {
                      "env": "production",
                      "name": "lab",
                      "team": "cenfotec",
                      "user": "docker"
                    },
                    "size": 10,
                    "type": "pd-standard"
                  }
                ],
                "kms_key_self_link": "",
                "mode": "READ_WRITE",
                "source": "https://www.googleapis.com/compute/v1/projects/dockerlabs-332203/zones/us-east1-b/disks/lab-8"
              }
            ],
            "can_ip_forward": false,
            "confidential_instance_config": [],
            "cpu_platform": "Intel Haswell",
            "current_status": "RUNNING",
            "deletion_protection": false,
            "description": "",
            "desired_status": null,
            "enable_display": false,
            "guest_accelerator": [],
            "hostname": "",
            "id": "projects/dockerlabs-332203/zones/us-east1-b/instances/lab-8",
            "instance_id": "2991642280483112837",
            "label_fingerprint": "nkrmE69Wna4=",
            "labels": {
              "env": "production",
              "name": "lab",
              "team": "cenfotec",
              "user": "docker"
            },
            "machine_type": "f1-micro",
            "metadata": {
              "ssh-keys": "dockerlab:ssh-rsa AAAAB3NzaC1yc2EAAAADAQABAAABAQCs2hJBIKNjqTAGEnSka8WG3o6LgXhDmRhwl0HNFrRJnEwE/UTswi9aNx62R233Jj97ckQ4SKjULwSQJ1elGZi3uvCRLA5tLHlge59S7V5TgSTUmni8N19b471amHIc5yAJ5dxuhWHSLQnyvmUc2btVE2filpOViVZr2HfytROp6AZc0c5o8g1jfQMR70FVPUrPzsYA3gBJ8VZ5mw+jcduP4q4RG+6vW+p4dKqi10CBtZYxT9cZd5S1ntZd2QxA3G9Li7k4iiMSZoNmCsAVKDkUQrdZbqjxcJyPw5vD+NRvfXMC1KSfQgsag4KET7+ZGsHlGT37YO5Ns36VdqnQPuiD\n",
              "user-data": "#!/bin/bash -x\n\n# user\nadduser dockerlab --gecos \"$fullname,RoomNumber,WorkPhone,HomePhone\" --disabled-password\necho -e \"password\\npassword\\n\" | passwd dockerlab\npasswd --expire dockerlab\nadduser dockerlab sudo\nmkdir -p /home/dockerlab/.ssh\ncp ~/.ssh/authorized_keys /home/dockerlab/.ssh/\nchown dockerlab:dockerlab /home/dockerlab/.ssh/authorized_keys\nchmod 600  /home/dockerlab/.ssh/authorized_keys\n"
            },
            "metadata_fingerprint": "hRgeG2OUktY=",
            "metadata_startup_script": null,
            "min_cpu_platform": "",
            "name": "lab-8",
            "network_interface": [
              {
                "access_config": [
                  {
                    "nat_ip": "35.237.151.66",
                    "network_tier": "PREMIUM",
                    "public_ptr_domain_name": ""
                  }
                ],
                "alias_ip_range": [],
                "ipv6_access_config": [],
                "ipv6_access_type": "",
                "name": "nic0",
                "network": "https://www.googleapis.com/compute/v1/projects/dockerlabs-332203/global/networks/default",
                "network_ip": "10.142.0.53",
                "nic_type": "",
                "stack_type": "IPV4_ONLY",
                "subnetwork": "https://www.googleapis.com/compute/v1/projects/dockerlabs-332203/regions/us-east1/subnetworks/default",
                "subnetwork_project": "dockerlabs-332203"
              }
            ],
            "project": "dockerlabs-332203",
            "reservation_affinity": [],
            "resource_policies": [],
            "scheduling": [
              {
                "automatic_restart": true,
                "min_node_cpus": 0,
                "node_affinities": [],
                "on_host_maintenance": "MIGRATE",
                "preemptible": false
              }
            ],
            "scratch_disk": [],
            "self_link": "https://www.googleapis.com/compute/v1/projects/dockerlabs-332203/zones/us-east1-b/instances/lab-8",
            "service_account": [],
            "shielded_instance_config": [
              {
                "enable_integrity_monitoring": true,
                "enable_secure_boot": false,
                "enable_vtpm": true
              }
            ],
            "tags": [
              "dockerlabs"
            ],
            "tags_fingerprint": "UAaZt4n-Icc=",
            "timeouts": null,
            "zone": "us-east1-b"
          },
          "sensitive_attributes": [],
          "private": "eyJlMmJmYjczMC1lY2FhLTExZTYtOGY4OC0zNDM2M2JjN2M0YzAiOnsiY3JlYXRlIjoxMjAwMDAwMDAwMDAwLCJkZWxldGUiOjEyMDAwMDAwMDAwMDAsInVwZGF0ZSI6MTIwMDAwMDAwMDAwMH0sInNjaGVtYV92ZXJzaW9uIjoiNiJ9",
          "dependencies": [
            "data.google_compute_image.master_image",
            "tls_private_key.global_key"
          ]
        }
      ]
    },
    {
      "mode": "managed",
      "type": "local_file",
      "name": "ssh_private_key_pem",
      "provider": "provider[\"registry.terraform.io/hashicorp/local\"]",
      "instances": [
        {
          "schema_version": 0,
          "attributes": {
            "content": null,
            "content_base64": null,
            "directory_permission": "0777",
            "file_permission": "0600",
            "filename": "../keys/prod/id_rsa",
            "id": "99e14fd1248b1a2857f85f6b4149fe8f72f49bca",
            "sensitive_content": "-----BEGIN RSA PRIVATE KEY-----\nMIIEpAIBAAKCAQEArNoSQSCjY6kwBhJ0pGvFht6Oi4F4Q5kYcJdBzRa0SZxMBP1E\n7MIvWjcetkdt9yY/e3JEOEio1C8EkCdXpRmYt7rwkSwObSx5YHufUu1eU4Ek1Jp4\nvDdfW+O9WphyHOcgCeXcboVh0i0J8r5lHNm7VRNn4paTlYlWa9h38rUTqegGXNHO\naPINY30DEe9BVT1Kz87GAN4ASfFWeZsPo3Hbj+KuERvur1vqeHSqotdAgbWWMU/X\nGXeUtZ7WXdkMQNxvS4u5OIojEmaDZgrAFSg5FEK3WW6o8XCcj8Obw/jUb31zAtSk\nn0ILGoOChE+/mRrB5Rk9+2DuTbN+lXap0D7ogwIDAQABAoIBAC315jivBwLu77gN\nnDpD9cfA0cJCcMn4oUj+zx5LVTDlgEkrVvJlR9YDJgVtxM2cu/CFF6Knn0ycG+iA\nrYtW3QatjF3tiwB4fOWsuVaBiz1E75ggYs4ZIx/51FWMh3sr8ZbwKcaxbKtIEocb\nHSOouWkLuenEBAYU+IfAjVRZ1ZqtiXGGtWsfIapZoVdinrhqv6hXjvrLfO9gI2jy\n7Q1e36VeDtlXPPEEyK8iQbi6Ny0hY+inSVnqe9wf+F0fRLFbp6WnwNo2NmQISb9c\nUF3vqL+lvrs72KLXvXGXOMW8DbHMZyQahgulyvuphD69MVEgzIxMQTRLfwA2JlDL\nbGY8uIECgYEA1dwLYlJ1vTAueyvgw7wFs+j4IpWHABTi+Mnl1PmVOjL/3wuyoUpL\ndfT75reN0SVBcq1MLgO1VChGsirIj+ntvA3fjGqZLbb+L0QsMoUjRcg5UduxDRtt\nFZ+sygx+0JuSK4PFTRB18jAnZomXxfyJIMQQv/h4sybKBcJ80KGioyECgYEAzult\n6V9fa3lVO/3bKOf3kPrjV1D6Vfz7DQS7k1UJ82vneiWrur+fKjWRX9TmL6R9Di8k\nr2JjS3kaX+Lq2dJq0l2tfV5k1Gq8EZ414OJvCVfewizQ2v7vv8z39qKTBuK50Q1y\ncXg8FwOAv85j8Ybpv7pzcqH3ubOw0SF1HXgqOyMCgYEAlPHoS9Y6gkUoWki5BhnR\nrve2uf+CQqBJZBTZqXcaY6pZYrL2+jaQT9sMBigY8W0NJB1mTTXv+GkEs9nwTasT\nFEJlS5qCjMBCUBEe5yCq7FMC+OwVZ5eOZd0Lrrz9JbT0HLJtm7q3KrI2/scdmZrE\ntrlXIRygk8WUNma6H2QzrYECgYEAjGi5jmmK/gqrPXeqFls7k6W9So6IInv2/UGd\n7IADra0muqv/mk3Yu7L4QNjfj6sGte5l7aJNkXTP4gvBpSj2FmU9itrYf5EiqK39\nD+t4wBVh89CntkTT+wsjpblzHnQS9nsyky+tT0ywPPjYt5j+3H2xRDQHQHxg27nh\nmKrntZMCgYAbWFgbn79Hd+3TyhmFaejaZypO1Bs09Uq27S04o7S2xAXFHaHGe1af\nDOrLbO1lCsWSR09OXAgzYWipoaE3ZgsMAh2a9C6YCQnt6CVFhietpDu3HJJPqe8M\n+Kx8X56GfPJVLRqW+JPBOB0lTEU8MM+VNt96NocOiFnTgNGPOVgbSA==\n-----END RSA PRIVATE KEY-----\n",
            "source": null
          },
          "sensitive_attributes": [
            [
              {
                "type": "get_attr",
                "value": "sensitive_content"
              }
            ]
          ],
          "private": "bnVsbA==",
          "dependencies": [
            "tls_private_key.global_key"
          ]
        }
      ]
    },
    {
      "mode": "managed",
      "type": "local_file",
      "name": "ssh_public_key_pem",
      "provider": "provider[\"registry.terraform.io/hashicorp/local\"]",
      "instances": [
        {
          "schema_version": 0,
          "attributes": {
            "content": null,
            "content_base64": null,
            "directory_permission": "0777",
            "file_permission": "0600",
            "filename": "../keys/prod/id_rsa.pub",
            "id": "ab0f3edf1406c54ce5f14d83ae5dfa83d91a6d34",
            "sensitive_content": "-----BEGIN PUBLIC KEY-----\nMIIBIjANBgkqhkiG9w0BAQEFAAOCAQ8AMIIBCgKCAQEArNoSQSCjY6kwBhJ0pGvF\nht6Oi4F4Q5kYcJdBzRa0SZxMBP1E7MIvWjcetkdt9yY/e3JEOEio1C8EkCdXpRmY\nt7rwkSwObSx5YHufUu1eU4Ek1Jp4vDdfW+O9WphyHOcgCeXcboVh0i0J8r5lHNm7\nVRNn4paTlYlWa9h38rUTqegGXNHOaPINY30DEe9BVT1Kz87GAN4ASfFWeZsPo3Hb\nj+KuERvur1vqeHSqotdAgbWWMU/XGXeUtZ7WXdkMQNxvS4u5OIojEmaDZgrAFSg5\nFEK3WW6o8XCcj8Obw/jUb31zAtSkn0ILGoOChE+/mRrB5Rk9+2DuTbN+lXap0D7o\ngwIDAQAB\n-----END PUBLIC KEY-----\n",
            "source": null
          },
          "sensitive_attributes": [],
          "private": "bnVsbA==",
          "dependencies": [
            "tls_private_key.global_key"
          ]
        }
      ]
    },
    {
      "mode": "managed",
      "type": "tls_private_key",
      "name": "global_key",
      "provider": "provider[\"registry.terraform.io/hashicorp/tls\"]",
      "instances": [
        {
          "schema_version": 0,
          "attributes": {
            "algorithm": "RSA",
            "ecdsa_curve": "P224",
            "id": "0a1bc6742602e594d17b975145e96eacd444c5c0",
            "private_key_pem": "-----BEGIN RSA PRIVATE KEY-----\nMIIEpAIBAAKCAQEArNoSQSCjY6kwBhJ0pGvFht6Oi4F4Q5kYcJdBzRa0SZxMBP1E\n7MIvWjcetkdt9yY/e3JEOEio1C8EkCdXpRmYt7rwkSwObSx5YHufUu1eU4Ek1Jp4\nvDdfW+O9WphyHOcgCeXcboVh0i0J8r5lHNm7VRNn4paTlYlWa9h38rUTqegGXNHO\naPINY30DEe9BVT1Kz87GAN4ASfFWeZsPo3Hbj+KuERvur1vqeHSqotdAgbWWMU/X\nGXeUtZ7WXdkMQNxvS4u5OIojEmaDZgrAFSg5FEK3WW6o8XCcj8Obw/jUb31zAtSk\nn0ILGoOChE+/mRrB5Rk9+2DuTbN+lXap0D7ogwIDAQABAoIBAC315jivBwLu77gN\nnDpD9cfA0cJCcMn4oUj+zx5LVTDlgEkrVvJlR9YDJgVtxM2cu/CFF6Knn0ycG+iA\nrYtW3QatjF3tiwB4fOWsuVaBiz1E75ggYs4ZIx/51FWMh3sr8ZbwKcaxbKtIEocb\nHSOouWkLuenEBAYU+IfAjVRZ1ZqtiXGGtWsfIapZoVdinrhqv6hXjvrLfO9gI2jy\n7Q1e36VeDtlXPPEEyK8iQbi6Ny0hY+inSVnqe9wf+F0fRLFbp6WnwNo2NmQISb9c\nUF3vqL+lvrs72KLXvXGXOMW8DbHMZyQahgulyvuphD69MVEgzIxMQTRLfwA2JlDL\nbGY8uIECgYEA1dwLYlJ1vTAueyvgw7wFs+j4IpWHABTi+Mnl1PmVOjL/3wuyoUpL\ndfT75reN0SVBcq1MLgO1VChGsirIj+ntvA3fjGqZLbb+L0QsMoUjRcg5UduxDRtt\nFZ+sygx+0JuSK4PFTRB18jAnZomXxfyJIMQQv/h4sybKBcJ80KGioyECgYEAzult\n6V9fa3lVO/3bKOf3kPrjV1D6Vfz7DQS7k1UJ82vneiWrur+fKjWRX9TmL6R9Di8k\nr2JjS3kaX+Lq2dJq0l2tfV5k1Gq8EZ414OJvCVfewizQ2v7vv8z39qKTBuK50Q1y\ncXg8FwOAv85j8Ybpv7pzcqH3ubOw0SF1HXgqOyMCgYEAlPHoS9Y6gkUoWki5BhnR\nrve2uf+CQqBJZBTZqXcaY6pZYrL2+jaQT9sMBigY8W0NJB1mTTXv+GkEs9nwTasT\nFEJlS5qCjMBCUBEe5yCq7FMC+OwVZ5eOZd0Lrrz9JbT0HLJtm7q3KrI2/scdmZrE\ntrlXIRygk8WUNma6H2QzrYECgYEAjGi5jmmK/gqrPXeqFls7k6W9So6IInv2/UGd\n7IADra0muqv/mk3Yu7L4QNjfj6sGte5l7aJNkXTP4gvBpSj2FmU9itrYf5EiqK39\nD+t4wBVh89CntkTT+wsjpblzHnQS9nsyky+tT0ywPPjYt5j+3H2xRDQHQHxg27nh\nmKrntZMCgYAbWFgbn79Hd+3TyhmFaejaZypO1Bs09Uq27S04o7S2xAXFHaHGe1af\nDOrLbO1lCsWSR09OXAgzYWipoaE3ZgsMAh2a9C6YCQnt6CVFhietpDu3HJJPqe8M\n+Kx8X56GfPJVLRqW+JPBOB0lTEU8MM+VNt96NocOiFnTgNGPOVgbSA==\n-----END RSA PRIVATE KEY-----\n",
            "public_key_fingerprint_md5": "91:09:a4:21:83:dd:e8:bd:ee:1b:4c:01:c5:f8:db:52",
            "public_key_openssh": "ssh-rsa AAAAB3NzaC1yc2EAAAADAQABAAABAQCs2hJBIKNjqTAGEnSka8WG3o6LgXhDmRhwl0HNFrRJnEwE/UTswi9aNx62R233Jj97ckQ4SKjULwSQJ1elGZi3uvCRLA5tLHlge59S7V5TgSTUmni8N19b471amHIc5yAJ5dxuhWHSLQnyvmUc2btVE2filpOViVZr2HfytROp6AZc0c5o8g1jfQMR70FVPUrPzsYA3gBJ8VZ5mw+jcduP4q4RG+6vW+p4dKqi10CBtZYxT9cZd5S1ntZd2QxA3G9Li7k4iiMSZoNmCsAVKDkUQrdZbqjxcJyPw5vD+NRvfXMC1KSfQgsag4KET7+ZGsHlGT37YO5Ns36VdqnQPuiD\n",
            "public_key_pem": "-----BEGIN PUBLIC KEY-----\nMIIBIjANBgkqhkiG9w0BAQEFAAOCAQ8AMIIBCgKCAQEArNoSQSCjY6kwBhJ0pGvF\nht6Oi4F4Q5kYcJdBzRa0SZxMBP1E7MIvWjcetkdt9yY/e3JEOEio1C8EkCdXpRmY\nt7rwkSwObSx5YHufUu1eU4Ek1Jp4vDdfW+O9WphyHOcgCeXcboVh0i0J8r5lHNm7\nVRNn4paTlYlWa9h38rUTqegGXNHOaPINY30DEe9BVT1Kz87GAN4ASfFWeZsPo3Hb\nj+KuERvur1vqeHSqotdAgbWWMU/XGXeUtZ7WXdkMQNxvS4u5OIojEmaDZgrAFSg5\nFEK3WW6o8XCcj8Obw/jUb31zAtSkn0ILGoOChE+/mRrB5Rk9+2DuTbN+lXap0D7o\ngwIDAQAB\n-----END PUBLIC KEY-----\n",
            "rsa_bits": 2048
          },
          "sensitive_attributes": [],
          "private": "bnVsbA=="
        }
      ]
    }
  ]
}
