{
  "version": 4,
  "terraform_version": "1.0.9",
  "serial": 306,
  "lineage": "6314abf5-ae5e-30ca-1780-64f38531e16e",
  "outputs": {},
  "resources": [
    {
      "mode": "data",
      "type": "google_compute_image",
      "name": "master_image",
      "provider": "provider[\"registry.terraform.io/hashicorp/google\"]",
      "instances": [
        {
          "schema_version": 0,
          "attributes": {
            "archive_size_bytes": 2616389184,
            "creation_timestamp": "2021-11-18T16:09:22.819-08:00",
            "description": "Canonical, Ubuntu, 20.04 LTS, amd64 focal image built on 2021-11-18, supports Shielded VM features",
            "disk_size_gb": 10,
            "family": "ubuntu-2004-lts",
            "filter": null,
            "id": "projects/ubuntu-os-cloud/global/images/ubuntu-2004-focal-v20211118",
            "image_encryption_key_sha256": "",
            "image_id": "4803291363183121885",
            "label_fingerprint": "42WmSpB8rSM=",
            "labels": {},
            "licenses": [
              "https://www.googleapis.com/compute/v1/projects/ubuntu-os-cloud/global/licenses/ubuntu-2004-lts"
            ],
            "name": "ubuntu-2004-focal-v20211118",
            "project": "ubuntu-os-cloud",
            "self_link": "https://www.googleapis.com/compute/v1/projects/ubuntu-os-cloud/global/images/ubuntu-2004-focal-v20211118",
            "source_disk": "",
            "source_disk_encryption_key_sha256": "",
            "source_disk_id": "",
            "source_image_id": "",
            "status": "READY"
          },
          "sensitive_attributes": []
        }
      ]
    },
    {
      "mode": "managed",
      "type": "google_compute_instance",
      "name": "lab",
      "provider": "provider[\"registry.terraform.io/hashicorp/google\"]",
      "instances": [
        {
          "index_key": 0,
          "schema_version": 6,
          "attributes": {
            "advanced_machine_features": [],
            "allow_stopping_for_update": null,
            "attached_disk": [],
            "boot_disk": [
              {
                "auto_delete": true,
                "device_name": "persistent-disk-0",
                "disk_encryption_key_raw": "",
                "disk_encryption_key_sha256": "",
                "initialize_params": [
                  {
                    "image": "https://www.googleapis.com/compute/v1/projects/ubuntu-os-cloud/global/images/ubuntu-2004-focal-v20211118",
                    "labels": {
                      "env": "production",
                      "name": "lab",
                      "team": "cenfotec",
                      "user": "docker"
                    },
                    "size": 10,
                    "type": "pd-standard"
                  }
                ],
                "kms_key_self_link": "",
                "mode": "READ_WRITE",
                "source": "https://www.googleapis.com/compute/v1/projects/dockerlabs-332203/zones/us-east1-b/disks/lab-1"
              }
            ],
            "can_ip_forward": false,
            "confidential_instance_config": [],
            "cpu_platform": "Intel Broadwell",
            "current_status": "RUNNING",
            "deletion_protection": false,
            "description": "",
            "desired_status": null,
            "enable_display": false,
            "guest_accelerator": [],
            "hostname": "",
            "id": "projects/dockerlabs-332203/zones/us-east1-b/instances/lab-1",
            "instance_id": "4396400180333288106",
            "label_fingerprint": "nkrmE69Wna4=",
            "labels": {
              "env": "production",
              "name": "lab",
              "team": "cenfotec",
              "user": "docker"
            },
            "machine_type": "e2-small",
            "metadata": {
              "ssh-keys": "dockerlab:ssh-rsa AAAAB3NzaC1yc2EAAAADAQABAAABgQCbQG25Bm4iPfBoCVTzTEXaB3fsQVPcSyzZObTKoZUZB6BuD5HU3Pn2lXyz+ZgcqRRZNSzzj7B1ZDXPpM9Kxp2fM4I5wzH0dd/6mJN7GgxdzWGlESzI9BmJXFZa8yrw9PT9T/MvzGtHiTrPrkGtcVs1fAI9lZ940WvrzyiO27TU9fbgyAvoe2nP07ONuOtSFht6DFxScREhqRS+TXjRGb9qUnzATlIzQ0rfMd2tuDDmHAwXMb6giivQUUWNfYsIvxme0zX6uusGBHlbbQo48ouzYUZMJL6CYeAnsH3JKPKqywr4sBa743Rdtk5jSrnAGY/ImktSZOq6stF9Ur9xDLtV/wufIjNU8aufrc2Vtgxsza0vNp8ktMDBM0bwpN0uzwEquAOvuPd3EJyuXlAFP0heHTOljShP9sBfMumXU6fEn8/jgrAyvvfZ8J70ZyrIJPjAp6yvvwZciD8WWzgVc5/q7hpLacVlkr2RNhELTsEhXT+ATbtYNgbYhTKGvxfmcTM= dockerlab\n",
              "user-data": "#!/bin/bash -x\n\n# user\nadduser dockerlab --gecos \"$fullname,RoomNumber,WorkPhone,HomePhone\" --disabled-password\necho -e \"password\\npassword\\n\" | passwd dockerlab\npasswd --expire dockerlab\nadduser dockerlab sudo\nmkdir -p /home/dockerlab/.ssh\ncp ~/.ssh/authorized_keys /home/dockerlab/.ssh/\nchown dockerlab:dockerlab /home/dockerlab/.ssh/authorized_keys\nchmod 600  /home/dockerlab/.ssh/authorized_keys\n\n# docker\ncurl -fsSL https://get.docker.com -o get-docker.sh\nsudo sh get-docker.sh\nsudo usermod -aG docker dockerlab\n# newgrp docker\n\n# docker-compose\nsudo curl -L \"https://github.com/docker/compose/releases/download/1.29.2/docker-compose-$(uname -s)-$(uname -m)\" -o /usr/local/bin/docker-compose\nsudo chmod +x /usr/local/bin/docker-compose\nsudo ln -s /usr/local/bin/docker-compose /usr/bin/docker-compose\n"
            },
            "metadata_fingerprint": "SkcjVtn-nFM=",
            "metadata_startup_script": null,
            "min_cpu_platform": "",
            "name": "lab-1",
            "network_interface": [
              {
                "access_config": [
                  {
                    "nat_ip": "35.243.232.102",
                    "network_tier": "PREMIUM",
                    "public_ptr_domain_name": ""
                  }
                ],
                "alias_ip_range": [],
                "ipv6_access_config": [],
                "ipv6_access_type": "",
                "name": "nic0",
                "network": "https://www.googleapis.com/compute/v1/projects/dockerlabs-332203/global/networks/default",
                "network_ip": "10.142.15.204",
                "nic_type": "",
                "stack_type": "IPV4_ONLY",
                "subnetwork": "https://www.googleapis.com/compute/v1/projects/dockerlabs-332203/regions/us-east1/subnetworks/default",
                "subnetwork_project": "dockerlabs-332203"
              }
            ],
            "project": "dockerlabs-332203",
            "reservation_affinity": [],
            "resource_policies": null,
            "scheduling": [
              {
                "automatic_restart": true,
                "min_node_cpus": 0,
                "node_affinities": [],
                "on_host_maintenance": "MIGRATE",
                "preemptible": false
              }
            ],
            "scratch_disk": [],
            "self_link": "https://www.googleapis.com/compute/v1/projects/dockerlabs-332203/zones/us-east1-b/instances/lab-1",
            "service_account": [],
            "shielded_instance_config": [
              {
                "enable_integrity_monitoring": true,
                "enable_secure_boot": false,
                "enable_vtpm": true
              }
            ],
            "tags": [
              "dockerlabs"
            ],
            "tags_fingerprint": "UAaZt4n-Icc=",
            "timeouts": null,
            "zone": "us-east1-b"
          },
          "sensitive_attributes": [],
          "private": "eyJlMmJmYjczMC1lY2FhLTExZTYtOGY4OC0zNDM2M2JjN2M0YzAiOnsiY3JlYXRlIjoxMjAwMDAwMDAwMDAwLCJkZWxldGUiOjEyMDAwMDAwMDAwMDAsInVwZGF0ZSI6MTIwMDAwMDAwMDAwMH0sInNjaGVtYV92ZXJzaW9uIjoiNiJ9",
          "dependencies": [
            "data.google_compute_image.master_image"
          ]
        }
      ]
    },
    {
      "mode": "managed",
      "type": "local_file",
      "name": "ssh_private_key_pem",
      "provider": "provider[\"registry.terraform.io/hashicorp/local\"]",
      "instances": [
        {
          "schema_version": 0,
          "attributes": {
            "content": null,
            "content_base64": null,
            "directory_permission": "0777",
            "file_permission": "0600",
            "filename": "../keys/prod/id_rsa",
            "id": "2aa8bc62e683175b1e939ac387482d0a359e41f1",
            "sensitive_content": "-----BEGIN RSA PRIVATE KEY-----\nMIIEpQIBAAKCAQEArzcmg00Xxzqv8zSpuglwo04eCQ97WHn1VLd+l9Wh7emu4DN5\nOgSTRYHMz/cMrVDs/dSHJamoxsvEMbSQv2CZqs0WpSobffr+Z33shAqZ4CIoKEdq\nPDjnKo+8mmEAWQoDONtLieE2V8/2szMpc3yN7KXuuKhRhxkJil3pvG0jioJN7UcS\ncXsGWns7uWcLW8AT+ajcRXPP1CQSRN+nz9iFBfISrRAYTGUKbaRtCreGKZ1r+V0G\ngZ/WkvM0Q17YFzBvpT6z7mbNLA8K9QvSkX0gu/mPl21g9yjuugDLe8YJmmEjJnwh\nwRKgpMs1pJcotg2w1Oi2ctmDB7VcSMvsVv0/+QIDAQABAoIBAQCdVxYDhGAc7QuB\nh0H+qGl4jDaWhkuKOQJgT+KjMBkYTudVt4Nd4Svql9O20K+Wl3wpuAaggIjp86M7\ny1zMLk/vu/lg2b4UVCbOAps4O1jQl3ueJ/szFxom8yo3K3IngsE/9lUP/KhTFJIB\ne6j2Ztv/rUYAlk2X1pjlos25AfyPbFVyQRAUIm+dw7GwMRVsbk5ykXFzdpsbFZxT\nWAEe5LO/WpA+1gAdpzL4tc5GOtGmsl10ww2Ww+HXHd7bS2Wm5etJqVsZweaJUUh8\nzBgr5GxmzJN1K2TF1e9A66KR9IzyM5GwVlYRm94DXvU9YxqLncc2i2CbtNrhBnQB\nsKKop1PdAoGBANU3CrUFJYNg6kYxD129k13E90qd4/zh5lUhmAOeU+6ApzfYXUMb\nn1vIO2CBqPDVZYsAtrJwIhviDgPCBd3bkYpnYRlpI8R3AKQ6SSN/DrbVb8Lgy+hv\njoEzO4rzJ2gstM4O1r2M8dCcC2JbmES7kycsGBa6b0QeGKuO/XtBpHzXAoGBANJg\nDVBxJ+l3y/A4xhuxC8Y5FDD9bPPCaP9abWSKcNT8aRxPJ0k24e2d3lQa8iBX0M0g\nTUP++KTI2PLjIj33CEFYakCN07H+eLGQ6Crtv/GglicHT20i2byk8T/4TxVIPmnc\nCdAiogRc/sr2T1op+F/WYfSoUXCPK6FSavykZT+vAoGBAICnYs2R2m3o99P83HHK\n53YoWLNsjFpWEP8Dc0+TpL+AX+ZBpxzMOR9PtgxokIEpssjqWFNZeCts/tnjpFiX\nmb1y3dNQbuWojPmLtgA2NbG7HmHv9Po+/jUVrfMM/5VLjJnduFPODUe8MN5buIiY\nypVTdQGZ43Ot2WMDuA48sL0nAoGAadm4eUQmL9t9+oWmcGJ5qSgpF6k7u76S9AC8\nz/y0XwYNoRfWjYkWzmdDaZARSeLFhaB+H/tXghooxrUwEnuMZMym0YpK/OEsOzPN\nDWSI0nvZcRPFjAUgB0H6vRQkPnIWLU9whJAYcxeTf+3E6Xn6pcYJjX9vUrJG4qnE\neRACfbMCgYEAmym64nh4NnL0LZgVRhFLF88DTkHnKn+yprlBdRndHWZdhuqUbl5e\nXKIKZ0/ZnaYhl1V35WgqmPqG0dMTFhhCnMLLK5W9abjwgWi+gfM2LnhbNM4Q6g3A\nlZ4JqNni5Lhpgb5a2n+30fhR2e+lKWgeVIxdMOgZALdJ0830Deg9/ek=\n-----END RSA PRIVATE KEY-----\n",
            "source": null
          },
          "sensitive_attributes": [
            [
              {
                "type": "get_attr",
                "value": "sensitive_content"
              }
            ]
          ],
          "private": "bnVsbA==",
          "dependencies": [
            "tls_private_key.global_key"
          ]
        }
      ]
    },
    {
      "mode": "managed",
      "type": "local_file",
      "name": "ssh_public_key_pem",
      "provider": "provider[\"registry.terraform.io/hashicorp/local\"]",
      "instances": [
        {
          "schema_version": 0,
          "attributes": {
            "content": null,
            "content_base64": null,
            "directory_permission": "0777",
            "file_permission": "0600",
            "filename": "../keys/prod/id_rsa.pub",
            "id": "c814252692c317072c1744c333189dd34f52a69a",
            "sensitive_content": "-----BEGIN PUBLIC KEY-----\nMIIBIjANBgkqhkiG9w0BAQEFAAOCAQ8AMIIBCgKCAQEArzcmg00Xxzqv8zSpuglw\no04eCQ97WHn1VLd+l9Wh7emu4DN5OgSTRYHMz/cMrVDs/dSHJamoxsvEMbSQv2CZ\nqs0WpSobffr+Z33shAqZ4CIoKEdqPDjnKo+8mmEAWQoDONtLieE2V8/2szMpc3yN\n7KXuuKhRhxkJil3pvG0jioJN7UcScXsGWns7uWcLW8AT+ajcRXPP1CQSRN+nz9iF\nBfISrRAYTGUKbaRtCreGKZ1r+V0GgZ/WkvM0Q17YFzBvpT6z7mbNLA8K9QvSkX0g\nu/mPl21g9yjuugDLe8YJmmEjJnwhwRKgpMs1pJcotg2w1Oi2ctmDB7VcSMvsVv0/\n+QIDAQAB\n-----END PUBLIC KEY-----\n",
            "source": null
          },
          "sensitive_attributes": [],
          "private": "bnVsbA==",
          "dependencies": [
            "tls_private_key.global_key"
          ]
        }
      ]
    },
    {
      "mode": "managed",
      "type": "tls_private_key",
      "name": "global_key",
      "provider": "provider[\"registry.terraform.io/hashicorp/tls\"]",
      "instances": [
        {
          "schema_version": 0,
          "attributes": {
            "algorithm": "RSA",
            "ecdsa_curve": "P224",
            "id": "ea219743c7dfa791c5ead71a96558b2351c43371",
            "private_key_pem": "-----BEGIN RSA PRIVATE KEY-----\nMIIEpQIBAAKCAQEArzcmg00Xxzqv8zSpuglwo04eCQ97WHn1VLd+l9Wh7emu4DN5\nOgSTRYHMz/cMrVDs/dSHJamoxsvEMbSQv2CZqs0WpSobffr+Z33shAqZ4CIoKEdq\nPDjnKo+8mmEAWQoDONtLieE2V8/2szMpc3yN7KXuuKhRhxkJil3pvG0jioJN7UcS\ncXsGWns7uWcLW8AT+ajcRXPP1CQSRN+nz9iFBfISrRAYTGUKbaRtCreGKZ1r+V0G\ngZ/WkvM0Q17YFzBvpT6z7mbNLA8K9QvSkX0gu/mPl21g9yjuugDLe8YJmmEjJnwh\nwRKgpMs1pJcotg2w1Oi2ctmDB7VcSMvsVv0/+QIDAQABAoIBAQCdVxYDhGAc7QuB\nh0H+qGl4jDaWhkuKOQJgT+KjMBkYTudVt4Nd4Svql9O20K+Wl3wpuAaggIjp86M7\ny1zMLk/vu/lg2b4UVCbOAps4O1jQl3ueJ/szFxom8yo3K3IngsE/9lUP/KhTFJIB\ne6j2Ztv/rUYAlk2X1pjlos25AfyPbFVyQRAUIm+dw7GwMRVsbk5ykXFzdpsbFZxT\nWAEe5LO/WpA+1gAdpzL4tc5GOtGmsl10ww2Ww+HXHd7bS2Wm5etJqVsZweaJUUh8\nzBgr5GxmzJN1K2TF1e9A66KR9IzyM5GwVlYRm94DXvU9YxqLncc2i2CbtNrhBnQB\nsKKop1PdAoGBANU3CrUFJYNg6kYxD129k13E90qd4/zh5lUhmAOeU+6ApzfYXUMb\nn1vIO2CBqPDVZYsAtrJwIhviDgPCBd3bkYpnYRlpI8R3AKQ6SSN/DrbVb8Lgy+hv\njoEzO4rzJ2gstM4O1r2M8dCcC2JbmES7kycsGBa6b0QeGKuO/XtBpHzXAoGBANJg\nDVBxJ+l3y/A4xhuxC8Y5FDD9bPPCaP9abWSKcNT8aRxPJ0k24e2d3lQa8iBX0M0g\nTUP++KTI2PLjIj33CEFYakCN07H+eLGQ6Crtv/GglicHT20i2byk8T/4TxVIPmnc\nCdAiogRc/sr2T1op+F/WYfSoUXCPK6FSavykZT+vAoGBAICnYs2R2m3o99P83HHK\n53YoWLNsjFpWEP8Dc0+TpL+AX+ZBpxzMOR9PtgxokIEpssjqWFNZeCts/tnjpFiX\nmb1y3dNQbuWojPmLtgA2NbG7HmHv9Po+/jUVrfMM/5VLjJnduFPODUe8MN5buIiY\nypVTdQGZ43Ot2WMDuA48sL0nAoGAadm4eUQmL9t9+oWmcGJ5qSgpF6k7u76S9AC8\nz/y0XwYNoRfWjYkWzmdDaZARSeLFhaB+H/tXghooxrUwEnuMZMym0YpK/OEsOzPN\nDWSI0nvZcRPFjAUgB0H6vRQkPnIWLU9whJAYcxeTf+3E6Xn6pcYJjX9vUrJG4qnE\neRACfbMCgYEAmym64nh4NnL0LZgVRhFLF88DTkHnKn+yprlBdRndHWZdhuqUbl5e\nXKIKZ0/ZnaYhl1V35WgqmPqG0dMTFhhCnMLLK5W9abjwgWi+gfM2LnhbNM4Q6g3A\nlZ4JqNni5Lhpgb5a2n+30fhR2e+lKWgeVIxdMOgZALdJ0830Deg9/ek=\n-----END RSA PRIVATE KEY-----\n",
            "public_key_fingerprint_md5": "87:e4:46:62:d1:d9:5c:96:00:38:c0:7a:67:87:15:2e",
            "public_key_openssh": "ssh-rsa AAAAB3NzaC1yc2EAAAADAQABAAABAQCvNyaDTRfHOq/zNKm6CXCjTh4JD3tYefVUt36X1aHt6a7gM3k6BJNFgczP9wytUOz91IclqajGy8QxtJC/YJmqzRalKht9+v5nfeyECpngIigoR2o8OOcqj7yaYQBZCgM420uJ4TZXz/azMylzfI3spe64qFGHGQmKXem8bSOKgk3tRxJxewZaezu5ZwtbwBP5qNxFc8/UJBJE36fP2IUF8hKtEBhMZQptpG0Kt4YpnWv5XQaBn9aS8zRDXtgXMG+lPrPuZs0sDwr1C9KRfSC7+Y+XbWD3KO66AMt7xgmaYSMmfCHBEqCkyzWklyi2DbDU6LZy2YMHtVxIy+xW/T/5\n",
            "public_key_pem": "-----BEGIN PUBLIC KEY-----\nMIIBIjANBgkqhkiG9w0BAQEFAAOCAQ8AMIIBCgKCAQEArzcmg00Xxzqv8zSpuglw\no04eCQ97WHn1VLd+l9Wh7emu4DN5OgSTRYHMz/cMrVDs/dSHJamoxsvEMbSQv2CZ\nqs0WpSobffr+Z33shAqZ4CIoKEdqPDjnKo+8mmEAWQoDONtLieE2V8/2szMpc3yN\n7KXuuKhRhxkJil3pvG0jioJN7UcScXsGWns7uWcLW8AT+ajcRXPP1CQSRN+nz9iF\nBfISrRAYTGUKbaRtCreGKZ1r+V0GgZ/WkvM0Q17YFzBvpT6z7mbNLA8K9QvSkX0g\nu/mPl21g9yjuugDLe8YJmmEjJnwhwRKgpMs1pJcotg2w1Oi2ctmDB7VcSMvsVv0/\n+QIDAQAB\n-----END PUBLIC KEY-----\n",
            "rsa_bits": 2048
          },
          "sensitive_attributes": [],
          "private": "bnVsbA=="
        }
      ]
    }
  ]
}
