{
  "version": 4,
  "terraform_version": "1.0.9",
  "serial": 214,
  "lineage": "6314abf5-ae5e-30ca-1780-64f38531e16e",
  "outputs": {},
  "resources": [
    {
      "mode": "data",
      "type": "google_compute_image",
      "name": "master_image",
      "provider": "provider[\"registry.terraform.io/hashicorp/google\"]",
      "instances": [
        {
          "schema_version": 0,
          "attributes": {
            "archive_size_bytes": 2613608256,
            "creation_timestamp": "2021-11-03T07:15:52.356-07:00",
            "description": "Canonical, Ubuntu, 20.04 LTS, amd64 focal image built on 2021-11-02, supports Shielded VM features",
            "disk_size_gb": 10,
            "family": "ubuntu-2004-lts",
            "filter": null,
            "id": "projects/ubuntu-os-cloud/global/images/ubuntu-2004-focal-v20211102",
            "image_encryption_key_sha256": "",
            "image_id": "3796453266954332023",
            "label_fingerprint": "42WmSpB8rSM=",
            "labels": {},
            "licenses": [
              "https://www.googleapis.com/compute/v1/projects/ubuntu-os-cloud/global/licenses/ubuntu-2004-lts"
            ],
            "name": "ubuntu-2004-focal-v20211102",
            "project": "ubuntu-os-cloud",
            "self_link": "https://www.googleapis.com/compute/v1/projects/ubuntu-os-cloud/global/images/ubuntu-2004-focal-v20211102",
            "source_disk": "",
            "source_disk_encryption_key_sha256": "",
            "source_disk_id": "",
            "source_image_id": "",
            "status": "READY"
          },
          "sensitive_attributes": []
        }
      ]
    },
    {
      "mode": "managed",
      "type": "google_compute_instance",
      "name": "lab",
      "provider": "provider[\"registry.terraform.io/hashicorp/google\"]",
      "instances": [
        {
          "index_key": 0,
          "schema_version": 6,
          "attributes": {
            "advanced_machine_features": [],
            "allow_stopping_for_update": null,
            "attached_disk": [],
            "boot_disk": [
              {
                "auto_delete": true,
                "device_name": "persistent-disk-0",
                "disk_encryption_key_raw": "",
                "disk_encryption_key_sha256": "",
                "initialize_params": [
                  {
                    "image": "https://www.googleapis.com/compute/v1/projects/ubuntu-os-cloud/global/images/ubuntu-2004-focal-v20211102",
                    "labels": {
                      "env": "production",
                      "name": "lab",
                      "team": "cenfotec",
                      "user": "docker"
                    },
                    "size": 10,
                    "type": "pd-standard"
                  }
                ],
                "kms_key_self_link": "",
                "mode": "READ_WRITE",
                "source": "https://www.googleapis.com/compute/v1/projects/dockerlabs-332203/zones/us-east1-b/disks/lab-1"
              }
            ],
            "can_ip_forward": false,
            "confidential_instance_config": [],
            "cpu_platform": "Intel Haswell",
            "current_status": "RUNNING",
            "deletion_protection": false,
            "description": "",
            "desired_status": null,
            "enable_display": false,
            "guest_accelerator": [],
            "hostname": "",
            "id": "projects/dockerlabs-332203/zones/us-east1-b/instances/lab-1",
            "instance_id": "8108975009122188187",
            "label_fingerprint": "nkrmE69Wna4=",
            "labels": {
              "env": "production",
              "name": "lab",
              "team": "cenfotec",
              "user": "docker"
            },
            "machine_type": "f1-micro",
            "metadata": {
              "ssh-keys": "dockerlab:ssh-rsa AAAAB3NzaC1yc2EAAAADAQABAAABAQCtsbuMjUTadODhwKLNmnsp8z/qvbwl78iI+2s2jD/z837CySsP/24VrBJaRUC2V3ByWbTepuYrDN46N4J1DnH1nQdFewymW7BbrVOTWiTOuo72nRW1zpsovTCl1bOmuRo2PpYgRF/+ukdFpAsA8eXDpVr3GsWftNzKNp/s6XQ8p5iBFmcuAXDw0BxkDxD7PyPvr14mvVWC/TENBzb2yxRyPoZ6miSd4EF/BpPUHkKFYf9bxzdu85t+3bNnwhaWF+/wRV3K4boYtd16BH8KleLKKjIAuerGy2+yrngqxtRWbgedTzWQ18GzkQgh/5kjupAdKNNHFMtnYUhC7Lv7UwAz\n",
              "user-data": "#!/bin/bash -x\n\n# user\nadduser dockerlab --gecos \"$fullname,RoomNumber,WorkPhone,HomePhone\" --disabled-password\necho -e \"password\\npassword\\n\" | passwd dockerlab\npasswd --expire dockerlab\nadduser dockerlab sudo\nmkdir -p /home/dockerlab/.ssh\ncp ~/.ssh/authorized_keys /home/dockerlab/.ssh/\nchown dockerlab:dockerlab /home/dockerlab/.ssh/authorized_keys\nchmod 600  /home/dockerlab/.ssh/authorized_keys\n"
            },
            "metadata_fingerprint": "iNxT9Kj38ws=",
            "metadata_startup_script": null,
            "min_cpu_platform": "",
            "name": "lab-1",
            "network_interface": [
              {
                "access_config": [
                  {
                    "nat_ip": "35.229.86.219",
                    "network_tier": "PREMIUM",
                    "public_ptr_domain_name": ""
                  }
                ],
                "alias_ip_range": [],
                "ipv6_access_config": [],
                "ipv6_access_type": "",
                "name": "nic0",
                "network": "https://www.googleapis.com/compute/v1/projects/dockerlabs-332203/global/networks/default",
                "network_ip": "10.142.0.61",
                "nic_type": "",
                "stack_type": "IPV4_ONLY",
                "subnetwork": "https://www.googleapis.com/compute/v1/projects/dockerlabs-332203/regions/us-east1/subnetworks/default",
                "subnetwork_project": "dockerlabs-332203"
              }
            ],
            "project": "dockerlabs-332203",
            "reservation_affinity": [],
            "resource_policies": null,
            "scheduling": [
              {
                "automatic_restart": true,
                "min_node_cpus": 0,
                "node_affinities": [],
                "on_host_maintenance": "MIGRATE",
                "preemptible": false
              }
            ],
            "scratch_disk": [],
            "self_link": "https://www.googleapis.com/compute/v1/projects/dockerlabs-332203/zones/us-east1-b/instances/lab-1",
            "service_account": [],
            "shielded_instance_config": [
              {
                "enable_integrity_monitoring": true,
                "enable_secure_boot": false,
                "enable_vtpm": true
              }
            ],
            "tags": [
              "dockerlabs"
            ],
            "tags_fingerprint": "UAaZt4n-Icc=",
            "timeouts": null,
            "zone": "us-east1-b"
          },
          "sensitive_attributes": [],
          "private": "eyJlMmJmYjczMC1lY2FhLTExZTYtOGY4OC0zNDM2M2JjN2M0YzAiOnsiY3JlYXRlIjoxMjAwMDAwMDAwMDAwLCJkZWxldGUiOjEyMDAwMDAwMDAwMDAsInVwZGF0ZSI6MTIwMDAwMDAwMDAwMH0sInNjaGVtYV92ZXJzaW9uIjoiNiJ9",
          "dependencies": [
            "data.google_compute_image.master_image",
            "tls_private_key.global_key"
          ]
        },
        {
          "index_key": 1,
          "schema_version": 6,
          "attributes": {
            "advanced_machine_features": [],
            "allow_stopping_for_update": null,
            "attached_disk": [],
            "boot_disk": [
              {
                "auto_delete": true,
                "device_name": "persistent-disk-0",
                "disk_encryption_key_raw": "",
                "disk_encryption_key_sha256": "",
                "initialize_params": [
                  {
                    "image": "https://www.googleapis.com/compute/v1/projects/ubuntu-os-cloud/global/images/ubuntu-2004-focal-v20211102",
                    "labels": {
                      "env": "production",
                      "name": "lab",
                      "team": "cenfotec",
                      "user": "docker"
                    },
                    "size": 10,
                    "type": "pd-standard"
                  }
                ],
                "kms_key_self_link": "",
                "mode": "READ_WRITE",
                "source": "https://www.googleapis.com/compute/v1/projects/dockerlabs-332203/zones/us-east1-b/disks/lab-2"
              }
            ],
            "can_ip_forward": false,
            "confidential_instance_config": [],
            "cpu_platform": "Intel Haswell",
            "current_status": "RUNNING",
            "deletion_protection": false,
            "description": "",
            "desired_status": null,
            "enable_display": false,
            "guest_accelerator": [],
            "hostname": "",
            "id": "projects/dockerlabs-332203/zones/us-east1-b/instances/lab-2",
            "instance_id": "1439021782051814299",
            "label_fingerprint": "nkrmE69Wna4=",
            "labels": {
              "env": "production",
              "name": "lab",
              "team": "cenfotec",
              "user": "docker"
            },
            "machine_type": "f1-micro",
            "metadata": {
              "ssh-keys": "dockerlab:ssh-rsa AAAAB3NzaC1yc2EAAAADAQABAAABAQCtsbuMjUTadODhwKLNmnsp8z/qvbwl78iI+2s2jD/z837CySsP/24VrBJaRUC2V3ByWbTepuYrDN46N4J1DnH1nQdFewymW7BbrVOTWiTOuo72nRW1zpsovTCl1bOmuRo2PpYgRF/+ukdFpAsA8eXDpVr3GsWftNzKNp/s6XQ8p5iBFmcuAXDw0BxkDxD7PyPvr14mvVWC/TENBzb2yxRyPoZ6miSd4EF/BpPUHkKFYf9bxzdu85t+3bNnwhaWF+/wRV3K4boYtd16BH8KleLKKjIAuerGy2+yrngqxtRWbgedTzWQ18GzkQgh/5kjupAdKNNHFMtnYUhC7Lv7UwAz\n",
              "user-data": "#!/bin/bash -x\n\n# user\nadduser dockerlab --gecos \"$fullname,RoomNumber,WorkPhone,HomePhone\" --disabled-password\necho -e \"password\\npassword\\n\" | passwd dockerlab\npasswd --expire dockerlab\nadduser dockerlab sudo\nmkdir -p /home/dockerlab/.ssh\ncp ~/.ssh/authorized_keys /home/dockerlab/.ssh/\nchown dockerlab:dockerlab /home/dockerlab/.ssh/authorized_keys\nchmod 600  /home/dockerlab/.ssh/authorized_keys\n"
            },
            "metadata_fingerprint": "iNxT9Kj38ws=",
            "metadata_startup_script": null,
            "min_cpu_platform": "",
            "name": "lab-2",
            "network_interface": [
              {
                "access_config": [
                  {
                    "nat_ip": "34.74.217.214",
                    "network_tier": "PREMIUM",
                    "public_ptr_domain_name": ""
                  }
                ],
                "alias_ip_range": [],
                "ipv6_access_config": [],
                "ipv6_access_type": "",
                "name": "nic0",
                "network": "https://www.googleapis.com/compute/v1/projects/dockerlabs-332203/global/networks/default",
                "network_ip": "10.142.0.58",
                "nic_type": "",
                "stack_type": "IPV4_ONLY",
                "subnetwork": "https://www.googleapis.com/compute/v1/projects/dockerlabs-332203/regions/us-east1/subnetworks/default",
                "subnetwork_project": "dockerlabs-332203"
              }
            ],
            "project": "dockerlabs-332203",
            "reservation_affinity": [],
            "resource_policies": null,
            "scheduling": [
              {
                "automatic_restart": true,
                "min_node_cpus": 0,
                "node_affinities": [],
                "on_host_maintenance": "MIGRATE",
                "preemptible": false
              }
            ],
            "scratch_disk": [],
            "self_link": "https://www.googleapis.com/compute/v1/projects/dockerlabs-332203/zones/us-east1-b/instances/lab-2",
            "service_account": [],
            "shielded_instance_config": [
              {
                "enable_integrity_monitoring": true,
                "enable_secure_boot": false,
                "enable_vtpm": true
              }
            ],
            "tags": [
              "dockerlabs"
            ],
            "tags_fingerprint": "UAaZt4n-Icc=",
            "timeouts": null,
            "zone": "us-east1-b"
          },
          "sensitive_attributes": [],
          "private": "eyJlMmJmYjczMC1lY2FhLTExZTYtOGY4OC0zNDM2M2JjN2M0YzAiOnsiY3JlYXRlIjoxMjAwMDAwMDAwMDAwLCJkZWxldGUiOjEyMDAwMDAwMDAwMDAsInVwZGF0ZSI6MTIwMDAwMDAwMDAwMH0sInNjaGVtYV92ZXJzaW9uIjoiNiJ9",
          "dependencies": [
            "data.google_compute_image.master_image",
            "tls_private_key.global_key"
          ]
        },
        {
          "index_key": 3,
          "schema_version": 6,
          "attributes": {
            "advanced_machine_features": [],
            "allow_stopping_for_update": null,
            "attached_disk": [],
            "boot_disk": [
              {
                "auto_delete": true,
                "device_name": "persistent-disk-0",
                "disk_encryption_key_raw": "",
                "disk_encryption_key_sha256": "",
                "initialize_params": [
                  {
                    "image": "https://www.googleapis.com/compute/v1/projects/ubuntu-os-cloud/global/images/ubuntu-2004-focal-v20211102",
                    "labels": {
                      "env": "production",
                      "name": "lab",
                      "team": "cenfotec",
                      "user": "docker"
                    },
                    "size": 10,
                    "type": "pd-standard"
                  }
                ],
                "kms_key_self_link": "",
                "mode": "READ_WRITE",
                "source": "https://www.googleapis.com/compute/v1/projects/dockerlabs-332203/zones/us-east1-b/disks/lab-4"
              }
            ],
            "can_ip_forward": false,
            "confidential_instance_config": [],
            "cpu_platform": "Intel Haswell",
            "current_status": "RUNNING",
            "deletion_protection": false,
            "description": "",
            "desired_status": null,
            "enable_display": false,
            "guest_accelerator": [],
            "hostname": "",
            "id": "projects/dockerlabs-332203/zones/us-east1-b/instances/lab-4",
            "instance_id": "2780687149194771355",
            "label_fingerprint": "nkrmE69Wna4=",
            "labels": {
              "env": "production",
              "name": "lab",
              "team": "cenfotec",
              "user": "docker"
            },
            "machine_type": "f1-micro",
            "metadata": {
              "ssh-keys": "dockerlab:ssh-rsa AAAAB3NzaC1yc2EAAAADAQABAAABAQCtsbuMjUTadODhwKLNmnsp8z/qvbwl78iI+2s2jD/z837CySsP/24VrBJaRUC2V3ByWbTepuYrDN46N4J1DnH1nQdFewymW7BbrVOTWiTOuo72nRW1zpsovTCl1bOmuRo2PpYgRF/+ukdFpAsA8eXDpVr3GsWftNzKNp/s6XQ8p5iBFmcuAXDw0BxkDxD7PyPvr14mvVWC/TENBzb2yxRyPoZ6miSd4EF/BpPUHkKFYf9bxzdu85t+3bNnwhaWF+/wRV3K4boYtd16BH8KleLKKjIAuerGy2+yrngqxtRWbgedTzWQ18GzkQgh/5kjupAdKNNHFMtnYUhC7Lv7UwAz\n",
              "user-data": "#!/bin/bash -x\n\n# user\nadduser dockerlab --gecos \"$fullname,RoomNumber,WorkPhone,HomePhone\" --disabled-password\necho -e \"password\\npassword\\n\" | passwd dockerlab\npasswd --expire dockerlab\nadduser dockerlab sudo\nmkdir -p /home/dockerlab/.ssh\ncp ~/.ssh/authorized_keys /home/dockerlab/.ssh/\nchown dockerlab:dockerlab /home/dockerlab/.ssh/authorized_keys\nchmod 600  /home/dockerlab/.ssh/authorized_keys\n"
            },
            "metadata_fingerprint": "iNxT9Kj38ws=",
            "metadata_startup_script": null,
            "min_cpu_platform": "",
            "name": "lab-4",
            "network_interface": [
              {
                "access_config": [
                  {
                    "nat_ip": "35.231.107.142",
                    "network_tier": "PREMIUM",
                    "public_ptr_domain_name": ""
                  }
                ],
                "alias_ip_range": [],
                "ipv6_access_config": [],
                "ipv6_access_type": "",
                "name": "nic0",
                "network": "https://www.googleapis.com/compute/v1/projects/dockerlabs-332203/global/networks/default",
                "network_ip": "10.142.0.57",
                "nic_type": "",
                "stack_type": "IPV4_ONLY",
                "subnetwork": "https://www.googleapis.com/compute/v1/projects/dockerlabs-332203/regions/us-east1/subnetworks/default",
                "subnetwork_project": "dockerlabs-332203"
              }
            ],
            "project": "dockerlabs-332203",
            "reservation_affinity": [],
            "resource_policies": null,
            "scheduling": [
              {
                "automatic_restart": true,
                "min_node_cpus": 0,
                "node_affinities": [],
                "on_host_maintenance": "MIGRATE",
                "preemptible": false
              }
            ],
            "scratch_disk": [],
            "self_link": "https://www.googleapis.com/compute/v1/projects/dockerlabs-332203/zones/us-east1-b/instances/lab-4",
            "service_account": [],
            "shielded_instance_config": [
              {
                "enable_integrity_monitoring": true,
                "enable_secure_boot": false,
                "enable_vtpm": true
              }
            ],
            "tags": [
              "dockerlabs"
            ],
            "tags_fingerprint": "UAaZt4n-Icc=",
            "timeouts": null,
            "zone": "us-east1-b"
          },
          "sensitive_attributes": [],
          "private": "eyJlMmJmYjczMC1lY2FhLTExZTYtOGY4OC0zNDM2M2JjN2M0YzAiOnsiY3JlYXRlIjoxMjAwMDAwMDAwMDAwLCJkZWxldGUiOjEyMDAwMDAwMDAwMDAsInVwZGF0ZSI6MTIwMDAwMDAwMDAwMH0sInNjaGVtYV92ZXJzaW9uIjoiNiJ9",
          "dependencies": [
            "data.google_compute_image.master_image",
            "tls_private_key.global_key"
          ]
        },
        {
          "index_key": 4,
          "schema_version": 6,
          "attributes": {
            "advanced_machine_features": [],
            "allow_stopping_for_update": null,
            "attached_disk": [],
            "boot_disk": [
              {
                "auto_delete": true,
                "device_name": "persistent-disk-0",
                "disk_encryption_key_raw": "",
                "disk_encryption_key_sha256": "",
                "initialize_params": [
                  {
                    "image": "https://www.googleapis.com/compute/v1/projects/ubuntu-os-cloud/global/images/ubuntu-2004-focal-v20211102",
                    "labels": {
                      "env": "production",
                      "name": "lab",
                      "team": "cenfotec",
                      "user": "docker"
                    },
                    "size": 10,
                    "type": "pd-standard"
                  }
                ],
                "kms_key_self_link": "",
                "mode": "READ_WRITE",
                "source": "https://www.googleapis.com/compute/v1/projects/dockerlabs-332203/zones/us-east1-b/disks/lab-5"
              }
            ],
            "can_ip_forward": false,
            "confidential_instance_config": [],
            "cpu_platform": "Intel Haswell",
            "current_status": "RUNNING",
            "deletion_protection": false,
            "description": "",
            "desired_status": null,
            "enable_display": false,
            "guest_accelerator": [],
            "hostname": "",
            "id": "projects/dockerlabs-332203/zones/us-east1-b/instances/lab-5",
            "instance_id": "389589949688544155",
            "label_fingerprint": "nkrmE69Wna4=",
            "labels": {
              "env": "production",
              "name": "lab",
              "team": "cenfotec",
              "user": "docker"
            },
            "machine_type": "f1-micro",
            "metadata": {
              "ssh-keys": "dockerlab:ssh-rsa AAAAB3NzaC1yc2EAAAADAQABAAABAQCtsbuMjUTadODhwKLNmnsp8z/qvbwl78iI+2s2jD/z837CySsP/24VrBJaRUC2V3ByWbTepuYrDN46N4J1DnH1nQdFewymW7BbrVOTWiTOuo72nRW1zpsovTCl1bOmuRo2PpYgRF/+ukdFpAsA8eXDpVr3GsWftNzKNp/s6XQ8p5iBFmcuAXDw0BxkDxD7PyPvr14mvVWC/TENBzb2yxRyPoZ6miSd4EF/BpPUHkKFYf9bxzdu85t+3bNnwhaWF+/wRV3K4boYtd16BH8KleLKKjIAuerGy2+yrngqxtRWbgedTzWQ18GzkQgh/5kjupAdKNNHFMtnYUhC7Lv7UwAz\n",
              "user-data": "#!/bin/bash -x\n\n# user\nadduser dockerlab --gecos \"$fullname,RoomNumber,WorkPhone,HomePhone\" --disabled-password\necho -e \"password\\npassword\\n\" | passwd dockerlab\npasswd --expire dockerlab\nadduser dockerlab sudo\nmkdir -p /home/dockerlab/.ssh\ncp ~/.ssh/authorized_keys /home/dockerlab/.ssh/\nchown dockerlab:dockerlab /home/dockerlab/.ssh/authorized_keys\nchmod 600  /home/dockerlab/.ssh/authorized_keys\n"
            },
            "metadata_fingerprint": "iNxT9Kj38ws=",
            "metadata_startup_script": null,
            "min_cpu_platform": "",
            "name": "lab-5",
            "network_interface": [
              {
                "access_config": [
                  {
                    "nat_ip": "35.237.151.66",
                    "network_tier": "PREMIUM",
                    "public_ptr_domain_name": ""
                  }
                ],
                "alias_ip_range": [],
                "ipv6_access_config": [],
                "ipv6_access_type": "",
                "name": "nic0",
                "network": "https://www.googleapis.com/compute/v1/projects/dockerlabs-332203/global/networks/default",
                "network_ip": "10.142.0.56",
                "nic_type": "",
                "stack_type": "IPV4_ONLY",
                "subnetwork": "https://www.googleapis.com/compute/v1/projects/dockerlabs-332203/regions/us-east1/subnetworks/default",
                "subnetwork_project": "dockerlabs-332203"
              }
            ],
            "project": "dockerlabs-332203",
            "reservation_affinity": [],
            "resource_policies": null,
            "scheduling": [
              {
                "automatic_restart": true,
                "min_node_cpus": 0,
                "node_affinities": [],
                "on_host_maintenance": "MIGRATE",
                "preemptible": false
              }
            ],
            "scratch_disk": [],
            "self_link": "https://www.googleapis.com/compute/v1/projects/dockerlabs-332203/zones/us-east1-b/instances/lab-5",
            "service_account": [],
            "shielded_instance_config": [
              {
                "enable_integrity_monitoring": true,
                "enable_secure_boot": false,
                "enable_vtpm": true
              }
            ],
            "tags": [
              "dockerlabs"
            ],
            "tags_fingerprint": "UAaZt4n-Icc=",
            "timeouts": null,
            "zone": "us-east1-b"
          },
          "sensitive_attributes": [],
          "private": "eyJlMmJmYjczMC1lY2FhLTExZTYtOGY4OC0zNDM2M2JjN2M0YzAiOnsiY3JlYXRlIjoxMjAwMDAwMDAwMDAwLCJkZWxldGUiOjEyMDAwMDAwMDAwMDAsInVwZGF0ZSI6MTIwMDAwMDAwMDAwMH0sInNjaGVtYV92ZXJzaW9uIjoiNiJ9",
          "dependencies": [
            "data.google_compute_image.master_image",
            "tls_private_key.global_key"
          ]
        },
        {
          "index_key": 6,
          "schema_version": 6,
          "attributes": {
            "advanced_machine_features": [],
            "allow_stopping_for_update": null,
            "attached_disk": [],
            "boot_disk": [
              {
                "auto_delete": true,
                "device_name": "persistent-disk-0",
                "disk_encryption_key_raw": "",
                "disk_encryption_key_sha256": "",
                "initialize_params": [
                  {
                    "image": "https://www.googleapis.com/compute/v1/projects/ubuntu-os-cloud/global/images/ubuntu-2004-focal-v20211102",
                    "labels": {
                      "env": "production",
                      "name": "lab",
                      "team": "cenfotec",
                      "user": "docker"
                    },
                    "size": 10,
                    "type": "pd-standard"
                  }
                ],
                "kms_key_self_link": "",
                "mode": "READ_WRITE",
                "source": "https://www.googleapis.com/compute/v1/projects/dockerlabs-332203/zones/us-east1-b/disks/lab-7"
              }
            ],
            "can_ip_forward": false,
            "confidential_instance_config": [],
            "cpu_platform": "Intel Haswell",
            "current_status": "RUNNING",
            "deletion_protection": false,
            "description": "",
            "desired_status": null,
            "enable_display": false,
            "guest_accelerator": [],
            "hostname": "",
            "id": "projects/dockerlabs-332203/zones/us-east1-b/instances/lab-7",
            "instance_id": "2707290457368394651",
            "label_fingerprint": "nkrmE69Wna4=",
            "labels": {
              "env": "production",
              "name": "lab",
              "team": "cenfotec",
              "user": "docker"
            },
            "machine_type": "f1-micro",
            "metadata": {
              "ssh-keys": "dockerlab:ssh-rsa AAAAB3NzaC1yc2EAAAADAQABAAABAQCtsbuMjUTadODhwKLNmnsp8z/qvbwl78iI+2s2jD/z837CySsP/24VrBJaRUC2V3ByWbTepuYrDN46N4J1DnH1nQdFewymW7BbrVOTWiTOuo72nRW1zpsovTCl1bOmuRo2PpYgRF/+ukdFpAsA8eXDpVr3GsWftNzKNp/s6XQ8p5iBFmcuAXDw0BxkDxD7PyPvr14mvVWC/TENBzb2yxRyPoZ6miSd4EF/BpPUHkKFYf9bxzdu85t+3bNnwhaWF+/wRV3K4boYtd16BH8KleLKKjIAuerGy2+yrngqxtRWbgedTzWQ18GzkQgh/5kjupAdKNNHFMtnYUhC7Lv7UwAz\n",
              "user-data": "#!/bin/bash -x\n\n# user\nadduser dockerlab --gecos \"$fullname,RoomNumber,WorkPhone,HomePhone\" --disabled-password\necho -e \"password\\npassword\\n\" | passwd dockerlab\npasswd --expire dockerlab\nadduser dockerlab sudo\nmkdir -p /home/dockerlab/.ssh\ncp ~/.ssh/authorized_keys /home/dockerlab/.ssh/\nchown dockerlab:dockerlab /home/dockerlab/.ssh/authorized_keys\nchmod 600  /home/dockerlab/.ssh/authorized_keys\n"
            },
            "metadata_fingerprint": "iNxT9Kj38ws=",
            "metadata_startup_script": null,
            "min_cpu_platform": "",
            "name": "lab-7",
            "network_interface": [
              {
                "access_config": [
                  {
                    "nat_ip": "34.139.100.139",
                    "network_tier": "PREMIUM",
                    "public_ptr_domain_name": ""
                  }
                ],
                "alias_ip_range": [],
                "ipv6_access_config": [],
                "ipv6_access_type": "",
                "name": "nic0",
                "network": "https://www.googleapis.com/compute/v1/projects/dockerlabs-332203/global/networks/default",
                "network_ip": "10.142.0.60",
                "nic_type": "",
                "stack_type": "IPV4_ONLY",
                "subnetwork": "https://www.googleapis.com/compute/v1/projects/dockerlabs-332203/regions/us-east1/subnetworks/default",
                "subnetwork_project": "dockerlabs-332203"
              }
            ],
            "project": "dockerlabs-332203",
            "reservation_affinity": [],
            "resource_policies": null,
            "scheduling": [
              {
                "automatic_restart": true,
                "min_node_cpus": 0,
                "node_affinities": [],
                "on_host_maintenance": "MIGRATE",
                "preemptible": false
              }
            ],
            "scratch_disk": [],
            "self_link": "https://www.googleapis.com/compute/v1/projects/dockerlabs-332203/zones/us-east1-b/instances/lab-7",
            "service_account": [],
            "shielded_instance_config": [
              {
                "enable_integrity_monitoring": true,
                "enable_secure_boot": false,
                "enable_vtpm": true
              }
            ],
            "tags": [
              "dockerlabs"
            ],
            "tags_fingerprint": "UAaZt4n-Icc=",
            "timeouts": null,
            "zone": "us-east1-b"
          },
          "sensitive_attributes": [],
          "private": "eyJlMmJmYjczMC1lY2FhLTExZTYtOGY4OC0zNDM2M2JjN2M0YzAiOnsiY3JlYXRlIjoxMjAwMDAwMDAwMDAwLCJkZWxldGUiOjEyMDAwMDAwMDAwMDAsInVwZGF0ZSI6MTIwMDAwMDAwMDAwMH0sInNjaGVtYV92ZXJzaW9uIjoiNiJ9",
          "dependencies": [
            "data.google_compute_image.master_image",
            "tls_private_key.global_key"
          ]
        },
        {
          "index_key": 7,
          "schema_version": 6,
          "attributes": {
            "advanced_machine_features": [],
            "allow_stopping_for_update": null,
            "attached_disk": [],
            "boot_disk": [
              {
                "auto_delete": true,
                "device_name": "persistent-disk-0",
                "disk_encryption_key_raw": "",
                "disk_encryption_key_sha256": "",
                "initialize_params": [
                  {
                    "image": "https://www.googleapis.com/compute/v1/projects/ubuntu-os-cloud/global/images/ubuntu-2004-focal-v20211102",
                    "labels": {
                      "env": "production",
                      "name": "lab",
                      "team": "cenfotec",
                      "user": "docker"
                    },
                    "size": 10,
                    "type": "pd-standard"
                  }
                ],
                "kms_key_self_link": "",
                "mode": "READ_WRITE",
                "source": "https://www.googleapis.com/compute/v1/projects/dockerlabs-332203/zones/us-east1-b/disks/lab-8"
              }
            ],
            "can_ip_forward": false,
            "confidential_instance_config": [],
            "cpu_platform": "Intel Haswell",
            "current_status": "RUNNING",
            "deletion_protection": false,
            "description": "",
            "desired_status": null,
            "enable_display": false,
            "guest_accelerator": [],
            "hostname": "",
            "id": "projects/dockerlabs-332203/zones/us-east1-b/instances/lab-8",
            "instance_id": "7092138980648385435",
            "label_fingerprint": "nkrmE69Wna4=",
            "labels": {
              "env": "production",
              "name": "lab",
              "team": "cenfotec",
              "user": "docker"
            },
            "machine_type": "f1-micro",
            "metadata": {
              "ssh-keys": "dockerlab:ssh-rsa AAAAB3NzaC1yc2EAAAADAQABAAABAQCtsbuMjUTadODhwKLNmnsp8z/qvbwl78iI+2s2jD/z837CySsP/24VrBJaRUC2V3ByWbTepuYrDN46N4J1DnH1nQdFewymW7BbrVOTWiTOuo72nRW1zpsovTCl1bOmuRo2PpYgRF/+ukdFpAsA8eXDpVr3GsWftNzKNp/s6XQ8p5iBFmcuAXDw0BxkDxD7PyPvr14mvVWC/TENBzb2yxRyPoZ6miSd4EF/BpPUHkKFYf9bxzdu85t+3bNnwhaWF+/wRV3K4boYtd16BH8KleLKKjIAuerGy2+yrngqxtRWbgedTzWQ18GzkQgh/5kjupAdKNNHFMtnYUhC7Lv7UwAz\n",
              "user-data": "#!/bin/bash -x\n\n# user\nadduser dockerlab --gecos \"$fullname,RoomNumber,WorkPhone,HomePhone\" --disabled-password\necho -e \"password\\npassword\\n\" | passwd dockerlab\npasswd --expire dockerlab\nadduser dockerlab sudo\nmkdir -p /home/dockerlab/.ssh\ncp ~/.ssh/authorized_keys /home/dockerlab/.ssh/\nchown dockerlab:dockerlab /home/dockerlab/.ssh/authorized_keys\nchmod 600  /home/dockerlab/.ssh/authorized_keys\n"
            },
            "metadata_fingerprint": "iNxT9Kj38ws=",
            "metadata_startup_script": null,
            "min_cpu_platform": "",
            "name": "lab-8",
            "network_interface": [
              {
                "access_config": [
                  {
                    "nat_ip": "34.73.239.50",
                    "network_tier": "PREMIUM",
                    "public_ptr_domain_name": ""
                  }
                ],
                "alias_ip_range": [],
                "ipv6_access_config": [],
                "ipv6_access_type": "",
                "name": "nic0",
                "network": "https://www.googleapis.com/compute/v1/projects/dockerlabs-332203/global/networks/default",
                "network_ip": "10.142.0.59",
                "nic_type": "",
                "stack_type": "IPV4_ONLY",
                "subnetwork": "https://www.googleapis.com/compute/v1/projects/dockerlabs-332203/regions/us-east1/subnetworks/default",
                "subnetwork_project": "dockerlabs-332203"
              }
            ],
            "project": "dockerlabs-332203",
            "reservation_affinity": [],
            "resource_policies": null,
            "scheduling": [
              {
                "automatic_restart": true,
                "min_node_cpus": 0,
                "node_affinities": [],
                "on_host_maintenance": "MIGRATE",
                "preemptible": false
              }
            ],
            "scratch_disk": [],
            "self_link": "https://www.googleapis.com/compute/v1/projects/dockerlabs-332203/zones/us-east1-b/instances/lab-8",
            "service_account": [],
            "shielded_instance_config": [
              {
                "enable_integrity_monitoring": true,
                "enable_secure_boot": false,
                "enable_vtpm": true
              }
            ],
            "tags": [
              "dockerlabs"
            ],
            "tags_fingerprint": "UAaZt4n-Icc=",
            "timeouts": null,
            "zone": "us-east1-b"
          },
          "sensitive_attributes": [],
          "private": "eyJlMmJmYjczMC1lY2FhLTExZTYtOGY4OC0zNDM2M2JjN2M0YzAiOnsiY3JlYXRlIjoxMjAwMDAwMDAwMDAwLCJkZWxldGUiOjEyMDAwMDAwMDAwMDAsInVwZGF0ZSI6MTIwMDAwMDAwMDAwMH0sInNjaGVtYV92ZXJzaW9uIjoiNiJ9",
          "dependencies": [
            "data.google_compute_image.master_image",
            "tls_private_key.global_key"
          ]
        }
      ]
    },
    {
      "mode": "managed",
      "type": "local_file",
      "name": "ssh_private_key_pem",
      "provider": "provider[\"registry.terraform.io/hashicorp/local\"]",
      "instances": [
        {
          "schema_version": 0,
          "attributes": {
            "content": null,
            "content_base64": null,
            "directory_permission": "0777",
            "file_permission": "0600",
            "filename": "../keys/prod/id_rsa",
            "id": "67eb9e1350b9ea17913d9e8b5572be1301cb3dae",
            "sensitive_content": "-----BEGIN RSA PRIVATE KEY-----\nMIIEpAIBAAKCAQEArbG7jI1E2nTg4cCizZp7KfM/6r28Je/IiPtrNow/8/N+wskr\nD/9uFawSWkVAtldwclm03qbmKwzeOjeCdQ5x9Z0HRXsMpluwW61Tk1okzrqO9p0V\ntc6bKL0wpdWzprkaNj6WIERf/rpHRaQLAPHlw6Va9xrFn7Tcyjaf7Ol0PKeYgRZn\nLgFw8NAcZA8Q+z8j769eJr1Vgv0xDQc29ssUcj6GepokneBBfwaT1B5ChWH/W8c3\nbvObft2zZ8IWlhfv8EVdyuG6GLXdegR/CpXiyioyALnqxstvsq54KsbUVm4HnU81\nkNfBs5EIIf+ZI7qQHSjTRxTLZ2FIQuy7+1MAMwIDAQABAoIBAQCkNMOOw7sVH6u+\nIMSIxYOsjBegD1GBN+gIgE/CWOLY+Ricg1wfmqZy/KK5DoF4IL/giygv2e79QgQR\nW4sMqORZg+Ns70BtQX8/nGPHiVAE1F/1i1oL78/Fut3z2U0m0BWUtKRuytVJ1scs\nckIo2YcS6A9QTtIIAw88aFnWunm2IFexvD8pVOveyW+oyyXdj8MTW3ZhQrpsNzC3\nbM6lMPXopOY+6IBkwXmitNtPt++dc+tz8clbxkNngoFhfhkkTNiViagmreHE8AjG\nWTrTACHY7qTX1yv/GLfbMUT08STknvyymmq6Zw58thMOj/8RIIxiBS3AgCfUuzgX\n3ey8UnRpAoGBAOGcIU1ovoaqmPmL8Evpd2iWrCYaCJppSaQiz4SfPvP213w756JG\nv+IqJJMVzYcyuU9MrSFfKzXN4+Y3pW42I2Dx7mb3jHl59QLx8GfRkm1kjnNE90Ih\nHsztwWl7PdCgNADRrdyC/+mRs/UnXsh6fyb5DkxtChiA9ZAatUBbMrdvAoGBAMUX\nW8qI7mNYHytUhz8KRzkY7tEUamhXxKkx+VzPy6VpNNeQWDrlBk6H0I/lEDLIX98m\nmme30PZANmidCPmQohx0qfNTDMKzh4IabRhf4vdJd9b8VWhupqtnwE3dnA4SS0rc\npAx7hFn5WAcpzUWOWwz4+gfDnk0el/5N0SIgqAF9AoGBAK6jFrw++kxvvd5dTnLU\nk9Pn3fXYbRRpr9FYCN6WDjr2tjK6hED/FwVQreMVG3Ut9HfH2LReYKpTZ7gLFwlK\n6vPeEjauJJTbrKbM9NTIStpW3lWn6uXLkXX8DJ1EAsN9XwPLSxPIa6Q3Xt/DzADP\noaFfZIwQU6JIIM2dfvQEJCwNAoGABNFXWxIR0bfbuzFrxOy5ZPnpDI9VMovCsOgZ\n0lz5+2cg9Yv/vCDREKZdQMc2qCchwNCuwY5Ku1pCejgsef1BGTT42ovTKgc9br66\nn/foEmdnWIf+hnj99f6pQr4CDI4B7SiLkgqK57AiqLoq3GJoc166renoOrZevMam\nMBFgSfkCgYBiM4VefcrsmgSDipKZZzI00bUEOs5MbYsO/sSsPTZ2UOiZ+T37oEZQ\nVqCkwmB0mdYc7olac6gXq2UHqEiSaAh6/D3Uv1TyNCFotbDqkm5OvDIYZ5lTIpjL\nIHmTSb3jMm3RE6pX+wzyVnKSUijwTCgO8CxbJhZibAqbzJroUXCYWQ==\n-----END RSA PRIVATE KEY-----\n",
            "source": null
          },
          "sensitive_attributes": [
            [
              {
                "type": "get_attr",
                "value": "sensitive_content"
              }
            ]
          ],
          "private": "bnVsbA==",
          "dependencies": [
            "tls_private_key.global_key"
          ]
        }
      ]
    },
    {
      "mode": "managed",
      "type": "local_file",
      "name": "ssh_public_key_pem",
      "provider": "provider[\"registry.terraform.io/hashicorp/local\"]",
      "instances": [
        {
          "schema_version": 0,
          "attributes": {
            "content": null,
            "content_base64": null,
            "directory_permission": "0777",
            "file_permission": "0600",
            "filename": "../keys/prod/id_rsa.pub",
            "id": "a0d9c7b2bc324ea705f61ee117896f8a7c65afd5",
            "sensitive_content": "-----BEGIN PUBLIC KEY-----\nMIIBIjANBgkqhkiG9w0BAQEFAAOCAQ8AMIIBCgKCAQEArbG7jI1E2nTg4cCizZp7\nKfM/6r28Je/IiPtrNow/8/N+wskrD/9uFawSWkVAtldwclm03qbmKwzeOjeCdQ5x\n9Z0HRXsMpluwW61Tk1okzrqO9p0Vtc6bKL0wpdWzprkaNj6WIERf/rpHRaQLAPHl\nw6Va9xrFn7Tcyjaf7Ol0PKeYgRZnLgFw8NAcZA8Q+z8j769eJr1Vgv0xDQc29ssU\ncj6GepokneBBfwaT1B5ChWH/W8c3bvObft2zZ8IWlhfv8EVdyuG6GLXdegR/CpXi\nyioyALnqxstvsq54KsbUVm4HnU81kNfBs5EIIf+ZI7qQHSjTRxTLZ2FIQuy7+1MA\nMwIDAQAB\n-----END PUBLIC KEY-----\n",
            "source": null
          },
          "sensitive_attributes": [],
          "private": "bnVsbA==",
          "dependencies": [
            "tls_private_key.global_key"
          ]
        }
      ]
    },
    {
      "mode": "managed",
      "type": "tls_private_key",
      "name": "global_key",
      "provider": "provider[\"registry.terraform.io/hashicorp/tls\"]",
      "instances": [
        {
          "schema_version": 0,
          "attributes": {
            "algorithm": "RSA",
            "ecdsa_curve": "P224",
            "id": "2af3d0e400e8d3e51b44227c6daab559382575ad",
            "private_key_pem": "-----BEGIN RSA PRIVATE KEY-----\nMIIEpAIBAAKCAQEArbG7jI1E2nTg4cCizZp7KfM/6r28Je/IiPtrNow/8/N+wskr\nD/9uFawSWkVAtldwclm03qbmKwzeOjeCdQ5x9Z0HRXsMpluwW61Tk1okzrqO9p0V\ntc6bKL0wpdWzprkaNj6WIERf/rpHRaQLAPHlw6Va9xrFn7Tcyjaf7Ol0PKeYgRZn\nLgFw8NAcZA8Q+z8j769eJr1Vgv0xDQc29ssUcj6GepokneBBfwaT1B5ChWH/W8c3\nbvObft2zZ8IWlhfv8EVdyuG6GLXdegR/CpXiyioyALnqxstvsq54KsbUVm4HnU81\nkNfBs5EIIf+ZI7qQHSjTRxTLZ2FIQuy7+1MAMwIDAQABAoIBAQCkNMOOw7sVH6u+\nIMSIxYOsjBegD1GBN+gIgE/CWOLY+Ricg1wfmqZy/KK5DoF4IL/giygv2e79QgQR\nW4sMqORZg+Ns70BtQX8/nGPHiVAE1F/1i1oL78/Fut3z2U0m0BWUtKRuytVJ1scs\nckIo2YcS6A9QTtIIAw88aFnWunm2IFexvD8pVOveyW+oyyXdj8MTW3ZhQrpsNzC3\nbM6lMPXopOY+6IBkwXmitNtPt++dc+tz8clbxkNngoFhfhkkTNiViagmreHE8AjG\nWTrTACHY7qTX1yv/GLfbMUT08STknvyymmq6Zw58thMOj/8RIIxiBS3AgCfUuzgX\n3ey8UnRpAoGBAOGcIU1ovoaqmPmL8Evpd2iWrCYaCJppSaQiz4SfPvP213w756JG\nv+IqJJMVzYcyuU9MrSFfKzXN4+Y3pW42I2Dx7mb3jHl59QLx8GfRkm1kjnNE90Ih\nHsztwWl7PdCgNADRrdyC/+mRs/UnXsh6fyb5DkxtChiA9ZAatUBbMrdvAoGBAMUX\nW8qI7mNYHytUhz8KRzkY7tEUamhXxKkx+VzPy6VpNNeQWDrlBk6H0I/lEDLIX98m\nmme30PZANmidCPmQohx0qfNTDMKzh4IabRhf4vdJd9b8VWhupqtnwE3dnA4SS0rc\npAx7hFn5WAcpzUWOWwz4+gfDnk0el/5N0SIgqAF9AoGBAK6jFrw++kxvvd5dTnLU\nk9Pn3fXYbRRpr9FYCN6WDjr2tjK6hED/FwVQreMVG3Ut9HfH2LReYKpTZ7gLFwlK\n6vPeEjauJJTbrKbM9NTIStpW3lWn6uXLkXX8DJ1EAsN9XwPLSxPIa6Q3Xt/DzADP\noaFfZIwQU6JIIM2dfvQEJCwNAoGABNFXWxIR0bfbuzFrxOy5ZPnpDI9VMovCsOgZ\n0lz5+2cg9Yv/vCDREKZdQMc2qCchwNCuwY5Ku1pCejgsef1BGTT42ovTKgc9br66\nn/foEmdnWIf+hnj99f6pQr4CDI4B7SiLkgqK57AiqLoq3GJoc166renoOrZevMam\nMBFgSfkCgYBiM4VefcrsmgSDipKZZzI00bUEOs5MbYsO/sSsPTZ2UOiZ+T37oEZQ\nVqCkwmB0mdYc7olac6gXq2UHqEiSaAh6/D3Uv1TyNCFotbDqkm5OvDIYZ5lTIpjL\nIHmTSb3jMm3RE6pX+wzyVnKSUijwTCgO8CxbJhZibAqbzJroUXCYWQ==\n-----END RSA PRIVATE KEY-----\n",
            "public_key_fingerprint_md5": "5f:4f:f6:69:8f:24:1f:d7:79:6c:6c:c5:8d:54:a6:96",
            "public_key_openssh": "ssh-rsa AAAAB3NzaC1yc2EAAAADAQABAAABAQCtsbuMjUTadODhwKLNmnsp8z/qvbwl78iI+2s2jD/z837CySsP/24VrBJaRUC2V3ByWbTepuYrDN46N4J1DnH1nQdFewymW7BbrVOTWiTOuo72nRW1zpsovTCl1bOmuRo2PpYgRF/+ukdFpAsA8eXDpVr3GsWftNzKNp/s6XQ8p5iBFmcuAXDw0BxkDxD7PyPvr14mvVWC/TENBzb2yxRyPoZ6miSd4EF/BpPUHkKFYf9bxzdu85t+3bNnwhaWF+/wRV3K4boYtd16BH8KleLKKjIAuerGy2+yrngqxtRWbgedTzWQ18GzkQgh/5kjupAdKNNHFMtnYUhC7Lv7UwAz\n",
            "public_key_pem": "-----BEGIN PUBLIC KEY-----\nMIIBIjANBgkqhkiG9w0BAQEFAAOCAQ8AMIIBCgKCAQEArbG7jI1E2nTg4cCizZp7\nKfM/6r28Je/IiPtrNow/8/N+wskrD/9uFawSWkVAtldwclm03qbmKwzeOjeCdQ5x\n9Z0HRXsMpluwW61Tk1okzrqO9p0Vtc6bKL0wpdWzprkaNj6WIERf/rpHRaQLAPHl\nw6Va9xrFn7Tcyjaf7Ol0PKeYgRZnLgFw8NAcZA8Q+z8j769eJr1Vgv0xDQc29ssU\ncj6GepokneBBfwaT1B5ChWH/W8c3bvObft2zZ8IWlhfv8EVdyuG6GLXdegR/CpXi\nyioyALnqxstvsq54KsbUVm4HnU81kNfBs5EIIf+ZI7qQHSjTRxTLZ2FIQuy7+1MA\nMwIDAQAB\n-----END PUBLIC KEY-----\n",
            "rsa_bits": 2048
          },
          "sensitive_attributes": [],
          "private": "bnVsbA=="
        }
      ]
    }
  ]
}
