{
  "version": 4,
  "terraform_version": "1.0.11",
  "serial": 373,
  "lineage": "6314abf5-ae5e-30ca-1780-64f38531e16e",
  "outputs": {},
  "resources": [
    {
      "mode": "data",
      "type": "google_compute_image",
      "name": "master_image",
      "provider": "provider[\"registry.terraform.io/hashicorp/google\"]",
      "instances": [
        {
          "schema_version": 0,
          "attributes": {
            "archive_size_bytes": 2616389184,
            "creation_timestamp": "2021-11-18T16:09:22.819-08:00",
            "description": "Canonical, Ubuntu, 20.04 LTS, amd64 focal image built on 2021-11-18, supports Shielded VM features",
            "disk_size_gb": 10,
            "family": "ubuntu-2004-lts",
            "filter": null,
            "id": "projects/ubuntu-os-cloud/global/images/ubuntu-2004-focal-v20211118",
            "image_encryption_key_sha256": "",
            "image_id": "4803291363183121885",
            "label_fingerprint": "42WmSpB8rSM=",
            "labels": {},
            "licenses": [
              "https://www.googleapis.com/compute/v1/projects/ubuntu-os-cloud/global/licenses/ubuntu-2004-lts"
            ],
            "name": "ubuntu-2004-focal-v20211118",
            "project": "ubuntu-os-cloud",
            "self_link": "https://www.googleapis.com/compute/v1/projects/ubuntu-os-cloud/global/images/ubuntu-2004-focal-v20211118",
            "source_disk": "",
            "source_disk_encryption_key_sha256": "",
            "source_disk_id": "",
            "source_image_id": "",
            "status": "READY"
          },
          "sensitive_attributes": []
        }
      ]
    },
    {
      "mode": "managed",
      "type": "google_compute_instance",
      "name": "lab",
      "provider": "provider[\"registry.terraform.io/hashicorp/google\"]",
      "instances": [
        {
          "index_key": 0,
          "schema_version": 6,
          "attributes": {
            "advanced_machine_features": [],
            "allow_stopping_for_update": null,
            "attached_disk": [],
            "boot_disk": [
              {
                "auto_delete": true,
                "device_name": "persistent-disk-0",
                "disk_encryption_key_raw": "",
                "disk_encryption_key_sha256": "",
                "initialize_params": [
                  {
                    "image": "https://www.googleapis.com/compute/v1/projects/ubuntu-os-cloud/global/images/ubuntu-2004-focal-v20211118",
                    "labels": {
                      "env": "production",
                      "name": "lab",
                      "team": "cenfotec",
                      "user": "docker"
                    },
                    "size": 10,
                    "type": "pd-standard"
                  }
                ],
                "kms_key_self_link": "",
                "mode": "READ_WRITE",
                "source": "https://www.googleapis.com/compute/v1/projects/dockerlabs-332203/zones/us-east1-b/disks/lab-1"
              }
            ],
            "can_ip_forward": false,
            "confidential_instance_config": [],
            "cpu_platform": "Intel Broadwell",
            "current_status": "RUNNING",
            "deletion_protection": false,
            "description": "",
            "desired_status": null,
            "enable_display": false,
            "guest_accelerator": [],
            "hostname": "",
            "id": "projects/dockerlabs-332203/zones/us-east1-b/instances/lab-1",
            "instance_id": "7446802300321551549",
            "label_fingerprint": "nkrmE69Wna4=",
            "labels": {
              "env": "production",
              "name": "lab",
              "team": "cenfotec",
              "user": "docker"
            },
            "machine_type": "e2-medium",
            "metadata": {
              "ssh-keys": "dockerlab:ssh-rsa AAAAB3NzaC1yc2EAAAADAQABAAABgQDIeZHirTyneDxMgHfnri9LQekfqImmV5VYTR+kgXBP2rvChn3kRKgQcu5Ojy3tv/qy4bx/HAIb9/B+/P3fmZ+YeEFDGwk8FZtGdipLJCnIydXXI5spLTsuc2LJj70dTu/+XYoPePYfMMZNZs1qcOZ6ZWujCo6yWl/jThRKgJeOBjt66o7PbPtdeFA/ffbWbuZC62uVYfn7xMr+m9pvrl+cWYM8OZh91dIuZVpqMvKutZeRMUcoZX+1jlex/Y75UwIAG9t93QDktIh9ZUHg5dL8pV3V4iajsmMCHUfY0SBxXQa186Mbn18sY/H3FE6jGUIUHyVAGNxM6i6n7L0J2ByXV8MIGIK+vzuLy/UanAVj6qE+hGl8JVfx+ldedUcCW+DVaw5U9knLbWGSLE9nRIb08paOoEafbhnCjc49FbORYE5sR9XYHYtHMTfySpzRiAABFm5zmntK5QJrk7kb9+qEr19Tsv/+o1p49lyu9DhAgiLyCiuFonUEbAWs3w1tOx8= dockerlab\n",
              "user-data": "#!/bin/bash -x\n\n# docker\ncurl -fsSL https://get.docker.com -o get-docker.sh\nsudo sh get-docker.sh\nsudo usermod -aG docker dockerlab\n# newgrp docker\n\n# docker-compose\nsudo curl -L \"https://github.com/docker/compose/releases/download/1.29.2/docker-compose-$(uname -s)-$(uname -m)\" -o /usr/local/bin/docker-compose\nsudo chmod +x /usr/local/bin/docker-compose\nsudo ln -s /usr/local/bin/docker-compose /usr/bin/docker-compose\n"
            },
            "metadata_fingerprint": "xK9ewdWQtJw=",
            "metadata_startup_script": null,
            "min_cpu_platform": "",
            "name": "lab-1",
            "network_interface": [
              {
                "access_config": [
                  {
                    "nat_ip": "35.185.94.42",
                    "network_tier": "PREMIUM",
                    "public_ptr_domain_name": ""
                  }
                ],
                "alias_ip_range": [],
                "ipv6_access_config": [],
                "ipv6_access_type": "",
                "name": "nic0",
                "network": "https://www.googleapis.com/compute/v1/projects/dockerlabs-332203/global/networks/default",
                "network_ip": "10.142.15.210",
                "nic_type": "",
                "stack_type": "IPV4_ONLY",
                "subnetwork": "https://www.googleapis.com/compute/v1/projects/dockerlabs-332203/regions/us-east1/subnetworks/default",
                "subnetwork_project": "dockerlabs-332203"
              }
            ],
            "project": "dockerlabs-332203",
            "reservation_affinity": [],
            "resource_policies": null,
            "scheduling": [
              {
                "automatic_restart": true,
                "min_node_cpus": 0,
                "node_affinities": [],
                "on_host_maintenance": "MIGRATE",
                "preemptible": false
              }
            ],
            "scratch_disk": [],
            "self_link": "https://www.googleapis.com/compute/v1/projects/dockerlabs-332203/zones/us-east1-b/instances/lab-1",
            "service_account": [],
            "shielded_instance_config": [
              {
                "enable_integrity_monitoring": true,
                "enable_secure_boot": false,
                "enable_vtpm": true
              }
            ],
            "tags": [
              "dockerlabs"
            ],
            "tags_fingerprint": "UAaZt4n-Icc=",
            "timeouts": null,
            "zone": "us-east1-b"
          },
          "sensitive_attributes": [],
          "private": "eyJlMmJmYjczMC1lY2FhLTExZTYtOGY4OC0zNDM2M2JjN2M0YzAiOnsiY3JlYXRlIjoxMjAwMDAwMDAwMDAwLCJkZWxldGUiOjEyMDAwMDAwMDAwMDAsInVwZGF0ZSI6MTIwMDAwMDAwMDAwMH0sInNjaGVtYV92ZXJzaW9uIjoiNiJ9",
          "dependencies": [
            "data.google_compute_image.master_image"
          ]
        }
      ]
    },
    {
      "mode": "managed",
      "type": "local_file",
      "name": "ssh_private_key_pem",
      "provider": "provider[\"registry.terraform.io/hashicorp/local\"]",
      "instances": [
        {
          "schema_version": 0,
          "attributes": {
            "content": null,
            "content_base64": null,
            "directory_permission": "0777",
            "file_permission": "0600",
            "filename": "../keys/prod/id_rsa",
            "id": "4c66235792647601661d6064bd17f7f4e526f5fb",
            "sensitive_content": "-----BEGIN RSA PRIVATE KEY-----\nMIIEowIBAAKCAQEAsoqz+yGQaG5Xf1ja8Fne2EwcIib/tPVPp8Zjfh+qTjhgC11Q\nGkpX0esavobTtQmnM1LlCcAJs6J+/I2aFko8HtPCONmQyBDIcsPt5fPJjw18I63C\nEyIGUKfHBJwPE6dY1Gp5DL0LtHTZHU+U0FbgI+2y/OoNiucTlIjsJXar6EFi59H7\n3NeczRDJBQrncmLrvpqxAePQkj8/wRNmFyuZI4njzRlOciqbn6J2L3jMlVrTAC8V\nrsZyFpl2srszDEWwe7rauekIj5U0M97sBs4VK4ApOSth9DAajj+mkpt+8hwHmQDq\n9sBYeMGCaM6Rmbl9J7aPgvNkXyX8o92P3Y9BeQIDAQABAoIBABqhQ40OiYp6AsT0\nzNsSnIFogL27UWJ9QF9G4Oob8PvvvquTRHJXalfeGEQYuhUDlpO6Jn1YzlmjwAsN\nV9FBS0xRy2NNWCHvFua/QImO3h5fJYfwz8Soy4ZWMAIJANqumDo+k0WKIOfOkd+k\nUg7tFktllc/RXSm9o5cBAS/pTmS6tBidg3gPVURUgUFbOLxWW+00wptKcxN4WPdK\n7FNYuOi9sMQORDUkTer4C1mn7lFijo+KX+CvU8E0RvmU0zYbVZXZv5NbH2XDjRVh\nrvppr/FMeSE5IcNAWxAPNX9Ntn4+AIW63Z85e+uf9xYrSFxjI9gkKl/AffViji7t\nPGcWVx0CgYEA4RQZOVRYQ0AFSpC5+t7Wxll68IjUts0534TDAtD8WIg4OGYdPXXF\nLSIkB5DikjBjLVcewMptyYAgeGASzHFACd8x+3wuZsFUBj2CjvAQSLI3PdVm8Ej4\nHsCBtNbQZdRjXiLkMuswSgfle0qKHL2qI9hHRWlMB600SwgQxcuTaRMCgYEAyxHu\nchdJVsihpdi9SvlXtVD+ITb0sTllHMgQE7RBvDvsCrzickSw/G3IA/wTOujwNfXu\nU7Y/c/WrdJjnE76ZVxHhRpt+lieI/pZ2OqxyrbpasNanHMeGs0ZWHY+bSCc3DrdQ\nMqJ9F3J1xCzK81zEXOrDUTnRUypZT07EMM1f6MMCgYEAsFrlIKxbs+W3v6MCdfSg\naC24TDuKH+lRjTci7VP+RQgGtPodswhSBHkZrevx+wV60A3RBNIXj6iayHbOg+3A\ndXuyWBAG83BLe9A6OfETcUJiUkqhK2ihMMc5Wg5unzr42MuR7eulnHvvbNkMulRJ\nuWg+/73vWpx1usyJB9HooI0CgYAMjitD+pSaPQVhj6kEfa4ik8Niolc2renGgcgc\nr8RwsvPBJjSKBB09Pjxjoq49sjFH5NC7dEUwEjxrlRiUa/BnJb/b8bk952vc8ciV\nkBv3CdKZpGvop514cBza7woWx/XrfwICX3GEhZsqaeqSaWXqqMkyuHRsw+2JrcEL\nk2ceqQKBgD0F6l0GGD5mL8sUtAdH1a0HoCcBkMv4Gv4kgTvbiVOXYFPy8XxCdRdb\nMGzv1/TNjPuxodgZLTo9LhGVa8lyK/x7BuNY4Hf4i5f3AG2VGfqfUytpUuTQoRSZ\nlS+L0ioY6p73t6G+DCTETXLA/a05tUpjSwedHDuE7FqXkMMcj8T0\n-----END RSA PRIVATE KEY-----\n",
            "source": null
          },
          "sensitive_attributes": [
            [
              {
                "type": "get_attr",
                "value": "sensitive_content"
              }
            ]
          ],
          "private": "bnVsbA==",
          "dependencies": [
            "tls_private_key.global_key"
          ]
        }
      ]
    },
    {
      "mode": "managed",
      "type": "local_file",
      "name": "ssh_public_key_pem",
      "provider": "provider[\"registry.terraform.io/hashicorp/local\"]",
      "instances": [
        {
          "schema_version": 0,
          "attributes": {
            "content": null,
            "content_base64": null,
            "directory_permission": "0777",
            "file_permission": "0600",
            "filename": "../keys/prod/id_rsa.pub",
            "id": "7032170c76a94483dd8764f458834bffb7aa099a",
            "sensitive_content": "-----BEGIN PUBLIC KEY-----\nMIIBIjANBgkqhkiG9w0BAQEFAAOCAQ8AMIIBCgKCAQEAsoqz+yGQaG5Xf1ja8Fne\n2EwcIib/tPVPp8Zjfh+qTjhgC11QGkpX0esavobTtQmnM1LlCcAJs6J+/I2aFko8\nHtPCONmQyBDIcsPt5fPJjw18I63CEyIGUKfHBJwPE6dY1Gp5DL0LtHTZHU+U0Fbg\nI+2y/OoNiucTlIjsJXar6EFi59H73NeczRDJBQrncmLrvpqxAePQkj8/wRNmFyuZ\nI4njzRlOciqbn6J2L3jMlVrTAC8VrsZyFpl2srszDEWwe7rauekIj5U0M97sBs4V\nK4ApOSth9DAajj+mkpt+8hwHmQDq9sBYeMGCaM6Rmbl9J7aPgvNkXyX8o92P3Y9B\neQIDAQAB\n-----END PUBLIC KEY-----\n",
            "source": null
          },
          "sensitive_attributes": [],
          "private": "bnVsbA==",
          "dependencies": [
            "tls_private_key.global_key"
          ]
        }
      ]
    },
    {
      "mode": "managed",
      "type": "tls_private_key",
      "name": "global_key",
      "provider": "provider[\"registry.terraform.io/hashicorp/tls\"]",
      "instances": [
        {
          "schema_version": 0,
          "attributes": {
            "algorithm": "RSA",
            "ecdsa_curve": "P224",
            "id": "2b1720ca2aeab1916511b888e20bbf633fe9a3cf",
            "private_key_pem": "-----BEGIN RSA PRIVATE KEY-----\nMIIEowIBAAKCAQEAsoqz+yGQaG5Xf1ja8Fne2EwcIib/tPVPp8Zjfh+qTjhgC11Q\nGkpX0esavobTtQmnM1LlCcAJs6J+/I2aFko8HtPCONmQyBDIcsPt5fPJjw18I63C\nEyIGUKfHBJwPE6dY1Gp5DL0LtHTZHU+U0FbgI+2y/OoNiucTlIjsJXar6EFi59H7\n3NeczRDJBQrncmLrvpqxAePQkj8/wRNmFyuZI4njzRlOciqbn6J2L3jMlVrTAC8V\nrsZyFpl2srszDEWwe7rauekIj5U0M97sBs4VK4ApOSth9DAajj+mkpt+8hwHmQDq\n9sBYeMGCaM6Rmbl9J7aPgvNkXyX8o92P3Y9BeQIDAQABAoIBABqhQ40OiYp6AsT0\nzNsSnIFogL27UWJ9QF9G4Oob8PvvvquTRHJXalfeGEQYuhUDlpO6Jn1YzlmjwAsN\nV9FBS0xRy2NNWCHvFua/QImO3h5fJYfwz8Soy4ZWMAIJANqumDo+k0WKIOfOkd+k\nUg7tFktllc/RXSm9o5cBAS/pTmS6tBidg3gPVURUgUFbOLxWW+00wptKcxN4WPdK\n7FNYuOi9sMQORDUkTer4C1mn7lFijo+KX+CvU8E0RvmU0zYbVZXZv5NbH2XDjRVh\nrvppr/FMeSE5IcNAWxAPNX9Ntn4+AIW63Z85e+uf9xYrSFxjI9gkKl/AffViji7t\nPGcWVx0CgYEA4RQZOVRYQ0AFSpC5+t7Wxll68IjUts0534TDAtD8WIg4OGYdPXXF\nLSIkB5DikjBjLVcewMptyYAgeGASzHFACd8x+3wuZsFUBj2CjvAQSLI3PdVm8Ej4\nHsCBtNbQZdRjXiLkMuswSgfle0qKHL2qI9hHRWlMB600SwgQxcuTaRMCgYEAyxHu\nchdJVsihpdi9SvlXtVD+ITb0sTllHMgQE7RBvDvsCrzickSw/G3IA/wTOujwNfXu\nU7Y/c/WrdJjnE76ZVxHhRpt+lieI/pZ2OqxyrbpasNanHMeGs0ZWHY+bSCc3DrdQ\nMqJ9F3J1xCzK81zEXOrDUTnRUypZT07EMM1f6MMCgYEAsFrlIKxbs+W3v6MCdfSg\naC24TDuKH+lRjTci7VP+RQgGtPodswhSBHkZrevx+wV60A3RBNIXj6iayHbOg+3A\ndXuyWBAG83BLe9A6OfETcUJiUkqhK2ihMMc5Wg5unzr42MuR7eulnHvvbNkMulRJ\nuWg+/73vWpx1usyJB9HooI0CgYAMjitD+pSaPQVhj6kEfa4ik8Niolc2renGgcgc\nr8RwsvPBJjSKBB09Pjxjoq49sjFH5NC7dEUwEjxrlRiUa/BnJb/b8bk952vc8ciV\nkBv3CdKZpGvop514cBza7woWx/XrfwICX3GEhZsqaeqSaWXqqMkyuHRsw+2JrcEL\nk2ceqQKBgD0F6l0GGD5mL8sUtAdH1a0HoCcBkMv4Gv4kgTvbiVOXYFPy8XxCdRdb\nMGzv1/TNjPuxodgZLTo9LhGVa8lyK/x7BuNY4Hf4i5f3AG2VGfqfUytpUuTQoRSZ\nlS+L0ioY6p73t6G+DCTETXLA/a05tUpjSwedHDuE7FqXkMMcj8T0\n-----END RSA PRIVATE KEY-----\n",
            "public_key_fingerprint_md5": "5e:21:27:f3:8f:bc:3e:e9:f1:36:36:5c:7f:87:7d:f8",
            "public_key_openssh": "ssh-rsa AAAAB3NzaC1yc2EAAAADAQABAAABAQCyirP7IZBobld/WNrwWd7YTBwiJv+09U+nxmN+H6pOOGALXVAaSlfR6xq+htO1CaczUuUJwAmzon78jZoWSjwe08I42ZDIEMhyw+3l88mPDXwjrcITIgZQp8cEnA8Tp1jUankMvQu0dNkdT5TQVuAj7bL86g2K5xOUiOwldqvoQWLn0fvc15zNEMkFCudyYuu+mrEB49CSPz/BE2YXK5kjiePNGU5yKpufonYveMyVWtMALxWuxnIWmXayuzMMRbB7utq56QiPlTQz3uwGzhUrgCk5K2H0MBqOP6aSm37yHAeZAOr2wFh4wYJozpGZuX0nto+C82RfJfyj3Y/dj0F5\n",
            "public_key_pem": "-----BEGIN PUBLIC KEY-----\nMIIBIjANBgkqhkiG9w0BAQEFAAOCAQ8AMIIBCgKCAQEAsoqz+yGQaG5Xf1ja8Fne\n2EwcIib/tPVPp8Zjfh+qTjhgC11QGkpX0esavobTtQmnM1LlCcAJs6J+/I2aFko8\nHtPCONmQyBDIcsPt5fPJjw18I63CEyIGUKfHBJwPE6dY1Gp5DL0LtHTZHU+U0Fbg\nI+2y/OoNiucTlIjsJXar6EFi59H73NeczRDJBQrncmLrvpqxAePQkj8/wRNmFyuZ\nI4njzRlOciqbn6J2L3jMlVrTAC8VrsZyFpl2srszDEWwe7rauekIj5U0M97sBs4V\nK4ApOSth9DAajj+mkpt+8hwHmQDq9sBYeMGCaM6Rmbl9J7aPgvNkXyX8o92P3Y9B\neQIDAQAB\n-----END PUBLIC KEY-----\n",
            "rsa_bits": 2048
          },
          "sensitive_attributes": [],
          "private": "bnVsbA=="
        }
      ]
    }
  ]
}
