{
  "version": 4,
  "terraform_version": "1.0.11",
  "serial": 365,
  "lineage": "6314abf5-ae5e-30ca-1780-64f38531e16e",
  "outputs": {},
  "resources": [
    {
      "mode": "data",
      "type": "google_compute_image",
      "name": "master_image",
      "provider": "provider[\"registry.terraform.io/hashicorp/google\"]",
      "instances": [
        {
          "schema_version": 0,
          "attributes": {
            "archive_size_bytes": 2616389184,
            "creation_timestamp": "2021-11-18T16:09:22.819-08:00",
            "description": "Canonical, Ubuntu, 20.04 LTS, amd64 focal image built on 2021-11-18, supports Shielded VM features",
            "disk_size_gb": 10,
            "family": "ubuntu-2004-lts",
            "filter": null,
            "id": "projects/ubuntu-os-cloud/global/images/ubuntu-2004-focal-v20211118",
            "image_encryption_key_sha256": "",
            "image_id": "4803291363183121885",
            "label_fingerprint": "42WmSpB8rSM=",
            "labels": {},
            "licenses": [
              "https://www.googleapis.com/compute/v1/projects/ubuntu-os-cloud/global/licenses/ubuntu-2004-lts"
            ],
            "name": "ubuntu-2004-focal-v20211118",
            "project": "ubuntu-os-cloud",
            "self_link": "https://www.googleapis.com/compute/v1/projects/ubuntu-os-cloud/global/images/ubuntu-2004-focal-v20211118",
            "source_disk": "",
            "source_disk_encryption_key_sha256": "",
            "source_disk_id": "",
            "source_image_id": "",
            "status": "READY"
          },
          "sensitive_attributes": []
        }
      ]
    },
    {
      "mode": "managed",
      "type": "google_compute_instance",
      "name": "lab",
      "provider": "provider[\"registry.terraform.io/hashicorp/google\"]",
      "instances": [
        {
          "index_key": 0,
          "schema_version": 6,
          "attributes": {
            "advanced_machine_features": [],
            "allow_stopping_for_update": null,
            "attached_disk": [],
            "boot_disk": [
              {
                "auto_delete": true,
                "device_name": "persistent-disk-0",
                "disk_encryption_key_raw": "",
                "disk_encryption_key_sha256": "",
                "initialize_params": [
                  {
                    "image": "https://www.googleapis.com/compute/v1/projects/ubuntu-os-cloud/global/images/ubuntu-2004-focal-v20211118",
                    "labels": {
                      "env": "production",
                      "name": "lab",
                      "team": "cenfotec",
                      "user": "docker"
                    },
                    "size": 10,
                    "type": "pd-standard"
                  }
                ],
                "kms_key_self_link": "",
                "mode": "READ_WRITE",
                "source": "https://www.googleapis.com/compute/v1/projects/dockerlabs-332203/zones/us-east1-b/disks/lab-1"
              }
            ],
            "can_ip_forward": false,
            "confidential_instance_config": [],
            "cpu_platform": "Intel Broadwell",
            "current_status": "RUNNING",
            "deletion_protection": false,
            "description": "",
            "desired_status": null,
            "enable_display": false,
            "guest_accelerator": [],
            "hostname": "",
            "id": "projects/dockerlabs-332203/zones/us-east1-b/instances/lab-1",
            "instance_id": "7137356885966607986",
            "label_fingerprint": "nkrmE69Wna4=",
            "labels": {
              "env": "production",
              "name": "lab",
              "team": "cenfotec",
              "user": "docker"
            },
            "machine_type": "e2-medium",
            "metadata": {
              "ssh-keys": "dockerlab:ssh-rsa AAAAB3NzaC1yc2EAAAADAQABAAABgQDIeZHirTyneDxMgHfnri9LQekfqImmV5VYTR+kgXBP2rvChn3kRKgQcu5Ojy3tv/qy4bx/HAIb9/B+/P3fmZ+YeEFDGwk8FZtGdipLJCnIydXXI5spLTsuc2LJj70dTu/+XYoPePYfMMZNZs1qcOZ6ZWujCo6yWl/jThRKgJeOBjt66o7PbPtdeFA/ffbWbuZC62uVYfn7xMr+m9pvrl+cWYM8OZh91dIuZVpqMvKutZeRMUcoZX+1jlex/Y75UwIAG9t93QDktIh9ZUHg5dL8pV3V4iajsmMCHUfY0SBxXQa186Mbn18sY/H3FE6jGUIUHyVAGNxM6i6n7L0J2ByXV8MIGIK+vzuLy/UanAVj6qE+hGl8JVfx+ldedUcCW+DVaw5U9knLbWGSLE9nRIb08paOoEafbhnCjc49FbORYE5sR9XYHYtHMTfySpzRiAABFm5zmntK5QJrk7kb9+qEr19Tsv/+o1p49lyu9DhAgiLyCiuFonUEbAWs3w1tOx8= dockerlab\n",
              "user-data": "#!/bin/bash -x\n\n# user\nadduser dockerlab --gecos \"$fullname,RoomNumber,WorkPhone,HomePhone\" --disabled-password\necho -e \"password\\npassword\\n\" | passwd dockerlab\npasswd --expire dockerlab\nadduser dockerlab sudo\nmkdir -p /home/dockerlab/.ssh\ncp ~/.ssh/authorized_keys /home/dockerlab/.ssh/\nchown dockerlab:dockerlab /home/dockerlab/.ssh/authorized_keys\nchmod 600  /home/dockerlab/.ssh/authorized_keys\n\n# docker\ncurl -fsSL https://get.docker.com -o get-docker.sh\nsudo sh get-docker.sh\nsudo usermod -aG docker dockerlab\n# newgrp docker\n\n# docker-compose\nsudo curl -L \"https://github.com/docker/compose/releases/download/1.29.2/docker-compose-$(uname -s)-$(uname -m)\" -o /usr/local/bin/docker-compose\nsudo chmod +x /usr/local/bin/docker-compose\nsudo ln -s /usr/local/bin/docker-compose /usr/bin/docker-compose\n"
            },
            "metadata_fingerprint": "RXHmSCWus0o=",
            "metadata_startup_script": null,
            "min_cpu_platform": "",
            "name": "lab-1",
            "network_interface": [
              {
                "access_config": [
                  {
                    "nat_ip": "34.74.97.67",
                    "network_tier": "PREMIUM",
                    "public_ptr_domain_name": ""
                  }
                ],
                "alias_ip_range": [],
                "ipv6_access_config": [],
                "ipv6_access_type": "",
                "name": "nic0",
                "network": "https://www.googleapis.com/compute/v1/projects/dockerlabs-332203/global/networks/default",
                "network_ip": "10.142.15.209",
                "nic_type": "",
                "stack_type": "IPV4_ONLY",
                "subnetwork": "https://www.googleapis.com/compute/v1/projects/dockerlabs-332203/regions/us-east1/subnetworks/default",
                "subnetwork_project": "dockerlabs-332203"
              }
            ],
            "project": "dockerlabs-332203",
            "reservation_affinity": [],
            "resource_policies": [],
            "scheduling": [
              {
                "automatic_restart": true,
                "min_node_cpus": 0,
                "node_affinities": [],
                "on_host_maintenance": "MIGRATE",
                "preemptible": false
              }
            ],
            "scratch_disk": [],
            "self_link": "https://www.googleapis.com/compute/v1/projects/dockerlabs-332203/zones/us-east1-b/instances/lab-1",
            "service_account": [],
            "shielded_instance_config": [
              {
                "enable_integrity_monitoring": true,
                "enable_secure_boot": false,
                "enable_vtpm": true
              }
            ],
            "tags": [
              "dockerlabs"
            ],
            "tags_fingerprint": "UAaZt4n-Icc=",
            "timeouts": null,
            "zone": "us-east1-b"
          },
          "sensitive_attributes": [],
          "private": "eyJlMmJmYjczMC1lY2FhLTExZTYtOGY4OC0zNDM2M2JjN2M0YzAiOnsiY3JlYXRlIjoxMjAwMDAwMDAwMDAwLCJkZWxldGUiOjEyMDAwMDAwMDAwMDAsInVwZGF0ZSI6MTIwMDAwMDAwMDAwMH0sInNjaGVtYV92ZXJzaW9uIjoiNiJ9",
          "dependencies": [
            "data.google_compute_image.master_image"
          ]
        }
      ]
    }
  ]
}
