{
  "version": 4,
  "terraform_version": "1.0.9",
  "serial": 271,
  "lineage": "6314abf5-ae5e-30ca-1780-64f38531e16e",
  "outputs": {},
  "resources": [
    {
      "mode": "data",
      "type": "google_compute_image",
      "name": "master_image",
      "provider": "provider[\"registry.terraform.io/hashicorp/google\"]",
      "instances": [
        {
          "schema_version": 0,
          "attributes": {
            "archive_size_bytes": 2616389184,
            "creation_timestamp": "2021-11-18T16:09:22.819-08:00",
            "description": "Canonical, Ubuntu, 20.04 LTS, amd64 focal image built on 2021-11-18, supports Shielded VM features",
            "disk_size_gb": 10,
            "family": "ubuntu-2004-lts",
            "filter": null,
            "id": "projects/ubuntu-os-cloud/global/images/ubuntu-2004-focal-v20211118",
            "image_encryption_key_sha256": "",
            "image_id": "4803291363183121885",
            "label_fingerprint": "42WmSpB8rSM=",
            "labels": {},
            "licenses": [
              "https://www.googleapis.com/compute/v1/projects/ubuntu-os-cloud/global/licenses/ubuntu-2004-lts"
            ],
            "name": "ubuntu-2004-focal-v20211118",
            "project": "ubuntu-os-cloud",
            "self_link": "https://www.googleapis.com/compute/v1/projects/ubuntu-os-cloud/global/images/ubuntu-2004-focal-v20211118",
            "source_disk": "",
            "source_disk_encryption_key_sha256": "",
            "source_disk_id": "",
            "source_image_id": "",
            "status": "READY"
          },
          "sensitive_attributes": []
        }
      ]
    },
    {
      "mode": "managed",
      "type": "google_compute_instance",
      "name": "lab",
      "provider": "provider[\"registry.terraform.io/hashicorp/google\"]",
      "instances": [
        {
          "index_key": 1,
          "schema_version": 6,
          "attributes": {
            "advanced_machine_features": [],
            "allow_stopping_for_update": null,
            "attached_disk": [],
            "boot_disk": [
              {
                "auto_delete": true,
                "device_name": "persistent-disk-0",
                "disk_encryption_key_raw": "",
                "disk_encryption_key_sha256": "",
                "initialize_params": [
                  {
                    "image": "https://www.googleapis.com/compute/v1/projects/ubuntu-os-cloud/global/images/ubuntu-2004-focal-v20211118",
                    "labels": {
                      "env": "production",
                      "name": "lab",
                      "team": "cenfotec",
                      "user": "docker"
                    },
                    "size": 10,
                    "type": "pd-standard"
                  }
                ],
                "kms_key_self_link": "",
                "mode": "READ_WRITE",
                "source": "https://www.googleapis.com/compute/v1/projects/dockerlabs-332203/zones/us-east1-b/disks/lab-2"
              }
            ],
            "can_ip_forward": false,
            "confidential_instance_config": [],
            "cpu_platform": "Intel Broadwell",
            "current_status": "RUNNING",
            "deletion_protection": false,
            "description": "",
            "desired_status": null,
            "enable_display": false,
            "guest_accelerator": [],
            "hostname": "",
            "id": "projects/dockerlabs-332203/zones/us-east1-b/instances/lab-2",
            "instance_id": "2474194121128586800",
            "label_fingerprint": "nkrmE69Wna4=",
            "labels": {
              "env": "production",
              "name": "lab",
              "team": "cenfotec",
              "user": "docker"
            },
            "machine_type": "e2-small",
            "metadata": {
              "ssh-keys": "dockerlab:ssh-rsa AAAAB3NzaC1yc2EAAAADAQABAAABgQCbQG25Bm4iPfBoCVTzTEXaB3fsQVPcSyzZObTKoZUZB6BuD5HU3Pn2lXyz+ZgcqRRZNSzzj7B1ZDXPpM9Kxp2fM4I5wzH0dd/6mJN7GgxdzWGlESzI9BmJXFZa8yrw9PT9T/MvzGtHiTrPrkGtcVs1fAI9lZ940WvrzyiO27TU9fbgyAvoe2nP07ONuOtSFht6DFxScREhqRS+TXjRGb9qUnzATlIzQ0rfMd2tuDDmHAwXMb6giivQUUWNfYsIvxme0zX6uusGBHlbbQo48ouzYUZMJL6CYeAnsH3JKPKqywr4sBa743Rdtk5jSrnAGY/ImktSZOq6stF9Ur9xDLtV/wufIjNU8aufrc2Vtgxsza0vNp8ktMDBM0bwpN0uzwEquAOvuPd3EJyuXlAFP0heHTOljShP9sBfMumXU6fEn8/jgrAyvvfZ8J70ZyrIJPjAp6yvvwZciD8WWzgVc5/q7hpLacVlkr2RNhELTsEhXT+ATbtYNgbYhTKGvxfmcTM= dockerlab\n",
              "user-data": "#!/bin/bash -x\n\n# user\nadduser dockerlab --gecos \"$fullname,RoomNumber,WorkPhone,HomePhone\" --disabled-password\necho -e \"password\\npassword\\n\" | passwd dockerlab\npasswd --expire dockerlab\nadduser dockerlab sudo\nmkdir -p /home/dockerlab/.ssh\ncp ~/.ssh/authorized_keys /home/dockerlab/.ssh/\nchown dockerlab:dockerlab /home/dockerlab/.ssh/authorized_keys\nchmod 600  /home/dockerlab/.ssh/authorized_keys\n\n# docker\ncurl -fsSL https://get.docker.com -o get-docker.sh | sh\nsudo usermod -aG docker dockerlab\nnewgrp docker\n"
            },
            "metadata_fingerprint": "AiIn-DE9zSo=",
            "metadata_startup_script": null,
            "min_cpu_platform": "",
            "name": "lab-2",
            "network_interface": [
              {
                "access_config": [
                  {
                    "nat_ip": "34.74.97.67",
                    "network_tier": "PREMIUM",
                    "public_ptr_domain_name": ""
                  }
                ],
                "alias_ip_range": [],
                "ipv6_access_config": [],
                "ipv6_access_type": "",
                "name": "nic0",
                "network": "https://www.googleapis.com/compute/v1/projects/dockerlabs-332203/global/networks/default",
                "network_ip": "10.142.15.198",
                "nic_type": "",
                "stack_type": "IPV4_ONLY",
                "subnetwork": "https://www.googleapis.com/compute/v1/projects/dockerlabs-332203/regions/us-east1/subnetworks/default",
                "subnetwork_project": "dockerlabs-332203"
              }
            ],
            "project": "dockerlabs-332203",
            "reservation_affinity": [],
            "resource_policies": [],
            "scheduling": [
              {
                "automatic_restart": true,
                "min_node_cpus": 0,
                "node_affinities": [],
                "on_host_maintenance": "MIGRATE",
                "preemptible": false
              }
            ],
            "scratch_disk": [],
            "self_link": "https://www.googleapis.com/compute/v1/projects/dockerlabs-332203/zones/us-east1-b/instances/lab-2",
            "service_account": [],
            "shielded_instance_config": [
              {
                "enable_integrity_monitoring": true,
                "enable_secure_boot": false,
                "enable_vtpm": true
              }
            ],
            "tags": [
              "dockerlabs"
            ],
            "tags_fingerprint": "UAaZt4n-Icc=",
            "timeouts": null,
            "zone": "us-east1-b"
          },
          "sensitive_attributes": [],
          "private": "eyJlMmJmYjczMC1lY2FhLTExZTYtOGY4OC0zNDM2M2JjN2M0YzAiOnsiY3JlYXRlIjoxMjAwMDAwMDAwMDAwLCJkZWxldGUiOjEyMDAwMDAwMDAwMDAsInVwZGF0ZSI6MTIwMDAwMDAwMDAwMH0sInNjaGVtYV92ZXJzaW9uIjoiNiJ9",
          "dependencies": [
            "data.google_compute_image.master_image"
          ]
        },
        {
          "index_key": 2,
          "schema_version": 6,
          "attributes": {
            "advanced_machine_features": [],
            "allow_stopping_for_update": null,
            "attached_disk": [],
            "boot_disk": [
              {
                "auto_delete": true,
                "device_name": "persistent-disk-0",
                "disk_encryption_key_raw": "",
                "disk_encryption_key_sha256": "",
                "initialize_params": [
                  {
                    "image": "https://www.googleapis.com/compute/v1/projects/ubuntu-os-cloud/global/images/ubuntu-2004-focal-v20211118",
                    "labels": {
                      "env": "production",
                      "name": "lab",
                      "team": "cenfotec",
                      "user": "docker"
                    },
                    "size": 10,
                    "type": "pd-standard"
                  }
                ],
                "kms_key_self_link": "",
                "mode": "READ_WRITE",
                "source": "https://www.googleapis.com/compute/v1/projects/dockerlabs-332203/zones/us-east1-b/disks/lab-3"
              }
            ],
            "can_ip_forward": false,
            "confidential_instance_config": [],
            "cpu_platform": "Intel Broadwell",
            "current_status": "RUNNING",
            "deletion_protection": false,
            "description": "",
            "desired_status": null,
            "enable_display": false,
            "guest_accelerator": [],
            "hostname": "",
            "id": "projects/dockerlabs-332203/zones/us-east1-b/instances/lab-3",
            "instance_id": "8011313744937922096",
            "label_fingerprint": "nkrmE69Wna4=",
            "labels": {
              "env": "production",
              "name": "lab",
              "team": "cenfotec",
              "user": "docker"
            },
            "machine_type": "e2-small",
            "metadata": {
              "ssh-keys": "dockerlab:ssh-rsa AAAAB3NzaC1yc2EAAAADAQABAAABgQCbQG25Bm4iPfBoCVTzTEXaB3fsQVPcSyzZObTKoZUZB6BuD5HU3Pn2lXyz+ZgcqRRZNSzzj7B1ZDXPpM9Kxp2fM4I5wzH0dd/6mJN7GgxdzWGlESzI9BmJXFZa8yrw9PT9T/MvzGtHiTrPrkGtcVs1fAI9lZ940WvrzyiO27TU9fbgyAvoe2nP07ONuOtSFht6DFxScREhqRS+TXjRGb9qUnzATlIzQ0rfMd2tuDDmHAwXMb6giivQUUWNfYsIvxme0zX6uusGBHlbbQo48ouzYUZMJL6CYeAnsH3JKPKqywr4sBa743Rdtk5jSrnAGY/ImktSZOq6stF9Ur9xDLtV/wufIjNU8aufrc2Vtgxsza0vNp8ktMDBM0bwpN0uzwEquAOvuPd3EJyuXlAFP0heHTOljShP9sBfMumXU6fEn8/jgrAyvvfZ8J70ZyrIJPjAp6yvvwZciD8WWzgVc5/q7hpLacVlkr2RNhELTsEhXT+ATbtYNgbYhTKGvxfmcTM= dockerlab\n",
              "user-data": "#!/bin/bash -x\n\n# user\nadduser dockerlab --gecos \"$fullname,RoomNumber,WorkPhone,HomePhone\" --disabled-password\necho -e \"password\\npassword\\n\" | passwd dockerlab\npasswd --expire dockerlab\nadduser dockerlab sudo\nmkdir -p /home/dockerlab/.ssh\ncp ~/.ssh/authorized_keys /home/dockerlab/.ssh/\nchown dockerlab:dockerlab /home/dockerlab/.ssh/authorized_keys\nchmod 600  /home/dockerlab/.ssh/authorized_keys\n\n# docker\ncurl -fsSL https://get.docker.com -o get-docker.sh | sh\nsudo usermod -aG docker dockerlab\nnewgrp docker\n"
            },
            "metadata_fingerprint": "AiIn-DE9zSo=",
            "metadata_startup_script": null,
            "min_cpu_platform": "",
            "name": "lab-3",
            "network_interface": [
              {
                "access_config": [
                  {
                    "nat_ip": "35.243.145.177",
                    "network_tier": "PREMIUM",
                    "public_ptr_domain_name": ""
                  }
                ],
                "alias_ip_range": [],
                "ipv6_access_config": [],
                "ipv6_access_type": "",
                "name": "nic0",
                "network": "https://www.googleapis.com/compute/v1/projects/dockerlabs-332203/global/networks/default",
                "network_ip": "10.142.15.197",
                "nic_type": "",
                "stack_type": "IPV4_ONLY",
                "subnetwork": "https://www.googleapis.com/compute/v1/projects/dockerlabs-332203/regions/us-east1/subnetworks/default",
                "subnetwork_project": "dockerlabs-332203"
              }
            ],
            "project": "dockerlabs-332203",
            "reservation_affinity": [],
            "resource_policies": [],
            "scheduling": [
              {
                "automatic_restart": true,
                "min_node_cpus": 0,
                "node_affinities": [],
                "on_host_maintenance": "MIGRATE",
                "preemptible": false
              }
            ],
            "scratch_disk": [],
            "self_link": "https://www.googleapis.com/compute/v1/projects/dockerlabs-332203/zones/us-east1-b/instances/lab-3",
            "service_account": [],
            "shielded_instance_config": [
              {
                "enable_integrity_monitoring": true,
                "enable_secure_boot": false,
                "enable_vtpm": true
              }
            ],
            "tags": [
              "dockerlabs"
            ],
            "tags_fingerprint": "UAaZt4n-Icc=",
            "timeouts": null,
            "zone": "us-east1-b"
          },
          "sensitive_attributes": [],
          "private": "eyJlMmJmYjczMC1lY2FhLTExZTYtOGY4OC0zNDM2M2JjN2M0YzAiOnsiY3JlYXRlIjoxMjAwMDAwMDAwMDAwLCJkZWxldGUiOjEyMDAwMDAwMDAwMDAsInVwZGF0ZSI6MTIwMDAwMDAwMDAwMH0sInNjaGVtYV92ZXJzaW9uIjoiNiJ9",
          "dependencies": [
            "data.google_compute_image.master_image"
          ]
        },
        {
          "index_key": 3,
          "schema_version": 6,
          "attributes": {
            "advanced_machine_features": [],
            "allow_stopping_for_update": null,
            "attached_disk": [],
            "boot_disk": [
              {
                "auto_delete": true,
                "device_name": "persistent-disk-0",
                "disk_encryption_key_raw": "",
                "disk_encryption_key_sha256": "",
                "initialize_params": [
                  {
                    "image": "https://www.googleapis.com/compute/v1/projects/ubuntu-os-cloud/global/images/ubuntu-2004-focal-v20211118",
                    "labels": {
                      "env": "production",
                      "name": "lab",
                      "team": "cenfotec",
                      "user": "docker"
                    },
                    "size": 10,
                    "type": "pd-standard"
                  }
                ],
                "kms_key_self_link": "",
                "mode": "READ_WRITE",
                "source": "https://www.googleapis.com/compute/v1/projects/dockerlabs-332203/zones/us-east1-b/disks/lab-4"
              }
            ],
            "can_ip_forward": false,
            "confidential_instance_config": [],
            "cpu_platform": "Intel Broadwell",
            "current_status": "RUNNING",
            "deletion_protection": false,
            "description": "",
            "desired_status": null,
            "enable_display": false,
            "guest_accelerator": [],
            "hostname": "",
            "id": "projects/dockerlabs-332203/zones/us-east1-b/instances/lab-4",
            "instance_id": "2846259265306013199",
            "label_fingerprint": "nkrmE69Wna4=",
            "labels": {
              "env": "production",
              "name": "lab",
              "team": "cenfotec",
              "user": "docker"
            },
            "machine_type": "e2-small",
            "metadata": {
              "ssh-keys": "dockerlab:ssh-rsa AAAAB3NzaC1yc2EAAAADAQABAAABgQCbQG25Bm4iPfBoCVTzTEXaB3fsQVPcSyzZObTKoZUZB6BuD5HU3Pn2lXyz+ZgcqRRZNSzzj7B1ZDXPpM9Kxp2fM4I5wzH0dd/6mJN7GgxdzWGlESzI9BmJXFZa8yrw9PT9T/MvzGtHiTrPrkGtcVs1fAI9lZ940WvrzyiO27TU9fbgyAvoe2nP07ONuOtSFht6DFxScREhqRS+TXjRGb9qUnzATlIzQ0rfMd2tuDDmHAwXMb6giivQUUWNfYsIvxme0zX6uusGBHlbbQo48ouzYUZMJL6CYeAnsH3JKPKqywr4sBa743Rdtk5jSrnAGY/ImktSZOq6stF9Ur9xDLtV/wufIjNU8aufrc2Vtgxsza0vNp8ktMDBM0bwpN0uzwEquAOvuPd3EJyuXlAFP0heHTOljShP9sBfMumXU6fEn8/jgrAyvvfZ8J70ZyrIJPjAp6yvvwZciD8WWzgVc5/q7hpLacVlkr2RNhELTsEhXT+ATbtYNgbYhTKGvxfmcTM= dockerlab\n",
              "user-data": "#!/bin/bash -x\n\n# user\nadduser dockerlab --gecos \"$fullname,RoomNumber,WorkPhone,HomePhone\" --disabled-password\necho -e \"password\\npassword\\n\" | passwd dockerlab\npasswd --expire dockerlab\nadduser dockerlab sudo\nmkdir -p /home/dockerlab/.ssh\ncp ~/.ssh/authorized_keys /home/dockerlab/.ssh/\nchown dockerlab:dockerlab /home/dockerlab/.ssh/authorized_keys\nchmod 600  /home/dockerlab/.ssh/authorized_keys\n\n# docker\ncurl -fsSL https://get.docker.com -o get-docker.sh | sh\nsudo usermod -aG docker dockerlab\nnewgrp docker\n"
            },
            "metadata_fingerprint": "AiIn-DE9zSo=",
            "metadata_startup_script": null,
            "min_cpu_platform": "",
            "name": "lab-4",
            "network_interface": [
              {
                "access_config": [
                  {
                    "nat_ip": "34.139.240.92",
                    "network_tier": "PREMIUM",
                    "public_ptr_domain_name": ""
                  }
                ],
                "alias_ip_range": [],
                "ipv6_access_config": [],
                "ipv6_access_type": "",
                "name": "nic0",
                "network": "https://www.googleapis.com/compute/v1/projects/dockerlabs-332203/global/networks/default",
                "network_ip": "10.142.15.202",
                "nic_type": "",
                "stack_type": "IPV4_ONLY",
                "subnetwork": "https://www.googleapis.com/compute/v1/projects/dockerlabs-332203/regions/us-east1/subnetworks/default",
                "subnetwork_project": "dockerlabs-332203"
              }
            ],
            "project": "dockerlabs-332203",
            "reservation_affinity": [],
            "resource_policies": [],
            "scheduling": [
              {
                "automatic_restart": true,
                "min_node_cpus": 0,
                "node_affinities": [],
                "on_host_maintenance": "MIGRATE",
                "preemptible": false
              }
            ],
            "scratch_disk": [],
            "self_link": "https://www.googleapis.com/compute/v1/projects/dockerlabs-332203/zones/us-east1-b/instances/lab-4",
            "service_account": [],
            "shielded_instance_config": [
              {
                "enable_integrity_monitoring": true,
                "enable_secure_boot": false,
                "enable_vtpm": true
              }
            ],
            "tags": [
              "dockerlabs"
            ],
            "tags_fingerprint": "UAaZt4n-Icc=",
            "timeouts": null,
            "zone": "us-east1-b"
          },
          "sensitive_attributes": [],
          "private": "eyJlMmJmYjczMC1lY2FhLTExZTYtOGY4OC0zNDM2M2JjN2M0YzAiOnsiY3JlYXRlIjoxMjAwMDAwMDAwMDAwLCJkZWxldGUiOjEyMDAwMDAwMDAwMDAsInVwZGF0ZSI6MTIwMDAwMDAwMDAwMH0sInNjaGVtYV92ZXJzaW9uIjoiNiJ9",
          "dependencies": [
            "data.google_compute_image.master_image"
          ]
        },
        {
          "index_key": 4,
          "schema_version": 6,
          "attributes": {
            "advanced_machine_features": [],
            "allow_stopping_for_update": null,
            "attached_disk": [],
            "boot_disk": [
              {
                "auto_delete": true,
                "device_name": "persistent-disk-0",
                "disk_encryption_key_raw": "",
                "disk_encryption_key_sha256": "",
                "initialize_params": [
                  {
                    "image": "https://www.googleapis.com/compute/v1/projects/ubuntu-os-cloud/global/images/ubuntu-2004-focal-v20211118",
                    "labels": {
                      "env": "production",
                      "name": "lab",
                      "team": "cenfotec",
                      "user": "docker"
                    },
                    "size": 10,
                    "type": "pd-standard"
                  }
                ],
                "kms_key_self_link": "",
                "mode": "READ_WRITE",
                "source": "https://www.googleapis.com/compute/v1/projects/dockerlabs-332203/zones/us-east1-b/disks/lab-5"
              }
            ],
            "can_ip_forward": false,
            "confidential_instance_config": [],
            "cpu_platform": "Intel Broadwell",
            "current_status": "RUNNING",
            "deletion_protection": false,
            "description": "",
            "desired_status": null,
            "enable_display": false,
            "guest_accelerator": [],
            "hostname": "",
            "id": "projects/dockerlabs-332203/zones/us-east1-b/instances/lab-5",
            "instance_id": "4068875663786552847",
            "label_fingerprint": "nkrmE69Wna4=",
            "labels": {
              "env": "production",
              "name": "lab",
              "team": "cenfotec",
              "user": "docker"
            },
            "machine_type": "e2-small",
            "metadata": {
              "ssh-keys": "dockerlab:ssh-rsa AAAAB3NzaC1yc2EAAAADAQABAAABgQCbQG25Bm4iPfBoCVTzTEXaB3fsQVPcSyzZObTKoZUZB6BuD5HU3Pn2lXyz+ZgcqRRZNSzzj7B1ZDXPpM9Kxp2fM4I5wzH0dd/6mJN7GgxdzWGlESzI9BmJXFZa8yrw9PT9T/MvzGtHiTrPrkGtcVs1fAI9lZ940WvrzyiO27TU9fbgyAvoe2nP07ONuOtSFht6DFxScREhqRS+TXjRGb9qUnzATlIzQ0rfMd2tuDDmHAwXMb6giivQUUWNfYsIvxme0zX6uusGBHlbbQo48ouzYUZMJL6CYeAnsH3JKPKqywr4sBa743Rdtk5jSrnAGY/ImktSZOq6stF9Ur9xDLtV/wufIjNU8aufrc2Vtgxsza0vNp8ktMDBM0bwpN0uzwEquAOvuPd3EJyuXlAFP0heHTOljShP9sBfMumXU6fEn8/jgrAyvvfZ8J70ZyrIJPjAp6yvvwZciD8WWzgVc5/q7hpLacVlkr2RNhELTsEhXT+ATbtYNgbYhTKGvxfmcTM= dockerlab\n",
              "user-data": "#!/bin/bash -x\n\n# user\nadduser dockerlab --gecos \"$fullname,RoomNumber,WorkPhone,HomePhone\" --disabled-password\necho -e \"password\\npassword\\n\" | passwd dockerlab\npasswd --expire dockerlab\nadduser dockerlab sudo\nmkdir -p /home/dockerlab/.ssh\ncp ~/.ssh/authorized_keys /home/dockerlab/.ssh/\nchown dockerlab:dockerlab /home/dockerlab/.ssh/authorized_keys\nchmod 600  /home/dockerlab/.ssh/authorized_keys\n\n# docker\ncurl -fsSL https://get.docker.com -o get-docker.sh | sh\nsudo usermod -aG docker dockerlab\nnewgrp docker\n"
            },
            "metadata_fingerprint": "AiIn-DE9zSo=",
            "metadata_startup_script": null,
            "min_cpu_platform": "",
            "name": "lab-5",
            "network_interface": [
              {
                "access_config": [
                  {
                    "nat_ip": "34.75.8.193",
                    "network_tier": "PREMIUM",
                    "public_ptr_domain_name": ""
                  }
                ],
                "alias_ip_range": [],
                "ipv6_access_config": [],
                "ipv6_access_type": "",
                "name": "nic0",
                "network": "https://www.googleapis.com/compute/v1/projects/dockerlabs-332203/global/networks/default",
                "network_ip": "10.142.15.200",
                "nic_type": "",
                "stack_type": "IPV4_ONLY",
                "subnetwork": "https://www.googleapis.com/compute/v1/projects/dockerlabs-332203/regions/us-east1/subnetworks/default",
                "subnetwork_project": "dockerlabs-332203"
              }
            ],
            "project": "dockerlabs-332203",
            "reservation_affinity": [],
            "resource_policies": [],
            "scheduling": [
              {
                "automatic_restart": true,
                "min_node_cpus": 0,
                "node_affinities": [],
                "on_host_maintenance": "MIGRATE",
                "preemptible": false
              }
            ],
            "scratch_disk": [],
            "self_link": "https://www.googleapis.com/compute/v1/projects/dockerlabs-332203/zones/us-east1-b/instances/lab-5",
            "service_account": [],
            "shielded_instance_config": [
              {
                "enable_integrity_monitoring": true,
                "enable_secure_boot": false,
                "enable_vtpm": true
              }
            ],
            "tags": [
              "dockerlabs"
            ],
            "tags_fingerprint": "UAaZt4n-Icc=",
            "timeouts": null,
            "zone": "us-east1-b"
          },
          "sensitive_attributes": [],
          "private": "eyJlMmJmYjczMC1lY2FhLTExZTYtOGY4OC0zNDM2M2JjN2M0YzAiOnsiY3JlYXRlIjoxMjAwMDAwMDAwMDAwLCJkZWxldGUiOjEyMDAwMDAwMDAwMDAsInVwZGF0ZSI6MTIwMDAwMDAwMDAwMH0sInNjaGVtYV92ZXJzaW9uIjoiNiJ9",
          "dependencies": [
            "data.google_compute_image.master_image"
          ]
        },
        {
          "index_key": 5,
          "schema_version": 6,
          "attributes": {
            "advanced_machine_features": [],
            "allow_stopping_for_update": null,
            "attached_disk": [],
            "boot_disk": [
              {
                "auto_delete": true,
                "device_name": "persistent-disk-0",
                "disk_encryption_key_raw": "",
                "disk_encryption_key_sha256": "",
                "initialize_params": [
                  {
                    "image": "https://www.googleapis.com/compute/v1/projects/ubuntu-os-cloud/global/images/ubuntu-2004-focal-v20211118",
                    "labels": {
                      "env": "production",
                      "name": "lab",
                      "team": "cenfotec",
                      "user": "docker"
                    },
                    "size": 10,
                    "type": "pd-standard"
                  }
                ],
                "kms_key_self_link": "",
                "mode": "READ_WRITE",
                "source": "https://www.googleapis.com/compute/v1/projects/dockerlabs-332203/zones/us-east1-b/disks/lab-6"
              }
            ],
            "can_ip_forward": false,
            "confidential_instance_config": [],
            "cpu_platform": "Intel Broadwell",
            "current_status": "RUNNING",
            "deletion_protection": false,
            "description": "",
            "desired_status": null,
            "enable_display": false,
            "guest_accelerator": [],
            "hostname": "",
            "id": "projects/dockerlabs-332203/zones/us-east1-b/instances/lab-6",
            "instance_id": "6967050785456303631",
            "label_fingerprint": "nkrmE69Wna4=",
            "labels": {
              "env": "production",
              "name": "lab",
              "team": "cenfotec",
              "user": "docker"
            },
            "machine_type": "e2-small",
            "metadata": {
              "ssh-keys": "dockerlab:ssh-rsa AAAAB3NzaC1yc2EAAAADAQABAAABgQCbQG25Bm4iPfBoCVTzTEXaB3fsQVPcSyzZObTKoZUZB6BuD5HU3Pn2lXyz+ZgcqRRZNSzzj7B1ZDXPpM9Kxp2fM4I5wzH0dd/6mJN7GgxdzWGlESzI9BmJXFZa8yrw9PT9T/MvzGtHiTrPrkGtcVs1fAI9lZ940WvrzyiO27TU9fbgyAvoe2nP07ONuOtSFht6DFxScREhqRS+TXjRGb9qUnzATlIzQ0rfMd2tuDDmHAwXMb6giivQUUWNfYsIvxme0zX6uusGBHlbbQo48ouzYUZMJL6CYeAnsH3JKPKqywr4sBa743Rdtk5jSrnAGY/ImktSZOq6stF9Ur9xDLtV/wufIjNU8aufrc2Vtgxsza0vNp8ktMDBM0bwpN0uzwEquAOvuPd3EJyuXlAFP0heHTOljShP9sBfMumXU6fEn8/jgrAyvvfZ8J70ZyrIJPjAp6yvvwZciD8WWzgVc5/q7hpLacVlkr2RNhELTsEhXT+ATbtYNgbYhTKGvxfmcTM= dockerlab\n",
              "user-data": "#!/bin/bash -x\n\n# user\nadduser dockerlab --gecos \"$fullname,RoomNumber,WorkPhone,HomePhone\" --disabled-password\necho -e \"password\\npassword\\n\" | passwd dockerlab\npasswd --expire dockerlab\nadduser dockerlab sudo\nmkdir -p /home/dockerlab/.ssh\ncp ~/.ssh/authorized_keys /home/dockerlab/.ssh/\nchown dockerlab:dockerlab /home/dockerlab/.ssh/authorized_keys\nchmod 600  /home/dockerlab/.ssh/authorized_keys\n\n# docker\ncurl -fsSL https://get.docker.com -o get-docker.sh | sh\nsudo usermod -aG docker dockerlab\nnewgrp docker\n"
            },
            "metadata_fingerprint": "AiIn-DE9zSo=",
            "metadata_startup_script": null,
            "min_cpu_platform": "",
            "name": "lab-6",
            "network_interface": [
              {
                "access_config": [
                  {
                    "nat_ip": "35.185.94.42",
                    "network_tier": "PREMIUM",
                    "public_ptr_domain_name": ""
                  }
                ],
                "alias_ip_range": [],
                "ipv6_access_config": [],
                "ipv6_access_type": "",
                "name": "nic0",
                "network": "https://www.googleapis.com/compute/v1/projects/dockerlabs-332203/global/networks/default",
                "network_ip": "10.142.15.201",
                "nic_type": "",
                "stack_type": "IPV4_ONLY",
                "subnetwork": "https://www.googleapis.com/compute/v1/projects/dockerlabs-332203/regions/us-east1/subnetworks/default",
                "subnetwork_project": "dockerlabs-332203"
              }
            ],
            "project": "dockerlabs-332203",
            "reservation_affinity": [],
            "resource_policies": [],
            "scheduling": [
              {
                "automatic_restart": true,
                "min_node_cpus": 0,
                "node_affinities": [],
                "on_host_maintenance": "MIGRATE",
                "preemptible": false
              }
            ],
            "scratch_disk": [],
            "self_link": "https://www.googleapis.com/compute/v1/projects/dockerlabs-332203/zones/us-east1-b/instances/lab-6",
            "service_account": [],
            "shielded_instance_config": [
              {
                "enable_integrity_monitoring": true,
                "enable_secure_boot": false,
                "enable_vtpm": true
              }
            ],
            "tags": [
              "dockerlabs"
            ],
            "tags_fingerprint": "UAaZt4n-Icc=",
            "timeouts": null,
            "zone": "us-east1-b"
          },
          "sensitive_attributes": [],
          "private": "eyJlMmJmYjczMC1lY2FhLTExZTYtOGY4OC0zNDM2M2JjN2M0YzAiOnsiY3JlYXRlIjoxMjAwMDAwMDAwMDAwLCJkZWxldGUiOjEyMDAwMDAwMDAwMDAsInVwZGF0ZSI6MTIwMDAwMDAwMDAwMH0sInNjaGVtYV92ZXJzaW9uIjoiNiJ9",
          "dependencies": [
            "data.google_compute_image.master_image"
          ]
        },
        {
          "index_key": 7,
          "schema_version": 6,
          "attributes": {
            "advanced_machine_features": [],
            "allow_stopping_for_update": null,
            "attached_disk": [],
            "boot_disk": [
              {
                "auto_delete": true,
                "device_name": "persistent-disk-0",
                "disk_encryption_key_raw": "",
                "disk_encryption_key_sha256": "",
                "initialize_params": [
                  {
                    "image": "https://www.googleapis.com/compute/v1/projects/ubuntu-os-cloud/global/images/ubuntu-2004-focal-v20211118",
                    "labels": {
                      "env": "production",
                      "name": "lab",
                      "team": "cenfotec",
                      "user": "docker"
                    },
                    "size": 10,
                    "type": "pd-standard"
                  }
                ],
                "kms_key_self_link": "",
                "mode": "READ_WRITE",
                "source": "https://www.googleapis.com/compute/v1/projects/dockerlabs-332203/zones/us-east1-b/disks/lab-8"
              }
            ],
            "can_ip_forward": false,
            "confidential_instance_config": [],
            "cpu_platform": "Intel Broadwell",
            "current_status": "RUNNING",
            "deletion_protection": false,
            "description": "",
            "desired_status": null,
            "enable_display": false,
            "guest_accelerator": [],
            "hostname": "",
            "id": "projects/dockerlabs-332203/zones/us-east1-b/instances/lab-8",
            "instance_id": "6935216741261422095",
            "label_fingerprint": "nkrmE69Wna4=",
            "labels": {
              "env": "production",
              "name": "lab",
              "team": "cenfotec",
              "user": "docker"
            },
            "machine_type": "e2-small",
            "metadata": {
              "ssh-keys": "dockerlab:ssh-rsa AAAAB3NzaC1yc2EAAAADAQABAAABgQCbQG25Bm4iPfBoCVTzTEXaB3fsQVPcSyzZObTKoZUZB6BuD5HU3Pn2lXyz+ZgcqRRZNSzzj7B1ZDXPpM9Kxp2fM4I5wzH0dd/6mJN7GgxdzWGlESzI9BmJXFZa8yrw9PT9T/MvzGtHiTrPrkGtcVs1fAI9lZ940WvrzyiO27TU9fbgyAvoe2nP07ONuOtSFht6DFxScREhqRS+TXjRGb9qUnzATlIzQ0rfMd2tuDDmHAwXMb6giivQUUWNfYsIvxme0zX6uusGBHlbbQo48ouzYUZMJL6CYeAnsH3JKPKqywr4sBa743Rdtk5jSrnAGY/ImktSZOq6stF9Ur9xDLtV/wufIjNU8aufrc2Vtgxsza0vNp8ktMDBM0bwpN0uzwEquAOvuPd3EJyuXlAFP0heHTOljShP9sBfMumXU6fEn8/jgrAyvvfZ8J70ZyrIJPjAp6yvvwZciD8WWzgVc5/q7hpLacVlkr2RNhELTsEhXT+ATbtYNgbYhTKGvxfmcTM= dockerlab\n",
              "user-data": "#!/bin/bash -x\n\n# user\nadduser dockerlab --gecos \"$fullname,RoomNumber,WorkPhone,HomePhone\" --disabled-password\necho -e \"password\\npassword\\n\" | passwd dockerlab\npasswd --expire dockerlab\nadduser dockerlab sudo\nmkdir -p /home/dockerlab/.ssh\ncp ~/.ssh/authorized_keys /home/dockerlab/.ssh/\nchown dockerlab:dockerlab /home/dockerlab/.ssh/authorized_keys\nchmod 600  /home/dockerlab/.ssh/authorized_keys\n\n# docker\ncurl -fsSL https://get.docker.com -o get-docker.sh | sh\nsudo usermod -aG docker dockerlab\nnewgrp docker\n"
            },
            "metadata_fingerprint": "AiIn-DE9zSo=",
            "metadata_startup_script": null,
            "min_cpu_platform": "",
            "name": "lab-8",
            "network_interface": [
              {
                "access_config": [
                  {
                    "nat_ip": "35.229.92.74",
                    "network_tier": "PREMIUM",
                    "public_ptr_domain_name": ""
                  }
                ],
                "alias_ip_range": [],
                "ipv6_access_config": [],
                "ipv6_access_type": "",
                "name": "nic0",
                "network": "https://www.googleapis.com/compute/v1/projects/dockerlabs-332203/global/networks/default",
                "network_ip": "10.142.15.199",
                "nic_type": "",
                "stack_type": "IPV4_ONLY",
                "subnetwork": "https://www.googleapis.com/compute/v1/projects/dockerlabs-332203/regions/us-east1/subnetworks/default",
                "subnetwork_project": "dockerlabs-332203"
              }
            ],
            "project": "dockerlabs-332203",
            "reservation_affinity": [],
            "resource_policies": [],
            "scheduling": [
              {
                "automatic_restart": true,
                "min_node_cpus": 0,
                "node_affinities": [],
                "on_host_maintenance": "MIGRATE",
                "preemptible": false
              }
            ],
            "scratch_disk": [],
            "self_link": "https://www.googleapis.com/compute/v1/projects/dockerlabs-332203/zones/us-east1-b/instances/lab-8",
            "service_account": [],
            "shielded_instance_config": [
              {
                "enable_integrity_monitoring": true,
                "enable_secure_boot": false,
                "enable_vtpm": true
              }
            ],
            "tags": [
              "dockerlabs"
            ],
            "tags_fingerprint": "UAaZt4n-Icc=",
            "timeouts": null,
            "zone": "us-east1-b"
          },
          "sensitive_attributes": [],
          "private": "eyJlMmJmYjczMC1lY2FhLTExZTYtOGY4OC0zNDM2M2JjN2M0YzAiOnsiY3JlYXRlIjoxMjAwMDAwMDAwMDAwLCJkZWxldGUiOjEyMDAwMDAwMDAwMDAsInVwZGF0ZSI6MTIwMDAwMDAwMDAwMH0sInNjaGVtYV92ZXJzaW9uIjoiNiJ9",
          "dependencies": [
            "data.google_compute_image.master_image"
          ]
        }
      ]
    },
    {
      "mode": "managed",
      "type": "local_file",
      "name": "ssh_private_key_pem",
      "provider": "provider[\"registry.terraform.io/hashicorp/local\"]",
      "instances": [
        {
          "schema_version": 0,
          "attributes": {
            "content": null,
            "content_base64": null,
            "directory_permission": "0777",
            "file_permission": "0600",
            "filename": "../keys/prod/id_rsa",
            "id": "a970f6667ea150f7160abe9e5ef88b520535c19f",
            "sensitive_content": "-----BEGIN RSA PRIVATE KEY-----\nMIIEowIBAAKCAQEA4H1xVmy/n72nuEiJqo1SCWtddSA1448OqkBoq7j+/ZRYbUX5\nXqK7Q1pBzPjEGF2bHQQx/f+M5ZppNcJrthyGTe4fuPYpxIFDnkW00Tx+PgqfEZt6\nQTbTat9b43ZOc58Ck0yeGG7IHgPy9rLCvY38dnYxGsYBMMtBe52ktCuB7Dz0uvxN\nVgUesRUSgn2cHxOl4l53PdzF8ZaMszjTI4nX6uJ5ZLj/eu4GilCsUfSiPhpfdMJL\nOCTMFQpsvzOZoM0Q2xzaVyqvObzCmfhsuIh+G978R1tsxvtK91vz0gSvWn+s9pyN\n42wZ3zKiZcLhr6A0qwwE6yoj4/PdTbCZ/wTpfwIDAQABAoIBACWQ+GFlC2AY5bMx\n+E+hHIRVAiuyezIcY3DcHGf4KjuXEoEev481ni60MOSzEGWfbHCbnh4KILLfdxG2\n+j1cYqEx4v8Zun2WwBEBSzPkcp/BOUNCCGBXY2O0AvV6e8BfcJfjr2UZTMWxFXxx\nB6Oe2guc1bTMQ7C9orSj+cborPIyJOjkXLESBBm/NPupo2IlvVQhADkyqLs89huR\nEmkxTd1vmTAD46HQt+ItXfZDgO7BFbiNfk7Tib9fxflRZ4jvttTPC8U8PhIgFclT\nfFWXNcTM3Zvgbg4M/r/vkg3P1CXEIo6x2AlX2nc3ppPBYBR7m5PsewQBRABKxXBd\nquZtAcECgYEA7PnYB4EXg2e9YfVaTLF/kFSSdK2/OBw3s9HeOllafvqUJr84rtuE\n3xG2uPd/EUpaWPJuybBMYLqBAF0xMPfpbJklBaMal6pN48b4p770zfbre535JO2w\n3rINmSZg5i6XIBQJvONW2k388WIOO+nmDYfn/8wJ5U17BzpBVbM1dV8CgYEA8oL/\nNtXqVakcVdgrnoSvVmE6V85Zl9+OG7LB74xzNBYoNoEPt7wLTMxxVLmABOm2WbYM\neiuTN9Cdm1KwDxvkpppksB5jiQVVbcn7gXFKCIUP1MWIzDzYrafIHDg8ZtaDldpH\nB1x56B+k/pioKbt2sN7Wo+M+xtOQuN71J5UV3+ECgYEAwE0mz0Akko/WkO2HL4FC\nYR8gEesEp0XOte9yhKsJ0s0I+EBogQzGUDaRrpu405Egq9lfqe+Uq1HtaRw21OP4\n2hWUg3SOGdErj9Fg6s783T6obRIOobb4tl6KxmLscx4PqQpZtJxPWKu8vSyzHE98\nTjKhQ2SSCy/KzFyrtB3PHcUCgYAm8kzEZLRej2siijXvHkX+bFzvTw9qaZer8Rhe\nPUMfIVPR9QYuLr/t1IN65NOfdl03qRn14NuiwhkdobjupD8jVnZHJoo7riSbHi4L\nCsOl/KCfPh4LFtaBhQmJJqrkpRy6yzRPBVX6pmJcFO4kzZtxKkh0R4GEcuOyHPRo\nJ/Q8YQKBgG2IDyTbUpG6PrZCpO0AbR2uDi7M993GCd/UAN5gD7HAIiiaDF2lOXL6\nddQd5Kjm4hkvykmF6gYbb5bNLMazd12P+8/Wzt8or/JxsuN9e1fjMrid/hIUt/Zy\nFDgYBW5LJCj0OhoCWL3chX8rcdC/Vd7nF2QiaXmhx055ReylRD/6\n-----END RSA PRIVATE KEY-----\n",
            "source": null
          },
          "sensitive_attributes": [
            [
              {
                "type": "get_attr",
                "value": "sensitive_content"
              }
            ]
          ],
          "private": "bnVsbA==",
          "dependencies": [
            "tls_private_key.global_key"
          ]
        }
      ]
    },
    {
      "mode": "managed",
      "type": "local_file",
      "name": "ssh_public_key_pem",
      "provider": "provider[\"registry.terraform.io/hashicorp/local\"]",
      "instances": [
        {
          "schema_version": 0,
          "attributes": {
            "content": null,
            "content_base64": null,
            "directory_permission": "0777",
            "file_permission": "0600",
            "filename": "../keys/prod/id_rsa.pub",
            "id": "b3cf75e08613942057fa23f3d62d39ef834fcc00",
            "sensitive_content": "-----BEGIN PUBLIC KEY-----\nMIIBIjANBgkqhkiG9w0BAQEFAAOCAQ8AMIIBCgKCAQEA4H1xVmy/n72nuEiJqo1S\nCWtddSA1448OqkBoq7j+/ZRYbUX5XqK7Q1pBzPjEGF2bHQQx/f+M5ZppNcJrthyG\nTe4fuPYpxIFDnkW00Tx+PgqfEZt6QTbTat9b43ZOc58Ck0yeGG7IHgPy9rLCvY38\ndnYxGsYBMMtBe52ktCuB7Dz0uvxNVgUesRUSgn2cHxOl4l53PdzF8ZaMszjTI4nX\n6uJ5ZLj/eu4GilCsUfSiPhpfdMJLOCTMFQpsvzOZoM0Q2xzaVyqvObzCmfhsuIh+\nG978R1tsxvtK91vz0gSvWn+s9pyN42wZ3zKiZcLhr6A0qwwE6yoj4/PdTbCZ/wTp\nfwIDAQAB\n-----END PUBLIC KEY-----\n",
            "source": null
          },
          "sensitive_attributes": [],
          "private": "bnVsbA==",
          "dependencies": [
            "tls_private_key.global_key"
          ]
        }
      ]
    },
    {
      "mode": "managed",
      "type": "tls_private_key",
      "name": "global_key",
      "provider": "provider[\"registry.terraform.io/hashicorp/tls\"]",
      "instances": [
        {
          "schema_version": 0,
          "attributes": {
            "algorithm": "RSA",
            "ecdsa_curve": "P224",
            "id": "eb555370d0ef795d10e3c079213166473321f160",
            "private_key_pem": "-----BEGIN RSA PRIVATE KEY-----\nMIIEowIBAAKCAQEA4H1xVmy/n72nuEiJqo1SCWtddSA1448OqkBoq7j+/ZRYbUX5\nXqK7Q1pBzPjEGF2bHQQx/f+M5ZppNcJrthyGTe4fuPYpxIFDnkW00Tx+PgqfEZt6\nQTbTat9b43ZOc58Ck0yeGG7IHgPy9rLCvY38dnYxGsYBMMtBe52ktCuB7Dz0uvxN\nVgUesRUSgn2cHxOl4l53PdzF8ZaMszjTI4nX6uJ5ZLj/eu4GilCsUfSiPhpfdMJL\nOCTMFQpsvzOZoM0Q2xzaVyqvObzCmfhsuIh+G978R1tsxvtK91vz0gSvWn+s9pyN\n42wZ3zKiZcLhr6A0qwwE6yoj4/PdTbCZ/wTpfwIDAQABAoIBACWQ+GFlC2AY5bMx\n+E+hHIRVAiuyezIcY3DcHGf4KjuXEoEev481ni60MOSzEGWfbHCbnh4KILLfdxG2\n+j1cYqEx4v8Zun2WwBEBSzPkcp/BOUNCCGBXY2O0AvV6e8BfcJfjr2UZTMWxFXxx\nB6Oe2guc1bTMQ7C9orSj+cborPIyJOjkXLESBBm/NPupo2IlvVQhADkyqLs89huR\nEmkxTd1vmTAD46HQt+ItXfZDgO7BFbiNfk7Tib9fxflRZ4jvttTPC8U8PhIgFclT\nfFWXNcTM3Zvgbg4M/r/vkg3P1CXEIo6x2AlX2nc3ppPBYBR7m5PsewQBRABKxXBd\nquZtAcECgYEA7PnYB4EXg2e9YfVaTLF/kFSSdK2/OBw3s9HeOllafvqUJr84rtuE\n3xG2uPd/EUpaWPJuybBMYLqBAF0xMPfpbJklBaMal6pN48b4p770zfbre535JO2w\n3rINmSZg5i6XIBQJvONW2k388WIOO+nmDYfn/8wJ5U17BzpBVbM1dV8CgYEA8oL/\nNtXqVakcVdgrnoSvVmE6V85Zl9+OG7LB74xzNBYoNoEPt7wLTMxxVLmABOm2WbYM\neiuTN9Cdm1KwDxvkpppksB5jiQVVbcn7gXFKCIUP1MWIzDzYrafIHDg8ZtaDldpH\nB1x56B+k/pioKbt2sN7Wo+M+xtOQuN71J5UV3+ECgYEAwE0mz0Akko/WkO2HL4FC\nYR8gEesEp0XOte9yhKsJ0s0I+EBogQzGUDaRrpu405Egq9lfqe+Uq1HtaRw21OP4\n2hWUg3SOGdErj9Fg6s783T6obRIOobb4tl6KxmLscx4PqQpZtJxPWKu8vSyzHE98\nTjKhQ2SSCy/KzFyrtB3PHcUCgYAm8kzEZLRej2siijXvHkX+bFzvTw9qaZer8Rhe\nPUMfIVPR9QYuLr/t1IN65NOfdl03qRn14NuiwhkdobjupD8jVnZHJoo7riSbHi4L\nCsOl/KCfPh4LFtaBhQmJJqrkpRy6yzRPBVX6pmJcFO4kzZtxKkh0R4GEcuOyHPRo\nJ/Q8YQKBgG2IDyTbUpG6PrZCpO0AbR2uDi7M993GCd/UAN5gD7HAIiiaDF2lOXL6\nddQd5Kjm4hkvykmF6gYbb5bNLMazd12P+8/Wzt8or/JxsuN9e1fjMrid/hIUt/Zy\nFDgYBW5LJCj0OhoCWL3chX8rcdC/Vd7nF2QiaXmhx055ReylRD/6\n-----END RSA PRIVATE KEY-----\n",
            "public_key_fingerprint_md5": "c4:e5:b4:c9:c7:72:09:e2:1c:2c:cc:4b:ff:ff:cd:6f",
            "public_key_openssh": "ssh-rsa AAAAB3NzaC1yc2EAAAADAQABAAABAQDgfXFWbL+fvae4SImqjVIJa111IDXjjw6qQGiruP79lFhtRfleortDWkHM+MQYXZsdBDH9/4zlmmk1wmu2HIZN7h+49inEgUOeRbTRPH4+Cp8Rm3pBNtNq31vjdk5znwKTTJ4YbsgeA/L2ssK9jfx2djEaxgEwy0F7naS0K4HsPPS6/E1WBR6xFRKCfZwfE6XiXnc93MXxloyzONMjidfq4nlkuP967gaKUKxR9KI+Gl90wks4JMwVCmy/M5mgzRDbHNpXKq85vMKZ+Gy4iH4b3vxHW2zG+0r3W/PSBK9af6z2nI3jbBnfMqJlwuGvoDSrDATrKiPj891NsJn/BOl/\n",
            "public_key_pem": "-----BEGIN PUBLIC KEY-----\nMIIBIjANBgkqhkiG9w0BAQEFAAOCAQ8AMIIBCgKCAQEA4H1xVmy/n72nuEiJqo1S\nCWtddSA1448OqkBoq7j+/ZRYbUX5XqK7Q1pBzPjEGF2bHQQx/f+M5ZppNcJrthyG\nTe4fuPYpxIFDnkW00Tx+PgqfEZt6QTbTat9b43ZOc58Ck0yeGG7IHgPy9rLCvY38\ndnYxGsYBMMtBe52ktCuB7Dz0uvxNVgUesRUSgn2cHxOl4l53PdzF8ZaMszjTI4nX\n6uJ5ZLj/eu4GilCsUfSiPhpfdMJLOCTMFQpsvzOZoM0Q2xzaVyqvObzCmfhsuIh+\nG978R1tsxvtK91vz0gSvWn+s9pyN42wZ3zKiZcLhr6A0qwwE6yoj4/PdTbCZ/wTp\nfwIDAQAB\n-----END PUBLIC KEY-----\n",
            "rsa_bits": 2048
          },
          "sensitive_attributes": [],
          "private": "bnVsbA=="
        }
      ]
    }
  ]
}
