{
  "version": 4,
  "terraform_version": "1.0.9",
  "serial": 87,
  "lineage": "6314abf5-ae5e-30ca-1780-64f38531e16e",
  "outputs": {},
  "resources": [
    {
      "mode": "data",
      "type": "google_compute_image",
      "name": "master_image",
      "provider": "provider[\"registry.terraform.io/hashicorp/google\"]",
      "instances": [
        {
          "schema_version": 0,
          "attributes": {
            "archive_size_bytes": 2613608256,
            "creation_timestamp": "2021-11-03T07:15:52.356-07:00",
            "description": "Canonical, Ubuntu, 20.04 LTS, amd64 focal image built on 2021-11-02, supports Shielded VM features",
            "disk_size_gb": 10,
            "family": "ubuntu-2004-lts",
            "filter": null,
            "id": "projects/ubuntu-os-cloud/global/images/ubuntu-2004-focal-v20211102",
            "image_encryption_key_sha256": "",
            "image_id": "3796453266954332023",
            "label_fingerprint": "42WmSpB8rSM=",
            "labels": {},
            "licenses": [
              "https://www.googleapis.com/compute/v1/projects/ubuntu-os-cloud/global/licenses/ubuntu-2004-lts"
            ],
            "name": "ubuntu-2004-focal-v20211102",
            "project": "ubuntu-os-cloud",
            "self_link": "https://www.googleapis.com/compute/v1/projects/ubuntu-os-cloud/global/images/ubuntu-2004-focal-v20211102",
            "source_disk": "",
            "source_disk_encryption_key_sha256": "",
            "source_disk_id": "",
            "source_image_id": "",
            "status": "READY"
          },
          "sensitive_attributes": []
        }
      ]
    },
    {
      "mode": "managed",
      "type": "google_compute_instance",
      "name": "lab",
      "provider": "provider[\"registry.terraform.io/hashicorp/google\"]",
      "instances": [
        {
          "index_key": 1,
          "schema_version": 6,
          "attributes": {
            "advanced_machine_features": [],
            "allow_stopping_for_update": null,
            "attached_disk": [],
            "boot_disk": [
              {
                "auto_delete": true,
                "device_name": "persistent-disk-0",
                "disk_encryption_key_raw": "",
                "disk_encryption_key_sha256": "",
                "initialize_params": [
                  {
                    "image": "https://www.googleapis.com/compute/v1/projects/ubuntu-os-cloud/global/images/ubuntu-2004-focal-v20211102",
                    "labels": {
                      "env": "production",
                      "name": "lab",
                      "team": "cenfotec",
                      "user": "docker"
                    },
                    "size": 10,
                    "type": "pd-standard"
                  }
                ],
                "kms_key_self_link": "",
                "mode": "READ_WRITE",
                "source": "https://www.googleapis.com/compute/v1/projects/dockerlabs-332203/zones/us-east1-b/disks/lab-2"
              }
            ],
            "can_ip_forward": false,
            "confidential_instance_config": [],
            "cpu_platform": "Intel Haswell",
            "current_status": "RUNNING",
            "deletion_protection": false,
            "description": "",
            "desired_status": null,
            "enable_display": false,
            "guest_accelerator": [],
            "hostname": "",
            "id": "projects/dockerlabs-332203/zones/us-east1-b/instances/lab-2",
            "instance_id": "9018232002435634728",
            "label_fingerprint": "nkrmE69Wna4=",
            "labels": {
              "env": "production",
              "name": "lab",
              "team": "cenfotec",
              "user": "docker"
            },
            "machine_type": "f1-micro",
            "metadata": null,
            "metadata_fingerprint": "WtgygdQbGWg=",
            "metadata_startup_script": null,
            "min_cpu_platform": "",
            "name": "lab-2",
            "network_interface": [
              {
                "access_config": [
                  {
                    "nat_ip": "34.139.107.85",
                    "network_tier": "PREMIUM",
                    "public_ptr_domain_name": ""
                  }
                ],
                "alias_ip_range": [],
                "ipv6_access_config": [],
                "ipv6_access_type": "",
                "name": "nic0",
                "network": "https://www.googleapis.com/compute/v1/projects/dockerlabs-332203/global/networks/default",
                "network_ip": "10.142.0.26",
                "nic_type": "",
                "stack_type": "IPV4_ONLY",
                "subnetwork": "https://www.googleapis.com/compute/v1/projects/dockerlabs-332203/regions/us-east1/subnetworks/default",
                "subnetwork_project": "dockerlabs-332203"
              }
            ],
            "project": "dockerlabs-332203",
            "reservation_affinity": [],
            "resource_policies": null,
            "scheduling": [
              {
                "automatic_restart": true,
                "min_node_cpus": 0,
                "node_affinities": [],
                "on_host_maintenance": "MIGRATE",
                "preemptible": false
              }
            ],
            "scratch_disk": [],
            "self_link": "https://www.googleapis.com/compute/v1/projects/dockerlabs-332203/zones/us-east1-b/instances/lab-2",
            "service_account": [],
            "shielded_instance_config": [
              {
                "enable_integrity_monitoring": true,
                "enable_secure_boot": false,
                "enable_vtpm": true
              }
            ],
            "tags": [
              "dockerlabs"
            ],
            "tags_fingerprint": "UAaZt4n-Icc=",
            "timeouts": null,
            "zone": "us-east1-b"
          },
          "sensitive_attributes": [],
          "private": "eyJlMmJmYjczMC1lY2FhLTExZTYtOGY4OC0zNDM2M2JjN2M0YzAiOnsiY3JlYXRlIjoxMjAwMDAwMDAwMDAwLCJkZWxldGUiOjEyMDAwMDAwMDAwMDAsInVwZGF0ZSI6MTIwMDAwMDAwMDAwMH0sInNjaGVtYV92ZXJzaW9uIjoiNiJ9",
          "dependencies": [
            "data.google_compute_image.master_image"
          ]
        },
        {
          "index_key": 2,
          "schema_version": 6,
          "attributes": {
            "advanced_machine_features": [],
            "allow_stopping_for_update": null,
            "attached_disk": [],
            "boot_disk": [
              {
                "auto_delete": true,
                "device_name": "persistent-disk-0",
                "disk_encryption_key_raw": "",
                "disk_encryption_key_sha256": "",
                "initialize_params": [
                  {
                    "image": "https://www.googleapis.com/compute/v1/projects/ubuntu-os-cloud/global/images/ubuntu-2004-focal-v20211102",
                    "labels": {
                      "env": "production",
                      "name": "lab",
                      "team": "cenfotec",
                      "user": "docker"
                    },
                    "size": 10,
                    "type": "pd-standard"
                  }
                ],
                "kms_key_self_link": "",
                "mode": "READ_WRITE",
                "source": "https://www.googleapis.com/compute/v1/projects/dockerlabs-332203/zones/us-east1-b/disks/lab-3"
              }
            ],
            "can_ip_forward": false,
            "confidential_instance_config": [],
            "cpu_platform": "Intel Haswell",
            "current_status": "RUNNING",
            "deletion_protection": false,
            "description": "",
            "desired_status": null,
            "enable_display": false,
            "guest_accelerator": [],
            "hostname": "",
            "id": "projects/dockerlabs-332203/zones/us-east1-b/instances/lab-3",
            "instance_id": "3790736412081149480",
            "label_fingerprint": "nkrmE69Wna4=",
            "labels": {
              "env": "production",
              "name": "lab",
              "team": "cenfotec",
              "user": "docker"
            },
            "machine_type": "f1-micro",
            "metadata": null,
            "metadata_fingerprint": "WtgygdQbGWg=",
            "metadata_startup_script": null,
            "min_cpu_platform": "",
            "name": "lab-3",
            "network_interface": [
              {
                "access_config": [
                  {
                    "nat_ip": "34.74.217.214",
                    "network_tier": "PREMIUM",
                    "public_ptr_domain_name": ""
                  }
                ],
                "alias_ip_range": [],
                "ipv6_access_config": [],
                "ipv6_access_type": "",
                "name": "nic0",
                "network": "https://www.googleapis.com/compute/v1/projects/dockerlabs-332203/global/networks/default",
                "network_ip": "10.142.0.27",
                "nic_type": "",
                "stack_type": "IPV4_ONLY",
                "subnetwork": "https://www.googleapis.com/compute/v1/projects/dockerlabs-332203/regions/us-east1/subnetworks/default",
                "subnetwork_project": "dockerlabs-332203"
              }
            ],
            "project": "dockerlabs-332203",
            "reservation_affinity": [],
            "resource_policies": null,
            "scheduling": [
              {
                "automatic_restart": true,
                "min_node_cpus": 0,
                "node_affinities": [],
                "on_host_maintenance": "MIGRATE",
                "preemptible": false
              }
            ],
            "scratch_disk": [],
            "self_link": "https://www.googleapis.com/compute/v1/projects/dockerlabs-332203/zones/us-east1-b/instances/lab-3",
            "service_account": [],
            "shielded_instance_config": [
              {
                "enable_integrity_monitoring": true,
                "enable_secure_boot": false,
                "enable_vtpm": true
              }
            ],
            "tags": [
              "dockerlabs"
            ],
            "tags_fingerprint": "UAaZt4n-Icc=",
            "timeouts": null,
            "zone": "us-east1-b"
          },
          "sensitive_attributes": [],
          "private": "eyJlMmJmYjczMC1lY2FhLTExZTYtOGY4OC0zNDM2M2JjN2M0YzAiOnsiY3JlYXRlIjoxMjAwMDAwMDAwMDAwLCJkZWxldGUiOjEyMDAwMDAwMDAwMDAsInVwZGF0ZSI6MTIwMDAwMDAwMDAwMH0sInNjaGVtYV92ZXJzaW9uIjoiNiJ9",
          "dependencies": [
            "data.google_compute_image.master_image"
          ]
        },
        {
          "index_key": 3,
          "schema_version": 6,
          "attributes": {
            "advanced_machine_features": [],
            "allow_stopping_for_update": null,
            "attached_disk": [],
            "boot_disk": [
              {
                "auto_delete": true,
                "device_name": "persistent-disk-0",
                "disk_encryption_key_raw": "",
                "disk_encryption_key_sha256": "",
                "initialize_params": [
                  {
                    "image": "https://www.googleapis.com/compute/v1/projects/ubuntu-os-cloud/global/images/ubuntu-2004-focal-v20211102",
                    "labels": {
                      "env": "production",
                      "name": "lab",
                      "team": "cenfotec",
                      "user": "docker"
                    },
                    "size": 10,
                    "type": "pd-standard"
                  }
                ],
                "kms_key_self_link": "",
                "mode": "READ_WRITE",
                "source": "https://www.googleapis.com/compute/v1/projects/dockerlabs-332203/zones/us-east1-b/disks/lab-4"
              }
            ],
            "can_ip_forward": false,
            "confidential_instance_config": [],
            "cpu_platform": "Intel Haswell",
            "current_status": "RUNNING",
            "deletion_protection": false,
            "description": "",
            "desired_status": null,
            "enable_display": false,
            "guest_accelerator": [],
            "hostname": "",
            "id": "projects/dockerlabs-332203/zones/us-east1-b/instances/lab-4",
            "instance_id": "8188828007456855592",
            "label_fingerprint": "nkrmE69Wna4=",
            "labels": {
              "env": "production",
              "name": "lab",
              "team": "cenfotec",
              "user": "docker"
            },
            "machine_type": "f1-micro",
            "metadata": null,
            "metadata_fingerprint": "WtgygdQbGWg=",
            "metadata_startup_script": null,
            "min_cpu_platform": "",
            "name": "lab-4",
            "network_interface": [
              {
                "access_config": [
                  {
                    "nat_ip": "35.237.151.66",
                    "network_tier": "PREMIUM",
                    "public_ptr_domain_name": ""
                  }
                ],
                "alias_ip_range": [],
                "ipv6_access_config": [],
                "ipv6_access_type": "",
                "name": "nic0",
                "network": "https://www.googleapis.com/compute/v1/projects/dockerlabs-332203/global/networks/default",
                "network_ip": "10.142.0.28",
                "nic_type": "",
                "stack_type": "IPV4_ONLY",
                "subnetwork": "https://www.googleapis.com/compute/v1/projects/dockerlabs-332203/regions/us-east1/subnetworks/default",
                "subnetwork_project": "dockerlabs-332203"
              }
            ],
            "project": "dockerlabs-332203",
            "reservation_affinity": [],
            "resource_policies": null,
            "scheduling": [
              {
                "automatic_restart": true,
                "min_node_cpus": 0,
                "node_affinities": [],
                "on_host_maintenance": "MIGRATE",
                "preemptible": false
              }
            ],
            "scratch_disk": [],
            "self_link": "https://www.googleapis.com/compute/v1/projects/dockerlabs-332203/zones/us-east1-b/instances/lab-4",
            "service_account": [],
            "shielded_instance_config": [
              {
                "enable_integrity_monitoring": true,
                "enable_secure_boot": false,
                "enable_vtpm": true
              }
            ],
            "tags": [
              "dockerlabs"
            ],
            "tags_fingerprint": "UAaZt4n-Icc=",
            "timeouts": null,
            "zone": "us-east1-b"
          },
          "sensitive_attributes": [],
          "private": "eyJlMmJmYjczMC1lY2FhLTExZTYtOGY4OC0zNDM2M2JjN2M0YzAiOnsiY3JlYXRlIjoxMjAwMDAwMDAwMDAwLCJkZWxldGUiOjEyMDAwMDAwMDAwMDAsInVwZGF0ZSI6MTIwMDAwMDAwMDAwMH0sInNjaGVtYV92ZXJzaW9uIjoiNiJ9",
          "dependencies": [
            "data.google_compute_image.master_image"
          ]
        },
        {
          "index_key": 4,
          "schema_version": 6,
          "attributes": {
            "advanced_machine_features": [],
            "allow_stopping_for_update": null,
            "attached_disk": [],
            "boot_disk": [
              {
                "auto_delete": true,
                "device_name": "persistent-disk-0",
                "disk_encryption_key_raw": "",
                "disk_encryption_key_sha256": "",
                "initialize_params": [
                  {
                    "image": "https://www.googleapis.com/compute/v1/projects/ubuntu-os-cloud/global/images/ubuntu-2004-focal-v20211102",
                    "labels": {
                      "env": "production",
                      "name": "lab",
                      "team": "cenfotec",
                      "user": "docker"
                    },
                    "size": 10,
                    "type": "pd-standard"
                  }
                ],
                "kms_key_self_link": "",
                "mode": "READ_WRITE",
                "source": "https://www.googleapis.com/compute/v1/projects/dockerlabs-332203/zones/us-east1-b/disks/lab-5"
              }
            ],
            "can_ip_forward": false,
            "confidential_instance_config": [],
            "cpu_platform": "Intel Haswell",
            "current_status": "RUNNING",
            "deletion_protection": false,
            "description": "",
            "desired_status": null,
            "enable_display": false,
            "guest_accelerator": [],
            "hostname": "",
            "id": "projects/dockerlabs-332203/zones/us-east1-b/instances/lab-5",
            "instance_id": "4894200410496849448",
            "label_fingerprint": "nkrmE69Wna4=",
            "labels": {
              "env": "production",
              "name": "lab",
              "team": "cenfotec",
              "user": "docker"
            },
            "machine_type": "f1-micro",
            "metadata": null,
            "metadata_fingerprint": "WtgygdQbGWg=",
            "metadata_startup_script": null,
            "min_cpu_platform": "",
            "name": "lab-5",
            "network_interface": [
              {
                "access_config": [
                  {
                    "nat_ip": "35.243.232.102",
                    "network_tier": "PREMIUM",
                    "public_ptr_domain_name": ""
                  }
                ],
                "alias_ip_range": [],
                "ipv6_access_config": [],
                "ipv6_access_type": "",
                "name": "nic0",
                "network": "https://www.googleapis.com/compute/v1/projects/dockerlabs-332203/global/networks/default",
                "network_ip": "10.142.0.31",
                "nic_type": "",
                "stack_type": "IPV4_ONLY",
                "subnetwork": "https://www.googleapis.com/compute/v1/projects/dockerlabs-332203/regions/us-east1/subnetworks/default",
                "subnetwork_project": "dockerlabs-332203"
              }
            ],
            "project": "dockerlabs-332203",
            "reservation_affinity": [],
            "resource_policies": null,
            "scheduling": [
              {
                "automatic_restart": true,
                "min_node_cpus": 0,
                "node_affinities": [],
                "on_host_maintenance": "MIGRATE",
                "preemptible": false
              }
            ],
            "scratch_disk": [],
            "self_link": "https://www.googleapis.com/compute/v1/projects/dockerlabs-332203/zones/us-east1-b/instances/lab-5",
            "service_account": [],
            "shielded_instance_config": [
              {
                "enable_integrity_monitoring": true,
                "enable_secure_boot": false,
                "enable_vtpm": true
              }
            ],
            "tags": [
              "dockerlabs"
            ],
            "tags_fingerprint": "UAaZt4n-Icc=",
            "timeouts": null,
            "zone": "us-east1-b"
          },
          "sensitive_attributes": [],
          "private": "eyJlMmJmYjczMC1lY2FhLTExZTYtOGY4OC0zNDM2M2JjN2M0YzAiOnsiY3JlYXRlIjoxMjAwMDAwMDAwMDAwLCJkZWxldGUiOjEyMDAwMDAwMDAwMDAsInVwZGF0ZSI6MTIwMDAwMDAwMDAwMH0sInNjaGVtYV92ZXJzaW9uIjoiNiJ9",
          "dependencies": [
            "data.google_compute_image.master_image"
          ]
        },
        {
          "index_key": 5,
          "schema_version": 6,
          "attributes": {
            "advanced_machine_features": [],
            "allow_stopping_for_update": null,
            "attached_disk": [],
            "boot_disk": [
              {
                "auto_delete": true,
                "device_name": "persistent-disk-0",
                "disk_encryption_key_raw": "",
                "disk_encryption_key_sha256": "",
                "initialize_params": [
                  {
                    "image": "https://www.googleapis.com/compute/v1/projects/ubuntu-os-cloud/global/images/ubuntu-2004-focal-v20211102",
                    "labels": {
                      "env": "production",
                      "name": "lab",
                      "team": "cenfotec",
                      "user": "docker"
                    },
                    "size": 10,
                    "type": "pd-standard"
                  }
                ],
                "kms_key_self_link": "",
                "mode": "READ_WRITE",
                "source": "https://www.googleapis.com/compute/v1/projects/dockerlabs-332203/zones/us-east1-b/disks/lab-6"
              }
            ],
            "can_ip_forward": false,
            "confidential_instance_config": [],
            "cpu_platform": "Intel Haswell",
            "current_status": "RUNNING",
            "deletion_protection": false,
            "description": "",
            "desired_status": null,
            "enable_display": false,
            "guest_accelerator": [],
            "hostname": "",
            "id": "projects/dockerlabs-332203/zones/us-east1-b/instances/lab-6",
            "instance_id": "6819619148188636712",
            "label_fingerprint": "nkrmE69Wna4=",
            "labels": {
              "env": "production",
              "name": "lab",
              "team": "cenfotec",
              "user": "docker"
            },
            "machine_type": "f1-micro",
            "metadata": null,
            "metadata_fingerprint": "WtgygdQbGWg=",
            "metadata_startup_script": null,
            "min_cpu_platform": "",
            "name": "lab-6",
            "network_interface": [
              {
                "access_config": [
                  {
                    "nat_ip": "34.139.34.179",
                    "network_tier": "PREMIUM",
                    "public_ptr_domain_name": ""
                  }
                ],
                "alias_ip_range": [],
                "ipv6_access_config": [],
                "ipv6_access_type": "",
                "name": "nic0",
                "network": "https://www.googleapis.com/compute/v1/projects/dockerlabs-332203/global/networks/default",
                "network_ip": "10.142.0.30",
                "nic_type": "",
                "stack_type": "IPV4_ONLY",
                "subnetwork": "https://www.googleapis.com/compute/v1/projects/dockerlabs-332203/regions/us-east1/subnetworks/default",
                "subnetwork_project": "dockerlabs-332203"
              }
            ],
            "project": "dockerlabs-332203",
            "reservation_affinity": [],
            "resource_policies": null,
            "scheduling": [
              {
                "automatic_restart": true,
                "min_node_cpus": 0,
                "node_affinities": [],
                "on_host_maintenance": "MIGRATE",
                "preemptible": false
              }
            ],
            "scratch_disk": [],
            "self_link": "https://www.googleapis.com/compute/v1/projects/dockerlabs-332203/zones/us-east1-b/instances/lab-6",
            "service_account": [],
            "shielded_instance_config": [
              {
                "enable_integrity_monitoring": true,
                "enable_secure_boot": false,
                "enable_vtpm": true
              }
            ],
            "tags": [
              "dockerlabs"
            ],
            "tags_fingerprint": "UAaZt4n-Icc=",
            "timeouts": null,
            "zone": "us-east1-b"
          },
          "sensitive_attributes": [],
          "private": "eyJlMmJmYjczMC1lY2FhLTExZTYtOGY4OC0zNDM2M2JjN2M0YzAiOnsiY3JlYXRlIjoxMjAwMDAwMDAwMDAwLCJkZWxldGUiOjEyMDAwMDAwMDAwMDAsInVwZGF0ZSI6MTIwMDAwMDAwMDAwMH0sInNjaGVtYV92ZXJzaW9uIjoiNiJ9",
          "dependencies": [
            "data.google_compute_image.master_image"
          ]
        },
        {
          "index_key": 7,
          "schema_version": 6,
          "attributes": {
            "advanced_machine_features": [],
            "allow_stopping_for_update": null,
            "attached_disk": [],
            "boot_disk": [
              {
                "auto_delete": true,
                "device_name": "persistent-disk-0",
                "disk_encryption_key_raw": "",
                "disk_encryption_key_sha256": "",
                "initialize_params": [
                  {
                    "image": "https://www.googleapis.com/compute/v1/projects/ubuntu-os-cloud/global/images/ubuntu-2004-focal-v20211102",
                    "labels": {
                      "env": "production",
                      "name": "lab",
                      "team": "cenfotec",
                      "user": "docker"
                    },
                    "size": 10,
                    "type": "pd-standard"
                  }
                ],
                "kms_key_self_link": "",
                "mode": "READ_WRITE",
                "source": "https://www.googleapis.com/compute/v1/projects/dockerlabs-332203/zones/us-east1-b/disks/lab-8"
              }
            ],
            "can_ip_forward": false,
            "confidential_instance_config": [],
            "cpu_platform": "Intel Haswell",
            "current_status": "RUNNING",
            "deletion_protection": false,
            "description": "",
            "desired_status": null,
            "enable_display": false,
            "guest_accelerator": [],
            "hostname": "",
            "id": "projects/dockerlabs-332203/zones/us-east1-b/instances/lab-8",
            "instance_id": "3100852033121179176",
            "label_fingerprint": "nkrmE69Wna4=",
            "labels": {
              "env": "production",
              "name": "lab",
              "team": "cenfotec",
              "user": "docker"
            },
            "machine_type": "f1-micro",
            "metadata": null,
            "metadata_fingerprint": "WtgygdQbGWg=",
            "metadata_startup_script": null,
            "min_cpu_platform": "",
            "name": "lab-8",
            "network_interface": [
              {
                "access_config": [
                  {
                    "nat_ip": "35.237.79.189",
                    "network_tier": "PREMIUM",
                    "public_ptr_domain_name": ""
                  }
                ],
                "alias_ip_range": [],
                "ipv6_access_config": [],
                "ipv6_access_type": "",
                "name": "nic0",
                "network": "https://www.googleapis.com/compute/v1/projects/dockerlabs-332203/global/networks/default",
                "network_ip": "10.142.0.29",
                "nic_type": "",
                "stack_type": "IPV4_ONLY",
                "subnetwork": "https://www.googleapis.com/compute/v1/projects/dockerlabs-332203/regions/us-east1/subnetworks/default",
                "subnetwork_project": "dockerlabs-332203"
              }
            ],
            "project": "dockerlabs-332203",
            "reservation_affinity": [],
            "resource_policies": null,
            "scheduling": [
              {
                "automatic_restart": true,
                "min_node_cpus": 0,
                "node_affinities": [],
                "on_host_maintenance": "MIGRATE",
                "preemptible": false
              }
            ],
            "scratch_disk": [],
            "self_link": "https://www.googleapis.com/compute/v1/projects/dockerlabs-332203/zones/us-east1-b/instances/lab-8",
            "service_account": [],
            "shielded_instance_config": [
              {
                "enable_integrity_monitoring": true,
                "enable_secure_boot": false,
                "enable_vtpm": true
              }
            ],
            "tags": [
              "dockerlabs"
            ],
            "tags_fingerprint": "UAaZt4n-Icc=",
            "timeouts": null,
            "zone": "us-east1-b"
          },
          "sensitive_attributes": [],
          "private": "eyJlMmJmYjczMC1lY2FhLTExZTYtOGY4OC0zNDM2M2JjN2M0YzAiOnsiY3JlYXRlIjoxMjAwMDAwMDAwMDAwLCJkZWxldGUiOjEyMDAwMDAwMDAwMDAsInVwZGF0ZSI6MTIwMDAwMDAwMDAwMH0sInNjaGVtYV92ZXJzaW9uIjoiNiJ9",
          "dependencies": [
            "data.google_compute_image.master_image"
          ]
        }
      ]
    },
    {
      "mode": "managed",
      "type": "local_file",
      "name": "ssh_private_key_pem",
      "provider": "provider[\"registry.terraform.io/hashicorp/local\"]",
      "instances": [
        {
          "schema_version": 0,
          "attributes": {
            "content": null,
            "content_base64": null,
            "directory_permission": "0777",
            "file_permission": "0600",
            "filename": "../keys/prod/id_rsa",
            "id": "06c6816a5b2a607535e0da9043d3b48757572610",
            "sensitive_content": "-----BEGIN RSA PRIVATE KEY-----\nMIIEpAIBAAKCAQEA5MkbFJo/XSjCb6szznZ96JdFpIOBItpnH2r5mwAOo39SMi8F\nfW8OcX/kV2Sr4iqbEKhUTW6/qtCf6Ee8veXTH2g16m9b+6DgZQCog7ChAFW+SO8p\nekK6z+CasPP4orCQ+6jemV3ewctW8dDiiEQ2P6OaJMUI9GlpPGG6cRc+KEA2cQ/C\nvWy8UbKYz9hHEbn/djtUeToxyqtHNvpZsDdQu/Fixcjlx6qc5mtizYyqIskTaozn\nQxDYZWp+CQh5Rts7l2iRzFpgrzV9XuuIqm5CUDE8uzptim/I1bThvl5JB/Tse66X\nym9YdLYlw4p/j0lmiLhGXuF8ewT1IQoJwYvpwwIDAQABAoIBAQDD9dUyMmQvoSfZ\niiSXpTp3LIrEPLcxaSyG5pPhRY1EUVvQDCKBq8wNP2QPzvTChYfIHsYGhOO6pXMx\n+7AYX3AUKKh1ouiAgO1y1buBAJsGtGqGAgPe6qUkRNd61Z2Ti/TC+YOgjZytFUPl\nX+uImBR3MeRntjTTVC6FP5f4IdZlleuGodUyG2mA0ME1/GjRIjOZdR/3f0SWdhiw\nF1Ew16BaafCnr5UF529KREjF/0Q6apun7OX3aQPRt/dHFmjHOd6TtqW4+SPjT8WV\nzcYkrIVKAqWgoCvkyVcegXvUxPCHl2t+S/DygmuWOh/mHyTr/agN7g0ukDNuYCDb\nggrWH/rRAoGBAP1kNdeCT7cnN9ihEq+Cl4LVZg9LvJhHZHO1Q+OSZ3pJGFctJ2HF\nnyzzVKZ+Iq4pptzmOcDmgS6tIWsf8kAk598AjRt62elUfziJoBkrAjTmolWYECqy\nfK8U4ETsSKrPlrnEDBn4uBnJ1npWpZRRv+VA3orTEfjxOUK8yoiK4LKXAoGBAOck\nDIhCRUXn7mfAPFzJB8bwWND9vIQiY9NqJNtEmZI7dFgflaoJMYfIwDxw8Vbf9K4x\nB21zEUITARO3q6T/5hwWVhsscsDeKB9kriJsSHsEcVfgaxT4Minxm2doHzUbZAMr\nsX1qc0rsVjAP8jZt0jxkMr1bwTP0YtX5ch/5NSO1AoGBANN51xXNxAnvyUQa6iVg\nsGKZB1yssPHGY6fOGKLNhV8hshbPsJaBAJ/bVUK+8uK4EHM8EedUeWwjQkjNmLjA\nFGShaSMOHOAHjUX6VouqwWS1N7aH+rYn0LeujJ35NYyZRAo1/IOQeNXNBhuERRzM\nPYNv6EukbNN/P3LbbY0XmwBxAoGAOsdmEHiZ2S8j52pxbz8IJUUVsP/1oryEGk1R\n1hjZ3OAVtBtEGhuAZwFcMYKfPPJy7KE3PFQYvW7LxVHd6nXQ9K+RchOZkwZruaAG\n0GYtAGuezzQYxxpe11/Dn0ZROVYf1taTqksZyqHTQSGs/L5sykLIzHK67RVm1Pc8\nWHktVEkCgYB84bI83cekNXfW5ERuDyi5FTP1w9Dxcr5PjmCi6Uql5TYZXqOEv1lB\nywYoYqRlhc4EB/w4puUrznkZWLtOpc/RosDtvSnLP+hMK3Vs2TnzLVX2aKwGCk4T\nOCdjXjRdmtzCT5Vore6jiLW0Nka0oVukv6amAM79iE2v/vUXIfVBWg==\n-----END RSA PRIVATE KEY-----\n",
            "source": null
          },
          "sensitive_attributes": [
            [
              {
                "type": "get_attr",
                "value": "sensitive_content"
              }
            ]
          ],
          "private": "bnVsbA==",
          "dependencies": [
            "tls_private_key.global_key"
          ]
        }
      ]
    },
    {
      "mode": "managed",
      "type": "tls_private_key",
      "name": "global_key",
      "provider": "provider[\"registry.terraform.io/hashicorp/tls\"]",
      "instances": [
        {
          "schema_version": 0,
          "attributes": {
            "algorithm": "RSA",
            "ecdsa_curve": "P224",
            "id": "277aee3cba1ac3899c1fa74fff59bd1722fe7fae",
            "private_key_pem": "-----BEGIN RSA PRIVATE KEY-----\nMIIEpAIBAAKCAQEA5MkbFJo/XSjCb6szznZ96JdFpIOBItpnH2r5mwAOo39SMi8F\nfW8OcX/kV2Sr4iqbEKhUTW6/qtCf6Ee8veXTH2g16m9b+6DgZQCog7ChAFW+SO8p\nekK6z+CasPP4orCQ+6jemV3ewctW8dDiiEQ2P6OaJMUI9GlpPGG6cRc+KEA2cQ/C\nvWy8UbKYz9hHEbn/djtUeToxyqtHNvpZsDdQu/Fixcjlx6qc5mtizYyqIskTaozn\nQxDYZWp+CQh5Rts7l2iRzFpgrzV9XuuIqm5CUDE8uzptim/I1bThvl5JB/Tse66X\nym9YdLYlw4p/j0lmiLhGXuF8ewT1IQoJwYvpwwIDAQABAoIBAQDD9dUyMmQvoSfZ\niiSXpTp3LIrEPLcxaSyG5pPhRY1EUVvQDCKBq8wNP2QPzvTChYfIHsYGhOO6pXMx\n+7AYX3AUKKh1ouiAgO1y1buBAJsGtGqGAgPe6qUkRNd61Z2Ti/TC+YOgjZytFUPl\nX+uImBR3MeRntjTTVC6FP5f4IdZlleuGodUyG2mA0ME1/GjRIjOZdR/3f0SWdhiw\nF1Ew16BaafCnr5UF529KREjF/0Q6apun7OX3aQPRt/dHFmjHOd6TtqW4+SPjT8WV\nzcYkrIVKAqWgoCvkyVcegXvUxPCHl2t+S/DygmuWOh/mHyTr/agN7g0ukDNuYCDb\nggrWH/rRAoGBAP1kNdeCT7cnN9ihEq+Cl4LVZg9LvJhHZHO1Q+OSZ3pJGFctJ2HF\nnyzzVKZ+Iq4pptzmOcDmgS6tIWsf8kAk598AjRt62elUfziJoBkrAjTmolWYECqy\nfK8U4ETsSKrPlrnEDBn4uBnJ1npWpZRRv+VA3orTEfjxOUK8yoiK4LKXAoGBAOck\nDIhCRUXn7mfAPFzJB8bwWND9vIQiY9NqJNtEmZI7dFgflaoJMYfIwDxw8Vbf9K4x\nB21zEUITARO3q6T/5hwWVhsscsDeKB9kriJsSHsEcVfgaxT4Minxm2doHzUbZAMr\nsX1qc0rsVjAP8jZt0jxkMr1bwTP0YtX5ch/5NSO1AoGBANN51xXNxAnvyUQa6iVg\nsGKZB1yssPHGY6fOGKLNhV8hshbPsJaBAJ/bVUK+8uK4EHM8EedUeWwjQkjNmLjA\nFGShaSMOHOAHjUX6VouqwWS1N7aH+rYn0LeujJ35NYyZRAo1/IOQeNXNBhuERRzM\nPYNv6EukbNN/P3LbbY0XmwBxAoGAOsdmEHiZ2S8j52pxbz8IJUUVsP/1oryEGk1R\n1hjZ3OAVtBtEGhuAZwFcMYKfPPJy7KE3PFQYvW7LxVHd6nXQ9K+RchOZkwZruaAG\n0GYtAGuezzQYxxpe11/Dn0ZROVYf1taTqksZyqHTQSGs/L5sykLIzHK67RVm1Pc8\nWHktVEkCgYB84bI83cekNXfW5ERuDyi5FTP1w9Dxcr5PjmCi6Uql5TYZXqOEv1lB\nywYoYqRlhc4EB/w4puUrznkZWLtOpc/RosDtvSnLP+hMK3Vs2TnzLVX2aKwGCk4T\nOCdjXjRdmtzCT5Vore6jiLW0Nka0oVukv6amAM79iE2v/vUXIfVBWg==\n-----END RSA PRIVATE KEY-----\n",
            "public_key_fingerprint_md5": "ae:85:0a:25:07:54:66:18:86:e0:9f:99:d9:d1:39:05",
            "public_key_openssh": "ssh-rsa AAAAB3NzaC1yc2EAAAADAQABAAABAQDkyRsUmj9dKMJvqzPOdn3ol0Wkg4Ei2mcfavmbAA6jf1IyLwV9bw5xf+RXZKviKpsQqFRNbr+q0J/oR7y95dMfaDXqb1v7oOBlAKiDsKEAVb5I7yl6QrrP4Jqw8/iisJD7qN6ZXd7By1bx0OKIRDY/o5okxQj0aWk8YbpxFz4oQDZxD8K9bLxRspjP2EcRuf92O1R5OjHKq0c2+lmwN1C78WLFyOXHqpzma2LNjKoiyRNqjOdDENhlan4JCHlG2zuXaJHMWmCvNX1e64iqbkJQMTy7Om2Kb8jVtOG+XkkH9Ox7rpfKb1h0tiXDin+PSWaIuEZe4Xx7BPUhCgnBi+nD\n",
            "public_key_pem": "-----BEGIN PUBLIC KEY-----\nMIIBIjANBgkqhkiG9w0BAQEFAAOCAQ8AMIIBCgKCAQEA5MkbFJo/XSjCb6szznZ9\n6JdFpIOBItpnH2r5mwAOo39SMi8FfW8OcX/kV2Sr4iqbEKhUTW6/qtCf6Ee8veXT\nH2g16m9b+6DgZQCog7ChAFW+SO8pekK6z+CasPP4orCQ+6jemV3ewctW8dDiiEQ2\nP6OaJMUI9GlpPGG6cRc+KEA2cQ/CvWy8UbKYz9hHEbn/djtUeToxyqtHNvpZsDdQ\nu/Fixcjlx6qc5mtizYyqIskTaoznQxDYZWp+CQh5Rts7l2iRzFpgrzV9XuuIqm5C\nUDE8uzptim/I1bThvl5JB/Tse66Xym9YdLYlw4p/j0lmiLhGXuF8ewT1IQoJwYvp\nwwIDAQAB\n-----END PUBLIC KEY-----\n",
            "rsa_bits": 2048
          },
          "sensitive_attributes": [],
          "private": "bnVsbA=="
        }
      ]
    }
  ]
}
