{
  "version": 4,
  "terraform_version": "1.0.11",
  "serial": 384,
  "lineage": "6314abf5-ae5e-30ca-1780-64f38531e16e",
  "outputs": {},
  "resources": [
    {
      "mode": "data",
      "type": "google_compute_image",
      "name": "master_image",
      "provider": "provider[\"registry.terraform.io/hashicorp/google\"]",
      "instances": [
        {
          "schema_version": 0,
          "attributes": {
            "archive_size_bytes": 2616389184,
            "creation_timestamp": "2021-11-18T16:09:22.819-08:00",
            "description": "Canonical, Ubuntu, 20.04 LTS, amd64 focal image built on 2021-11-18, supports Shielded VM features",
            "disk_size_gb": 10,
            "family": "ubuntu-2004-lts",
            "filter": null,
            "id": "projects/ubuntu-os-cloud/global/images/ubuntu-2004-focal-v20211118",
            "image_encryption_key_sha256": "",
            "image_id": "4803291363183121885",
            "label_fingerprint": "42WmSpB8rSM=",
            "labels": {},
            "licenses": [
              "https://www.googleapis.com/compute/v1/projects/ubuntu-os-cloud/global/licenses/ubuntu-2004-lts"
            ],
            "name": "ubuntu-2004-focal-v20211118",
            "project": "ubuntu-os-cloud",
            "self_link": "https://www.googleapis.com/compute/v1/projects/ubuntu-os-cloud/global/images/ubuntu-2004-focal-v20211118",
            "source_disk": "",
            "source_disk_encryption_key_sha256": "",
            "source_disk_id": "",
            "source_image_id": "",
            "status": "READY"
          },
          "sensitive_attributes": []
        }
      ]
    },
    {
      "mode": "managed",
      "type": "google_compute_instance",
      "name": "lab",
      "provider": "provider[\"registry.terraform.io/hashicorp/google\"]",
      "instances": [
        {
          "index_key": 0,
          "schema_version": 6,
          "attributes": {
            "advanced_machine_features": [],
            "allow_stopping_for_update": null,
            "attached_disk": [],
            "boot_disk": [
              {
                "auto_delete": true,
                "device_name": "persistent-disk-0",
                "disk_encryption_key_raw": "",
                "disk_encryption_key_sha256": "",
                "initialize_params": [
                  {
                    "image": "https://www.googleapis.com/compute/v1/projects/ubuntu-os-cloud/global/images/ubuntu-2004-focal-v20211118",
                    "labels": {
                      "env": "production",
                      "name": "lab",
                      "team": "cenfotec",
                      "user": "docker"
                    },
                    "size": 30,
                    "type": "pd-standard"
                  }
                ],
                "kms_key_self_link": "",
                "mode": "READ_WRITE",
                "source": "https://www.googleapis.com/compute/v1/projects/dockerlabs-332203/zones/us-east1-b/disks/lab-1"
              }
            ],
            "can_ip_forward": false,
            "confidential_instance_config": [],
            "cpu_platform": "Intel Broadwell",
            "current_status": "RUNNING",
            "deletion_protection": false,
            "description": "",
            "desired_status": null,
            "enable_display": false,
            "guest_accelerator": [],
            "hostname": "",
            "id": "projects/dockerlabs-332203/zones/us-east1-b/instances/lab-1",
            "instance_id": "4253438173796210578",
            "label_fingerprint": "nkrmE69Wna4=",
            "labels": {
              "env": "production",
              "name": "lab",
              "team": "cenfotec",
              "user": "docker"
            },
            "machine_type": "e2-medium",
            "metadata": {
              "ssh-keys": "dockerlab:ssh-rsa AAAAB3NzaC1yc2EAAAADAQABAAABgQDIeZHirTyneDxMgHfnri9LQekfqImmV5VYTR+kgXBP2rvChn3kRKgQcu5Ojy3tv/qy4bx/HAIb9/B+/P3fmZ+YeEFDGwk8FZtGdipLJCnIydXXI5spLTsuc2LJj70dTu/+XYoPePYfMMZNZs1qcOZ6ZWujCo6yWl/jThRKgJeOBjt66o7PbPtdeFA/ffbWbuZC62uVYfn7xMr+m9pvrl+cWYM8OZh91dIuZVpqMvKutZeRMUcoZX+1jlex/Y75UwIAG9t93QDktIh9ZUHg5dL8pV3V4iajsmMCHUfY0SBxXQa186Mbn18sY/H3FE6jGUIUHyVAGNxM6i6n7L0J2ByXV8MIGIK+vzuLy/UanAVj6qE+hGl8JVfx+ldedUcCW+DVaw5U9knLbWGSLE9nRIb08paOoEafbhnCjc49FbORYE5sR9XYHYtHMTfySpzRiAABFm5zmntK5QJrk7kb9+qEr19Tsv/+o1p49lyu9DhAgiLyCiuFonUEbAWs3w1tOx8= dockerlab\n",
              "user-data": "#!/bin/bash -x\n\n# docker\ncurl -fsSL https://get.docker.com -o get-docker.sh\nsudo sh get-docker.sh\nsudo usermod -aG docker dockerlab\n# newgrp docker\n\n# docker-compose\nsudo curl -L \"https://github.com/docker/compose/releases/download/1.29.2/docker-compose-$(uname -s)-$(uname -m)\" -o /usr/local/bin/docker-compose\nsudo chmod +x /usr/local/bin/docker-compose\nsudo ln -s /usr/local/bin/docker-compose /usr/bin/docker-compose\n"
            },
            "metadata_fingerprint": "xK9ewdWQtJw=",
            "metadata_startup_script": null,
            "min_cpu_platform": "",
            "name": "lab-1",
            "network_interface": [
              {
                "access_config": [
                  {
                    "nat_ip": "35.243.232.102",
                    "network_tier": "PREMIUM",
                    "public_ptr_domain_name": ""
                  }
                ],
                "alias_ip_range": [],
                "ipv6_access_config": [],
                "ipv6_access_type": "",
                "name": "nic0",
                "network": "https://www.googleapis.com/compute/v1/projects/dockerlabs-332203/global/networks/default",
                "network_ip": "10.142.15.211",
                "nic_type": "",
                "stack_type": "IPV4_ONLY",
                "subnetwork": "https://www.googleapis.com/compute/v1/projects/dockerlabs-332203/regions/us-east1/subnetworks/default",
                "subnetwork_project": "dockerlabs-332203"
              }
            ],
            "project": "dockerlabs-332203",
            "reservation_affinity": [],
            "resource_policies": null,
            "scheduling": [
              {
                "automatic_restart": true,
                "min_node_cpus": 0,
                "node_affinities": [],
                "on_host_maintenance": "MIGRATE",
                "preemptible": false
              }
            ],
            "scratch_disk": [],
            "self_link": "https://www.googleapis.com/compute/v1/projects/dockerlabs-332203/zones/us-east1-b/instances/lab-1",
            "service_account": [],
            "shielded_instance_config": [
              {
                "enable_integrity_monitoring": true,
                "enable_secure_boot": false,
                "enable_vtpm": true
              }
            ],
            "tags": [
              "dockerlabs"
            ],
            "tags_fingerprint": "UAaZt4n-Icc=",
            "timeouts": null,
            "zone": "us-east1-b"
          },
          "sensitive_attributes": [],
          "private": "eyJlMmJmYjczMC1lY2FhLTExZTYtOGY4OC0zNDM2M2JjN2M0YzAiOnsiY3JlYXRlIjoxMjAwMDAwMDAwMDAwLCJkZWxldGUiOjEyMDAwMDAwMDAwMDAsInVwZGF0ZSI6MTIwMDAwMDAwMDAwMH0sInNjaGVtYV92ZXJzaW9uIjoiNiJ9",
          "dependencies": [
            "data.google_compute_image.master_image"
          ]
        }
      ]
    },
    {
      "mode": "managed",
      "type": "local_file",
      "name": "ssh_private_key_pem",
      "provider": "provider[\"registry.terraform.io/hashicorp/local\"]",
      "instances": [
        {
          "schema_version": 0,
          "attributes": {
            "content": null,
            "content_base64": null,
            "directory_permission": "0777",
            "file_permission": "0600",
            "filename": "../keys/prod/id_rsa",
            "id": "8634f6e11ae7e89fc689de1f35afac87bd0b1d41",
            "sensitive_content": "-----BEGIN RSA PRIVATE KEY-----\nMIIEpQIBAAKCAQEAqO0O00USkRytn9jzNDmWyw5E4oZt/Jiw6pNGzpm2uYp5t3Sj\nnHmQWZb0Nfj7bqqjac1G6InGQvR7kusaysyLnCOinbbpT9kVbdkwtMEuWvpiLCjN\n0mWmuMb7gOl3r6JoKePQCAmwRfcr5Q5vdpM1mlHs1H7ylJ2jMwC6xyNMXOv9+ruf\nh0mzkybtt6vFsWtpp68ThgBZirq0qsnNWW5j2fuFp8PJP1ynvnefgJy2Ih77UzRr\niq2uIOjfgTglQamkqttQp14TTutfmDDggSVjkx8fLChk76EXwnZFG7swIOV0MNvJ\nL66Navgx+gxolVHxMcsM//n5sMhl+NlOsAiOWwIDAQABAoIBACM+4vr9zHPukeNq\nNsRMx8OyRHknJ0eu7Crlc76jn9ZyqBa5BXIegxnOP0ILoxpiDBqFNChMpstNi4MJ\n/tsVdoOrg8B4a5G3b5st19W/ANcGqvkfwmIFx5WCHvO0wr4omqcy2zLyIo9WlRgD\nvQn2iRabxVhI7IBJq8V2f4IRQVuZouaieFMrcl50rZJ2vRHa/FnoyukaGWbZNhiI\nz+T+YZ1Gl+Rg3vYCh71M6/AJTcaF0ffoAOgJbnrCj+enDvzbBoJ6Cze3EzY8hwWE\nZCCjOLYBFlqhiSZ5ffPLLTZv8599g2QWtozwjlfqiQN4T3grTaACLrIJSFallksn\nSVHnEsECgYEAy9lON3BFqdpK/8HBiZ58FMqCQ0qtXNRRUMyIwjbw6OAHx/kte7YP\nmlKjPxXszvsX8B90T2OOWXJhh2NL4yl79mcKafRtTtBxZAFT/oNGhjvCH3Vzg+PW\n+HItj7syWTtUOOmautPyujkzkBhOiqXdIJhg51NoVR10HrCx7y/lPTECgYEA1CSM\nBGwqidFKPK66ulJc4wT+Sx9o9PtCK1VhuTZeDdXj6wH1iJr717F2OI8iOI63NJUH\nWXJgjCG46B6w75vBCDaM/BVpNJMmbFSPyytgWxcm2WCDm5anoQfY9XMo1WjShCaG\n1qYwD/5XiuQ5v9JsW0PJDYThIMa9g5bUgIptcUsCgYEAtEP30ji7siezeRZ7stpu\n+efXZ/CK/HNZcW1eZvk084rh9qpY2XS3uY3ohOo7nxIXKiZ2sZnlkR4ANzzNKBZQ\nZCbc47PeUfssuvYdtA2c+SmxUiaIP5LlUJGPzvII5TX9FdMnHJ4/oQTin0OPeTaS\nJLf7wbVVpydDv7wbrdwaCZECgYEAjxgv0fPcJaYkexYpIfDYctE1bhq7wzOQCIbJ\nKhNAEfkKicSCiChyY6VyZug1Xwz1CuTTVkROV3ePsBKzqovXAuE46/jNRAdVzZCk\nhZi2n/rX25y8aUCPxZDziWyqSHkyNq1+Gl9y3/bhufAD/B3FtTHd9d6BtIgZ4R7m\nK+YzuE0CgYEAmFkAC8dU3i2SyZkGdd4mlno4b9np06iZ1qVHetlHZbyvV1u3n23j\ntS+wCiMRkHQ/W3EVdm0K6iTlEoeamHxua5KC3h4a+wBgyr8yqVtbFXFpCQheALPw\nFhqxHwBCz6lBN2gFynGo84qO1XzMW6WwLYpCphJs0kBre48m5Ei4+ew=\n-----END RSA PRIVATE KEY-----\n",
            "source": null
          },
          "sensitive_attributes": [
            [
              {
                "type": "get_attr",
                "value": "sensitive_content"
              }
            ]
          ],
          "private": "bnVsbA==",
          "dependencies": [
            "tls_private_key.global_key"
          ]
        }
      ]
    },
    {
      "mode": "managed",
      "type": "local_file",
      "name": "ssh_public_key_pem",
      "provider": "provider[\"registry.terraform.io/hashicorp/local\"]",
      "instances": [
        {
          "schema_version": 0,
          "attributes": {
            "content": null,
            "content_base64": null,
            "directory_permission": "0777",
            "file_permission": "0600",
            "filename": "../keys/prod/id_rsa.pub",
            "id": "f20e29f8ab9f0438c1e267991b10892187802a32",
            "sensitive_content": "-----BEGIN PUBLIC KEY-----\nMIIBIjANBgkqhkiG9w0BAQEFAAOCAQ8AMIIBCgKCAQEAqO0O00USkRytn9jzNDmW\nyw5E4oZt/Jiw6pNGzpm2uYp5t3SjnHmQWZb0Nfj7bqqjac1G6InGQvR7kusaysyL\nnCOinbbpT9kVbdkwtMEuWvpiLCjN0mWmuMb7gOl3r6JoKePQCAmwRfcr5Q5vdpM1\nmlHs1H7ylJ2jMwC6xyNMXOv9+rufh0mzkybtt6vFsWtpp68ThgBZirq0qsnNWW5j\n2fuFp8PJP1ynvnefgJy2Ih77UzRriq2uIOjfgTglQamkqttQp14TTutfmDDggSVj\nkx8fLChk76EXwnZFG7swIOV0MNvJL66Navgx+gxolVHxMcsM//n5sMhl+NlOsAiO\nWwIDAQAB\n-----END PUBLIC KEY-----\n",
            "source": null
          },
          "sensitive_attributes": [],
          "private": "bnVsbA==",
          "dependencies": [
            "tls_private_key.global_key"
          ]
        }
      ]
    },
    {
      "mode": "managed",
      "type": "tls_private_key",
      "name": "global_key",
      "provider": "provider[\"registry.terraform.io/hashicorp/tls\"]",
      "instances": [
        {
          "schema_version": 0,
          "attributes": {
            "algorithm": "RSA",
            "ecdsa_curve": "P224",
            "id": "79c9cec3422efec1f5a1ef2a89e57c5b86cd5ce0",
            "private_key_pem": "-----BEGIN RSA PRIVATE KEY-----\nMIIEpQIBAAKCAQEAqO0O00USkRytn9jzNDmWyw5E4oZt/Jiw6pNGzpm2uYp5t3Sj\nnHmQWZb0Nfj7bqqjac1G6InGQvR7kusaysyLnCOinbbpT9kVbdkwtMEuWvpiLCjN\n0mWmuMb7gOl3r6JoKePQCAmwRfcr5Q5vdpM1mlHs1H7ylJ2jMwC6xyNMXOv9+ruf\nh0mzkybtt6vFsWtpp68ThgBZirq0qsnNWW5j2fuFp8PJP1ynvnefgJy2Ih77UzRr\niq2uIOjfgTglQamkqttQp14TTutfmDDggSVjkx8fLChk76EXwnZFG7swIOV0MNvJ\nL66Navgx+gxolVHxMcsM//n5sMhl+NlOsAiOWwIDAQABAoIBACM+4vr9zHPukeNq\nNsRMx8OyRHknJ0eu7Crlc76jn9ZyqBa5BXIegxnOP0ILoxpiDBqFNChMpstNi4MJ\n/tsVdoOrg8B4a5G3b5st19W/ANcGqvkfwmIFx5WCHvO0wr4omqcy2zLyIo9WlRgD\nvQn2iRabxVhI7IBJq8V2f4IRQVuZouaieFMrcl50rZJ2vRHa/FnoyukaGWbZNhiI\nz+T+YZ1Gl+Rg3vYCh71M6/AJTcaF0ffoAOgJbnrCj+enDvzbBoJ6Cze3EzY8hwWE\nZCCjOLYBFlqhiSZ5ffPLLTZv8599g2QWtozwjlfqiQN4T3grTaACLrIJSFallksn\nSVHnEsECgYEAy9lON3BFqdpK/8HBiZ58FMqCQ0qtXNRRUMyIwjbw6OAHx/kte7YP\nmlKjPxXszvsX8B90T2OOWXJhh2NL4yl79mcKafRtTtBxZAFT/oNGhjvCH3Vzg+PW\n+HItj7syWTtUOOmautPyujkzkBhOiqXdIJhg51NoVR10HrCx7y/lPTECgYEA1CSM\nBGwqidFKPK66ulJc4wT+Sx9o9PtCK1VhuTZeDdXj6wH1iJr717F2OI8iOI63NJUH\nWXJgjCG46B6w75vBCDaM/BVpNJMmbFSPyytgWxcm2WCDm5anoQfY9XMo1WjShCaG\n1qYwD/5XiuQ5v9JsW0PJDYThIMa9g5bUgIptcUsCgYEAtEP30ji7siezeRZ7stpu\n+efXZ/CK/HNZcW1eZvk084rh9qpY2XS3uY3ohOo7nxIXKiZ2sZnlkR4ANzzNKBZQ\nZCbc47PeUfssuvYdtA2c+SmxUiaIP5LlUJGPzvII5TX9FdMnHJ4/oQTin0OPeTaS\nJLf7wbVVpydDv7wbrdwaCZECgYEAjxgv0fPcJaYkexYpIfDYctE1bhq7wzOQCIbJ\nKhNAEfkKicSCiChyY6VyZug1Xwz1CuTTVkROV3ePsBKzqovXAuE46/jNRAdVzZCk\nhZi2n/rX25y8aUCPxZDziWyqSHkyNq1+Gl9y3/bhufAD/B3FtTHd9d6BtIgZ4R7m\nK+YzuE0CgYEAmFkAC8dU3i2SyZkGdd4mlno4b9np06iZ1qVHetlHZbyvV1u3n23j\ntS+wCiMRkHQ/W3EVdm0K6iTlEoeamHxua5KC3h4a+wBgyr8yqVtbFXFpCQheALPw\nFhqxHwBCz6lBN2gFynGo84qO1XzMW6WwLYpCphJs0kBre48m5Ei4+ew=\n-----END RSA PRIVATE KEY-----\n",
            "public_key_fingerprint_md5": "21:bb:f5:3d:b5:30:66:30:0a:79:07:7f:01:05:1e:ab",
            "public_key_openssh": "ssh-rsa AAAAB3NzaC1yc2EAAAADAQABAAABAQCo7Q7TRRKRHK2f2PM0OZbLDkTihm38mLDqk0bOmba5inm3dKOceZBZlvQ1+PtuqqNpzUboicZC9HuS6xrKzIucI6KdtulP2RVt2TC0wS5a+mIsKM3SZaa4xvuA6Xevomgp49AICbBF9yvlDm92kzWaUezUfvKUnaMzALrHI0xc6/36u5+HSbOTJu23q8Wxa2mnrxOGAFmKurSqyc1ZbmPZ+4Wnw8k/XKe+d5+AnLYiHvtTNGuKra4g6N+BOCVBqaSq21CnXhNO61+YMOCBJWOTHx8sKGTvoRfCdkUbuzAg5XQw28kvro1q+DH6DGiVUfExywz/+fmwyGX42U6wCI5b\n",
            "public_key_pem": "-----BEGIN PUBLIC KEY-----\nMIIBIjANBgkqhkiG9w0BAQEFAAOCAQ8AMIIBCgKCAQEAqO0O00USkRytn9jzNDmW\nyw5E4oZt/Jiw6pNGzpm2uYp5t3SjnHmQWZb0Nfj7bqqjac1G6InGQvR7kusaysyL\nnCOinbbpT9kVbdkwtMEuWvpiLCjN0mWmuMb7gOl3r6JoKePQCAmwRfcr5Q5vdpM1\nmlHs1H7ylJ2jMwC6xyNMXOv9+rufh0mzkybtt6vFsWtpp68ThgBZirq0qsnNWW5j\n2fuFp8PJP1ynvnefgJy2Ih77UzRriq2uIOjfgTglQamkqttQp14TTutfmDDggSVj\nkx8fLChk76EXwnZFG7swIOV0MNvJL66Navgx+gxolVHxMcsM//n5sMhl+NlOsAiO\nWwIDAQAB\n-----END PUBLIC KEY-----\n",
            "rsa_bits": 2048
          },
          "sensitive_attributes": [],
          "private": "bnVsbA=="
        }
      ]
    }
  ]
}
