{
  "version": 4,
  "terraform_version": "1.0.11",
  "serial": 362,
  "lineage": "6314abf5-ae5e-30ca-1780-64f38531e16e",
  "outputs": {},
  "resources": [
    {
      "mode": "data",
      "type": "google_compute_image",
      "name": "master_image",
      "provider": "provider[\"registry.terraform.io/hashicorp/google\"]",
      "instances": [
        {
          "schema_version": 0,
          "attributes": {
            "archive_size_bytes": 2616389184,
            "creation_timestamp": "2021-11-18T16:09:22.819-08:00",
            "description": "Canonical, Ubuntu, 20.04 LTS, amd64 focal image built on 2021-11-18, supports Shielded VM features",
            "disk_size_gb": 10,
            "family": "ubuntu-2004-lts",
            "filter": null,
            "id": "projects/ubuntu-os-cloud/global/images/ubuntu-2004-focal-v20211118",
            "image_encryption_key_sha256": "",
            "image_id": "4803291363183121885",
            "label_fingerprint": "42WmSpB8rSM=",
            "labels": {},
            "licenses": [
              "https://www.googleapis.com/compute/v1/projects/ubuntu-os-cloud/global/licenses/ubuntu-2004-lts"
            ],
            "name": "ubuntu-2004-focal-v20211118",
            "project": "ubuntu-os-cloud",
            "self_link": "https://www.googleapis.com/compute/v1/projects/ubuntu-os-cloud/global/images/ubuntu-2004-focal-v20211118",
            "source_disk": "",
            "source_disk_encryption_key_sha256": "",
            "source_disk_id": "",
            "source_image_id": "",
            "status": "READY"
          },
          "sensitive_attributes": []
        }
      ]
    },
    {
      "mode": "managed",
      "type": "google_compute_instance",
      "name": "lab",
      "provider": "provider[\"registry.terraform.io/hashicorp/google\"]",
      "instances": [
        {
          "index_key": 0,
          "schema_version": 6,
          "attributes": {
            "advanced_machine_features": [],
            "allow_stopping_for_update": null,
            "attached_disk": [],
            "boot_disk": [
              {
                "auto_delete": true,
                "device_name": "persistent-disk-0",
                "disk_encryption_key_raw": "",
                "disk_encryption_key_sha256": "",
                "initialize_params": [
                  {
                    "image": "https://www.googleapis.com/compute/v1/projects/ubuntu-os-cloud/global/images/ubuntu-2004-focal-v20211118",
                    "labels": {
                      "env": "production",
                      "name": "lab",
                      "team": "cenfotec",
                      "user": "docker"
                    },
                    "size": 10,
                    "type": "pd-standard"
                  }
                ],
                "kms_key_self_link": "",
                "mode": "READ_WRITE",
                "source": "https://www.googleapis.com/compute/v1/projects/dockerlabs-332203/zones/us-east1-b/disks/lab-1"
              }
            ],
            "can_ip_forward": false,
            "confidential_instance_config": [],
            "cpu_platform": "Intel Broadwell",
            "current_status": "RUNNING",
            "deletion_protection": false,
            "description": "",
            "desired_status": null,
            "enable_display": false,
            "guest_accelerator": [],
            "hostname": "",
            "id": "projects/dockerlabs-332203/zones/us-east1-b/instances/lab-1",
            "instance_id": "7137356885966607986",
            "label_fingerprint": "nkrmE69Wna4=",
            "labels": {
              "env": "production",
              "name": "lab",
              "team": "cenfotec",
              "user": "docker"
            },
            "machine_type": "e2-medium",
            "metadata": {
              "ssh-keys": "dockerlab:ssh-rsa AAAAB3NzaC1yc2EAAAADAQABAAABgQDIeZHirTyneDxMgHfnri9LQekfqImmV5VYTR+kgXBP2rvChn3kRKgQcu5Ojy3tv/qy4bx/HAIb9/B+/P3fmZ+YeEFDGwk8FZtGdipLJCnIydXXI5spLTsuc2LJj70dTu/+XYoPePYfMMZNZs1qcOZ6ZWujCo6yWl/jThRKgJeOBjt66o7PbPtdeFA/ffbWbuZC62uVYfn7xMr+m9pvrl+cWYM8OZh91dIuZVpqMvKutZeRMUcoZX+1jlex/Y75UwIAG9t93QDktIh9ZUHg5dL8pV3V4iajsmMCHUfY0SBxXQa186Mbn18sY/H3FE6jGUIUHyVAGNxM6i6n7L0J2ByXV8MIGIK+vzuLy/UanAVj6qE+hGl8JVfx+ldedUcCW+DVaw5U9knLbWGSLE9nRIb08paOoEafbhnCjc49FbORYE5sR9XYHYtHMTfySpzRiAABFm5zmntK5QJrk7kb9+qEr19Tsv/+o1p49lyu9DhAgiLyCiuFonUEbAWs3w1tOx8= dockerlab\n",
              "user-data": "#!/bin/bash -x\n\n# user\nadduser dockerlab --gecos \"$fullname,RoomNumber,WorkPhone,HomePhone\" --disabled-password\necho -e \"password\\npassword\\n\" | passwd dockerlab\npasswd --expire dockerlab\nadduser dockerlab sudo\nmkdir -p /home/dockerlab/.ssh\ncp ~/.ssh/authorized_keys /home/dockerlab/.ssh/\nchown dockerlab:dockerlab /home/dockerlab/.ssh/authorized_keys\nchmod 600  /home/dockerlab/.ssh/authorized_keys\n\n# docker\ncurl -fsSL https://get.docker.com -o get-docker.sh\nsudo sh get-docker.sh\nsudo usermod -aG docker dockerlab\n# newgrp docker\n\n# docker-compose\nsudo curl -L \"https://github.com/docker/compose/releases/download/1.29.2/docker-compose-$(uname -s)-$(uname -m)\" -o /usr/local/bin/docker-compose\nsudo chmod +x /usr/local/bin/docker-compose\nsudo ln -s /usr/local/bin/docker-compose /usr/bin/docker-compose\n"
            },
            "metadata_fingerprint": "RXHmSCWus0o=",
            "metadata_startup_script": null,
            "min_cpu_platform": "",
            "name": "lab-1",
            "network_interface": [
              {
                "access_config": [
                  {
                    "nat_ip": "34.74.97.67",
                    "network_tier": "PREMIUM",
                    "public_ptr_domain_name": ""
                  }
                ],
                "alias_ip_range": [],
                "ipv6_access_config": [],
                "ipv6_access_type": "",
                "name": "nic0",
                "network": "https://www.googleapis.com/compute/v1/projects/dockerlabs-332203/global/networks/default",
                "network_ip": "10.142.15.209",
                "nic_type": "",
                "stack_type": "IPV4_ONLY",
                "subnetwork": "https://www.googleapis.com/compute/v1/projects/dockerlabs-332203/regions/us-east1/subnetworks/default",
                "subnetwork_project": "dockerlabs-332203"
              }
            ],
            "project": "dockerlabs-332203",
            "reservation_affinity": [],
            "resource_policies": [],
            "scheduling": [
              {
                "automatic_restart": true,
                "min_node_cpus": 0,
                "node_affinities": [],
                "on_host_maintenance": "MIGRATE",
                "preemptible": false
              }
            ],
            "scratch_disk": [],
            "self_link": "https://www.googleapis.com/compute/v1/projects/dockerlabs-332203/zones/us-east1-b/instances/lab-1",
            "service_account": [],
            "shielded_instance_config": [
              {
                "enable_integrity_monitoring": true,
                "enable_secure_boot": false,
                "enable_vtpm": true
              }
            ],
            "tags": [
              "dockerlabs"
            ],
            "tags_fingerprint": "UAaZt4n-Icc=",
            "timeouts": null,
            "zone": "us-east1-b"
          },
          "sensitive_attributes": [],
          "private": "eyJlMmJmYjczMC1lY2FhLTExZTYtOGY4OC0zNDM2M2JjN2M0YzAiOnsiY3JlYXRlIjoxMjAwMDAwMDAwMDAwLCJkZWxldGUiOjEyMDAwMDAwMDAwMDAsInVwZGF0ZSI6MTIwMDAwMDAwMDAwMH0sInNjaGVtYV92ZXJzaW9uIjoiNiJ9",
          "dependencies": [
            "data.google_compute_image.master_image"
          ]
        }
      ]
    },
    {
      "mode": "managed",
      "type": "local_file",
      "name": "ssh_private_key_pem",
      "provider": "provider[\"registry.terraform.io/hashicorp/local\"]",
      "instances": [
        {
          "schema_version": 0,
          "attributes": {
            "content": null,
            "content_base64": null,
            "directory_permission": "0777",
            "file_permission": "0600",
            "filename": "../keys/prod/id_rsa",
            "id": "b6d865db50ea78704e39e6306940b8d0172fc0e4",
            "sensitive_content": "-----BEGIN RSA PRIVATE KEY-----\nMIIEogIBAAKCAQEAx4se2y71lEn7Ngp7Ws2zYrs+0pBJ2R5Z7Nclt90IB3cnl53h\n9XmVr21atHod28W1D8nWJ9RC5a2sEg6Srrnf1A08mFtRBd0CUS3ZM/wZWSaBISsQ\n/+wfU5lp5xRpt63KI260JWm3NJV5UrwYoRdn+m/Q6Qlf6q8QyyTt61z87sVSNyQz\nyEOLWs3m107Ej7FvS1GE0bYh7UKUIxYydYYbh4k/U5Qlhge4e2T0dQ2rSXeKXIvm\n7A7EFqTWJjkN/2zTlej09e4Je3/yHOUwqFdL89+KCsvec4XrLciY2AD9d6qt64oE\n7kGSghgvF0l1AANygSqOhdCG4GeeirQHO6339wIDAQABAoIBAFiFFeYj+duTyjZa\nBgjtMcP9zsu4KJqBxWC0vM3I5vPw3wZ6iq/MBSQyfceMWMyS81SStEcs+ZRMLAZC\nor2SRYIbcSMhd1sDhTCgBzfxgQk0dJpTMZJmnCsI5psVSiSqmv6G8LGcKSLRoGWc\nfcyQxpapneKTPxKsIOYNduIveSEubM8BNeFo2KKIIbf949IvBk9KFOKMYnaEUqmx\nPl+/prg6mXDuQYja2xso3e6K94nzPzDD+empxE6ApdbC9JqJ4YCquE4KmF+Gp06t\njcZTBwwxtcfIAm1bRVhdHGRy1Kyd6JHzuNSRZ1d9b59LWYhPEN788QmoRHvvwgFM\n/TWTjMECgYEA8yJ0nv83nQ2TgmZaL4aRQ8/e3g/zYsOPEsadizOH2+GzEsOWAAUG\nTq3Ho0buBMvhWd9KOzdQx0T8UqNtVWNsdSil5lbV4WApWGROTqDscQIMmdjS7kQ8\nhYp4htkiOlVeqW4xvt2I94wEBU0DFLiFH68yKyPSyP/As0XjThl1ChcCgYEA0hor\n5aqeEvSPP3vZ5QO/NYJCgrg0WGnOeYh2yThpoqpypjjo6ZvFQ4jhMEDKwa60iBpl\nh3vTo+9HtDOH/JL2euGP3fb9rxWCRJ0eIVUMOFm/aHbQps5QtUlDt+uFzw11S7NG\ng9v0/CFHtY1Ztt2w6LkkAFEHfPHPyRXtL8XfjSECgYAgRbOLIz9DhnjM9z8DTe5c\nPOxNN3rL4j9Mc7aXsohXBFdbp0By0jfrG6ADKTgQxOstnbjhsU70lFCVu4GYsvDD\ngFi9AUu0daonRHEseKnJukbn6OLeo4oRA7dJ1up3Kbu965WIyykSCrDB7134UyHA\neeXD2iZxbZkrcpxgUnq5kwKBgE2jsjkKlaN3kD/rapfAjLYfTqiznVRWtSAgF5VA\nLXkY94kJWriJAZp1SJHmP4bXIotxBbfNQGZCFAM5T7U8Ma0zEVD65r/+eMcWMH4s\nyXlBYQQfc/dQIm77hfS/KhFbbc7tjs9HRv6s5azncRGsVqWJVQ5w4w1+5kPuwFl5\nC6VBAoGAbXamDveBBn27A/zkqxIflbWlzYOjW+JTK5ZK7orsis4iG1jcsgV4XaU7\n1EqOD0uA9rhGI+VRgTMWee3bQ2q31kcxggOQnInXBQfg1mk1cazjcHk3v4ZgKMUA\nYMNUyxB2VTvbWwJWkdPd9XYkcTA0ji0R4QinZTXoOxGgAEL1+AY=\n-----END RSA PRIVATE KEY-----\n",
            "source": null
          },
          "sensitive_attributes": [
            [
              {
                "type": "get_attr",
                "value": "sensitive_content"
              }
            ]
          ],
          "private": "bnVsbA==",
          "dependencies": [
            "tls_private_key.global_key"
          ]
        }
      ]
    },
    {
      "mode": "managed",
      "type": "local_file",
      "name": "ssh_public_key_pem",
      "provider": "provider[\"registry.terraform.io/hashicorp/local\"]",
      "instances": [
        {
          "schema_version": 0,
          "attributes": {
            "content": null,
            "content_base64": null,
            "directory_permission": "0777",
            "file_permission": "0600",
            "filename": "../keys/prod/id_rsa.pub",
            "id": "2b9a8d00708ad86fe42592f596b21275802b1700",
            "sensitive_content": "-----BEGIN PUBLIC KEY-----\nMIIBIjANBgkqhkiG9w0BAQEFAAOCAQ8AMIIBCgKCAQEAx4se2y71lEn7Ngp7Ws2z\nYrs+0pBJ2R5Z7Nclt90IB3cnl53h9XmVr21atHod28W1D8nWJ9RC5a2sEg6Srrnf\n1A08mFtRBd0CUS3ZM/wZWSaBISsQ/+wfU5lp5xRpt63KI260JWm3NJV5UrwYoRdn\n+m/Q6Qlf6q8QyyTt61z87sVSNyQzyEOLWs3m107Ej7FvS1GE0bYh7UKUIxYydYYb\nh4k/U5Qlhge4e2T0dQ2rSXeKXIvm7A7EFqTWJjkN/2zTlej09e4Je3/yHOUwqFdL\n89+KCsvec4XrLciY2AD9d6qt64oE7kGSghgvF0l1AANygSqOhdCG4GeeirQHO633\n9wIDAQAB\n-----END PUBLIC KEY-----\n",
            "source": null
          },
          "sensitive_attributes": [],
          "private": "bnVsbA==",
          "dependencies": [
            "tls_private_key.global_key"
          ]
        }
      ]
    },
    {
      "mode": "managed",
      "type": "tls_private_key",
      "name": "global_key",
      "provider": "provider[\"registry.terraform.io/hashicorp/tls\"]",
      "instances": [
        {
          "schema_version": 0,
          "attributes": {
            "algorithm": "RSA",
            "ecdsa_curve": "P224",
            "id": "8cf1ca32100dce1524c897dad5cf3d7f742bb375",
            "private_key_pem": "-----BEGIN RSA PRIVATE KEY-----\nMIIEogIBAAKCAQEAx4se2y71lEn7Ngp7Ws2zYrs+0pBJ2R5Z7Nclt90IB3cnl53h\n9XmVr21atHod28W1D8nWJ9RC5a2sEg6Srrnf1A08mFtRBd0CUS3ZM/wZWSaBISsQ\n/+wfU5lp5xRpt63KI260JWm3NJV5UrwYoRdn+m/Q6Qlf6q8QyyTt61z87sVSNyQz\nyEOLWs3m107Ej7FvS1GE0bYh7UKUIxYydYYbh4k/U5Qlhge4e2T0dQ2rSXeKXIvm\n7A7EFqTWJjkN/2zTlej09e4Je3/yHOUwqFdL89+KCsvec4XrLciY2AD9d6qt64oE\n7kGSghgvF0l1AANygSqOhdCG4GeeirQHO6339wIDAQABAoIBAFiFFeYj+duTyjZa\nBgjtMcP9zsu4KJqBxWC0vM3I5vPw3wZ6iq/MBSQyfceMWMyS81SStEcs+ZRMLAZC\nor2SRYIbcSMhd1sDhTCgBzfxgQk0dJpTMZJmnCsI5psVSiSqmv6G8LGcKSLRoGWc\nfcyQxpapneKTPxKsIOYNduIveSEubM8BNeFo2KKIIbf949IvBk9KFOKMYnaEUqmx\nPl+/prg6mXDuQYja2xso3e6K94nzPzDD+empxE6ApdbC9JqJ4YCquE4KmF+Gp06t\njcZTBwwxtcfIAm1bRVhdHGRy1Kyd6JHzuNSRZ1d9b59LWYhPEN788QmoRHvvwgFM\n/TWTjMECgYEA8yJ0nv83nQ2TgmZaL4aRQ8/e3g/zYsOPEsadizOH2+GzEsOWAAUG\nTq3Ho0buBMvhWd9KOzdQx0T8UqNtVWNsdSil5lbV4WApWGROTqDscQIMmdjS7kQ8\nhYp4htkiOlVeqW4xvt2I94wEBU0DFLiFH68yKyPSyP/As0XjThl1ChcCgYEA0hor\n5aqeEvSPP3vZ5QO/NYJCgrg0WGnOeYh2yThpoqpypjjo6ZvFQ4jhMEDKwa60iBpl\nh3vTo+9HtDOH/JL2euGP3fb9rxWCRJ0eIVUMOFm/aHbQps5QtUlDt+uFzw11S7NG\ng9v0/CFHtY1Ztt2w6LkkAFEHfPHPyRXtL8XfjSECgYAgRbOLIz9DhnjM9z8DTe5c\nPOxNN3rL4j9Mc7aXsohXBFdbp0By0jfrG6ADKTgQxOstnbjhsU70lFCVu4GYsvDD\ngFi9AUu0daonRHEseKnJukbn6OLeo4oRA7dJ1up3Kbu965WIyykSCrDB7134UyHA\neeXD2iZxbZkrcpxgUnq5kwKBgE2jsjkKlaN3kD/rapfAjLYfTqiznVRWtSAgF5VA\nLXkY94kJWriJAZp1SJHmP4bXIotxBbfNQGZCFAM5T7U8Ma0zEVD65r/+eMcWMH4s\nyXlBYQQfc/dQIm77hfS/KhFbbc7tjs9HRv6s5azncRGsVqWJVQ5w4w1+5kPuwFl5\nC6VBAoGAbXamDveBBn27A/zkqxIflbWlzYOjW+JTK5ZK7orsis4iG1jcsgV4XaU7\n1EqOD0uA9rhGI+VRgTMWee3bQ2q31kcxggOQnInXBQfg1mk1cazjcHk3v4ZgKMUA\nYMNUyxB2VTvbWwJWkdPd9XYkcTA0ji0R4QinZTXoOxGgAEL1+AY=\n-----END RSA PRIVATE KEY-----\n",
            "public_key_fingerprint_md5": "28:f4:e3:56:2e:8d:fd:5c:4f:1f:73:40:23:c8:96:26",
            "public_key_openssh": "ssh-rsa AAAAB3NzaC1yc2EAAAADAQABAAABAQDHix7bLvWUSfs2CntazbNiuz7SkEnZHlns1yW33QgHdyeXneH1eZWvbVq0eh3bxbUPydYn1ELlrawSDpKuud/UDTyYW1EF3QJRLdkz/BlZJoEhKxD/7B9TmWnnFGm3rcojbrQlabc0lXlSvBihF2f6b9DpCV/qrxDLJO3rXPzuxVI3JDPIQ4tazebXTsSPsW9LUYTRtiHtQpQjFjJ1hhuHiT9TlCWGB7h7ZPR1DatJd4pci+bsDsQWpNYmOQ3/bNOV6PT17gl7f/Ic5TCoV0vz34oKy95zhestyJjYAP13qq3rigTuQZKCGC8XSXUAA3KBKo6F0IbgZ56KtAc7rff3\n",
            "public_key_pem": "-----BEGIN PUBLIC KEY-----\nMIIBIjANBgkqhkiG9w0BAQEFAAOCAQ8AMIIBCgKCAQEAx4se2y71lEn7Ngp7Ws2z\nYrs+0pBJ2R5Z7Nclt90IB3cnl53h9XmVr21atHod28W1D8nWJ9RC5a2sEg6Srrnf\n1A08mFtRBd0CUS3ZM/wZWSaBISsQ/+wfU5lp5xRpt63KI260JWm3NJV5UrwYoRdn\n+m/Q6Qlf6q8QyyTt61z87sVSNyQzyEOLWs3m107Ej7FvS1GE0bYh7UKUIxYydYYb\nh4k/U5Qlhge4e2T0dQ2rSXeKXIvm7A7EFqTWJjkN/2zTlej09e4Je3/yHOUwqFdL\n89+KCsvec4XrLciY2AD9d6qt64oE7kGSghgvF0l1AANygSqOhdCG4GeeirQHO633\n9wIDAQAB\n-----END PUBLIC KEY-----\n",
            "rsa_bits": 2048
          },
          "sensitive_attributes": [],
          "private": "bnVsbA=="
        }
      ]
    }
  ]
}
