{
  "version": 4,
  "terraform_version": "1.0.11",
  "serial": 341,
  "lineage": "6314abf5-ae5e-30ca-1780-64f38531e16e",
  "outputs": {},
  "resources": [
    {
      "mode": "data",
      "type": "google_compute_image",
      "name": "master_image",
      "provider": "provider[\"registry.terraform.io/hashicorp/google\"]",
      "instances": [
        {
          "schema_version": 0,
          "attributes": {
            "archive_size_bytes": 2616389184,
            "creation_timestamp": "2021-11-18T16:09:22.819-08:00",
            "description": "Canonical, Ubuntu, 20.04 LTS, amd64 focal image built on 2021-11-18, supports Shielded VM features",
            "disk_size_gb": 10,
            "family": "ubuntu-2004-lts",
            "filter": null,
            "id": "projects/ubuntu-os-cloud/global/images/ubuntu-2004-focal-v20211118",
            "image_encryption_key_sha256": "",
            "image_id": "4803291363183121885",
            "label_fingerprint": "42WmSpB8rSM=",
            "labels": {},
            "licenses": [
              "https://www.googleapis.com/compute/v1/projects/ubuntu-os-cloud/global/licenses/ubuntu-2004-lts"
            ],
            "name": "ubuntu-2004-focal-v20211118",
            "project": "ubuntu-os-cloud",
            "self_link": "https://www.googleapis.com/compute/v1/projects/ubuntu-os-cloud/global/images/ubuntu-2004-focal-v20211118",
            "source_disk": "",
            "source_disk_encryption_key_sha256": "",
            "source_disk_id": "",
            "source_image_id": "",
            "status": "READY"
          },
          "sensitive_attributes": []
        }
      ]
    },
    {
      "mode": "managed",
      "type": "google_compute_instance",
      "name": "lab",
      "provider": "provider[\"registry.terraform.io/hashicorp/google\"]",
      "instances": [
        {
          "index_key": 0,
          "schema_version": 6,
          "attributes": {
            "advanced_machine_features": [],
            "allow_stopping_for_update": null,
            "attached_disk": [],
            "boot_disk": [
              {
                "auto_delete": true,
                "device_name": "persistent-disk-0",
                "disk_encryption_key_raw": "",
                "disk_encryption_key_sha256": "",
                "initialize_params": [
                  {
                    "image": "https://www.googleapis.com/compute/v1/projects/ubuntu-os-cloud/global/images/ubuntu-2004-focal-v20211118",
                    "labels": {
                      "env": "production",
                      "name": "lab",
                      "team": "cenfotec",
                      "user": "docker"
                    },
                    "size": 10,
                    "type": "pd-standard"
                  }
                ],
                "kms_key_self_link": "",
                "mode": "READ_WRITE",
                "source": "https://www.googleapis.com/compute/v1/projects/dockerlabs-332203/zones/us-east1-b/disks/lab-1"
              }
            ],
            "can_ip_forward": false,
            "confidential_instance_config": [],
            "cpu_platform": "Intel Broadwell",
            "current_status": "RUNNING",
            "deletion_protection": false,
            "description": "",
            "desired_status": null,
            "enable_display": false,
            "guest_accelerator": [],
            "hostname": "",
            "id": "projects/dockerlabs-332203/zones/us-east1-b/instances/lab-1",
            "instance_id": "2994323847609210973",
            "label_fingerprint": "nkrmE69Wna4=",
            "labels": {
              "env": "production",
              "name": "lab",
              "team": "cenfotec",
              "user": "docker"
            },
            "machine_type": "e2-medium",
            "metadata": {
              "ssh-keys": "dockerlab:ssh-rsa AAAAB3NzaC1yc2EAAAADAQABAAABgQCbQG25Bm4iPfBoCVTzTEXaB3fsQVPcSyzZObTKoZUZB6BuD5HU3Pn2lXyz+ZgcqRRZNSzzj7B1ZDXPpM9Kxp2fM4I5wzH0dd/6mJN7GgxdzWGlESzI9BmJXFZa8yrw9PT9T/MvzGtHiTrPrkGtcVs1fAI9lZ940WvrzyiO27TU9fbgyAvoe2nP07ONuOtSFht6DFxScREhqRS+TXjRGb9qUnzATlIzQ0rfMd2tuDDmHAwXMb6giivQUUWNfYsIvxme0zX6uusGBHlbbQo48ouzYUZMJL6CYeAnsH3JKPKqywr4sBa743Rdtk5jSrnAGY/ImktSZOq6stF9Ur9xDLtV/wufIjNU8aufrc2Vtgxsza0vNp8ktMDBM0bwpN0uzwEquAOvuPd3EJyuXlAFP0heHTOljShP9sBfMumXU6fEn8/jgrAyvvfZ8J70ZyrIJPjAp6yvvwZciD8WWzgVc5/q7hpLacVlkr2RNhELTsEhXT+ATbtYNgbYhTKGvxfmcTM= dockerlab\n",
              "user-data": "#!/bin/bash -x\n\n# user\nadduser dockerlab --gecos \"$fullname,RoomNumber,WorkPhone,HomePhone\" --disabled-password\necho -e \"password\\npassword\\n\" | passwd dockerlab\npasswd --expire dockerlab\nadduser dockerlab sudo\nmkdir -p /home/dockerlab/.ssh\ncp ~/.ssh/authorized_keys /home/dockerlab/.ssh/\nchown dockerlab:dockerlab /home/dockerlab/.ssh/authorized_keys\nchmod 600  /home/dockerlab/.ssh/authorized_keys\n\n# docker\ncurl -fsSL https://get.docker.com -o get-docker.sh\nsudo sh get-docker.sh\nsudo usermod -aG docker dockerlab\n# newgrp docker\n\n# docker-compose\nsudo curl -L \"https://github.com/docker/compose/releases/download/1.29.2/docker-compose-$(uname -s)-$(uname -m)\" -o /usr/local/bin/docker-compose\nsudo chmod +x /usr/local/bin/docker-compose\nsudo ln -s /usr/local/bin/docker-compose /usr/bin/docker-compose\n"
            },
            "metadata_fingerprint": "SkcjVtn-nFM=",
            "metadata_startup_script": null,
            "min_cpu_platform": "",
            "name": "lab-1",
            "network_interface": [
              {
                "access_config": [
                  {
                    "nat_ip": "34.139.240.92",
                    "network_tier": "PREMIUM",
                    "public_ptr_domain_name": ""
                  }
                ],
                "alias_ip_range": [],
                "ipv6_access_config": [],
                "ipv6_access_type": "",
                "name": "nic0",
                "network": "https://www.googleapis.com/compute/v1/projects/dockerlabs-332203/global/networks/default",
                "network_ip": "10.142.15.207",
                "nic_type": "",
                "stack_type": "IPV4_ONLY",
                "subnetwork": "https://www.googleapis.com/compute/v1/projects/dockerlabs-332203/regions/us-east1/subnetworks/default",
                "subnetwork_project": "dockerlabs-332203"
              }
            ],
            "project": "dockerlabs-332203",
            "reservation_affinity": [],
            "resource_policies": null,
            "scheduling": [
              {
                "automatic_restart": true,
                "min_node_cpus": 0,
                "node_affinities": [],
                "on_host_maintenance": "MIGRATE",
                "preemptible": false
              }
            ],
            "scratch_disk": [],
            "self_link": "https://www.googleapis.com/compute/v1/projects/dockerlabs-332203/zones/us-east1-b/instances/lab-1",
            "service_account": [],
            "shielded_instance_config": [
              {
                "enable_integrity_monitoring": true,
                "enable_secure_boot": false,
                "enable_vtpm": true
              }
            ],
            "tags": [
              "dockerlabs"
            ],
            "tags_fingerprint": "UAaZt4n-Icc=",
            "timeouts": null,
            "zone": "us-east1-b"
          },
          "sensitive_attributes": [],
          "private": "eyJlMmJmYjczMC1lY2FhLTExZTYtOGY4OC0zNDM2M2JjN2M0YzAiOnsiY3JlYXRlIjoxMjAwMDAwMDAwMDAwLCJkZWxldGUiOjEyMDAwMDAwMDAwMDAsInVwZGF0ZSI6MTIwMDAwMDAwMDAwMH0sInNjaGVtYV92ZXJzaW9uIjoiNiJ9",
          "dependencies": [
            "data.google_compute_image.master_image",
            "tls_private_key.global_key"
          ]
        }
      ]
    },
    {
      "mode": "managed",
      "type": "local_file",
      "name": "ssh_private_key_pem",
      "provider": "provider[\"registry.terraform.io/hashicorp/local\"]",
      "instances": [
        {
          "schema_version": 0,
          "attributes": {
            "content": null,
            "content_base64": null,
            "directory_permission": "0777",
            "file_permission": "0600",
            "filename": "../keys/prod/id_rsa",
            "id": "dedf636d92f16f81608bf1d6c6c1b686d9c35654",
            "sensitive_content": "-----BEGIN RSA PRIVATE KEY-----\nMIIEpgIBAAKCAQEAt7d3uom009layAEKsQuNRvOdbM6fYdc4UAFkqOViT4RDx5cp\nP7c88/VoTR9wEUpa40khjJj/ALuQJCBtvFgCL2R213XVjzT1I6lAPscP0EGfbGEC\ncx80Jic80WdZve1gn+kklMj8YC8S7Cy6jvuj6fGzjQYqZDJE6xudrk8eSarEbJEY\n7lohFZ527hewDhA5yMUDkeKgRZE/hV48JbqCKAs20sUKk9SljX7t4AvXpbY/Zdqu\naw7vGgsZFg+t5Ntm3I3v9H0Hp2CAniI2XMO80rtB5kT6d1LuS7VQujhou9y1skQT\nahw/yVnGDZNr6gTNW31D/KCqR5DqNrzUiu9IHQIDAQABAoIBAQCjt+D/oCZAQEtR\nPvRrMBM3bnQU+dE5HNV3Hra4eKpymDjazg+ZU08DTOglCmYRUoTKVWqLY/Cjk4Jx\nX2DLXlacK1hoy/6DvzrSC8tP5o9mFITgzVakhuMvOPpO1l44Dil0eAz8dlvJz0l6\npKWgNAovuhA7FYqDffTC2/pZ0vH3zK2LhC4pYCEDo5yFwcLytiYgHTyvNYsUMd1L\nh+UmN9bg+pi8WiFzU4K3qtrBYhMBH24piQrKrsWqii+4DcsjFB6kxwZFw0sfGDxP\n0O1XgHd/TwJPr3oj7FZW/GjdHUBSzwEfxlpYI6tqrsixYNif5W9e0T0tfdW5/RWn\nubyuXi11AoGBAMcUx86EWFMKoxJ75NxaCtjGqlhvyankf07+vwwFZkZgh+gVGVdw\nM4hGrACcAIQPhZqqsa6rUyNMvhtdIRU+upkh9g2t7kddumMlSn1cMH27pZPj/jKq\nW3aZglwOerDUWURxNgRMUuhBotBj6P50s14SRBtb2xsSiprN5WscqjjTAoGBAOw+\nH4Do4Id8P8Iw3jiZ5VnBzI3OhPmvdAF7txrZXOUB8xD+OYTjermTrug3FD6x4K1R\ndaCH7CbLVVF8pU95XUggD2rRRkuKSvLew1FKZnHCFc76MK4yIcmbKC2C/Ru3kAyW\nXr4bErmtBlcXKLvAC4Kz/opVcauPL7L/8S4AQeVPAoGBAI+jIaqSeHup4BC1DWIj\nIVJYvI1EUrdeorAnQ0Z0Gt/KRCSiHH+m97dqbi2eYQznehkm8T46ZKjCdSOfJQCE\nGvPjufkStioNqS5huIYMXvxIyGWVCVIa8hT3G0Q6OjGddK7aFAQz4VmsCcHbZD87\nijLkcPlgZAz7ar/YsJ+Athx7AoGBANGakNMMS+KJz/wY5aGskbxgYYBUAtGR5UhH\nnv84ad5aK3IhTaFlP4cVzDMGY3T415KPWuESl+kXsVw6TmXEFYqfv24Tvd3aFoOE\nOCGQ9HHsNPNOMhDsM+QvQKeYt792z10LsYXUeXm6VYzB5Icobk4KK0ZLZy5DPZwA\nz9jzq4OrAoGBAJQ9UhhiVdL+1G4GpAwmHupjN5bywaYTZ/WlwGFvbi6/q/ZeTJ3m\nRObeTH1nTI61+mJ+OUrW+XrpXbO3+9SuHUQX7cq7vFJFUGHynX1Zd/zsa6k55qq0\nf5vTx6Tm7bONhKAROnDM0UIrmGr651RxhN/uQ8ywmEcNYbvslpwVw1Em\n-----END RSA PRIVATE KEY-----\n",
            "source": null
          },
          "sensitive_attributes": [
            [
              {
                "type": "get_attr",
                "value": "sensitive_content"
              }
            ]
          ],
          "private": "bnVsbA==",
          "dependencies": [
            "tls_private_key.global_key"
          ]
        }
      ]
    },
    {
      "mode": "managed",
      "type": "local_file",
      "name": "ssh_public_key_pem",
      "provider": "provider[\"registry.terraform.io/hashicorp/local\"]",
      "instances": [
        {
          "schema_version": 0,
          "attributes": {
            "content": null,
            "content_base64": null,
            "directory_permission": "0777",
            "file_permission": "0600",
            "filename": "../keys/prod/id_rsa.pub",
            "id": "5b8bb012a7ee08b6681793b11152604cee3c41ea",
            "sensitive_content": "-----BEGIN PUBLIC KEY-----\nMIIBIjANBgkqhkiG9w0BAQEFAAOCAQ8AMIIBCgKCAQEAt7d3uom009layAEKsQuN\nRvOdbM6fYdc4UAFkqOViT4RDx5cpP7c88/VoTR9wEUpa40khjJj/ALuQJCBtvFgC\nL2R213XVjzT1I6lAPscP0EGfbGECcx80Jic80WdZve1gn+kklMj8YC8S7Cy6jvuj\n6fGzjQYqZDJE6xudrk8eSarEbJEY7lohFZ527hewDhA5yMUDkeKgRZE/hV48JbqC\nKAs20sUKk9SljX7t4AvXpbY/Zdquaw7vGgsZFg+t5Ntm3I3v9H0Hp2CAniI2XMO8\n0rtB5kT6d1LuS7VQujhou9y1skQTahw/yVnGDZNr6gTNW31D/KCqR5DqNrzUiu9I\nHQIDAQAB\n-----END PUBLIC KEY-----\n",
            "source": null
          },
          "sensitive_attributes": [],
          "private": "bnVsbA==",
          "dependencies": [
            "tls_private_key.global_key"
          ]
        }
      ]
    },
    {
      "mode": "managed",
      "type": "tls_private_key",
      "name": "global_key",
      "provider": "provider[\"registry.terraform.io/hashicorp/tls\"]",
      "instances": [
        {
          "schema_version": 0,
          "attributes": {
            "algorithm": "RSA",
            "ecdsa_curve": "P224",
            "id": "b05f6a8883548c6676310d2977e97f039b6416e9",
            "private_key_pem": "-----BEGIN RSA PRIVATE KEY-----\nMIIEpgIBAAKCAQEAt7d3uom009layAEKsQuNRvOdbM6fYdc4UAFkqOViT4RDx5cp\nP7c88/VoTR9wEUpa40khjJj/ALuQJCBtvFgCL2R213XVjzT1I6lAPscP0EGfbGEC\ncx80Jic80WdZve1gn+kklMj8YC8S7Cy6jvuj6fGzjQYqZDJE6xudrk8eSarEbJEY\n7lohFZ527hewDhA5yMUDkeKgRZE/hV48JbqCKAs20sUKk9SljX7t4AvXpbY/Zdqu\naw7vGgsZFg+t5Ntm3I3v9H0Hp2CAniI2XMO80rtB5kT6d1LuS7VQujhou9y1skQT\nahw/yVnGDZNr6gTNW31D/KCqR5DqNrzUiu9IHQIDAQABAoIBAQCjt+D/oCZAQEtR\nPvRrMBM3bnQU+dE5HNV3Hra4eKpymDjazg+ZU08DTOglCmYRUoTKVWqLY/Cjk4Jx\nX2DLXlacK1hoy/6DvzrSC8tP5o9mFITgzVakhuMvOPpO1l44Dil0eAz8dlvJz0l6\npKWgNAovuhA7FYqDffTC2/pZ0vH3zK2LhC4pYCEDo5yFwcLytiYgHTyvNYsUMd1L\nh+UmN9bg+pi8WiFzU4K3qtrBYhMBH24piQrKrsWqii+4DcsjFB6kxwZFw0sfGDxP\n0O1XgHd/TwJPr3oj7FZW/GjdHUBSzwEfxlpYI6tqrsixYNif5W9e0T0tfdW5/RWn\nubyuXi11AoGBAMcUx86EWFMKoxJ75NxaCtjGqlhvyankf07+vwwFZkZgh+gVGVdw\nM4hGrACcAIQPhZqqsa6rUyNMvhtdIRU+upkh9g2t7kddumMlSn1cMH27pZPj/jKq\nW3aZglwOerDUWURxNgRMUuhBotBj6P50s14SRBtb2xsSiprN5WscqjjTAoGBAOw+\nH4Do4Id8P8Iw3jiZ5VnBzI3OhPmvdAF7txrZXOUB8xD+OYTjermTrug3FD6x4K1R\ndaCH7CbLVVF8pU95XUggD2rRRkuKSvLew1FKZnHCFc76MK4yIcmbKC2C/Ru3kAyW\nXr4bErmtBlcXKLvAC4Kz/opVcauPL7L/8S4AQeVPAoGBAI+jIaqSeHup4BC1DWIj\nIVJYvI1EUrdeorAnQ0Z0Gt/KRCSiHH+m97dqbi2eYQznehkm8T46ZKjCdSOfJQCE\nGvPjufkStioNqS5huIYMXvxIyGWVCVIa8hT3G0Q6OjGddK7aFAQz4VmsCcHbZD87\nijLkcPlgZAz7ar/YsJ+Athx7AoGBANGakNMMS+KJz/wY5aGskbxgYYBUAtGR5UhH\nnv84ad5aK3IhTaFlP4cVzDMGY3T415KPWuESl+kXsVw6TmXEFYqfv24Tvd3aFoOE\nOCGQ9HHsNPNOMhDsM+QvQKeYt792z10LsYXUeXm6VYzB5Icobk4KK0ZLZy5DPZwA\nz9jzq4OrAoGBAJQ9UhhiVdL+1G4GpAwmHupjN5bywaYTZ/WlwGFvbi6/q/ZeTJ3m\nRObeTH1nTI61+mJ+OUrW+XrpXbO3+9SuHUQX7cq7vFJFUGHynX1Zd/zsa6k55qq0\nf5vTx6Tm7bONhKAROnDM0UIrmGr651RxhN/uQ8ywmEcNYbvslpwVw1Em\n-----END RSA PRIVATE KEY-----\n",
            "public_key_fingerprint_md5": "24:be:f0:25:eb:2f:ee:fd:c1:e9:38:f6:d1:7a:e2:dc",
            "public_key_openssh": "ssh-rsa AAAAB3NzaC1yc2EAAAADAQABAAABAQC3t3e6ibTT2VrIAQqxC41G851szp9h1zhQAWSo5WJPhEPHlyk/tzzz9WhNH3ARSlrjSSGMmP8Au5AkIG28WAIvZHbXddWPNPUjqUA+xw/QQZ9sYQJzHzQmJzzRZ1m97WCf6SSUyPxgLxLsLLqO+6Pp8bONBipkMkTrG52uTx5JqsRskRjuWiEVnnbuF7AOEDnIxQOR4qBFkT+FXjwluoIoCzbSxQqT1KWNfu3gC9eltj9l2q5rDu8aCxkWD63k22bcje/0fQenYICeIjZcw7zSu0HmRPp3Uu5LtVC6OGi73LWyRBNqHD/JWcYNk2vqBM1bfUP8oKpHkOo2vNSK70gd\n",
            "public_key_pem": "-----BEGIN PUBLIC KEY-----\nMIIBIjANBgkqhkiG9w0BAQEFAAOCAQ8AMIIBCgKCAQEAt7d3uom009layAEKsQuN\nRvOdbM6fYdc4UAFkqOViT4RDx5cpP7c88/VoTR9wEUpa40khjJj/ALuQJCBtvFgC\nL2R213XVjzT1I6lAPscP0EGfbGECcx80Jic80WdZve1gn+kklMj8YC8S7Cy6jvuj\n6fGzjQYqZDJE6xudrk8eSarEbJEY7lohFZ527hewDhA5yMUDkeKgRZE/hV48JbqC\nKAs20sUKk9SljX7t4AvXpbY/Zdquaw7vGgsZFg+t5Ntm3I3v9H0Hp2CAniI2XMO8\n0rtB5kT6d1LuS7VQujhou9y1skQTahw/yVnGDZNr6gTNW31D/KCqR5DqNrzUiu9I\nHQIDAQAB\n-----END PUBLIC KEY-----\n",
            "rsa_bits": 2048
          },
          "sensitive_attributes": [],
          "private": "bnVsbA=="
        }
      ]
    }
  ]
}
