{
  "version": 4,
  "terraform_version": "1.0.9",
  "serial": 66,
  "lineage": "6314abf5-ae5e-30ca-1780-64f38531e16e",
  "outputs": {},
  "resources": [
    {
      "mode": "data",
      "type": "google_compute_image",
      "name": "master_image",
      "provider": "provider[\"registry.terraform.io/hashicorp/google\"]",
      "instances": [
        {
          "schema_version": 0,
          "attributes": {
            "archive_size_bytes": 2613608256,
            "creation_timestamp": "2021-11-03T07:15:52.356-07:00",
            "description": "Canonical, Ubuntu, 20.04 LTS, amd64 focal image built on 2021-11-02, supports Shielded VM features",
            "disk_size_gb": 10,
            "family": "ubuntu-2004-lts",
            "filter": null,
            "id": "projects/ubuntu-os-cloud/global/images/ubuntu-2004-focal-v20211102",
            "image_encryption_key_sha256": "",
            "image_id": "3796453266954332023",
            "label_fingerprint": "42WmSpB8rSM=",
            "labels": {},
            "licenses": [
              "https://www.googleapis.com/compute/v1/projects/ubuntu-os-cloud/global/licenses/ubuntu-2004-lts"
            ],
            "name": "ubuntu-2004-focal-v20211102",
            "project": "ubuntu-os-cloud",
            "self_link": "https://www.googleapis.com/compute/v1/projects/ubuntu-os-cloud/global/images/ubuntu-2004-focal-v20211102",
            "source_disk": "",
            "source_disk_encryption_key_sha256": "",
            "source_disk_id": "",
            "source_image_id": "",
            "status": "READY"
          },
          "sensitive_attributes": []
        }
      ]
    },
    {
      "mode": "managed",
      "type": "google_compute_instance",
      "name": "lab",
      "provider": "provider[\"registry.terraform.io/hashicorp/google\"]",
      "instances": [
        {
          "index_key": 0,
          "schema_version": 6,
          "attributes": {
            "advanced_machine_features": [],
            "allow_stopping_for_update": null,
            "attached_disk": [],
            "boot_disk": [
              {
                "auto_delete": true,
                "device_name": "persistent-disk-0",
                "disk_encryption_key_raw": "",
                "disk_encryption_key_sha256": "",
                "initialize_params": [
                  {
                    "image": "https://www.googleapis.com/compute/v1/projects/ubuntu-os-cloud/global/images/ubuntu-2004-focal-v20211102",
                    "labels": {
                      "env": "production",
                      "name": "lab",
                      "team": "cenfotec",
                      "user": "docker"
                    },
                    "size": 10,
                    "type": "pd-standard"
                  }
                ],
                "kms_key_self_link": "",
                "mode": "READ_WRITE",
                "source": "https://www.googleapis.com/compute/v1/projects/dockerlabs-332203/zones/us-east1-b/disks/lab-1"
              }
            ],
            "can_ip_forward": false,
            "confidential_instance_config": [],
            "cpu_platform": "Intel Haswell",
            "current_status": "RUNNING",
            "deletion_protection": false,
            "description": "",
            "desired_status": null,
            "enable_display": false,
            "guest_accelerator": [],
            "hostname": "",
            "id": "projects/dockerlabs-332203/zones/us-east1-b/instances/lab-1",
            "instance_id": "463704111506547461",
            "label_fingerprint": "nkrmE69Wna4=",
            "labels": {
              "env": "production",
              "name": "lab",
              "team": "cenfotec",
              "user": "docker"
            },
            "machine_type": "f1-micro",
            "metadata": null,
            "metadata_fingerprint": "WtgygdQbGWg=",
            "metadata_startup_script": null,
            "min_cpu_platform": "",
            "name": "lab-1",
            "network_interface": [
              {
                "access_config": [
                  {
                    "nat_ip": "35.229.86.219",
                    "network_tier": "PREMIUM",
                    "public_ptr_domain_name": ""
                  }
                ],
                "alias_ip_range": [],
                "ipv6_access_config": [],
                "ipv6_access_type": "",
                "name": "nic0",
                "network": "https://www.googleapis.com/compute/v1/projects/dockerlabs-332203/global/networks/default",
                "network_ip": "10.142.0.20",
                "nic_type": "",
                "stack_type": "IPV4_ONLY",
                "subnetwork": "https://www.googleapis.com/compute/v1/projects/dockerlabs-332203/regions/us-east1/subnetworks/default",
                "subnetwork_project": "dockerlabs-332203"
              }
            ],
            "project": "dockerlabs-332203",
            "reservation_affinity": [],
            "resource_policies": null,
            "scheduling": [
              {
                "automatic_restart": true,
                "min_node_cpus": 0,
                "node_affinities": [],
                "on_host_maintenance": "MIGRATE",
                "preemptible": false
              }
            ],
            "scratch_disk": [],
            "self_link": "https://www.googleapis.com/compute/v1/projects/dockerlabs-332203/zones/us-east1-b/instances/lab-1",
            "service_account": [],
            "shielded_instance_config": [
              {
                "enable_integrity_monitoring": true,
                "enable_secure_boot": false,
                "enable_vtpm": true
              }
            ],
            "tags": [
              "dockerlabs"
            ],
            "tags_fingerprint": "UAaZt4n-Icc=",
            "timeouts": null,
            "zone": "us-east1-b"
          },
          "sensitive_attributes": [],
          "private": "eyJlMmJmYjczMC1lY2FhLTExZTYtOGY4OC0zNDM2M2JjN2M0YzAiOnsiY3JlYXRlIjoxMjAwMDAwMDAwMDAwLCJkZWxldGUiOjEyMDAwMDAwMDAwMDAsInVwZGF0ZSI6MTIwMDAwMDAwMDAwMH0sInNjaGVtYV92ZXJzaW9uIjoiNiJ9",
          "dependencies": [
            "data.google_compute_image.master_image"
          ]
        },
        {
          "index_key": 2,
          "schema_version": 6,
          "attributes": {
            "advanced_machine_features": [],
            "allow_stopping_for_update": null,
            "attached_disk": [],
            "boot_disk": [
              {
                "auto_delete": true,
                "device_name": "persistent-disk-0",
                "disk_encryption_key_raw": "",
                "disk_encryption_key_sha256": "",
                "initialize_params": [
                  {
                    "image": "https://www.googleapis.com/compute/v1/projects/ubuntu-os-cloud/global/images/ubuntu-2004-focal-v20211102",
                    "labels": {
                      "env": "production",
                      "name": "lab",
                      "team": "cenfotec",
                      "user": "docker"
                    },
                    "size": 10,
                    "type": "pd-standard"
                  }
                ],
                "kms_key_self_link": "",
                "mode": "READ_WRITE",
                "source": "https://www.googleapis.com/compute/v1/projects/dockerlabs-332203/zones/us-east1-b/disks/lab-3"
              }
            ],
            "can_ip_forward": false,
            "confidential_instance_config": [],
            "cpu_platform": "Intel Haswell",
            "current_status": "RUNNING",
            "deletion_protection": false,
            "description": "",
            "desired_status": null,
            "enable_display": false,
            "guest_accelerator": [],
            "hostname": "",
            "id": "projects/dockerlabs-332203/zones/us-east1-b/instances/lab-3",
            "instance_id": "2833096955775443717",
            "label_fingerprint": "nkrmE69Wna4=",
            "labels": {
              "env": "production",
              "name": "lab",
              "team": "cenfotec",
              "user": "docker"
            },
            "machine_type": "f1-micro",
            "metadata": null,
            "metadata_fingerprint": "WtgygdQbGWg=",
            "metadata_startup_script": null,
            "min_cpu_platform": "",
            "name": "lab-3",
            "network_interface": [
              {
                "access_config": [
                  {
                    "nat_ip": "34.73.239.50",
                    "network_tier": "PREMIUM",
                    "public_ptr_domain_name": ""
                  }
                ],
                "alias_ip_range": [],
                "ipv6_access_config": [],
                "ipv6_access_type": "",
                "name": "nic0",
                "network": "https://www.googleapis.com/compute/v1/projects/dockerlabs-332203/global/networks/default",
                "network_ip": "10.142.0.23",
                "nic_type": "",
                "stack_type": "IPV4_ONLY",
                "subnetwork": "https://www.googleapis.com/compute/v1/projects/dockerlabs-332203/regions/us-east1/subnetworks/default",
                "subnetwork_project": "dockerlabs-332203"
              }
            ],
            "project": "dockerlabs-332203",
            "reservation_affinity": [],
            "resource_policies": null,
            "scheduling": [
              {
                "automatic_restart": true,
                "min_node_cpus": 0,
                "node_affinities": [],
                "on_host_maintenance": "MIGRATE",
                "preemptible": false
              }
            ],
            "scratch_disk": [],
            "self_link": "https://www.googleapis.com/compute/v1/projects/dockerlabs-332203/zones/us-east1-b/instances/lab-3",
            "service_account": [],
            "shielded_instance_config": [
              {
                "enable_integrity_monitoring": true,
                "enable_secure_boot": false,
                "enable_vtpm": true
              }
            ],
            "tags": [
              "dockerlabs"
            ],
            "tags_fingerprint": "UAaZt4n-Icc=",
            "timeouts": null,
            "zone": "us-east1-b"
          },
          "sensitive_attributes": [],
          "private": "eyJlMmJmYjczMC1lY2FhLTExZTYtOGY4OC0zNDM2M2JjN2M0YzAiOnsiY3JlYXRlIjoxMjAwMDAwMDAwMDAwLCJkZWxldGUiOjEyMDAwMDAwMDAwMDAsInVwZGF0ZSI6MTIwMDAwMDAwMDAwMH0sInNjaGVtYV92ZXJzaW9uIjoiNiJ9",
          "dependencies": [
            "data.google_compute_image.master_image"
          ]
        },
        {
          "index_key": 3,
          "schema_version": 6,
          "attributes": {
            "advanced_machine_features": [],
            "allow_stopping_for_update": null,
            "attached_disk": [],
            "boot_disk": [
              {
                "auto_delete": true,
                "device_name": "persistent-disk-0",
                "disk_encryption_key_raw": "",
                "disk_encryption_key_sha256": "",
                "initialize_params": [
                  {
                    "image": "https://www.googleapis.com/compute/v1/projects/ubuntu-os-cloud/global/images/ubuntu-2004-focal-v20211102",
                    "labels": {
                      "env": "production",
                      "name": "lab",
                      "team": "cenfotec",
                      "user": "docker"
                    },
                    "size": 10,
                    "type": "pd-standard"
                  }
                ],
                "kms_key_self_link": "",
                "mode": "READ_WRITE",
                "source": "https://www.googleapis.com/compute/v1/projects/dockerlabs-332203/zones/us-east1-b/disks/lab-4"
              }
            ],
            "can_ip_forward": false,
            "confidential_instance_config": [],
            "cpu_platform": "Intel Haswell",
            "current_status": "RUNNING",
            "deletion_protection": false,
            "description": "",
            "desired_status": null,
            "enable_display": false,
            "guest_accelerator": [],
            "hostname": "",
            "id": "projects/dockerlabs-332203/zones/us-east1-b/instances/lab-4",
            "instance_id": "2896711159505511173",
            "label_fingerprint": "nkrmE69Wna4=",
            "labels": {
              "env": "production",
              "name": "lab",
              "team": "cenfotec",
              "user": "docker"
            },
            "machine_type": "f1-micro",
            "metadata": null,
            "metadata_fingerprint": "WtgygdQbGWg=",
            "metadata_startup_script": null,
            "min_cpu_platform": "",
            "name": "lab-4",
            "network_interface": [
              {
                "access_config": [
                  {
                    "nat_ip": "35.229.82.37",
                    "network_tier": "PREMIUM",
                    "public_ptr_domain_name": ""
                  }
                ],
                "alias_ip_range": [],
                "ipv6_access_config": [],
                "ipv6_access_type": "",
                "name": "nic0",
                "network": "https://www.googleapis.com/compute/v1/projects/dockerlabs-332203/global/networks/default",
                "network_ip": "10.142.0.22",
                "nic_type": "",
                "stack_type": "IPV4_ONLY",
                "subnetwork": "https://www.googleapis.com/compute/v1/projects/dockerlabs-332203/regions/us-east1/subnetworks/default",
                "subnetwork_project": "dockerlabs-332203"
              }
            ],
            "project": "dockerlabs-332203",
            "reservation_affinity": [],
            "resource_policies": null,
            "scheduling": [
              {
                "automatic_restart": true,
                "min_node_cpus": 0,
                "node_affinities": [],
                "on_host_maintenance": "MIGRATE",
                "preemptible": false
              }
            ],
            "scratch_disk": [],
            "self_link": "https://www.googleapis.com/compute/v1/projects/dockerlabs-332203/zones/us-east1-b/instances/lab-4",
            "service_account": [],
            "shielded_instance_config": [
              {
                "enable_integrity_monitoring": true,
                "enable_secure_boot": false,
                "enable_vtpm": true
              }
            ],
            "tags": [
              "dockerlabs"
            ],
            "tags_fingerprint": "UAaZt4n-Icc=",
            "timeouts": null,
            "zone": "us-east1-b"
          },
          "sensitive_attributes": [],
          "private": "eyJlMmJmYjczMC1lY2FhLTExZTYtOGY4OC0zNDM2M2JjN2M0YzAiOnsiY3JlYXRlIjoxMjAwMDAwMDAwMDAwLCJkZWxldGUiOjEyMDAwMDAwMDAwMDAsInVwZGF0ZSI6MTIwMDAwMDAwMDAwMH0sInNjaGVtYV92ZXJzaW9uIjoiNiJ9",
          "dependencies": [
            "data.google_compute_image.master_image"
          ]
        },
        {
          "index_key": 4,
          "schema_version": 6,
          "attributes": {
            "advanced_machine_features": [],
            "allow_stopping_for_update": null,
            "attached_disk": [],
            "boot_disk": [
              {
                "auto_delete": true,
                "device_name": "persistent-disk-0",
                "disk_encryption_key_raw": "",
                "disk_encryption_key_sha256": "",
                "initialize_params": [
                  {
                    "image": "https://www.googleapis.com/compute/v1/projects/ubuntu-os-cloud/global/images/ubuntu-2004-focal-v20211102",
                    "labels": {
                      "env": "production",
                      "name": "lab",
                      "team": "cenfotec",
                      "user": "docker"
                    },
                    "size": 10,
                    "type": "pd-standard"
                  }
                ],
                "kms_key_self_link": "",
                "mode": "READ_WRITE",
                "source": "https://www.googleapis.com/compute/v1/projects/dockerlabs-332203/zones/us-east1-b/disks/lab-5"
              }
            ],
            "can_ip_forward": false,
            "confidential_instance_config": [],
            "cpu_platform": "Intel Haswell",
            "current_status": "RUNNING",
            "deletion_protection": false,
            "description": "",
            "desired_status": null,
            "enable_display": false,
            "guest_accelerator": [],
            "hostname": "",
            "id": "projects/dockerlabs-332203/zones/us-east1-b/instances/lab-5",
            "instance_id": "5828836825124070149",
            "label_fingerprint": "nkrmE69Wna4=",
            "labels": {
              "env": "production",
              "name": "lab",
              "team": "cenfotec",
              "user": "docker"
            },
            "machine_type": "f1-micro",
            "metadata": null,
            "metadata_fingerprint": "WtgygdQbGWg=",
            "metadata_startup_script": null,
            "min_cpu_platform": "",
            "name": "lab-5",
            "network_interface": [
              {
                "access_config": [
                  {
                    "nat_ip": "34.139.100.139",
                    "network_tier": "PREMIUM",
                    "public_ptr_domain_name": ""
                  }
                ],
                "alias_ip_range": [],
                "ipv6_access_config": [],
                "ipv6_access_type": "",
                "name": "nic0",
                "network": "https://www.googleapis.com/compute/v1/projects/dockerlabs-332203/global/networks/default",
                "network_ip": "10.142.0.25",
                "nic_type": "",
                "stack_type": "IPV4_ONLY",
                "subnetwork": "https://www.googleapis.com/compute/v1/projects/dockerlabs-332203/regions/us-east1/subnetworks/default",
                "subnetwork_project": "dockerlabs-332203"
              }
            ],
            "project": "dockerlabs-332203",
            "reservation_affinity": [],
            "resource_policies": null,
            "scheduling": [
              {
                "automatic_restart": true,
                "min_node_cpus": 0,
                "node_affinities": [],
                "on_host_maintenance": "MIGRATE",
                "preemptible": false
              }
            ],
            "scratch_disk": [],
            "self_link": "https://www.googleapis.com/compute/v1/projects/dockerlabs-332203/zones/us-east1-b/instances/lab-5",
            "service_account": [],
            "shielded_instance_config": [
              {
                "enable_integrity_monitoring": true,
                "enable_secure_boot": false,
                "enable_vtpm": true
              }
            ],
            "tags": [
              "dockerlabs"
            ],
            "tags_fingerprint": "UAaZt4n-Icc=",
            "timeouts": null,
            "zone": "us-east1-b"
          },
          "sensitive_attributes": [],
          "private": "eyJlMmJmYjczMC1lY2FhLTExZTYtOGY4OC0zNDM2M2JjN2M0YzAiOnsiY3JlYXRlIjoxMjAwMDAwMDAwMDAwLCJkZWxldGUiOjEyMDAwMDAwMDAwMDAsInVwZGF0ZSI6MTIwMDAwMDAwMDAwMH0sInNjaGVtYV92ZXJzaW9uIjoiNiJ9",
          "dependencies": [
            "data.google_compute_image.master_image"
          ]
        },
        {
          "index_key": 5,
          "schema_version": 6,
          "attributes": {
            "advanced_machine_features": [],
            "allow_stopping_for_update": null,
            "attached_disk": [],
            "boot_disk": [
              {
                "auto_delete": true,
                "device_name": "persistent-disk-0",
                "disk_encryption_key_raw": "",
                "disk_encryption_key_sha256": "",
                "initialize_params": [
                  {
                    "image": "https://www.googleapis.com/compute/v1/projects/ubuntu-os-cloud/global/images/ubuntu-2004-focal-v20211102",
                    "labels": {
                      "env": "production",
                      "name": "lab",
                      "team": "cenfotec",
                      "user": "docker"
                    },
                    "size": 10,
                    "type": "pd-standard"
                  }
                ],
                "kms_key_self_link": "",
                "mode": "READ_WRITE",
                "source": "https://www.googleapis.com/compute/v1/projects/dockerlabs-332203/zones/us-east1-b/disks/lab-6"
              }
            ],
            "can_ip_forward": false,
            "confidential_instance_config": [],
            "cpu_platform": "Intel Haswell",
            "current_status": "RUNNING",
            "deletion_protection": false,
            "description": "",
            "desired_status": null,
            "enable_display": false,
            "guest_accelerator": [],
            "hostname": "",
            "id": "projects/dockerlabs-332203/zones/us-east1-b/instances/lab-6",
            "instance_id": "416591889387250437",
            "label_fingerprint": "nkrmE69Wna4=",
            "labels": {
              "env": "production",
              "name": "lab",
              "team": "cenfotec",
              "user": "docker"
            },
            "machine_type": "f1-micro",
            "metadata": null,
            "metadata_fingerprint": "WtgygdQbGWg=",
            "metadata_startup_script": null,
            "min_cpu_platform": "",
            "name": "lab-6",
            "network_interface": [
              {
                "access_config": [
                  {
                    "nat_ip": "34.138.124.207",
                    "network_tier": "PREMIUM",
                    "public_ptr_domain_name": ""
                  }
                ],
                "alias_ip_range": [],
                "ipv6_access_config": [],
                "ipv6_access_type": "",
                "name": "nic0",
                "network": "https://www.googleapis.com/compute/v1/projects/dockerlabs-332203/global/networks/default",
                "network_ip": "10.142.0.21",
                "nic_type": "",
                "stack_type": "IPV4_ONLY",
                "subnetwork": "https://www.googleapis.com/compute/v1/projects/dockerlabs-332203/regions/us-east1/subnetworks/default",
                "subnetwork_project": "dockerlabs-332203"
              }
            ],
            "project": "dockerlabs-332203",
            "reservation_affinity": [],
            "resource_policies": null,
            "scheduling": [
              {
                "automatic_restart": true,
                "min_node_cpus": 0,
                "node_affinities": [],
                "on_host_maintenance": "MIGRATE",
                "preemptible": false
              }
            ],
            "scratch_disk": [],
            "self_link": "https://www.googleapis.com/compute/v1/projects/dockerlabs-332203/zones/us-east1-b/instances/lab-6",
            "service_account": [],
            "shielded_instance_config": [
              {
                "enable_integrity_monitoring": true,
                "enable_secure_boot": false,
                "enable_vtpm": true
              }
            ],
            "tags": [
              "dockerlabs"
            ],
            "tags_fingerprint": "UAaZt4n-Icc=",
            "timeouts": null,
            "zone": "us-east1-b"
          },
          "sensitive_attributes": [],
          "private": "eyJlMmJmYjczMC1lY2FhLTExZTYtOGY4OC0zNDM2M2JjN2M0YzAiOnsiY3JlYXRlIjoxMjAwMDAwMDAwMDAwLCJkZWxldGUiOjEyMDAwMDAwMDAwMDAsInVwZGF0ZSI6MTIwMDAwMDAwMDAwMH0sInNjaGVtYV92ZXJzaW9uIjoiNiJ9",
          "dependencies": [
            "data.google_compute_image.master_image"
          ]
        },
        {
          "index_key": 7,
          "schema_version": 6,
          "attributes": {
            "advanced_machine_features": [],
            "allow_stopping_for_update": null,
            "attached_disk": [],
            "boot_disk": [
              {
                "auto_delete": true,
                "device_name": "persistent-disk-0",
                "disk_encryption_key_raw": "",
                "disk_encryption_key_sha256": "",
                "initialize_params": [
                  {
                    "image": "https://www.googleapis.com/compute/v1/projects/ubuntu-os-cloud/global/images/ubuntu-2004-focal-v20211102",
                    "labels": {
                      "env": "production",
                      "name": "lab",
                      "team": "cenfotec",
                      "user": "docker"
                    },
                    "size": 10,
                    "type": "pd-standard"
                  }
                ],
                "kms_key_self_link": "",
                "mode": "READ_WRITE",
                "source": "https://www.googleapis.com/compute/v1/projects/dockerlabs-332203/zones/us-east1-b/disks/lab-8"
              }
            ],
            "can_ip_forward": false,
            "confidential_instance_config": [],
            "cpu_platform": "Intel Haswell",
            "current_status": "RUNNING",
            "deletion_protection": false,
            "description": "",
            "desired_status": null,
            "enable_display": false,
            "guest_accelerator": [],
            "hostname": "",
            "id": "projects/dockerlabs-332203/zones/us-east1-b/instances/lab-8",
            "instance_id": "421569619044360965",
            "label_fingerprint": "nkrmE69Wna4=",
            "labels": {
              "env": "production",
              "name": "lab",
              "team": "cenfotec",
              "user": "docker"
            },
            "machine_type": "f1-micro",
            "metadata": null,
            "metadata_fingerprint": "WtgygdQbGWg=",
            "metadata_startup_script": null,
            "min_cpu_platform": "",
            "name": "lab-8",
            "network_interface": [
              {
                "access_config": [
                  {
                    "nat_ip": "35.231.107.142",
                    "network_tier": "PREMIUM",
                    "public_ptr_domain_name": ""
                  }
                ],
                "alias_ip_range": [],
                "ipv6_access_config": [],
                "ipv6_access_type": "",
                "name": "nic0",
                "network": "https://www.googleapis.com/compute/v1/projects/dockerlabs-332203/global/networks/default",
                "network_ip": "10.142.0.24",
                "nic_type": "",
                "stack_type": "IPV4_ONLY",
                "subnetwork": "https://www.googleapis.com/compute/v1/projects/dockerlabs-332203/regions/us-east1/subnetworks/default",
                "subnetwork_project": "dockerlabs-332203"
              }
            ],
            "project": "dockerlabs-332203",
            "reservation_affinity": [],
            "resource_policies": null,
            "scheduling": [
              {
                "automatic_restart": true,
                "min_node_cpus": 0,
                "node_affinities": [],
                "on_host_maintenance": "MIGRATE",
                "preemptible": false
              }
            ],
            "scratch_disk": [],
            "self_link": "https://www.googleapis.com/compute/v1/projects/dockerlabs-332203/zones/us-east1-b/instances/lab-8",
            "service_account": [],
            "shielded_instance_config": [
              {
                "enable_integrity_monitoring": true,
                "enable_secure_boot": false,
                "enable_vtpm": true
              }
            ],
            "tags": [
              "dockerlabs"
            ],
            "tags_fingerprint": "UAaZt4n-Icc=",
            "timeouts": null,
            "zone": "us-east1-b"
          },
          "sensitive_attributes": [],
          "private": "eyJlMmJmYjczMC1lY2FhLTExZTYtOGY4OC0zNDM2M2JjN2M0YzAiOnsiY3JlYXRlIjoxMjAwMDAwMDAwMDAwLCJkZWxldGUiOjEyMDAwMDAwMDAwMDAsInVwZGF0ZSI6MTIwMDAwMDAwMDAwMH0sInNjaGVtYV92ZXJzaW9uIjoiNiJ9",
          "dependencies": [
            "data.google_compute_image.master_image"
          ]
        }
      ]
    },
    {
      "mode": "managed",
      "type": "local_file",
      "name": "ssh_private_key_pem",
      "provider": "provider[\"registry.terraform.io/hashicorp/local\"]",
      "instances": [
        {
          "schema_version": 0,
          "attributes": {
            "content": null,
            "content_base64": null,
            "directory_permission": "0777",
            "file_permission": "0600",
            "filename": "../../keys/prod/id_rsa",
            "id": "073f5e9e5a34ed266a66aaacd1a740d0b0fd6ab6",
            "sensitive_content": "-----BEGIN RSA PRIVATE KEY-----\nMIIEowIBAAKCAQEAutjoSEW7Q23jJukJ/oG08AJkZy9GdnnbjNd7cVB7KuwAGm3G\n8jFYt0kRHQZbJXnBoQCELnaXd5ZfrvNDkqbGVG6hIsD5mBJiItzDVqx/YH4kq5Pr\nTdJRX5+DVIK4LFICP0I9awxd1oxPmIbSqo+/eHWB/lWGCu2r0rt/C7n8GkNrCEnw\nfESHQkVWQxYHXx446xCBpdL1fjXA1ZQgIr5kEHTuWDYOxUlOJ6xFk8X1S92EhUlI\n2LoiSViCd/fvboRNFy8S2CV3x9Whniql6ul9bWpskVwp0shcOAyEoUkLckyh3udA\nBboK+g7Ii/8MVBpn9tLMjLfA68QoG1dffJTijwIDAQABAoIBAFji4TWofppoRzx2\ndjut5q6a5Lq1obaw58ILrHzOhZl4pd/sw0zqLsMarlp5cJjWYEfAYCFeZ1YLoj8v\nGMFGN2lpK5zF4rb2X9sn3IF6FCqKN9Wry6+80ttDng1xFj53UPxY/bDUNDvhiegM\nk2FyeurKM+oTM241fJ0GdzzT4Ft5UO4cSL9Nz8VkkmVwScsttwjfyaygY44Wjp5d\nHWgJRva32PNuvdsyOEPzpupRy8bXty9E5eqpEXqTyRH47B5+QCCyx8vvR78NKXsR\nSWmBdWsOor6z0DSSAO1jqRdK0LY0vYsoJWSopK+DLZjCZCArfnK7oxrsunFlPuLy\ngw3jERECgYEA1viK7KLoojiE1zewOExAZW+WIXErNQRha83YT0iKb5yQKFGoPefo\nfhX/QjDtg0Z3YEoknFhpOkY9YilMOqsk+/bU+oVfTmmbcA9Zbx+m6UlogdnmDa/A\nJR7gH/ENDcinuyUx+EoAr0nSWwbhSCWjcGGFQdY9hBon/VAKW1Bc8pkCgYEA3oI/\n0zOBQ13QsMFC81SXxDzPzwMd4F08txBsW610YTwGvNn2KURQG4D2cE7DaFW5lVT7\nsLeaH89debZvfAuNxUpWIha5nhZY7o+bgDIIQ3QOz17h/ToQD5+7wbBK5v/oN/Wg\nrprFtHdoVx7STF4XupBmbmd8v0bq4qx7I3Q832cCgYBa5WbgnhWdmiZZVhu2Ak/s\nVB138IEjfsGusrA2/eZDQUEXO0fXPTrqLWTsWQHk0yPg3BjU3vFHibGk0u9/kyQl\nQf5WG5Tr8+2cmXDocsrBs59z4G3M9bZaO87q0qMBZAnAMP8LDEdz1tQSVztkpT2R\nZDrTVsJWHDUyf+iRKc7TaQKBgGdB0HalZy4pAiiUdwpOzmMtyU4K5zlwazWU9IQS\n2XgqEAJhr5906SvqS/LQSlRHu+i12FsoyOhMJdfOtqu8/Nx6Y8BMBXV8b2a90+7I\nyRbsa9cF9B+8aymk+c+njQrn5Q7a+OcuQeM+qngLgJIZ9C8Kxc4kTjrBoUzxt+87\nCOivAoGBAJR9laso6B3MHUu6Lb2eBB0pqGAN4vLk1klpzqL1XCYx/g412S7KOCqH\n+fcmcC9iWN682TSxYDxn7BrVBjFtmHPTFspkWP5o6nlxcO4sm6lMb379uMDhwLm9\n7twMqds8+o9z1KjsGJgLiU6gRIKoEZGufy2FDjH4FScLgi7b/Gyi\n-----END RSA PRIVATE KEY-----\n",
            "source": null
          },
          "sensitive_attributes": [
            [
              {
                "type": "get_attr",
                "value": "sensitive_content"
              }
            ]
          ],
          "private": "bnVsbA==",
          "dependencies": [
            "tls_private_key.global_key"
          ]
        }
      ]
    },
    {
      "mode": "managed",
      "type": "tls_private_key",
      "name": "global_key",
      "provider": "provider[\"registry.terraform.io/hashicorp/tls\"]",
      "instances": [
        {
          "schema_version": 0,
          "attributes": {
            "algorithm": "RSA",
            "ecdsa_curve": "P224",
            "id": "92b61a4350cecb50a10f941f749faea965f1c275",
            "private_key_pem": "-----BEGIN RSA PRIVATE KEY-----\nMIIEowIBAAKCAQEAutjoSEW7Q23jJukJ/oG08AJkZy9GdnnbjNd7cVB7KuwAGm3G\n8jFYt0kRHQZbJXnBoQCELnaXd5ZfrvNDkqbGVG6hIsD5mBJiItzDVqx/YH4kq5Pr\nTdJRX5+DVIK4LFICP0I9awxd1oxPmIbSqo+/eHWB/lWGCu2r0rt/C7n8GkNrCEnw\nfESHQkVWQxYHXx446xCBpdL1fjXA1ZQgIr5kEHTuWDYOxUlOJ6xFk8X1S92EhUlI\n2LoiSViCd/fvboRNFy8S2CV3x9Whniql6ul9bWpskVwp0shcOAyEoUkLckyh3udA\nBboK+g7Ii/8MVBpn9tLMjLfA68QoG1dffJTijwIDAQABAoIBAFji4TWofppoRzx2\ndjut5q6a5Lq1obaw58ILrHzOhZl4pd/sw0zqLsMarlp5cJjWYEfAYCFeZ1YLoj8v\nGMFGN2lpK5zF4rb2X9sn3IF6FCqKN9Wry6+80ttDng1xFj53UPxY/bDUNDvhiegM\nk2FyeurKM+oTM241fJ0GdzzT4Ft5UO4cSL9Nz8VkkmVwScsttwjfyaygY44Wjp5d\nHWgJRva32PNuvdsyOEPzpupRy8bXty9E5eqpEXqTyRH47B5+QCCyx8vvR78NKXsR\nSWmBdWsOor6z0DSSAO1jqRdK0LY0vYsoJWSopK+DLZjCZCArfnK7oxrsunFlPuLy\ngw3jERECgYEA1viK7KLoojiE1zewOExAZW+WIXErNQRha83YT0iKb5yQKFGoPefo\nfhX/QjDtg0Z3YEoknFhpOkY9YilMOqsk+/bU+oVfTmmbcA9Zbx+m6UlogdnmDa/A\nJR7gH/ENDcinuyUx+EoAr0nSWwbhSCWjcGGFQdY9hBon/VAKW1Bc8pkCgYEA3oI/\n0zOBQ13QsMFC81SXxDzPzwMd4F08txBsW610YTwGvNn2KURQG4D2cE7DaFW5lVT7\nsLeaH89debZvfAuNxUpWIha5nhZY7o+bgDIIQ3QOz17h/ToQD5+7wbBK5v/oN/Wg\nrprFtHdoVx7STF4XupBmbmd8v0bq4qx7I3Q832cCgYBa5WbgnhWdmiZZVhu2Ak/s\nVB138IEjfsGusrA2/eZDQUEXO0fXPTrqLWTsWQHk0yPg3BjU3vFHibGk0u9/kyQl\nQf5WG5Tr8+2cmXDocsrBs59z4G3M9bZaO87q0qMBZAnAMP8LDEdz1tQSVztkpT2R\nZDrTVsJWHDUyf+iRKc7TaQKBgGdB0HalZy4pAiiUdwpOzmMtyU4K5zlwazWU9IQS\n2XgqEAJhr5906SvqS/LQSlRHu+i12FsoyOhMJdfOtqu8/Nx6Y8BMBXV8b2a90+7I\nyRbsa9cF9B+8aymk+c+njQrn5Q7a+OcuQeM+qngLgJIZ9C8Kxc4kTjrBoUzxt+87\nCOivAoGBAJR9laso6B3MHUu6Lb2eBB0pqGAN4vLk1klpzqL1XCYx/g412S7KOCqH\n+fcmcC9iWN682TSxYDxn7BrVBjFtmHPTFspkWP5o6nlxcO4sm6lMb379uMDhwLm9\n7twMqds8+o9z1KjsGJgLiU6gRIKoEZGufy2FDjH4FScLgi7b/Gyi\n-----END RSA PRIVATE KEY-----\n",
            "public_key_fingerprint_md5": "97:e1:b3:35:80:ea:5f:9d:8b:e4:f5:46:0b:db:e4:23",
            "public_key_openssh": "ssh-rsa AAAAB3NzaC1yc2EAAAADAQABAAABAQC62OhIRbtDbeMm6Qn+gbTwAmRnL0Z2eduM13txUHsq7AAabcbyMVi3SREdBlslecGhAIQudpd3ll+u80OSpsZUbqEiwPmYEmIi3MNWrH9gfiSrk+tN0lFfn4NUgrgsUgI/Qj1rDF3WjE+YhtKqj794dYH+VYYK7avSu38LufwaQ2sISfB8RIdCRVZDFgdfHjjrEIGl0vV+NcDVlCAivmQQdO5YNg7FSU4nrEWTxfVL3YSFSUjYuiJJWIJ39+9uhE0XLxLYJXfH1aGeKqXq6X1tamyRXCnSyFw4DIShSQtyTKHe50AFugr6DsiL/wxUGmf20syMt8DrxCgbV198lOKP\n",
            "public_key_pem": "-----BEGIN PUBLIC KEY-----\nMIIBIjANBgkqhkiG9w0BAQEFAAOCAQ8AMIIBCgKCAQEAutjoSEW7Q23jJukJ/oG0\n8AJkZy9GdnnbjNd7cVB7KuwAGm3G8jFYt0kRHQZbJXnBoQCELnaXd5ZfrvNDkqbG\nVG6hIsD5mBJiItzDVqx/YH4kq5PrTdJRX5+DVIK4LFICP0I9awxd1oxPmIbSqo+/\neHWB/lWGCu2r0rt/C7n8GkNrCEnwfESHQkVWQxYHXx446xCBpdL1fjXA1ZQgIr5k\nEHTuWDYOxUlOJ6xFk8X1S92EhUlI2LoiSViCd/fvboRNFy8S2CV3x9Whniql6ul9\nbWpskVwp0shcOAyEoUkLckyh3udABboK+g7Ii/8MVBpn9tLMjLfA68QoG1dffJTi\njwIDAQAB\n-----END PUBLIC KEY-----\n",
            "rsa_bits": 2048
          },
          "sensitive_attributes": [],
          "private": "bnVsbA=="
        }
      ]
    }
  ]
}
