{
  "version": 4,
  "terraform_version": "1.0.9",
  "serial": 41,
  "lineage": "6314abf5-ae5e-30ca-1780-64f38531e16e",
  "outputs": {},
  "resources": [
    {
      "mode": "data",
      "type": "google_compute_image",
      "name": "master_image",
      "provider": "provider[\"registry.terraform.io/hashicorp/google\"]",
      "instances": [
        {
          "schema_version": 0,
          "attributes": {
            "archive_size_bytes": 2613608256,
            "creation_timestamp": "2021-11-03T07:15:52.356-07:00",
            "description": "Canonical, Ubuntu, 20.04 LTS, amd64 focal image built on 2021-11-02, supports Shielded VM features",
            "disk_size_gb": 10,
            "family": "ubuntu-2004-lts",
            "filter": null,
            "id": "projects/ubuntu-os-cloud/global/images/ubuntu-2004-focal-v20211102",
            "image_encryption_key_sha256": "",
            "image_id": "3796453266954332023",
            "label_fingerprint": "42WmSpB8rSM=",
            "labels": {},
            "licenses": [
              "https://www.googleapis.com/compute/v1/projects/ubuntu-os-cloud/global/licenses/ubuntu-2004-lts"
            ],
            "name": "ubuntu-2004-focal-v20211102",
            "project": "ubuntu-os-cloud",
            "self_link": "https://www.googleapis.com/compute/v1/projects/ubuntu-os-cloud/global/images/ubuntu-2004-focal-v20211102",
            "source_disk": "",
            "source_disk_encryption_key_sha256": "",
            "source_disk_id": "",
            "source_image_id": "",
            "status": "READY"
          },
          "sensitive_attributes": []
        }
      ]
    },
    {
      "mode": "managed",
      "type": "google_compute_instance",
      "name": "lab",
      "provider": "provider[\"registry.terraform.io/hashicorp/google\"]",
      "instances": [
        {
          "index_key": 0,
          "schema_version": 6,
          "attributes": {
            "advanced_machine_features": [],
            "allow_stopping_for_update": null,
            "attached_disk": [],
            "boot_disk": [
              {
                "auto_delete": true,
                "device_name": "persistent-disk-0",
                "disk_encryption_key_raw": "",
                "disk_encryption_key_sha256": "",
                "initialize_params": [
                  {
                    "image": "https://www.googleapis.com/compute/v1/projects/ubuntu-os-cloud/global/images/ubuntu-2004-focal-v20211102",
                    "labels": {
                      "env": "production",
                      "name": "lab",
                      "team": "cenfotec",
                      "user": "docker"
                    },
                    "size": 10,
                    "type": "pd-standard"
                  }
                ],
                "kms_key_self_link": "",
                "mode": "READ_WRITE",
                "source": "https://www.googleapis.com/compute/v1/projects/dockerlabs-332203/zones/us-east1-b/disks/lab-1"
              }
            ],
            "can_ip_forward": false,
            "confidential_instance_config": [],
            "cpu_platform": "Intel Haswell",
            "current_status": "RUNNING",
            "deletion_protection": false,
            "description": "",
            "desired_status": null,
            "enable_display": false,
            "guest_accelerator": [],
            "hostname": "",
            "id": "projects/dockerlabs-332203/zones/us-east1-b/instances/lab-1",
            "instance_id": "3316948437831541890",
            "label_fingerprint": "nkrmE69Wna4=",
            "labels": {
              "env": "production",
              "name": "lab",
              "team": "cenfotec",
              "user": "docker"
            },
            "machine_type": "f1-micro",
            "metadata": {},
            "metadata_fingerprint": "WtgygdQbGWg=",
            "metadata_startup_script": null,
            "min_cpu_platform": "",
            "name": "lab-1",
            "network_interface": [
              {
                "access_config": [
                  {
                    "nat_ip": "35.237.151.66",
                    "network_tier": "PREMIUM",
                    "public_ptr_domain_name": ""
                  }
                ],
                "alias_ip_range": [],
                "ipv6_access_config": [],
                "ipv6_access_type": "",
                "name": "nic0",
                "network": "https://www.googleapis.com/compute/v1/projects/dockerlabs-332203/global/networks/default",
                "network_ip": "10.142.0.4",
                "nic_type": "",
                "stack_type": "IPV4_ONLY",
                "subnetwork": "https://www.googleapis.com/compute/v1/projects/dockerlabs-332203/regions/us-east1/subnetworks/default",
                "subnetwork_project": "dockerlabs-332203"
              }
            ],
            "project": "dockerlabs-332203",
            "reservation_affinity": [],
            "resource_policies": [],
            "scheduling": [
              {
                "automatic_restart": true,
                "min_node_cpus": 0,
                "node_affinities": [],
                "on_host_maintenance": "MIGRATE",
                "preemptible": false
              }
            ],
            "scratch_disk": [],
            "self_link": "https://www.googleapis.com/compute/v1/projects/dockerlabs-332203/zones/us-east1-b/instances/lab-1",
            "service_account": [],
            "shielded_instance_config": [
              {
                "enable_integrity_monitoring": true,
                "enable_secure_boot": false,
                "enable_vtpm": true
              }
            ],
            "tags": [
              "dockerlabs"
            ],
            "tags_fingerprint": "UAaZt4n-Icc=",
            "timeouts": null,
            "zone": "us-east1-b"
          },
          "sensitive_attributes": [],
          "private": "eyJlMmJmYjczMC1lY2FhLTExZTYtOGY4OC0zNDM2M2JjN2M0YzAiOnsiY3JlYXRlIjoxMjAwMDAwMDAwMDAwLCJkZWxldGUiOjEyMDAwMDAwMDAwMDAsInVwZGF0ZSI6MTIwMDAwMDAwMDAwMH0sInNjaGVtYV92ZXJzaW9uIjoiNiJ9",
          "dependencies": [
            "data.google_compute_image.master_image"
          ]
        },
        {
          "index_key": 1,
          "schema_version": 6,
          "attributes": {
            "advanced_machine_features": [],
            "allow_stopping_for_update": null,
            "attached_disk": [],
            "boot_disk": [
              {
                "auto_delete": true,
                "device_name": "persistent-disk-0",
                "disk_encryption_key_raw": "",
                "disk_encryption_key_sha256": "",
                "initialize_params": [
                  {
                    "image": "https://www.googleapis.com/compute/v1/projects/ubuntu-os-cloud/global/images/ubuntu-2004-focal-v20211102",
                    "labels": {
                      "env": "production",
                      "name": "lab",
                      "team": "cenfotec",
                      "user": "docker"
                    },
                    "size": 10,
                    "type": "pd-standard"
                  }
                ],
                "kms_key_self_link": "",
                "mode": "READ_WRITE",
                "source": "https://www.googleapis.com/compute/v1/projects/dockerlabs-332203/zones/us-east1-b/disks/lab-2"
              }
            ],
            "can_ip_forward": false,
            "confidential_instance_config": [],
            "cpu_platform": "Intel Haswell",
            "current_status": "RUNNING",
            "deletion_protection": false,
            "description": "",
            "desired_status": null,
            "enable_display": false,
            "guest_accelerator": [],
            "hostname": "",
            "id": "projects/dockerlabs-332203/zones/us-east1-b/instances/lab-2",
            "instance_id": "1945424844593849451",
            "label_fingerprint": "nkrmE69Wna4=",
            "labels": {
              "env": "production",
              "name": "lab",
              "team": "cenfotec",
              "user": "docker"
            },
            "machine_type": "f1-micro",
            "metadata": {},
            "metadata_fingerprint": "WtgygdQbGWg=",
            "metadata_startup_script": null,
            "min_cpu_platform": "",
            "name": "lab-2",
            "network_interface": [
              {
                "access_config": [
                  {
                    "nat_ip": "34.139.107.85",
                    "network_tier": "PREMIUM",
                    "public_ptr_domain_name": ""
                  }
                ],
                "alias_ip_range": [],
                "ipv6_access_config": [],
                "ipv6_access_type": "",
                "name": "nic0",
                "network": "https://www.googleapis.com/compute/v1/projects/dockerlabs-332203/global/networks/default",
                "network_ip": "10.142.0.5",
                "nic_type": "",
                "stack_type": "IPV4_ONLY",
                "subnetwork": "https://www.googleapis.com/compute/v1/projects/dockerlabs-332203/regions/us-east1/subnetworks/default",
                "subnetwork_project": "dockerlabs-332203"
              }
            ],
            "project": "dockerlabs-332203",
            "reservation_affinity": [],
            "resource_policies": [],
            "scheduling": [
              {
                "automatic_restart": true,
                "min_node_cpus": 0,
                "node_affinities": [],
                "on_host_maintenance": "MIGRATE",
                "preemptible": false
              }
            ],
            "scratch_disk": [],
            "self_link": "https://www.googleapis.com/compute/v1/projects/dockerlabs-332203/zones/us-east1-b/instances/lab-2",
            "service_account": [],
            "shielded_instance_config": [
              {
                "enable_integrity_monitoring": true,
                "enable_secure_boot": false,
                "enable_vtpm": true
              }
            ],
            "tags": [
              "dockerlabs"
            ],
            "tags_fingerprint": "UAaZt4n-Icc=",
            "timeouts": null,
            "zone": "us-east1-b"
          },
          "sensitive_attributes": [],
          "private": "eyJlMmJmYjczMC1lY2FhLTExZTYtOGY4OC0zNDM2M2JjN2M0YzAiOnsiY3JlYXRlIjoxMjAwMDAwMDAwMDAwLCJkZWxldGUiOjEyMDAwMDAwMDAwMDAsInVwZGF0ZSI6MTIwMDAwMDAwMDAwMH0sInNjaGVtYV92ZXJzaW9uIjoiNiJ9",
          "dependencies": [
            "data.google_compute_image.master_image"
          ]
        }
      ]
    },
    {
      "mode": "managed",
      "type": "local_file",
      "name": "ssh_private_key_pem",
      "provider": "provider[\"registry.terraform.io/hashicorp/local\"]",
      "instances": [
        {
          "schema_version": 0,
          "attributes": {
            "content": null,
            "content_base64": null,
            "directory_permission": "0777",
            "file_permission": "0600",
            "filename": "../../keys/prod/id_rsa",
            "id": "588562e065cf15e74ec640186149087b6db443ce",
            "sensitive_content": "-----BEGIN RSA PRIVATE KEY-----\nMIIEpAIBAAKCAQEAqsv/46LhYJaiwPve71WXhdgSSoBrMJQRG5TH6aR1Vt7/3C2g\n2C3LbhSryhWaTlTd/DbhPXh8a+ODH+hgjav+EXb/Bph0go22Odpx3FAiaGWq8jgH\nhBimS//Pful34z5pSijBjdVzspbpqqdzRUFmMhKL23U44CZ3W9/WOtbC9VIETHm8\nmke9UtDEIrEVlRzjDcMYc2K1rvPdHafYn8Eu3O+9x2gfiCnLlYDu+iUgHxqeo/rk\nY7GfHoZke3fvQsquJ+xvrgehByu8ftNQoVgBXHk6kHiG0RaT0/pnUhkv9Mjd3b0F\nUghfUdPEQQgHX/wcavmSp5gVp8QuZ9icf4xmDQIDAQABAoIBAQCQhPlLBqGp9wxU\nO0tSPJxv1nrzq2IHwuIO8n+OBWh8T0k0Zy94fJdr1/Xckxb0PP9w0IcaWn79U4+6\nSgiZF/VtlcEJNaswZPTSUzKQ9wWGTLCvMBW8ApeEKzrJ6odVM5Qn+gB9ISY68VNa\n4UG6UjJFIEhTNAciM6o/hVFijCJ/LLqt2WWZdqIZT3UPBujNsV/DNvz/zkK/XP+C\nzDM+JrZXd1nMzKVs/6gPH2odbIc9Qjmrg/iAVM0e2d84eNHoQ6uhThOvyI1UR9Jc\nl100D4ouGFcEianJu7tT8oqIspfyJPUNd7AW/k1zUihQcZtMZA7Pw72nbVuHXM0j\nDsvGj4AJAoGBANzK2ASBtffPCsFmcm5vJw9imnAdpOuh2MhyyC37DK9BitIsj1Xp\nPsiInKGyfLLQ9xH9O6Cig3NXGG+gy8FnRMABw2wISbmIxvg5vmqBAoKVly8QCNJX\nQopYZLFD2v4kG2pgwPcfr95XOosm6IVH6AcZVbDQh+Avw19IsBiM2XnHAoGBAMYI\nPykjrO1twU8334SkabYQtTCxDtU5hr3EwTnAWThPVc87RnbB4L/SelI5kMmppfy6\n/xnH0m+ID0g+c7ye2L2NSvV+e4Yjb2sf39kHCqu+ILjHwdbTMgzv9OQC3OLl+T9d\n3crIxnJm5IvrDeJBJjYKge0lHQdnEYvEvbJIFoGLAoGARUaz/r4ALW/eDQ6q6vGf\nTNmAYZs7it9uWH6DRsIVmcuz1fw7QRZ9J4iNtMJ/E9AzJYbSNbWoDwGN3kCSje1s\nCd7DxVrYXwmGfI4Jq/ssoXJ0TET4r57HdwcDGQeUZ9dGbttK0H81vEqcSNr9bAxC\nxi9xzpevem0iHPx+nEVdWzMCgYAVBl8eUQlVE+gILxhuDr6ic9eo2cOHY9ooX7Fc\nHk3aqqGjpNlwVlk0RHZ0MGRs5LQYxwm6hPqUmM92jhrflcXRKiUhN1KKBU0ZBINR\nmWvKnB8BP0QXOMkBkqBfbOZiuKPj1GVt2C8pij8Nk+EfemdCKY9tzBju5kR4oGS7\nfufUzQKBgQCmDVqFgjUd/VYq2k9SUt5hjO6krofB47oMMRNvcWaB2bH85xN+6uUX\nsWDe0QHJ7vWbjDCZNfDHReuSywZOJvdkW/ww3Kd2bJPR1AErjOzXxMV8jn1mJZuo\n5TkosqX6ZPCcZ8Ef6QxlfFcag4GRCwRe9wYQrejiNVYN2LCYOGS2yQ==\n-----END RSA PRIVATE KEY-----\n",
            "source": null
          },
          "sensitive_attributes": [
            [
              {
                "type": "get_attr",
                "value": "sensitive_content"
              }
            ]
          ],
          "private": "bnVsbA==",
          "dependencies": [
            "tls_private_key.global_key"
          ]
        }
      ]
    },
    {
      "mode": "managed",
      "type": "tls_private_key",
      "name": "global_key",
      "provider": "provider[\"registry.terraform.io/hashicorp/tls\"]",
      "instances": [
        {
          "schema_version": 0,
          "attributes": {
            "algorithm": "RSA",
            "ecdsa_curve": "P224",
            "id": "382d61248917468b83be6aab7a972b27b9526e1b",
            "private_key_pem": "-----BEGIN RSA PRIVATE KEY-----\nMIIEpAIBAAKCAQEAqsv/46LhYJaiwPve71WXhdgSSoBrMJQRG5TH6aR1Vt7/3C2g\n2C3LbhSryhWaTlTd/DbhPXh8a+ODH+hgjav+EXb/Bph0go22Odpx3FAiaGWq8jgH\nhBimS//Pful34z5pSijBjdVzspbpqqdzRUFmMhKL23U44CZ3W9/WOtbC9VIETHm8\nmke9UtDEIrEVlRzjDcMYc2K1rvPdHafYn8Eu3O+9x2gfiCnLlYDu+iUgHxqeo/rk\nY7GfHoZke3fvQsquJ+xvrgehByu8ftNQoVgBXHk6kHiG0RaT0/pnUhkv9Mjd3b0F\nUghfUdPEQQgHX/wcavmSp5gVp8QuZ9icf4xmDQIDAQABAoIBAQCQhPlLBqGp9wxU\nO0tSPJxv1nrzq2IHwuIO8n+OBWh8T0k0Zy94fJdr1/Xckxb0PP9w0IcaWn79U4+6\nSgiZF/VtlcEJNaswZPTSUzKQ9wWGTLCvMBW8ApeEKzrJ6odVM5Qn+gB9ISY68VNa\n4UG6UjJFIEhTNAciM6o/hVFijCJ/LLqt2WWZdqIZT3UPBujNsV/DNvz/zkK/XP+C\nzDM+JrZXd1nMzKVs/6gPH2odbIc9Qjmrg/iAVM0e2d84eNHoQ6uhThOvyI1UR9Jc\nl100D4ouGFcEianJu7tT8oqIspfyJPUNd7AW/k1zUihQcZtMZA7Pw72nbVuHXM0j\nDsvGj4AJAoGBANzK2ASBtffPCsFmcm5vJw9imnAdpOuh2MhyyC37DK9BitIsj1Xp\nPsiInKGyfLLQ9xH9O6Cig3NXGG+gy8FnRMABw2wISbmIxvg5vmqBAoKVly8QCNJX\nQopYZLFD2v4kG2pgwPcfr95XOosm6IVH6AcZVbDQh+Avw19IsBiM2XnHAoGBAMYI\nPykjrO1twU8334SkabYQtTCxDtU5hr3EwTnAWThPVc87RnbB4L/SelI5kMmppfy6\n/xnH0m+ID0g+c7ye2L2NSvV+e4Yjb2sf39kHCqu+ILjHwdbTMgzv9OQC3OLl+T9d\n3crIxnJm5IvrDeJBJjYKge0lHQdnEYvEvbJIFoGLAoGARUaz/r4ALW/eDQ6q6vGf\nTNmAYZs7it9uWH6DRsIVmcuz1fw7QRZ9J4iNtMJ/E9AzJYbSNbWoDwGN3kCSje1s\nCd7DxVrYXwmGfI4Jq/ssoXJ0TET4r57HdwcDGQeUZ9dGbttK0H81vEqcSNr9bAxC\nxi9xzpevem0iHPx+nEVdWzMCgYAVBl8eUQlVE+gILxhuDr6ic9eo2cOHY9ooX7Fc\nHk3aqqGjpNlwVlk0RHZ0MGRs5LQYxwm6hPqUmM92jhrflcXRKiUhN1KKBU0ZBINR\nmWvKnB8BP0QXOMkBkqBfbOZiuKPj1GVt2C8pij8Nk+EfemdCKY9tzBju5kR4oGS7\nfufUzQKBgQCmDVqFgjUd/VYq2k9SUt5hjO6krofB47oMMRNvcWaB2bH85xN+6uUX\nsWDe0QHJ7vWbjDCZNfDHReuSywZOJvdkW/ww3Kd2bJPR1AErjOzXxMV8jn1mJZuo\n5TkosqX6ZPCcZ8Ef6QxlfFcag4GRCwRe9wYQrejiNVYN2LCYOGS2yQ==\n-----END RSA PRIVATE KEY-----\n",
            "public_key_fingerprint_md5": "b7:c7:2d:60:74:eb:58:21:7c:d2:b7:f9:fb:45:84:c8",
            "public_key_openssh": "ssh-rsa AAAAB3NzaC1yc2EAAAADAQABAAABAQCqy//jouFglqLA+97vVZeF2BJKgGswlBEblMfppHVW3v/cLaDYLctuFKvKFZpOVN38NuE9eHxr44Mf6GCNq/4Rdv8GmHSCjbY52nHcUCJoZaryOAeEGKZL/89+6XfjPmlKKMGN1XOylumqp3NFQWYyEovbdTjgJndb39Y61sL1UgRMebyaR71S0MQisRWVHOMNwxhzYrWu890dp9ifwS7c773HaB+IKcuVgO76JSAfGp6j+uRjsZ8ehmR7d+9Cyq4n7G+uB6EHK7x+01ChWAFceTqQeIbRFpPT+mdSGS/0yN3dvQVSCF9R08RBCAdf/Bxq+ZKnmBWnxC5n2Jx/jGYN\n",
            "public_key_pem": "-----BEGIN PUBLIC KEY-----\nMIIBIjANBgkqhkiG9w0BAQEFAAOCAQ8AMIIBCgKCAQEAqsv/46LhYJaiwPve71WX\nhdgSSoBrMJQRG5TH6aR1Vt7/3C2g2C3LbhSryhWaTlTd/DbhPXh8a+ODH+hgjav+\nEXb/Bph0go22Odpx3FAiaGWq8jgHhBimS//Pful34z5pSijBjdVzspbpqqdzRUFm\nMhKL23U44CZ3W9/WOtbC9VIETHm8mke9UtDEIrEVlRzjDcMYc2K1rvPdHafYn8Eu\n3O+9x2gfiCnLlYDu+iUgHxqeo/rkY7GfHoZke3fvQsquJ+xvrgehByu8ftNQoVgB\nXHk6kHiG0RaT0/pnUhkv9Mjd3b0FUghfUdPEQQgHX/wcavmSp5gVp8QuZ9icf4xm\nDQIDAQAB\n-----END PUBLIC KEY-----\n",
            "rsa_bits": 2048
          },
          "sensitive_attributes": [],
          "private": "bnVsbA=="
        }
      ]
    }
  ]
}
