{
  "version": 4,
  "terraform_version": "1.0.9",
  "serial": 7,
  "lineage": "6314abf5-ae5e-30ca-1780-64f38531e16e",
  "outputs": {},
  "resources": [
    {
      "mode": "data",
      "type": "google_compute_image",
      "name": "master_image",
      "provider": "provider[\"registry.terraform.io/hashicorp/google\"]",
      "instances": [
        {
          "schema_version": 0,
          "attributes": {
            "archive_size_bytes": 2613608256,
            "creation_timestamp": "2021-11-03T07:15:52.356-07:00",
            "description": "Canonical, Ubuntu, 20.04 LTS, amd64 focal image built on 2021-11-02, supports Shielded VM features",
            "disk_size_gb": 10,
            "family": "ubuntu-2004-lts",
            "filter": null,
            "id": "projects/ubuntu-os-cloud/global/images/ubuntu-2004-focal-v20211102",
            "image_encryption_key_sha256": "",
            "image_id": "3796453266954332023",
            "label_fingerprint": "42WmSpB8rSM=",
            "labels": {},
            "licenses": [
              "https://www.googleapis.com/compute/v1/projects/ubuntu-os-cloud/global/licenses/ubuntu-2004-lts"
            ],
            "name": "ubuntu-2004-focal-v20211102",
            "project": "ubuntu-os-cloud",
            "self_link": "https://www.googleapis.com/compute/v1/projects/ubuntu-os-cloud/global/images/ubuntu-2004-focal-v20211102",
            "source_disk": "",
            "source_disk_encryption_key_sha256": "",
            "source_disk_id": "",
            "source_image_id": "",
            "status": "READY"
          },
          "sensitive_attributes": []
        }
      ]
    },
    {
      "mode": "managed",
      "type": "google_compute_disk",
      "name": "dockerlabs_disk01",
      "provider": "provider[\"registry.terraform.io/hashicorp/google\"]",
      "instances": [
        {
          "schema_version": 0,
          "attributes": {
            "creation_timestamp": "2021-11-14T19:25:44.044-08:00",
            "description": "",
            "disk_encryption_key": [],
            "id": "projects/dockerlabs-332203/zones/us-east1-b/disks/dockerlabs-disk01",
            "image": "https://www.googleapis.com/compute/v1/projects/ubuntu-os-cloud/global/images/ubuntu-2004-focal-v20211102",
            "label_fingerprint": "nkrmE69Wna4=",
            "labels": {
              "env": "production",
              "name": "lab",
              "team": "cenfotec",
              "user": "docker"
            },
            "last_attach_timestamp": "",
            "last_detach_timestamp": "",
            "name": "dockerlabs-disk01",
            "physical_block_size_bytes": 4096,
            "project": "dockerlabs-332203",
            "provisioned_iops": 0,
            "self_link": "https://www.googleapis.com/compute/v1/projects/dockerlabs-332203/zones/us-east1-b/disks/dockerlabs-disk01",
            "size": 10,
            "snapshot": "",
            "source_image_encryption_key": [],
            "source_image_id": "3796453266954332023",
            "source_snapshot_encryption_key": [],
            "source_snapshot_id": "",
            "timeouts": null,
            "type": "pd-standard",
            "users": [],
            "zone": "us-east1-b"
          },
          "sensitive_attributes": [],
          "private": "eyJlMmJmYjczMC1lY2FhLTExZTYtOGY4OC0zNDM2M2JjN2M0YzAiOnsiY3JlYXRlIjozMDAwMDAwMDAwMDAsImRlbGV0ZSI6MjQwMDAwMDAwMDAwLCJ1cGRhdGUiOjI0MDAwMDAwMDAwMH19",
          "dependencies": [
            "data.google_compute_image.master_image"
          ]
        }
      ]
    },
    {
      "mode": "managed",
      "type": "google_compute_firewall",
      "name": "dockerlabs_fw_allowall",
      "provider": "provider[\"registry.terraform.io/hashicorp/google\"]",
      "instances": []
    },
    {
      "mode": "managed",
      "type": "google_compute_instance",
      "name": "lab",
      "provider": "provider[\"registry.terraform.io/hashicorp/google\"]",
      "instances": []
    },
    {
      "mode": "managed",
      "type": "google_compute_network",
      "name": "dockerlabs_network",
      "provider": "provider[\"registry.terraform.io/hashicorp/google\"]",
      "instances": [
        {
          "schema_version": 0,
          "attributes": {
            "auto_create_subnetworks": true,
            "delete_default_routes_on_create": false,
            "description": "",
            "gateway_ipv4": "",
            "id": "projects/dockerlabs-332203/global/networks/dockerlabs-network",
            "mtu": 0,
            "name": "dockerlabs-network",
            "project": "dockerlabs-332203",
            "routing_mode": "REGIONAL",
            "self_link": "https://www.googleapis.com/compute/v1/projects/dockerlabs-332203/global/networks/dockerlabs-network",
            "timeouts": null
          },
          "sensitive_attributes": [],
          "private": "eyJlMmJmYjczMC1lY2FhLTExZTYtOGY4OC0zNDM2M2JjN2M0YzAiOnsiY3JlYXRlIjoyNDAwMDAwMDAwMDAsImRlbGV0ZSI6MjQwMDAwMDAwMDAwLCJ1cGRhdGUiOjI0MDAwMDAwMDAwMH19"
        }
      ]
    },
    {
      "mode": "managed",
      "type": "google_compute_subnetwork",
      "name": "dockerlabs_subnet",
      "provider": "provider[\"registry.terraform.io/hashicorp/google\"]",
      "instances": []
    },
    {
      "mode": "managed",
      "type": "local_file",
      "name": "ssh_private_key_pem",
      "provider": "provider[\"registry.terraform.io/hashicorp/local\"]",
      "instances": [
        {
          "schema_version": 0,
          "attributes": {
            "content": null,
            "content_base64": null,
            "directory_permission": "0777",
            "file_permission": "0600",
            "filename": "../../keys/prod/id_rsa",
            "id": "3e672a59a05ba87749bff4c70f423ac8d9566363",
            "sensitive_content": "-----BEGIN RSA PRIVATE KEY-----\nMIIEogIBAAKCAQEAlYS1O1rDr0C9v6bRaLKybzpTRZtEzOnYOfZrpOhGV79NVc5Z\n2LCi4o8amycrUkSye44KKSfqz1+E7P5KDO4y1K/P9u9dmobFxHMm+zOEOaepge13\nVgjh5/CJET+yRJAhbcnTWNW7FsEIu+X3nWcPPJ2o+Oyx0I+wpMFYpE5LrY1Eqm1l\njgpWds10bmI8K3yni8wg6l9UpHrI9Yt8mMph6ruT73EqyJUHFIJ9JjaciJKN3k3V\n3a3j6xna1jLrpmmNRMb6P07TKwn5OEWGhH9xG1lcXzOMegodEgVPvmnT1bjJt2wC\nZGxj0fFA50yYx72in2vmSyJ5E2hT3cxF6oACRwIDAQABAoIBAGi6sPsnQ2QxU/e3\nUH0mliek0gkyjgl+Tq+i9Jlo/USfQfs1c+d9KkrJdBhzYjvY1LAIuQNE64tf28ro\n/1N5UW96yo+r8IO5nTNSeV6BIkAEOY5BmFJSHHKLIGdNl3/A+TleokRaSRbSFV0P\n4taFBr4trNrXaGGvFEsDByTnlsiz1eoHkFQbgUJoKOcNFtRCP7N0YLVTCahN03L+\ngcHFkJJdS/y6/HILsyddalxAsm2aeQxOKZTjXcRgOV2nnS2nYKrEZ1MpS9kXs7S1\n1I13+vsBZRXjZLckFzVGKe/mPwyhIc8b7ZkUDl1su1PrjepOicFs5guj9XP8v7Ht\nyUUYQakCgYEAwa/dA/8JM0CAo3x+EnBlZUENo3fd9LQE0hGxBkbRnnXrXsSuBQD8\nSFPyImyb1NH6/rDhJBWY2U8i6a7WEikea5+j2oOImBVMpyQOpaLsuinhcGiDsfyL\nH6Tg1OVH+6AVQzfyiYEMhzAoY6Zw4MJ0UztbyC/syOgTjdtpQfP7vfsCgYEAxZ8a\nVhsXyzTGeI7cEmPnXFCN+5EZyuedB+ORtw8X/zND3gClnic/fQZCPK3uo6cESnN0\nv3YFVW2a8xs2CsC3+18CZi/Snd54lTnjRrGkx95jamL5KW/j0Lt7fhOl2guC1+C9\nYyfWHTDu69l/7qmKfZsAVTOQNCBSUN8vCglkFyUCgYAIkhOhnaN2lSAcG+IoRrj1\n5g8IcMFtlpmwAgBnWrLj5CvqIaHhrs17FdvdEhlDLZeBtaoAwsPkuc+9r3Lhktg5\nwvKpNLDSqf6eVsYfJjp7cmb7ZmSNd7NgTxdz1EF/LPJD6zHcS82WHddrsW3FRFWJ\naVMCZLyBl2NmH5Nky7sUCQKBgAsyPWq9dDamEcyIw30jPdtkEPc8vEpbnvDwerP1\nXfWucNzmCnwQWy95KE2JyShqcPrK2cVzKVAyuoGlfAVV79aFBnzFntgk344MzoyV\nyfEs71L6soUfere7t35oHJBi8JHMgM5aVm4m9JJWK0JZRqhhHL63AieB4UgFrQOT\njqElAoGAKd98GfPEaZdCUjYNHeulisOe06+RW3ElUHm3KvCPCjwVWJpCbAWKlqx8\n7EsX5MOSTLLfkBtAgzTOBAbAShXcMfAlNBxNgfyxzg0To0O03tXtvU3KpDIVbZQX\nsZK6rSMJBGxLLUBGoIwkPDE9SPJnPLO6Gj5Mzxz0OYlVLoTwYuk=\n-----END RSA PRIVATE KEY-----\n",
            "source": null
          },
          "sensitive_attributes": [
            [
              {
                "type": "get_attr",
                "value": "sensitive_content"
              }
            ]
          ],
          "private": "bnVsbA==",
          "dependencies": [
            "tls_private_key.global_key"
          ]
        }
      ]
    },
    {
      "mode": "managed",
      "type": "tls_private_key",
      "name": "global_key",
      "provider": "provider[\"registry.terraform.io/hashicorp/tls\"]",
      "instances": [
        {
          "schema_version": 0,
          "attributes": {
            "algorithm": "RSA",
            "ecdsa_curve": "P224",
            "id": "35d64d60f5f58df8d78592e88c1f67bc3dd44b99",
            "private_key_pem": "-----BEGIN RSA PRIVATE KEY-----\nMIIEogIBAAKCAQEAlYS1O1rDr0C9v6bRaLKybzpTRZtEzOnYOfZrpOhGV79NVc5Z\n2LCi4o8amycrUkSye44KKSfqz1+E7P5KDO4y1K/P9u9dmobFxHMm+zOEOaepge13\nVgjh5/CJET+yRJAhbcnTWNW7FsEIu+X3nWcPPJ2o+Oyx0I+wpMFYpE5LrY1Eqm1l\njgpWds10bmI8K3yni8wg6l9UpHrI9Yt8mMph6ruT73EqyJUHFIJ9JjaciJKN3k3V\n3a3j6xna1jLrpmmNRMb6P07TKwn5OEWGhH9xG1lcXzOMegodEgVPvmnT1bjJt2wC\nZGxj0fFA50yYx72in2vmSyJ5E2hT3cxF6oACRwIDAQABAoIBAGi6sPsnQ2QxU/e3\nUH0mliek0gkyjgl+Tq+i9Jlo/USfQfs1c+d9KkrJdBhzYjvY1LAIuQNE64tf28ro\n/1N5UW96yo+r8IO5nTNSeV6BIkAEOY5BmFJSHHKLIGdNl3/A+TleokRaSRbSFV0P\n4taFBr4trNrXaGGvFEsDByTnlsiz1eoHkFQbgUJoKOcNFtRCP7N0YLVTCahN03L+\ngcHFkJJdS/y6/HILsyddalxAsm2aeQxOKZTjXcRgOV2nnS2nYKrEZ1MpS9kXs7S1\n1I13+vsBZRXjZLckFzVGKe/mPwyhIc8b7ZkUDl1su1PrjepOicFs5guj9XP8v7Ht\nyUUYQakCgYEAwa/dA/8JM0CAo3x+EnBlZUENo3fd9LQE0hGxBkbRnnXrXsSuBQD8\nSFPyImyb1NH6/rDhJBWY2U8i6a7WEikea5+j2oOImBVMpyQOpaLsuinhcGiDsfyL\nH6Tg1OVH+6AVQzfyiYEMhzAoY6Zw4MJ0UztbyC/syOgTjdtpQfP7vfsCgYEAxZ8a\nVhsXyzTGeI7cEmPnXFCN+5EZyuedB+ORtw8X/zND3gClnic/fQZCPK3uo6cESnN0\nv3YFVW2a8xs2CsC3+18CZi/Snd54lTnjRrGkx95jamL5KW/j0Lt7fhOl2guC1+C9\nYyfWHTDu69l/7qmKfZsAVTOQNCBSUN8vCglkFyUCgYAIkhOhnaN2lSAcG+IoRrj1\n5g8IcMFtlpmwAgBnWrLj5CvqIaHhrs17FdvdEhlDLZeBtaoAwsPkuc+9r3Lhktg5\nwvKpNLDSqf6eVsYfJjp7cmb7ZmSNd7NgTxdz1EF/LPJD6zHcS82WHddrsW3FRFWJ\naVMCZLyBl2NmH5Nky7sUCQKBgAsyPWq9dDamEcyIw30jPdtkEPc8vEpbnvDwerP1\nXfWucNzmCnwQWy95KE2JyShqcPrK2cVzKVAyuoGlfAVV79aFBnzFntgk344MzoyV\nyfEs71L6soUfere7t35oHJBi8JHMgM5aVm4m9JJWK0JZRqhhHL63AieB4UgFrQOT\njqElAoGAKd98GfPEaZdCUjYNHeulisOe06+RW3ElUHm3KvCPCjwVWJpCbAWKlqx8\n7EsX5MOSTLLfkBtAgzTOBAbAShXcMfAlNBxNgfyxzg0To0O03tXtvU3KpDIVbZQX\nsZK6rSMJBGxLLUBGoIwkPDE9SPJnPLO6Gj5Mzxz0OYlVLoTwYuk=\n-----END RSA PRIVATE KEY-----\n",
            "public_key_fingerprint_md5": "2c:97:8d:c1:60:f0:58:96:2d:96:1e:c5:8a:99:2a:f7",
            "public_key_openssh": "ssh-rsa AAAAB3NzaC1yc2EAAAADAQABAAABAQCVhLU7WsOvQL2/ptFosrJvOlNFm0TM6dg59muk6EZXv01VzlnYsKLijxqbJytSRLJ7jgopJ+rPX4Ts/koM7jLUr8/2712ahsXEcyb7M4Q5p6mB7XdWCOHn8IkRP7JEkCFtydNY1bsWwQi75fedZw88naj47LHQj7CkwVikTkutjUSqbWWOClZ2zXRuYjwrfKeLzCDqX1Skesj1i3yYymHqu5PvcSrIlQcUgn0mNpyIko3eTdXdrePrGdrWMuumaY1Exvo/TtMrCfk4RYaEf3EbWVxfM4x6Ch0SBU++adPVuMm3bAJkbGPR8UDnTJjHvaKfa+ZLInkTaFPdzEXqgAJH\n",
            "public_key_pem": "-----BEGIN PUBLIC KEY-----\nMIIBIjANBgkqhkiG9w0BAQEFAAOCAQ8AMIIBCgKCAQEAlYS1O1rDr0C9v6bRaLKy\nbzpTRZtEzOnYOfZrpOhGV79NVc5Z2LCi4o8amycrUkSye44KKSfqz1+E7P5KDO4y\n1K/P9u9dmobFxHMm+zOEOaepge13Vgjh5/CJET+yRJAhbcnTWNW7FsEIu+X3nWcP\nPJ2o+Oyx0I+wpMFYpE5LrY1Eqm1ljgpWds10bmI8K3yni8wg6l9UpHrI9Yt8mMph\n6ruT73EqyJUHFIJ9JjaciJKN3k3V3a3j6xna1jLrpmmNRMb6P07TKwn5OEWGhH9x\nG1lcXzOMegodEgVPvmnT1bjJt2wCZGxj0fFA50yYx72in2vmSyJ5E2hT3cxF6oAC\nRwIDAQAB\n-----END PUBLIC KEY-----\n",
            "rsa_bits": 2048
          },
          "sensitive_attributes": [],
          "private": "bnVsbA=="
        }
      ]
    }
  ]
}
